{
  "version": 4,
  "terraform_version": "1.8.5",
  "serial": 248,
  "lineage": "602064bd-5364-b58c-a902-dd7833c8bdd8",
  "outputs": {
    "default_vpc_cidr_block": {
      "value": "172.31.0.0/16",
      "type": "string"
    },
    "instance_ips": {
      "value": {
        "Amazon-Wazuh-Server": "54.197.87.169",
        "Debian-Atacante": "54.234.161.173",
        "Ubuntu-Agente": "54.91.100.191",
        "Windows-Agente": "52.87.255.114"
      },
      "type": [
        "object",
        {
          "Amazon-Wazuh-Server": "string",
          "Debian-Atacante": "string",
          "Ubuntu-Agente": "string",
          "Windows-Agente": "string"
        }
      ]
    }
  },
  "resources": [
    {
      "mode": "data",
      "type": "aws_vpc",
      "name": "default",
      "provider": "provider[\"registry.terraform.io/hashicorp/aws\"]",
      "instances": [
        {
          "schema_version": 0,
          "attributes": {
            "arn": "arn:aws:ec2:us-east-1:944873386727:vpc/vpc-0143c27d846a5588f",
            "cidr_block": "172.31.0.0/16",
            "cidr_block_associations": [
              {
                "association_id": "vpc-cidr-assoc-06cff410713c6fb79",
                "cidr_block": "172.31.0.0/16",
                "state": "associated"
              }
            ],
            "default": true,
            "dhcp_options_id": "dopt-0d8493028a884032b",
            "enable_dns_hostnames": true,
            "enable_dns_support": true,
            "enable_network_address_usage_metrics": false,
            "filter": null,
            "id": "vpc-0143c27d846a5588f",
            "instance_tenancy": "default",
            "ipv6_association_id": "",
            "ipv6_cidr_block": "",
            "main_route_table_id": "rtb-0d2f95c03064fd7ad",
            "owner_id": "944873386727",
            "state": null,
            "tags": {},
            "timeouts": null
          },
          "sensitive_attributes": []
        }
      ]
    },
    {
      "mode": "managed",
      "type": "aws_instance",
      "name": "this",
      "provider": "provider[\"registry.terraform.io/hashicorp/aws\"]",
      "instances": [
        {
          "index_key": "Amazon-Wazuh-Server",
          "schema_version": 1,
          "attributes": {
            "ami": "ami-0d94353f7bad10668",
            "arn": "arn:aws:ec2:us-east-1:944873386727:instance/i-05d2bf11385268e86",
            "associate_public_ip_address": true,
            "availability_zone": "us-east-1e",
            "capacity_reservation_specification": [
              {
                "capacity_reservation_preference": "open",
                "capacity_reservation_target": []
              }
            ],
            "cpu_core_count": 2,
            "cpu_options": [
              {
                "amd_sev_snp": "",
                "core_count": 2,
                "threads_per_core": 1
              }
            ],
            "cpu_threads_per_core": 1,
            "credit_specification": [
              {
                "cpu_credits": "standard"
              }
            ],
            "disable_api_stop": false,
            "disable_api_termination": false,
            "ebs_block_device": [],
            "ebs_optimized": false,
            "enclave_options": [
              {
                "enabled": false
              }
            ],
            "ephemeral_block_device": [],
            "get_password_data": false,
            "hibernation": false,
            "host_id": "",
            "host_resource_group_arn": null,
            "iam_instance_profile": "",
            "id": "i-05d2bf11385268e86",
            "instance_initiated_shutdown_behavior": "stop",
            "instance_lifecycle": "",
            "instance_market_options": [],
            "instance_state": "running",
            "instance_type": "t2.medium",
            "ipv6_address_count": 0,
            "ipv6_addresses": [],
            "key_name": "wazuh-lab-key",
            "launch_template": [],
            "maintenance_options": [
              {
                "auto_recovery": "default"
              }
            ],
            "metadata_options": [
              {
                "http_endpoint": "enabled",
                "http_protocol_ipv6": "disabled",
                "http_put_response_hop_limit": 1,
                "http_tokens": "optional",
                "instance_metadata_tags": "disabled"
              }
            ],
            "monitoring": false,
            "network_interface": [],
            "outpost_arn": "",
            "password_data": "",
            "placement_group": "",
            "placement_partition_number": 0,
            "primary_network_interface_id": "eni-0ff5f52da3024e7ef",
            "private_dns": "ip-172-31-63-209.ec2.internal",
            "private_dns_name_options": [
              {
                "enable_resource_name_dns_a_record": false,
                "enable_resource_name_dns_aaaa_record": false,
                "hostname_type": "ip-name"
              }
            ],
            "private_ip": "172.31.63.209",
            "public_dns": "ec2-54-197-87-169.compute-1.amazonaws.com",
            "public_ip": "54.197.87.169",
            "root_block_device": [
              {
                "delete_on_termination": true,
                "device_name": "/dev/xvda",
                "encrypted": false,
                "iops": 100,
                "kms_key_id": "",
                "tags": {},
                "tags_all": {},
                "throughput": 0,
                "volume_id": "vol-0ed0431024491dc3a",
                "volume_size": 8,
                "volume_type": "gp2"
              }
            ],
            "secondary_private_ips": [],
            "security_groups": [
              "Amazon-Wazuh-Server_sg"
            ],
            "source_dest_check": true,
            "spot_instance_request_id": "",
            "subnet_id": "subnet-0d6f678bf54494094",
            "tags": {
              "Name": "Amazon-Wazuh-Server"
            },
            "tags_all": {
              "Name": "Amazon-Wazuh-Server"
            },
            "tenancy": "default",
            "timeouts": null,
            "user_data": null,
            "user_data_base64": null,
            "user_data_replace_on_change": false,
            "volume_tags": null,
            "vpc_security_group_ids": [
              "sg-01424c7897ca927bd"
            ]
          },
          "sensitive_attributes": [],
          "private": "eyJlMmJmYjczMC1lY2FhLTExZTYtOGY4OC0zNDM2M2JjN2M0YzAiOnsiY3JlYXRlIjo2MDAwMDAwMDAwMDAsImRlbGV0ZSI6MTIwMDAwMDAwMDAwMCwicmVhZCI6OTAwMDAwMDAwMDAwLCJ1cGRhdGUiOjYwMDAwMDAwMDAwMH0sInNjaGVtYV92ZXJzaW9uIjoiMSJ9",
          "dependencies": [
            "aws_key_pair.despliegue",
            "aws_security_group.instancia_sg",
            "data.aws_vpc.default",
            "tls_private_key.wazuh_lab_cecib"
          ]
        },
        {
          "index_key": "Debian-Atacante",
          "schema_version": 1,
          "attributes": {
            "ami": "ami-058bd2d568351da34",
            "arn": "arn:aws:ec2:us-east-1:944873386727:instance/i-06a4ea8c01d9e0931",
            "associate_public_ip_address": true,
            "availability_zone": "us-east-1d",
            "capacity_reservation_specification": [
              {
                "capacity_reservation_preference": "open",
                "capacity_reservation_target": []
              }
            ],
            "cpu_core_count": 1,
            "cpu_options": [
              {
                "amd_sev_snp": "",
                "core_count": 1,
                "threads_per_core": 1
              }
            ],
            "cpu_threads_per_core": 1,
            "credit_specification": [
              {
                "cpu_credits": "standard"
              }
            ],
            "disable_api_stop": false,
            "disable_api_termination": false,
            "ebs_block_device": [],
            "ebs_optimized": false,
            "enclave_options": [
              {
                "enabled": false
              }
            ],
            "ephemeral_block_device": [],
            "get_password_data": false,
            "hibernation": false,
            "host_id": "",
            "host_resource_group_arn": null,
            "iam_instance_profile": "",
            "id": "i-06a4ea8c01d9e0931",
            "instance_initiated_shutdown_behavior": "stop",
            "instance_lifecycle": "",
            "instance_market_options": [],
            "instance_state": "running",
            "instance_type": "t2.micro",
            "ipv6_address_count": 0,
            "ipv6_addresses": [],
            "key_name": "wazuh-lab-key",
            "launch_template": [],
            "maintenance_options": [
              {
                "auto_recovery": "default"
              }
            ],
            "metadata_options": [
              {
                "http_endpoint": "enabled",
                "http_protocol_ipv6": "disabled",
                "http_put_response_hop_limit": 1,
                "http_tokens": "optional",
                "instance_metadata_tags": "disabled"
              }
            ],
            "monitoring": false,
            "network_interface": [],
            "outpost_arn": "",
            "password_data": "",
            "placement_group": "",
            "placement_partition_number": 0,
            "primary_network_interface_id": "eni-01df7366c218613a5",
            "private_dns": "ip-172-31-22-139.ec2.internal",
            "private_dns_name_options": [
              {
                "enable_resource_name_dns_a_record": false,
                "enable_resource_name_dns_aaaa_record": false,
                "hostname_type": "ip-name"
              }
            ],
            "private_ip": "172.31.22.139",
            "public_dns": "ec2-54-234-161-173.compute-1.amazonaws.com",
            "public_ip": "54.234.161.173",
            "root_block_device": [
              {
                "delete_on_termination": true,
                "device_name": "/dev/xvda",
                "encrypted": false,
                "iops": 3000,
                "kms_key_id": "",
                "tags": {},
                "tags_all": {},
                "throughput": 125,
                "volume_id": "vol-0d5b18c39e1609187",
                "volume_size": 8,
                "volume_type": "gp3"
              }
            ],
            "secondary_private_ips": [],
            "security_groups": [
              "Debian-Atacante_sg"
            ],
            "source_dest_check": true,
            "spot_instance_request_id": "",
            "subnet_id": "subnet-04b93a3c85cf77dd2",
            "tags": {
              "Name": "Debian-Atacante"
            },
            "tags_all": {
              "Name": "Debian-Atacante"
            },
            "tenancy": "default",
            "timeouts": null,
            "user_data": null,
            "user_data_base64": null,
            "user_data_replace_on_change": false,
            "volume_tags": null,
            "vpc_security_group_ids": [
              "sg-07a1112ec450a29c4"
            ]
          },
          "sensitive_attributes": [],
          "private": "eyJlMmJmYjczMC1lY2FhLTExZTYtOGY4OC0zNDM2M2JjN2M0YzAiOnsiY3JlYXRlIjo2MDAwMDAwMDAwMDAsImRlbGV0ZSI6MTIwMDAwMDAwMDAwMCwicmVhZCI6OTAwMDAwMDAwMDAwLCJ1cGRhdGUiOjYwMDAwMDAwMDAwMH0sInNjaGVtYV92ZXJzaW9uIjoiMSJ9",
          "dependencies": [
            "aws_key_pair.despliegue",
            "aws_security_group.instancia_sg",
            "data.aws_vpc.default",
            "tls_private_key.wazuh_lab_cecib"
          ]
        },
        {
          "index_key": "Ubuntu-Agente",
          "schema_version": 1,
          "attributes": {
            "ami": "ami-04b70fa74e45c3917",
            "arn": "arn:aws:ec2:us-east-1:944873386727:instance/i-07f22d36f7d53e1ee",
            "associate_public_ip_address": true,
            "availability_zone": "us-east-1d",
            "capacity_reservation_specification": [
              {
                "capacity_reservation_preference": "open",
                "capacity_reservation_target": []
              }
            ],
            "cpu_core_count": 1,
            "cpu_options": [
              {
                "amd_sev_snp": "",
                "core_count": 1,
                "threads_per_core": 1
              }
            ],
            "cpu_threads_per_core": 1,
            "credit_specification": [
              {
                "cpu_credits": "standard"
              }
            ],
            "disable_api_stop": false,
            "disable_api_termination": false,
            "ebs_block_device": [],
            "ebs_optimized": false,
            "enclave_options": [
              {
                "enabled": false
              }
            ],
            "ephemeral_block_device": [],
            "get_password_data": false,
            "hibernation": false,
            "host_id": "",
            "host_resource_group_arn": null,
            "iam_instance_profile": "",
            "id": "i-07f22d36f7d53e1ee",
            "instance_initiated_shutdown_behavior": "stop",
            "instance_lifecycle": "",
            "instance_market_options": [],
            "instance_state": "running",
            "instance_type": "t2.micro",
            "ipv6_address_count": 0,
            "ipv6_addresses": [],
            "key_name": "wazuh-lab-key",
            "launch_template": [],
            "maintenance_options": [
              {
                "auto_recovery": "default"
              }
            ],
            "metadata_options": [
              {
                "http_endpoint": "enabled",
                "http_protocol_ipv6": "disabled",
                "http_put_response_hop_limit": 2,
                "http_tokens": "required",
                "instance_metadata_tags": "disabled"
              }
            ],
            "monitoring": false,
            "network_interface": [],
            "outpost_arn": "",
            "password_data": "",
            "placement_group": "",
            "placement_partition_number": 0,
            "primary_network_interface_id": "eni-07ec7e37c4220c9d7",
            "private_dns": "ip-172-31-31-146.ec2.internal",
            "private_dns_name_options": [
              {
                "enable_resource_name_dns_a_record": false,
                "enable_resource_name_dns_aaaa_record": false,
                "hostname_type": "ip-name"
              }
            ],
            "private_ip": "172.31.31.146",
            "public_dns": "ec2-54-91-100-191.compute-1.amazonaws.com",
            "public_ip": "54.91.100.191",
            "root_block_device": [
              {
                "delete_on_termination": true,
                "device_name": "/dev/sda1",
                "encrypted": false,
                "iops": 3000,
                "kms_key_id": "",
                "tags": {},
                "tags_all": {},
                "throughput": 125,
                "volume_id": "vol-0d4cedfc0fc9eb5a8",
                "volume_size": 8,
                "volume_type": "gp3"
              }
            ],
            "secondary_private_ips": [],
            "security_groups": [
              "Ubuntu-Agente_sg"
            ],
            "source_dest_check": true,
            "spot_instance_request_id": "",
            "subnet_id": "subnet-04b93a3c85cf77dd2",
            "tags": {
              "Name": "Ubuntu-Agente"
            },
            "tags_all": {
              "Name": "Ubuntu-Agente"
            },
            "tenancy": "default",
            "timeouts": null,
            "user_data": null,
            "user_data_base64": null,
            "user_data_replace_on_change": false,
            "volume_tags": null,
            "vpc_security_group_ids": [
              "sg-08839a9d9b505374c"
            ]
          },
          "sensitive_attributes": [],
          "private": "eyJlMmJmYjczMC1lY2FhLTExZTYtOGY4OC0zNDM2M2JjN2M0YzAiOnsiY3JlYXRlIjo2MDAwMDAwMDAwMDAsImRlbGV0ZSI6MTIwMDAwMDAwMDAwMCwicmVhZCI6OTAwMDAwMDAwMDAwLCJ1cGRhdGUiOjYwMDAwMDAwMDAwMH0sInNjaGVtYV92ZXJzaW9uIjoiMSJ9",
          "dependencies": [
            "aws_key_pair.despliegue",
            "aws_security_group.instancia_sg",
            "data.aws_vpc.default",
            "tls_private_key.wazuh_lab_cecib"
          ]
        },
        {
          "index_key": "Windows-Agente",
          "schema_version": 1,
          "attributes": {
            "ami": "ami-0d94353f7bad10668",
            "arn": "arn:aws:ec2:us-east-1:944873386727:instance/i-07518476e4a1ca2c1",
            "associate_public_ip_address": true,
            "availability_zone": "us-east-1e",
            "capacity_reservation_specification": [
              {
                "capacity_reservation_preference": "open",
                "capacity_reservation_target": []
              }
            ],
            "cpu_core_count": 2,
            "cpu_options": [
              {
                "amd_sev_snp": "",
                "core_count": 2,
                "threads_per_core": 1
              }
            ],
            "cpu_threads_per_core": 1,
            "credit_specification": [
              {
                "cpu_credits": "standard"
              }
            ],
            "disable_api_stop": false,
            "disable_api_termination": false,
            "ebs_block_device": [],
            "ebs_optimized": false,
            "enclave_options": [
              {
                "enabled": false
              }
            ],
            "ephemeral_block_device": [],
            "get_password_data": false,
            "hibernation": false,
            "host_id": "",
            "host_resource_group_arn": null,
            "iam_instance_profile": "",
            "id": "i-07518476e4a1ca2c1",
            "instance_initiated_shutdown_behavior": "stop",
            "instance_lifecycle": "",
            "instance_market_options": [],
            "instance_state": "running",
            "instance_type": "t2.medium",
            "ipv6_address_count": 0,
            "ipv6_addresses": [],
            "key_name": "wazuh-lab-key",
            "launch_template": [],
            "maintenance_options": [
              {
                "auto_recovery": "default"
              }
            ],
            "metadata_options": [
              {
                "http_endpoint": "enabled",
                "http_protocol_ipv6": "disabled",
                "http_put_response_hop_limit": 1,
                "http_tokens": "optional",
                "instance_metadata_tags": "disabled"
              }
            ],
            "monitoring": false,
            "network_interface": [],
            "outpost_arn": "",
            "password_data": "",
            "placement_group": "",
            "placement_partition_number": 0,
            "primary_network_interface_id": "eni-08286996e2e854fb8",
            "private_dns": "ip-172-31-49-196.ec2.internal",
            "private_dns_name_options": [
              {
                "enable_resource_name_dns_a_record": false,
                "enable_resource_name_dns_aaaa_record": false,
                "hostname_type": "ip-name"
              }
            ],
            "private_ip": "172.31.49.196",
            "public_dns": "ec2-52-87-255-114.compute-1.amazonaws.com",
            "public_ip": "52.87.255.114",
            "root_block_device": [
              {
                "delete_on_termination": true,
                "device_name": "/dev/xvda",
                "encrypted": false,
                "iops": 100,
                "kms_key_id": "",
                "tags": {},
                "tags_all": {},
                "throughput": 0,
                "volume_id": "vol-0c4e6e8fd2e352411",
                "volume_size": 8,
                "volume_type": "gp2"
              }
            ],
            "secondary_private_ips": [],
            "security_groups": [
              "Windows-Agente_sg"
            ],
            "source_dest_check": true,
            "spot_instance_request_id": "",
            "subnet_id": "subnet-0d6f678bf54494094",
            "tags": {
              "Name": "Windows-Agente"
            },
            "tags_all": {
              "Name": "Windows-Agente"
            },
            "tenancy": "default",
            "timeouts": null,
            "user_data": null,
            "user_data_base64": null,
            "user_data_replace_on_change": false,
            "volume_tags": null,
            "vpc_security_group_ids": [
              "sg-0d21e7250b0aad920"
            ]
          },
          "sensitive_attributes": [],
          "private": "eyJlMmJmYjczMC1lY2FhLTExZTYtOGY4OC0zNDM2M2JjN2M0YzAiOnsiY3JlYXRlIjo2MDAwMDAwMDAwMDAsImRlbGV0ZSI6MTIwMDAwMDAwMDAwMCwicmVhZCI6OTAwMDAwMDAwMDAwLCJ1cGRhdGUiOjYwMDAwMDAwMDAwMH0sInNjaGVtYV92ZXJzaW9uIjoiMSJ9",
          "dependencies": [
            "aws_key_pair.despliegue",
            "aws_security_group.instancia_sg",
            "data.aws_vpc.default",
            "tls_private_key.wazuh_lab_cecib"
          ]
        }
      ]
    },
    {
      "mode": "managed",
      "type": "aws_key_pair",
      "name": "despliegue",
      "provider": "provider[\"registry.terraform.io/hashicorp/aws\"]",
      "instances": [
        {
          "schema_version": 1,
          "attributes": {
            "arn": "arn:aws:ec2:us-east-1:944873386727:key-pair/wazuh-lab-key",
            "fingerprint": "84:08:b6:55:08:19:2c:be:94:ca:ec:d4:2a:88:11:f0",
            "id": "wazuh-lab-key",
            "key_name": "wazuh-lab-key",
            "key_name_prefix": "",
            "key_pair_id": "key-0ec2027b11c9e5c1c",
            "key_type": "rsa",
            "public_key": "ssh-rsa AAAAB3NzaC1yc2EAAAADAQABAAACAQDIBD6VdRXsSCKTx/rqnB6wBdi6j5d+CTjfOprvmOkjUXf+OrpCX1Wq0RBoidJs/+rxJ8GzKnO49usG32xxipbneIHyQzpNzYfT4byMBmvBy19i+7WHFJ14yRba5pH+Mfq85kWHfY/k9k2z6NzjS0Bu5rOkCoij5uEInVjx54Nk+GmHalndOWJqIh4qH2pDV6TTSXeNEXLRmJPeVLAvvi+MWSSqIDucx1IfNAX6Hpr0M+PjuajsQkNcThB2dkHSsiejbTnF1pQ3wLF80/RTnQHc3/YKupmfMymCt4vuw1qSZJtVBLhp2gnT4mmEGNvpFvrh3zheB/AUtsmYpghJWsXVLj/kSLL96ttSX54LY2+cDSscebOmUHrlXyIKmsGUpTnf4LZrE7m4cpwG+RgdkoFVQtLzRBOtYH4aY1gwbQ610Xnbh4m744LR1bfliLFBgdPDnlHeqKdE2ORW+S1pJR/BVyG8ZohTaFSGvDkjc0+gAhw3W2FjYGz4uV/VgaAC+3N8Crmd0XG9hu9JSQabaeoMTfLFRCDf3CcAv3jR99+SG1dAeph8iiT0DTixP8HmqDonsM0o64m+XxzLvOHeiqQWSCMenynZyKl67jL+V26tL/AlSE46NmPxmS34jcpjuxpBcj1xnvjZI0gNAhXWYZeZVXF25dCpsHLaVgpqvwWFBQ==",
            "tags": null,
            "tags_all": {}
          },
          "sensitive_attributes": [],
          "private": "eyJzY2hlbWFfdmVyc2lvbiI6IjEifQ==",
          "dependencies": [
            "tls_private_key.wazuh_lab_cecib"
          ]
        }
      ]
    },
    {
      "mode": "managed",
      "type": "aws_security_group",
      "name": "instancia_sg",
      "provider": "provider[\"registry.terraform.io/hashicorp/aws\"]",
      "instances": [
        {
          "index_key": "Amazon-Wazuh-Server",
          "schema_version": 1,
          "attributes": {
            "arn": "arn:aws:ec2:us-east-1:944873386727:security-group/sg-01424c7897ca927bd",
            "description": "Security group for Amazon-Wazuh-Server",
            "egress": [
              {
                "cidr_blocks": [
                  "0.0.0.0/0"
                ],
                "description": "",
                "from_port": 0,
                "ipv6_cidr_blocks": [],
                "prefix_list_ids": [],
                "protocol": "-1",
                "security_groups": [],
                "self": false,
                "to_port": 0
              }
            ],
            "id": "sg-01424c7897ca927bd",
            "ingress": [
              {
                "cidr_blocks": [
                  "0.0.0.0/0"
                ],
                "description": "",
                "from_port": 22,
                "ipv6_cidr_blocks": [],
                "prefix_list_ids": [],
                "protocol": "tcp",
                "security_groups": [],
                "self": false,
                "to_port": 22
              },
              {
                "cidr_blocks": [
                  "0.0.0.0/0"
                ],
                "description": "",
                "from_port": 443,
                "ipv6_cidr_blocks": [],
                "prefix_list_ids": [],
                "protocol": "tcp",
                "security_groups": [],
                "self": false,
                "to_port": 443
              },
              {
                "cidr_blocks": [
                  "0.0.0.0/0"
                ],
                "description": "",
                "from_port": 80,
                "ipv6_cidr_blocks": [],
                "prefix_list_ids": [],
                "protocol": "tcp",
                "security_groups": [],
                "self": false,
                "to_port": 80
              },
              {
                "cidr_blocks": [
                  "172.31.0.0/16"
                ],
                "description": "",
                "from_port": 0,
                "ipv6_cidr_blocks": [],
                "prefix_list_ids": [],
                "protocol": "tcp",
                "security_groups": [],
                "self": false,
                "to_port": 65535
              }
            ],
            "name": "Amazon-Wazuh-Server_sg",
            "name_prefix": "",
            "owner_id": "944873386727",
            "revoke_rules_on_delete": false,
            "tags": null,
            "tags_all": {},
            "timeouts": null,
            "vpc_id": "vpc-0143c27d846a5588f"
          },
          "sensitive_attributes": [],
          "private": "eyJlMmJmYjczMC1lY2FhLTExZTYtOGY4OC0zNDM2M2JjN2M0YzAiOnsiY3JlYXRlIjo2MDAwMDAwMDAwMDAsImRlbGV0ZSI6OTAwMDAwMDAwMDAwfSwic2NoZW1hX3ZlcnNpb24iOiIxIn0=",
          "dependencies": [
            "data.aws_vpc.default"
          ]
        },
        {
          "index_key": "Debian-Atacante",
          "schema_version": 1,
          "attributes": {
            "arn": "arn:aws:ec2:us-east-1:944873386727:security-group/sg-07a1112ec450a29c4",
            "description": "Security group for Debian-Atacante",
            "egress": [
              {
                "cidr_blocks": [
                  "0.0.0.0/0"
                ],
                "description": "",
                "from_port": 0,
                "ipv6_cidr_blocks": [],
                "prefix_list_ids": [],
                "protocol": "-1",
                "security_groups": [],
                "self": false,
                "to_port": 0
              }
            ],
            "id": "sg-07a1112ec450a29c4",
            "ingress": [
              {
                "cidr_blocks": [
                  "0.0.0.0/0"
                ],
                "description": "",
                "from_port": 22,
                "ipv6_cidr_blocks": [],
                "prefix_list_ids": [],
                "protocol": "tcp",
                "security_groups": [],
                "self": false,
                "to_port": 22
              },
              {
                "cidr_blocks": [
                  "172.31.0.0/16"
                ],
                "description": "",
                "from_port": 0,
                "ipv6_cidr_blocks": [],
                "prefix_list_ids": [],
                "protocol": "tcp",
                "security_groups": [],
                "self": false,
                "to_port": 65535
              }
            ],
            "name": "Debian-Atacante_sg",
            "name_prefix": "",
            "owner_id": "944873386727",
            "revoke_rules_on_delete": false,
            "tags": null,
            "tags_all": {},
            "timeouts": null,
            "vpc_id": "vpc-0143c27d846a5588f"
          },
          "sensitive_attributes": [],
          "private": "eyJlMmJmYjczMC1lY2FhLTExZTYtOGY4OC0zNDM2M2JjN2M0YzAiOnsiY3JlYXRlIjo2MDAwMDAwMDAwMDAsImRlbGV0ZSI6OTAwMDAwMDAwMDAwfSwic2NoZW1hX3ZlcnNpb24iOiIxIn0=",
          "dependencies": [
            "data.aws_vpc.default"
          ]
        },
        {
          "index_key": "Ubuntu-Agente",
          "schema_version": 1,
          "attributes": {
            "arn": "arn:aws:ec2:us-east-1:944873386727:security-group/sg-08839a9d9b505374c",
            "description": "Security group for Ubuntu-Agente",
            "egress": [
              {
                "cidr_blocks": [
                  "0.0.0.0/0"
                ],
                "description": "",
                "from_port": 0,
                "ipv6_cidr_blocks": [],
                "prefix_list_ids": [],
                "protocol": "-1",
                "security_groups": [],
                "self": false,
                "to_port": 0
              }
            ],
            "id": "sg-08839a9d9b505374c",
            "ingress": [
              {
                "cidr_blocks": [
                  "0.0.0.0/0"
                ],
                "description": "",
                "from_port": 22,
                "ipv6_cidr_blocks": [],
                "prefix_list_ids": [],
                "protocol": "tcp",
                "security_groups": [],
                "self": false,
                "to_port": 22
              },
              {
                "cidr_blocks": [
                  "0.0.0.0/0"
                ],
                "description": "",
                "from_port": 80,
                "ipv6_cidr_blocks": [],
                "prefix_list_ids": [],
                "protocol": "tcp",
                "security_groups": [],
                "self": false,
                "to_port": 80
              },
              {
                "cidr_blocks": [
                  "172.31.0.0/16"
                ],
                "description": "",
                "from_port": 0,
                "ipv6_cidr_blocks": [],
                "prefix_list_ids": [],
                "protocol": "tcp",
                "security_groups": [],
                "self": false,
                "to_port": 65535
              }
            ],
            "name": "Ubuntu-Agente_sg",
            "name_prefix": "",
            "owner_id": "944873386727",
            "revoke_rules_on_delete": false,
            "tags": null,
            "tags_all": {},
            "timeouts": null,
            "vpc_id": "vpc-0143c27d846a5588f"
          },
          "sensitive_attributes": [],
          "private": "eyJlMmJmYjczMC1lY2FhLTExZTYtOGY4OC0zNDM2M2JjN2M0YzAiOnsiY3JlYXRlIjo2MDAwMDAwMDAwMDAsImRlbGV0ZSI6OTAwMDAwMDAwMDAwfSwic2NoZW1hX3ZlcnNpb24iOiIxIn0=",
          "dependencies": [
            "data.aws_vpc.default"
          ]
        },
        {
          "index_key": "Windows-Agente",
          "schema_version": 1,
          "attributes": {
            "arn": "arn:aws:ec2:us-east-1:944873386727:security-group/sg-0d21e7250b0aad920",
            "description": "Security group for Windows-Agente",
            "egress": [
              {
                "cidr_blocks": [
                  "0.0.0.0/0"
                ],
                "description": "",
                "from_port": 0,
                "ipv6_cidr_blocks": [],
                "prefix_list_ids": [],
                "protocol": "-1",
                "security_groups": [],
                "self": false,
                "to_port": 0
              }
            ],
            "id": "sg-0d21e7250b0aad920",
            "ingress": [
              {
                "cidr_blocks": [
                  "0.0.0.0/0"
                ],
                "description": "",
                "from_port": 22,
                "ipv6_cidr_blocks": [],
                "prefix_list_ids": [],
                "protocol": "tcp",
                "security_groups": [],
                "self": false,
                "to_port": 22
              },
              {
                "cidr_blocks": [
                  "0.0.0.0/0"
                ],
                "description": "",
                "from_port": 3389,
                "ipv6_cidr_blocks": [],
                "prefix_list_ids": [],
                "protocol": "tcp",
                "security_groups": [],
                "self": false,
                "to_port": 3389
              },
              {
                "cidr_blocks": [
                  "0.0.0.0/0"
                ],
                "description": "",
                "from_port": 80,
                "ipv6_cidr_blocks": [],
                "prefix_list_ids": [],
                "protocol": "tcp",
                "security_groups": [],
                "self": false,
                "to_port": 80
              },
              {
                "cidr_blocks": [
                  "172.31.0.0/16"
                ],
                "description": "",
                "from_port": 0,
                "ipv6_cidr_blocks": [],
                "prefix_list_ids": [],
                "protocol": "tcp",
                "security_groups": [],
                "self": false,
                "to_port": 65535
              }
            ],
            "name": "Windows-Agente_sg",
            "name_prefix": "",
            "owner_id": "944873386727",
            "revoke_rules_on_delete": false,
            "tags": null,
            "tags_all": {},
            "timeouts": null,
            "vpc_id": "vpc-0143c27d846a5588f"
          },
          "sensitive_attributes": [],
          "private": "eyJlMmJmYjczMC1lY2FhLTExZTYtOGY4OC0zNDM2M2JjN2M0YzAiOnsiY3JlYXRlIjo2MDAwMDAwMDAwMDAsImRlbGV0ZSI6OTAwMDAwMDAwMDAwfSwic2NoZW1hX3ZlcnNpb24iOiIxIn0=",
          "dependencies": [
            "data.aws_vpc.default"
          ]
        }
      ]
    },
    {
      "mode": "managed",
      "type": "local_file",
      "name": "clave_privada",
      "provider": "provider[\"registry.terraform.io/hashicorp/local\"]",
      "instances": [
        {
          "schema_version": 0,
          "attributes": {
            "content": "-----BEGIN RSA PRIVATE KEY-----\nMIIJKQIBAAKCAgEAyAQ+lXUV7Egik8f66pwesAXYuo+Xfgk43zqa75jpI1F3/jq6\nQl9VqtEQaInSbP/q8SfBsypzuPbrBt9scYqW53iB8kM6Tc2H0+G8jAZrwctfYvu1\nhxSdeMkW2uaR/jH6vOZFh32P5PZNs+jc40tAbuazpAqIo+bhCJ1Y8eeDZPhph2pZ\n3TliaiIeKh9qQ1ek00l3jRFy0ZiT3lSwL74vjFkkqiA7nMdSHzQF+h6a9DPj47mo\n7EJDXE4QdnZB0rIno205xdaUN8CxfNP0U50B3N/2CrqZnzMpgreL7sNakmSbVQS4\nadoJ0+JphBjb6Rb64d84XgfwFLbJmKYISVrF1S4/5Eiy/erbUl+eC2NvnA0rHHmz\nplB65V8iCprBlKU53+C2axO5uHKcBvkYHZKBVULS80QTrWB+GmNYMG0OtdF524eJ\nu+OC0dW35YixQYHTw55R3qinRNjkVvktaSUfwVchvGaIU2hUhrw5I3NPoAIcN1th\nY2Bs+Llf1YGgAvtzfAq5ndFxvYbvSUkGm2nqDE3yxUQg39wnAL940fffkhtXQHqY\nfIok9A04sT/B5qg6J7DNKOuJvl8cy7zh3oqkFkgjHp8p2cipeu4y/ldurS/wJUhO\nOjZj8Zkt+I3KY7saQXI9cZ742SNIDQIV1mGXmVVxduXQqbBy2lYKar8FhQUCAwEA\nAQKCAgEAqevRLy91HHJ7zYhLBhzzhR6ybGuoi45SHnKvRXVmOnbvta82pURQhvlt\nMyJC/g68DXt09zzNawl5yTDt89eFM8gQvTuXwJknFz3i7CJYUR7xPioQoV1GGmLb\nY8QVqxnSpcAKuXxWTnFgucLORNqdNpoPawD37CYsbyEdewTvf0v6euxCw8oIbZnm\nfmqJ4AQJJuZ3BgUYwi8ZD/xqYWT1CAqDN3SCsEI05gVQPpjZkzSyGbiUZYI1r6ky\nGzGD4fcv7YrRVd1htauiHSYDnzT3bCln4N19vN2+GirMWl7kBxIpVCTadjKhvrvO\nYEauLGs1X8Y/IMMllrNiuKf0yjyva1dl1/El+W/ouIM+SfSF6ASpsZOj1MSUvYHY\nVweqbQpC3ugDb0VheIrCYGBbQI2elRbmT2ZbMtaHk7aomaBJt4m6z2Llln9Pgrwa\nF0idclFY7jDBg8NP8a/lq62KKyFZ1/JfoGT9PN83B5Bg0GqSDe9+gzhQHw5yBE1C\nzmP3AxvgkwvS5uZple1ikIZycHwLMDmWCN64N/CikZY0tXZ9mtGv5R+mGxf1jg5W\n246ERvr3gauj8V23TZr0xXdjNv7r1Ck0+lAO+gdNQDYET6qxdMM0GQkXGK3lFGwG\nfzvd6iI1pI1q8zjgX/NR/yuC30g/qvtWNRp/IU+//DZC11iTz1ECggEBANuvZCxb\nJ1JDr+Ed4auzIbHpiU1MLeMSuNIECJnA14P3sfpAIp/+/no3JHYy7vZ6krs4zl+N\nTZZW3+rNzNPI/MKgwTjcC88a0mwHzDldKTjNZWqjvxhW1zleE/pMKilftXzEGFND\nC5PfCQ0D01sUBPjqUqEPLHr3A91wIvs1P8ekthfZSlipIaKF+mZnrDcrGlGmqh1Z\nNL/R36bNpoprPOd4OhfyQsfOnp5xWJLl9y0TLL4Bx8zxMbZ57zQTfP1mXtEZk/sv\nk0AbBYXlbkpV9iMuwHd+iuPBgCDQb68stw+a9/JOdPplfruwu6ikbSRmwdpqvrYH\nBCZnzsgwm6rXaQMCggEBAOkUhat2OoMG3k41W07wRId/7qsLvzwzeJKIzo+lQMvF\ntuPSOoHQebm8sVrgLNu0NBzWri/UJiQK98CZeCN+AOsoEsumAwresOrCkUA5puKM\nItMH6UjmHfxoW6nAq6VzKUeGZ04LWu/v7tXimY4+Zh1ZwU9bBvRj5rNUooxHFgb4\nGvSPNEqGc28tfPikFs2uwkqLnwUByy6/+jGGM/cWRPvo7OVdnonaH1eLlOczICsi\nlOT5e9qiSDFe5o6wQx8PK5/5EH5g0gb4CBs80XCTCydricv5OXrZm+VOkR3l3259\n1v6joaOx0zlTcHr2ZEb2OsQOUDsr3IluJF+GgOo7R1cCggEAAZGbEYYFHd1F4EGq\nXuOElhSo2lh0624yy60jspVh9JtMNhFHLgVQI+dI518tvazaZ2PcdWo4553vM2oM\n0GZbB7jGKHXJz8zNO+BCYRZ9ON6enshUkQPtvYcidWMd2fXJAf8UfWO5LXEmS2V/\nmOLnti9WL7hABRDGgkpOtaSHtBFFC56NnVx31QVH6HtNC4fPRE4AYP1GFyiUhEhr\nrAlgAfcl0w3z1CFxmIgOrd3eif/dDe5NUvVV+YudXa3V8qlMfAnGuMB6OLb4ryAY\nTYeXnmCzFydcLowvMgzK/2E+XWop4x0UUMVwxj5Y2Ldz4BKrx7eDbSFXsj6Dh4Jx\nWiL3qQKCAQEAzMRiysgLj6ExHLRzi146VnBmVY70awctHk9iaYBc9Ki2jF/dVr64\nshy8E4Ju5nXicpOIZCyVdYTNND+f9E52sCF8ob0vXxVViGl3Al2j59QFpDCHGqxQ\nG7fzD6ddJPWPhm7lwwLm2XSI9w8kqHrZa1+3HOhzq7E4tMPeKi8pguXliIVnAzIr\np7jm2eoOvpSRzLvs8JEq19+BBpFIhgLiiA2SUc91wNYIQvk10AhycnLnLGKiFOoN\nUpJ1K1ZfIaJKSTie7OhSnBy7wnIj7irA2dj4LmK9xNf4xfPIOeQB7yhPAVbwYseP\nMgXEA8MDRfR8nFGW2uUl0vcYrXOVPjLl8QKCAQAdjkuvXoTje41o/m3W5AX7qaES\niBjg9XWdhFxjwoj9UEKNAy9AqynD2WcKuuCkT9enVUlThXL/A7NCd76eZ6OF+ZXE\n6hNZ6L1CLytFYyeAfUP4E40oI3Y5zGqw2Hfj8eLq2WlAVucps9vFXVDXkmlHTfF3\ne3DO3O85AIWq/ot5T8VOluOZHCJAUWyw/J0VDcZ4hxXVbR79PjIHFry/UyB+t+K6\nSbqxq+DURqOwpiQB5hMQaf7CFRvIShmU/e/btF+pksxdWRqyeMEkziDDLTBjS0DF\nJoX3eTdh0Cgw7mjAAiLlu2oXgCAfa7IjTuQdPeMRF7AjuHj5Lt2s56RwQ0Go\n-----END RSA PRIVATE KEY-----\n",
            "content_base64": null,
            "content_base64sha256": "RWCYBbyq8dbRid7f88oD0iCPa5uZUGFt2QZNX+9UaZk=",
            "content_base64sha512": "FL/N7Qd3r7iTvzcmlcHal7bfkblsQ9nuVXNeCH+WnD9jwNg+yc94Ef4yTPgwf+8TMfym3srUK470YqvPqOSYvA==",
            "content_md5": "ec412dd0c6af8e14f933ee8a5ffa3062",
            "content_sha1": "47d01db1f897390194e969c8ea6d0a961d4cec50",
            "content_sha256": "45609805bcaaf1d6d189dedff3ca03d2208f6b9b9950616dd9064d5fef546999",
            "content_sha512": "14bfcded0777afb893bf372695c1da97b6df91b96c43d9ee55735e087f969c3f63c0d83ec9cf7811fe324cf8307fef1331fca6decad42b8ef462abcfa8e498bc",
            "directory_permission": "0777",
            "file_permission": "0400",
            "filename": "./despliegue_wazuh.pem",
            "id": "47d01db1f897390194e969c8ea6d0a961d4cec50",
            "sensitive_content": null,
            "source": null
          },
          "sensitive_attributes": [
            [
              {
                "type": "get_attr",
                "value": "sensitive_content"
              }
            ],
            [
              {
                "type": "get_attr",
                "value": "content"
              }
            ]
          ],
          "dependencies": [
            "tls_private_key.wazuh_lab_cecib"
          ]
        }
      ]
    },
    {
      "mode": "managed",
      "type": "tls_private_key",
      "name": "wazuh_lab_cecib",
      "provider": "provider[\"registry.terraform.io/hashicorp/tls\"]",
      "instances": [
        {
          "schema_version": 1,
          "attributes": {
            "algorithm": "RSA",
            "ecdsa_curve": "P224",
            "id": "1fda8b68d6c7d477d54cd948eceed6dd558f0555",
            "private_key_openssh": "-----BEGIN OPENSSH PRIVATE KEY-----\nb3BlbnNzaC1rZXktdjEAAAAABG5vbmUAAAAEbm9uZQAAAAAAAAABAAACFwAAAAdz\nc2gtcnNhAAAAAwEAAQAAAgEAyAQ+lXUV7Egik8f66pwesAXYuo+Xfgk43zqa75jp\nI1F3/jq6Ql9VqtEQaInSbP/q8SfBsypzuPbrBt9scYqW53iB8kM6Tc2H0+G8jAZr\nwctfYvu1hxSdeMkW2uaR/jH6vOZFh32P5PZNs+jc40tAbuazpAqIo+bhCJ1Y8eeD\nZPhph2pZ3TliaiIeKh9qQ1ek00l3jRFy0ZiT3lSwL74vjFkkqiA7nMdSHzQF+h6a\n9DPj47mo7EJDXE4QdnZB0rIno205xdaUN8CxfNP0U50B3N/2CrqZnzMpgreL7sNa\nkmSbVQS4adoJ0+JphBjb6Rb64d84XgfwFLbJmKYISVrF1S4/5Eiy/erbUl+eC2Nv\nnA0rHHmzplB65V8iCprBlKU53+C2axO5uHKcBvkYHZKBVULS80QTrWB+GmNYMG0O\ntdF524eJu+OC0dW35YixQYHTw55R3qinRNjkVvktaSUfwVchvGaIU2hUhrw5I3NP\noAIcN1thY2Bs+Llf1YGgAvtzfAq5ndFxvYbvSUkGm2nqDE3yxUQg39wnAL940fff\nkhtXQHqYfIok9A04sT/B5qg6J7DNKOuJvl8cy7zh3oqkFkgjHp8p2cipeu4y/ldu\nrS/wJUhOOjZj8Zkt+I3KY7saQXI9cZ742SNIDQIV1mGXmVVxduXQqbBy2lYKar8F\nhQUAAAc4Jz0NfSc9DX0AAAAHc3NoLXJzYQAAAgEAyAQ+lXUV7Egik8f66pwesAXY\nuo+Xfgk43zqa75jpI1F3/jq6Ql9VqtEQaInSbP/q8SfBsypzuPbrBt9scYqW53iB\n8kM6Tc2H0+G8jAZrwctfYvu1hxSdeMkW2uaR/jH6vOZFh32P5PZNs+jc40tAbuaz\npAqIo+bhCJ1Y8eeDZPhph2pZ3TliaiIeKh9qQ1ek00l3jRFy0ZiT3lSwL74vjFkk\nqiA7nMdSHzQF+h6a9DPj47mo7EJDXE4QdnZB0rIno205xdaUN8CxfNP0U50B3N/2\nCrqZnzMpgreL7sNakmSbVQS4adoJ0+JphBjb6Rb64d84XgfwFLbJmKYISVrF1S4/\n5Eiy/erbUl+eC2NvnA0rHHmzplB65V8iCprBlKU53+C2axO5uHKcBvkYHZKBVULS\n80QTrWB+GmNYMG0OtdF524eJu+OC0dW35YixQYHTw55R3qinRNjkVvktaSUfwVch\nvGaIU2hUhrw5I3NPoAIcN1thY2Bs+Llf1YGgAvtzfAq5ndFxvYbvSUkGm2nqDE3y\nxUQg39wnAL940fffkhtXQHqYfIok9A04sT/B5qg6J7DNKOuJvl8cy7zh3oqkFkgj\nHp8p2cipeu4y/ldurS/wJUhOOjZj8Zkt+I3KY7saQXI9cZ742SNIDQIV1mGXmVVx\nduXQqbBy2lYKar8FhQUAAAADAQABAAACAQCp69EvL3UccnvNiEsGHPOFHrJsa6iL\njlIecq9FdWY6du+1rzalRFCG+W0zIkL+DrwNe3T3PM1rCXnJMO3z14UzyBC9O5fA\nmScXPeLsIlhRHvE+KhChXUYaYttjxBWrGdKlwAq5fFZOcWC5ws5E2p02mg9rAPfs\nJixvIR17BO9/S/p67ELDyghtmeZ+aongBAkm5ncGBRjCLxkP/GphZPUICoM3dIKw\nQjTmBVA+mNmTNLIZuJRlgjWvqTIbMYPh9y/titFV3WG1q6IdJgOfNPdsKWfg3X28\n3b4aKsxaXuQHEilUJNp2MqG+u85gRq4sazVfxj8gwyWWs2K4p/TKPK9rV2XX8SX5\nb+i4gz5J9IXoBKmxk6PUxJS9gdhXB6ptCkLe6ANvRWF4isJgYFtAjZ6VFuZPZlsy\n1oeTtqiZoEm3ibrPYuWWf0+CvBoXSJ1yUVjuMMGDw0/xr+WrrYorIVnX8l+gZP08\n3zcHkGDQapIN736DOFAfDnIETULOY/cDG+CTC9Lm5mmV7WKQhnJwfAswOZYI3rg3\n8KKRljS1dn2a0a/lH6YbF/WODlbbjoRG+veBq6PxXbdNmvTFd2M2/uvUKTT6UA76\nB01ANgRPqrF0wzQZCRcYreUUbAZ/O93qIjWkjWrzOOBf81H/K4LfSD+q+1Y1Gn8h\nT7/8NkLXWJPPUQAAAQAdjkuvXoTje41o/m3W5AX7qaESiBjg9XWdhFxjwoj9UEKN\nAy9AqynD2WcKuuCkT9enVUlThXL/A7NCd76eZ6OF+ZXE6hNZ6L1CLytFYyeAfUP4\nE40oI3Y5zGqw2Hfj8eLq2WlAVucps9vFXVDXkmlHTfF3e3DO3O85AIWq/ot5T8VO\nluOZHCJAUWyw/J0VDcZ4hxXVbR79PjIHFry/UyB+t+K6Sbqxq+DURqOwpiQB5hMQ\naf7CFRvIShmU/e/btF+pksxdWRqyeMEkziDDLTBjS0DFJoX3eTdh0Cgw7mjAAiLl\nu2oXgCAfa7IjTuQdPeMRF7AjuHj5Lt2s56RwQ0GoAAABAQDbr2QsWydSQ6/hHeGr\nsyGx6YlNTC3jErjSBAiZwNeD97H6QCKf/v56NyR2Mu72epK7OM5fjU2WVt/qzczT\nyPzCoME43AvPGtJsB8w5XSk4zWVqo78YVtc5XhP6TCopX7V8xBhTQwuT3wkNA9Nb\nFAT46lKhDyx69wPdcCL7NT/HpLYX2UpYqSGihfpmZ6w3KxpRpqodWTS/0d+mzaaK\nazzneDoX8kLHzp6ecViS5fctEyy+AcfM8TG2ee80E3z9Zl7RGZP7L5NAGwWF5W5K\nVfYjLsB3forjwYAg0G+vLLcPmvfyTnT6ZX67sLuopG0kZsHaar62BwQmZ87IMJuq\n12kDAAABAQDpFIWrdjqDBt5ONVtO8ESHf+6rC788M3iSiM6PpUDLxbbj0jqB0Hm5\nvLFa4CzbtDQc1q4v1CYkCvfAmXgjfgDrKBLLpgMK3rDqwpFAOabijCLTB+lI5h38\naFupwKulcylHhmdOC1rv7+7V4pmOPmYdWcFPWwb0Y+azVKKMRxYG+Br0jzRKhnNv\nLXz4pBbNrsJKi58FAcsuv/oxhjP3FkT76OzlXZ6J2h9Xi5TnMyArIpTk+Xvaokgx\nXuaOsEMfDyuf+RB+YNIG+AgbPNFwkwsna4nL+Tl62ZvlTpEd5d9ufdb+o6GjsdM5\nU3B69mRG9jrEDlA7K9yJbiRfhoDqO0dXAAAAAAEC\n-----END OPENSSH PRIVATE KEY-----\n",
            "private_key_pem": "-----BEGIN RSA PRIVATE KEY-----\nMIIJKQIBAAKCAgEAyAQ+lXUV7Egik8f66pwesAXYuo+Xfgk43zqa75jpI1F3/jq6\nQl9VqtEQaInSbP/q8SfBsypzuPbrBt9scYqW53iB8kM6Tc2H0+G8jAZrwctfYvu1\nhxSdeMkW2uaR/jH6vOZFh32P5PZNs+jc40tAbuazpAqIo+bhCJ1Y8eeDZPhph2pZ\n3TliaiIeKh9qQ1ek00l3jRFy0ZiT3lSwL74vjFkkqiA7nMdSHzQF+h6a9DPj47mo\n7EJDXE4QdnZB0rIno205xdaUN8CxfNP0U50B3N/2CrqZnzMpgreL7sNakmSbVQS4\nadoJ0+JphBjb6Rb64d84XgfwFLbJmKYISVrF1S4/5Eiy/erbUl+eC2NvnA0rHHmz\nplB65V8iCprBlKU53+C2axO5uHKcBvkYHZKBVULS80QTrWB+GmNYMG0OtdF524eJ\nu+OC0dW35YixQYHTw55R3qinRNjkVvktaSUfwVchvGaIU2hUhrw5I3NPoAIcN1th\nY2Bs+Llf1YGgAvtzfAq5ndFxvYbvSUkGm2nqDE3yxUQg39wnAL940fffkhtXQHqY\nfIok9A04sT/B5qg6J7DNKOuJvl8cy7zh3oqkFkgjHp8p2cipeu4y/ldurS/wJUhO\nOjZj8Zkt+I3KY7saQXI9cZ742SNIDQIV1mGXmVVxduXQqbBy2lYKar8FhQUCAwEA\nAQKCAgEAqevRLy91HHJ7zYhLBhzzhR6ybGuoi45SHnKvRXVmOnbvta82pURQhvlt\nMyJC/g68DXt09zzNawl5yTDt89eFM8gQvTuXwJknFz3i7CJYUR7xPioQoV1GGmLb\nY8QVqxnSpcAKuXxWTnFgucLORNqdNpoPawD37CYsbyEdewTvf0v6euxCw8oIbZnm\nfmqJ4AQJJuZ3BgUYwi8ZD/xqYWT1CAqDN3SCsEI05gVQPpjZkzSyGbiUZYI1r6ky\nGzGD4fcv7YrRVd1htauiHSYDnzT3bCln4N19vN2+GirMWl7kBxIpVCTadjKhvrvO\nYEauLGs1X8Y/IMMllrNiuKf0yjyva1dl1/El+W/ouIM+SfSF6ASpsZOj1MSUvYHY\nVweqbQpC3ugDb0VheIrCYGBbQI2elRbmT2ZbMtaHk7aomaBJt4m6z2Llln9Pgrwa\nF0idclFY7jDBg8NP8a/lq62KKyFZ1/JfoGT9PN83B5Bg0GqSDe9+gzhQHw5yBE1C\nzmP3AxvgkwvS5uZple1ikIZycHwLMDmWCN64N/CikZY0tXZ9mtGv5R+mGxf1jg5W\n246ERvr3gauj8V23TZr0xXdjNv7r1Ck0+lAO+gdNQDYET6qxdMM0GQkXGK3lFGwG\nfzvd6iI1pI1q8zjgX/NR/yuC30g/qvtWNRp/IU+//DZC11iTz1ECggEBANuvZCxb\nJ1JDr+Ed4auzIbHpiU1MLeMSuNIECJnA14P3sfpAIp/+/no3JHYy7vZ6krs4zl+N\nTZZW3+rNzNPI/MKgwTjcC88a0mwHzDldKTjNZWqjvxhW1zleE/pMKilftXzEGFND\nC5PfCQ0D01sUBPjqUqEPLHr3A91wIvs1P8ekthfZSlipIaKF+mZnrDcrGlGmqh1Z\nNL/R36bNpoprPOd4OhfyQsfOnp5xWJLl9y0TLL4Bx8zxMbZ57zQTfP1mXtEZk/sv\nk0AbBYXlbkpV9iMuwHd+iuPBgCDQb68stw+a9/JOdPplfruwu6ikbSRmwdpqvrYH\nBCZnzsgwm6rXaQMCggEBAOkUhat2OoMG3k41W07wRId/7qsLvzwzeJKIzo+lQMvF\ntuPSOoHQebm8sVrgLNu0NBzWri/UJiQK98CZeCN+AOsoEsumAwresOrCkUA5puKM\nItMH6UjmHfxoW6nAq6VzKUeGZ04LWu/v7tXimY4+Zh1ZwU9bBvRj5rNUooxHFgb4\nGvSPNEqGc28tfPikFs2uwkqLnwUByy6/+jGGM/cWRPvo7OVdnonaH1eLlOczICsi\nlOT5e9qiSDFe5o6wQx8PK5/5EH5g0gb4CBs80XCTCydricv5OXrZm+VOkR3l3259\n1v6joaOx0zlTcHr2ZEb2OsQOUDsr3IluJF+GgOo7R1cCggEAAZGbEYYFHd1F4EGq\nXuOElhSo2lh0624yy60jspVh9JtMNhFHLgVQI+dI518tvazaZ2PcdWo4553vM2oM\n0GZbB7jGKHXJz8zNO+BCYRZ9ON6enshUkQPtvYcidWMd2fXJAf8UfWO5LXEmS2V/\nmOLnti9WL7hABRDGgkpOtaSHtBFFC56NnVx31QVH6HtNC4fPRE4AYP1GFyiUhEhr\nrAlgAfcl0w3z1CFxmIgOrd3eif/dDe5NUvVV+YudXa3V8qlMfAnGuMB6OLb4ryAY\nTYeXnmCzFydcLowvMgzK/2E+XWop4x0UUMVwxj5Y2Ldz4BKrx7eDbSFXsj6Dh4Jx\nWiL3qQKCAQEAzMRiysgLj6ExHLRzi146VnBmVY70awctHk9iaYBc9Ki2jF/dVr64\nshy8E4Ju5nXicpOIZCyVdYTNND+f9E52sCF8ob0vXxVViGl3Al2j59QFpDCHGqxQ\nG7fzD6ddJPWPhm7lwwLm2XSI9w8kqHrZa1+3HOhzq7E4tMPeKi8pguXliIVnAzIr\np7jm2eoOvpSRzLvs8JEq19+BBpFIhgLiiA2SUc91wNYIQvk10AhycnLnLGKiFOoN\nUpJ1K1ZfIaJKSTie7OhSnBy7wnIj7irA2dj4LmK9xNf4xfPIOeQB7yhPAVbwYseP\nMgXEA8MDRfR8nFGW2uUl0vcYrXOVPjLl8QKCAQAdjkuvXoTje41o/m3W5AX7qaES\niBjg9XWdhFxjwoj9UEKNAy9AqynD2WcKuuCkT9enVUlThXL/A7NCd76eZ6OF+ZXE\n6hNZ6L1CLytFYyeAfUP4E40oI3Y5zGqw2Hfj8eLq2WlAVucps9vFXVDXkmlHTfF3\ne3DO3O85AIWq/ot5T8VOluOZHCJAUWyw/J0VDcZ4hxXVbR79PjIHFry/UyB+t+K6\nSbqxq+DURqOwpiQB5hMQaf7CFRvIShmU/e/btF+pksxdWRqyeMEkziDDLTBjS0DF\nJoX3eTdh0Cgw7mjAAiLlu2oXgCAfa7IjTuQdPeMRF7AjuHj5Lt2s56RwQ0Go\n-----END RSA PRIVATE KEY-----\n",
            "private_key_pem_pkcs8": "-----BEGIN PRIVATE KEY-----\nMIIJQwIBADANBgkqhkiG9w0BAQEFAASCCS0wggkpAgEAAoICAQDIBD6VdRXsSCKT\nx/rqnB6wBdi6j5d+CTjfOprvmOkjUXf+OrpCX1Wq0RBoidJs/+rxJ8GzKnO49usG\n32xxipbneIHyQzpNzYfT4byMBmvBy19i+7WHFJ14yRba5pH+Mfq85kWHfY/k9k2z\n6NzjS0Bu5rOkCoij5uEInVjx54Nk+GmHalndOWJqIh4qH2pDV6TTSXeNEXLRmJPe\nVLAvvi+MWSSqIDucx1IfNAX6Hpr0M+PjuajsQkNcThB2dkHSsiejbTnF1pQ3wLF8\n0/RTnQHc3/YKupmfMymCt4vuw1qSZJtVBLhp2gnT4mmEGNvpFvrh3zheB/AUtsmY\npghJWsXVLj/kSLL96ttSX54LY2+cDSscebOmUHrlXyIKmsGUpTnf4LZrE7m4cpwG\n+RgdkoFVQtLzRBOtYH4aY1gwbQ610Xnbh4m744LR1bfliLFBgdPDnlHeqKdE2ORW\n+S1pJR/BVyG8ZohTaFSGvDkjc0+gAhw3W2FjYGz4uV/VgaAC+3N8Crmd0XG9hu9J\nSQabaeoMTfLFRCDf3CcAv3jR99+SG1dAeph8iiT0DTixP8HmqDonsM0o64m+XxzL\nvOHeiqQWSCMenynZyKl67jL+V26tL/AlSE46NmPxmS34jcpjuxpBcj1xnvjZI0gN\nAhXWYZeZVXF25dCpsHLaVgpqvwWFBQIDAQABAoICAQCp69EvL3UccnvNiEsGHPOF\nHrJsa6iLjlIecq9FdWY6du+1rzalRFCG+W0zIkL+DrwNe3T3PM1rCXnJMO3z14Uz\nyBC9O5fAmScXPeLsIlhRHvE+KhChXUYaYttjxBWrGdKlwAq5fFZOcWC5ws5E2p02\nmg9rAPfsJixvIR17BO9/S/p67ELDyghtmeZ+aongBAkm5ncGBRjCLxkP/GphZPUI\nCoM3dIKwQjTmBVA+mNmTNLIZuJRlgjWvqTIbMYPh9y/titFV3WG1q6IdJgOfNPds\nKWfg3X283b4aKsxaXuQHEilUJNp2MqG+u85gRq4sazVfxj8gwyWWs2K4p/TKPK9r\nV2XX8SX5b+i4gz5J9IXoBKmxk6PUxJS9gdhXB6ptCkLe6ANvRWF4isJgYFtAjZ6V\nFuZPZlsy1oeTtqiZoEm3ibrPYuWWf0+CvBoXSJ1yUVjuMMGDw0/xr+WrrYorIVnX\n8l+gZP083zcHkGDQapIN736DOFAfDnIETULOY/cDG+CTC9Lm5mmV7WKQhnJwfAsw\nOZYI3rg38KKRljS1dn2a0a/lH6YbF/WODlbbjoRG+veBq6PxXbdNmvTFd2M2/uvU\nKTT6UA76B01ANgRPqrF0wzQZCRcYreUUbAZ/O93qIjWkjWrzOOBf81H/K4LfSD+q\n+1Y1Gn8hT7/8NkLXWJPPUQKCAQEA269kLFsnUkOv4R3hq7MhsemJTUwt4xK40gQI\nmcDXg/ex+kAin/7+ejckdjLu9nqSuzjOX41Nllbf6s3M08j8wqDBONwLzxrSbAfM\nOV0pOM1laqO/GFbXOV4T+kwqKV+1fMQYU0MLk98JDQPTWxQE+OpSoQ8sevcD3XAi\n+zU/x6S2F9lKWKkhooX6ZmesNysaUaaqHVk0v9Hfps2mims853g6F/JCx86ennFY\nkuX3LRMsvgHHzPExtnnvNBN8/WZe0RmT+y+TQBsFheVuSlX2Iy7Ad36K48GAINBv\nryy3D5r38k50+mV+u7C7qKRtJGbB2mq+tgcEJmfOyDCbqtdpAwKCAQEA6RSFq3Y6\ngwbeTjVbTvBEh3/uqwu/PDN4kojOj6VAy8W249I6gdB5ubyxWuAs27Q0HNauL9Qm\nJAr3wJl4I34A6ygSy6YDCt6w6sKRQDmm4owi0wfpSOYd/GhbqcCrpXMpR4ZnTgta\n7+/u1eKZjj5mHVnBT1sG9GPms1SijEcWBvga9I80SoZzby18+KQWza7CSoufBQHL\nLr/6MYYz9xZE++js5V2eidofV4uU5zMgKyKU5Pl72qJIMV7mjrBDHw8rn/kQfmDS\nBvgIGzzRcJMLJ2uJy/k5etmb5U6RHeXfbn3W/qOho7HTOVNwevZkRvY6xA5QOyvc\niW4kX4aA6jtHVwKCAQABkZsRhgUd3UXgQape44SWFKjaWHTrbjLLrSOylWH0m0w2\nEUcuBVAj50jnXy29rNpnY9x1ajjnne8zagzQZlsHuMYodcnPzM074EJhFn043p6e\nyFSRA+29hyJ1Yx3Z9ckB/xR9Y7ktcSZLZX+Y4ue2L1YvuEAFEMaCSk61pIe0EUUL\nno2dXHfVBUfoe00Lh89ETgBg/UYXKJSESGusCWAB9yXTDfPUIXGYiA6t3d6J/90N\n7k1S9VX5i51drdXyqUx8Cca4wHo4tvivIBhNh5eeYLMXJ1wujC8yDMr/YT5dainj\nHRRQxXDGPljYt3PgEqvHt4NtIVeyPoOHgnFaIvepAoIBAQDMxGLKyAuPoTEctHOL\nXjpWcGZVjvRrBy0eT2JpgFz0qLaMX91WvriyHLwTgm7mdeJyk4hkLJV1hM00P5/0\nTnawIXyhvS9fFVWIaXcCXaPn1AWkMIcarFAbt/MPp10k9Y+GbuXDAubZdIj3DySo\netlrX7cc6HOrsTi0w94qLymC5eWIhWcDMiunuObZ6g6+lJHMu+zwkSrX34EGkUiG\nAuKIDZJRz3XA1ghC+TXQCHJycucsYqIU6g1SknUrVl8hokpJOJ7s6FKcHLvCciPu\nKsDZ2PguYr3E1/jF88g55AHvKE8BVvBix48yBcQDwwNF9HycUZba5SXS9xitc5U+\nMuXxAoIBAB2OS69ehON7jWj+bdbkBfupoRKIGOD1dZ2EXGPCiP1QQo0DL0CrKcPZ\nZwq64KRP16dVSVOFcv8Ds0J3vp5no4X5lcTqE1novUIvK0VjJ4B9Q/gTjSgjdjnM\narDYd+Px4urZaUBW5ymz28VdUNeSaUdN8Xd7cM7c7zkAhar+i3lPxU6W45kcIkBR\nbLD8nRUNxniHFdVtHv0+MgcWvL9TIH634rpJurGr4NRGo7CmJAHmExBp/sIVG8hK\nGZT979u0X6mSzF1ZGrJ4wSTOIMMtMGNLQMUmhfd5N2HQKDDuaMACIuW7aheAIB9r\nsiNO5B094xEXsCO4ePku3aznpHBDQag=\n-----END PRIVATE KEY-----\n",
            "public_key_fingerprint_md5": "ed:be:0e:70:7f:bf:54:f6:df:01:dd:1b:dd:a1:b6:67",
            "public_key_fingerprint_sha256": "SHA256:iHGBdVsh7SmVeWiAW5zzxcWTq4/CUIkIx3M0EMlIxuA",
            "public_key_openssh": "ssh-rsa AAAAB3NzaC1yc2EAAAADAQABAAACAQDIBD6VdRXsSCKTx/rqnB6wBdi6j5d+CTjfOprvmOkjUXf+OrpCX1Wq0RBoidJs/+rxJ8GzKnO49usG32xxipbneIHyQzpNzYfT4byMBmvBy19i+7WHFJ14yRba5pH+Mfq85kWHfY/k9k2z6NzjS0Bu5rOkCoij5uEInVjx54Nk+GmHalndOWJqIh4qH2pDV6TTSXeNEXLRmJPeVLAvvi+MWSSqIDucx1IfNAX6Hpr0M+PjuajsQkNcThB2dkHSsiejbTnF1pQ3wLF80/RTnQHc3/YKupmfMymCt4vuw1qSZJtVBLhp2gnT4mmEGNvpFvrh3zheB/AUtsmYpghJWsXVLj/kSLL96ttSX54LY2+cDSscebOmUHrlXyIKmsGUpTnf4LZrE7m4cpwG+RgdkoFVQtLzRBOtYH4aY1gwbQ610Xnbh4m744LR1bfliLFBgdPDnlHeqKdE2ORW+S1pJR/BVyG8ZohTaFSGvDkjc0+gAhw3W2FjYGz4uV/VgaAC+3N8Crmd0XG9hu9JSQabaeoMTfLFRCDf3CcAv3jR99+SG1dAeph8iiT0DTixP8HmqDonsM0o64m+XxzLvOHeiqQWSCMenynZyKl67jL+V26tL/AlSE46NmPxmS34jcpjuxpBcj1xnvjZI0gNAhXWYZeZVXF25dCpsHLaVgpqvwWFBQ==\n",
            "public_key_pem": "-----BEGIN PUBLIC KEY-----\nMIICIjANBgkqhkiG9w0BAQEFAAOCAg8AMIICCgKCAgEAyAQ+lXUV7Egik8f66pwe\nsAXYuo+Xfgk43zqa75jpI1F3/jq6Ql9VqtEQaInSbP/q8SfBsypzuPbrBt9scYqW\n53iB8kM6Tc2H0+G8jAZrwctfYvu1hxSdeMkW2uaR/jH6vOZFh32P5PZNs+jc40tA\nbuazpAqIo+bhCJ1Y8eeDZPhph2pZ3TliaiIeKh9qQ1ek00l3jRFy0ZiT3lSwL74v\njFkkqiA7nMdSHzQF+h6a9DPj47mo7EJDXE4QdnZB0rIno205xdaUN8CxfNP0U50B\n3N/2CrqZnzMpgreL7sNakmSbVQS4adoJ0+JphBjb6Rb64d84XgfwFLbJmKYISVrF\n1S4/5Eiy/erbUl+eC2NvnA0rHHmzplB65V8iCprBlKU53+C2axO5uHKcBvkYHZKB\nVULS80QTrWB+GmNYMG0OtdF524eJu+OC0dW35YixQYHTw55R3qinRNjkVvktaSUf\nwVchvGaIU2hUhrw5I3NPoAIcN1thY2Bs+Llf1YGgAvtzfAq5ndFxvYbvSUkGm2nq\nDE3yxUQg39wnAL940fffkhtXQHqYfIok9A04sT/B5qg6J7DNKOuJvl8cy7zh3oqk\nFkgjHp8p2cipeu4y/ldurS/wJUhOOjZj8Zkt+I3KY7saQXI9cZ742SNIDQIV1mGX\nmVVxduXQqbBy2lYKar8FhQUCAwEAAQ==\n-----END PUBLIC KEY-----\n",
            "rsa_bits": 4096
          },
          "sensitive_attributes": [
            [
              {
                "type": "get_attr",
                "value": "private_key_pem_pkcs8"
              }
            ],
            [
              {
                "type": "get_attr",
                "value": "private_key_openssh"
              }
            ],
            [
              {
                "type": "get_attr",
                "value": "private_key_pem"
              }
            ]
          ]
        }
      ]
    }
  ],
  "check_results": null
}
