{
  "version": 4,
  "terraform_version": "1.8.5",
  "serial": 174,
  "lineage": "602064bd-5364-b58c-a902-dd7833c8bdd8",
  "outputs": {
    "default_vpc_cidr_block": {
      "value": "172.31.0.0/16",
      "type": "string"
    },
    "instance_ips": {
      "value": {
        "Amazon-Wazuh-Server": "54.236.53.26",
        "Debian-Atacante": "54.91.129.246",
        "Ubuntu-Agente": "54.234.138.163",
        "Windows-Agente": "34.229.186.132"
      },
      "type": [
        "object",
        {
          "Amazon-Wazuh-Server": "string",
          "Debian-Atacante": "string",
          "Ubuntu-Agente": "string",
          "Windows-Agente": "string"
        }
      ]
    }
  },
  "resources": [
    {
      "mode": "data",
      "type": "aws_vpc",
      "name": "default",
      "provider": "provider[\"registry.terraform.io/hashicorp/aws\"]",
      "instances": [
        {
          "schema_version": 0,
          "attributes": {
            "arn": "arn:aws:ec2:us-east-1:471112549365:vpc/vpc-0385737661b00be97",
            "cidr_block": "172.31.0.0/16",
            "cidr_block_associations": [
              {
                "association_id": "vpc-cidr-assoc-00282742f92a89c38",
                "cidr_block": "172.31.0.0/16",
                "state": "associated"
              }
            ],
            "default": true,
            "dhcp_options_id": "dopt-07d2fdbd59a228f1e",
            "enable_dns_hostnames": true,
            "enable_dns_support": true,
            "enable_network_address_usage_metrics": false,
            "filter": null,
            "id": "vpc-0385737661b00be97",
            "instance_tenancy": "default",
            "ipv6_association_id": "",
            "ipv6_cidr_block": "",
            "main_route_table_id": "rtb-06e18a87843d3ee89",
            "owner_id": "471112549365",
            "state": null,
            "tags": {},
            "timeouts": null
          },
          "sensitive_attributes": []
        }
      ]
    },
    {
      "mode": "managed",
      "type": "aws_instance",
      "name": "this",
      "provider": "provider[\"registry.terraform.io/hashicorp/aws\"]",
      "instances": [
        {
          "index_key": "Amazon-Wazuh-Server",
          "schema_version": 1,
          "attributes": {
            "ami": "ami-0d94353f7bad10668",
            "arn": "arn:aws:ec2:us-east-1:471112549365:instance/i-0b26643fa6829432f",
            "associate_public_ip_address": true,
            "availability_zone": "us-east-1e",
            "capacity_reservation_specification": [
              {
                "capacity_reservation_preference": "open",
                "capacity_reservation_target": []
              }
            ],
            "cpu_core_count": 2,
            "cpu_options": [
              {
                "amd_sev_snp": "",
                "core_count": 2,
                "threads_per_core": 1
              }
            ],
            "cpu_threads_per_core": 1,
            "credit_specification": [
              {
                "cpu_credits": "standard"
              }
            ],
            "disable_api_stop": false,
            "disable_api_termination": false,
            "ebs_block_device": [],
            "ebs_optimized": false,
            "enclave_options": [
              {
                "enabled": false
              }
            ],
            "ephemeral_block_device": [],
            "get_password_data": false,
            "hibernation": false,
            "host_id": "",
            "host_resource_group_arn": null,
            "iam_instance_profile": "",
            "id": "i-0b26643fa6829432f",
            "instance_initiated_shutdown_behavior": "stop",
            "instance_lifecycle": "",
            "instance_market_options": [],
            "instance_state": "running",
            "instance_type": "t2.medium",
            "ipv6_address_count": 0,
            "ipv6_addresses": [],
            "key_name": "wazuh-lab-key",
            "launch_template": [],
            "maintenance_options": [
              {
                "auto_recovery": "default"
              }
            ],
            "metadata_options": [
              {
                "http_endpoint": "enabled",
                "http_protocol_ipv6": "disabled",
                "http_put_response_hop_limit": 1,
                "http_tokens": "optional",
                "instance_metadata_tags": "disabled"
              }
            ],
            "monitoring": false,
            "network_interface": [],
            "outpost_arn": "",
            "password_data": "",
            "placement_group": "",
            "placement_partition_number": 0,
            "primary_network_interface_id": "eni-06b63c7036c7ec35d",
            "private_dns": "ip-172-31-51-16.ec2.internal",
            "private_dns_name_options": [
              {
                "enable_resource_name_dns_a_record": false,
                "enable_resource_name_dns_aaaa_record": false,
                "hostname_type": "ip-name"
              }
            ],
            "private_ip": "172.31.51.16",
            "public_dns": "ec2-54-236-53-26.compute-1.amazonaws.com",
            "public_ip": "54.236.53.26",
            "root_block_device": [
              {
                "delete_on_termination": true,
                "device_name": "/dev/xvda",
                "encrypted": false,
                "iops": 100,
                "kms_key_id": "",
                "tags": {},
                "tags_all": {},
                "throughput": 0,
                "volume_id": "vol-02c07c785a6b81d01",
                "volume_size": 8,
                "volume_type": "gp2"
              }
            ],
            "secondary_private_ips": [],
            "security_groups": [
              "Amazon-Wazuh-Server_sg"
            ],
            "source_dest_check": true,
            "spot_instance_request_id": "",
            "subnet_id": "subnet-00d7abe779460dd36",
            "tags": {
              "Name": "Amazon-Wazuh-Server"
            },
            "tags_all": {
              "Name": "Amazon-Wazuh-Server"
            },
            "tenancy": "default",
            "timeouts": null,
            "user_data": null,
            "user_data_base64": null,
            "user_data_replace_on_change": false,
            "volume_tags": null,
            "vpc_security_group_ids": [
              "sg-053bb999a7908e803"
            ]
          },
          "sensitive_attributes": [],
          "private": "eyJlMmJmYjczMC1lY2FhLTExZTYtOGY4OC0zNDM2M2JjN2M0YzAiOnsiY3JlYXRlIjo2MDAwMDAwMDAwMDAsImRlbGV0ZSI6MTIwMDAwMDAwMDAwMCwicmVhZCI6OTAwMDAwMDAwMDAwLCJ1cGRhdGUiOjYwMDAwMDAwMDAwMH0sInNjaGVtYV92ZXJzaW9uIjoiMSJ9",
          "dependencies": [
            "aws_key_pair.despliegue",
            "aws_security_group.instancia_sg",
            "data.aws_vpc.default",
            "tls_private_key.wazuh_lab_cecib"
          ]
        },
        {
          "index_key": "Debian-Atacante",
          "schema_version": 1,
          "attributes": {
            "ami": "ami-058bd2d568351da34",
            "arn": "arn:aws:ec2:us-east-1:471112549365:instance/i-08562785482cc91a4",
            "associate_public_ip_address": true,
            "availability_zone": "us-east-1b",
            "capacity_reservation_specification": [
              {
                "capacity_reservation_preference": "open",
                "capacity_reservation_target": []
              }
            ],
            "cpu_core_count": 1,
            "cpu_options": [
              {
                "amd_sev_snp": "",
                "core_count": 1,
                "threads_per_core": 1
              }
            ],
            "cpu_threads_per_core": 1,
            "credit_specification": [
              {
                "cpu_credits": "standard"
              }
            ],
            "disable_api_stop": false,
            "disable_api_termination": false,
            "ebs_block_device": [],
            "ebs_optimized": false,
            "enclave_options": [
              {
                "enabled": false
              }
            ],
            "ephemeral_block_device": [],
            "get_password_data": false,
            "hibernation": false,
            "host_id": "",
            "host_resource_group_arn": null,
            "iam_instance_profile": "",
            "id": "i-08562785482cc91a4",
            "instance_initiated_shutdown_behavior": "stop",
            "instance_lifecycle": "",
            "instance_market_options": [],
            "instance_state": "running",
            "instance_type": "t2.micro",
            "ipv6_address_count": 0,
            "ipv6_addresses": [],
            "key_name": "wazuh-lab-key",
            "launch_template": [],
            "maintenance_options": [
              {
                "auto_recovery": "default"
              }
            ],
            "metadata_options": [
              {
                "http_endpoint": "enabled",
                "http_protocol_ipv6": "disabled",
                "http_put_response_hop_limit": 1,
                "http_tokens": "optional",
                "instance_metadata_tags": "disabled"
              }
            ],
            "monitoring": false,
            "network_interface": [],
            "outpost_arn": "",
            "password_data": "",
            "placement_group": "",
            "placement_partition_number": 0,
            "primary_network_interface_id": "eni-0826047d56816fa61",
            "private_dns": "ip-172-31-19-212.ec2.internal",
            "private_dns_name_options": [
              {
                "enable_resource_name_dns_a_record": false,
                "enable_resource_name_dns_aaaa_record": false,
                "hostname_type": "ip-name"
              }
            ],
            "private_ip": "172.31.19.212",
            "public_dns": "ec2-54-91-129-246.compute-1.amazonaws.com",
            "public_ip": "54.91.129.246",
            "root_block_device": [
              {
                "delete_on_termination": true,
                "device_name": "/dev/xvda",
                "encrypted": false,
                "iops": 3000,
                "kms_key_id": "",
                "tags": {},
                "tags_all": {},
                "throughput": 125,
                "volume_id": "vol-0691cdde48bb6f6e3",
                "volume_size": 8,
                "volume_type": "gp3"
              }
            ],
            "secondary_private_ips": [],
            "security_groups": [
              "Debian-Atacante_sg"
            ],
            "source_dest_check": true,
            "spot_instance_request_id": "",
            "subnet_id": "subnet-00991dcfa05c0b9c6",
            "tags": {
              "Name": "Debian-Atacante"
            },
            "tags_all": {
              "Name": "Debian-Atacante"
            },
            "tenancy": "default",
            "timeouts": null,
            "user_data": null,
            "user_data_base64": null,
            "user_data_replace_on_change": false,
            "volume_tags": null,
            "vpc_security_group_ids": [
              "sg-0734cdfb8dcc7c359"
            ]
          },
          "sensitive_attributes": [],
          "private": "eyJlMmJmYjczMC1lY2FhLTExZTYtOGY4OC0zNDM2M2JjN2M0YzAiOnsiY3JlYXRlIjo2MDAwMDAwMDAwMDAsImRlbGV0ZSI6MTIwMDAwMDAwMDAwMCwicmVhZCI6OTAwMDAwMDAwMDAwLCJ1cGRhdGUiOjYwMDAwMDAwMDAwMH0sInNjaGVtYV92ZXJzaW9uIjoiMSJ9",
          "dependencies": [
            "aws_key_pair.despliegue",
            "aws_security_group.instancia_sg",
            "data.aws_vpc.default",
            "tls_private_key.wazuh_lab_cecib"
          ]
        },
        {
          "index_key": "Ubuntu-Agente",
          "schema_version": 1,
          "attributes": {
            "ami": "ami-04b70fa74e45c3917",
            "arn": "arn:aws:ec2:us-east-1:471112549365:instance/i-09e69c8fe6a85e483",
            "associate_public_ip_address": true,
            "availability_zone": "us-east-1b",
            "capacity_reservation_specification": [
              {
                "capacity_reservation_preference": "open",
                "capacity_reservation_target": []
              }
            ],
            "cpu_core_count": 1,
            "cpu_options": [
              {
                "amd_sev_snp": "",
                "core_count": 1,
                "threads_per_core": 1
              }
            ],
            "cpu_threads_per_core": 1,
            "credit_specification": [
              {
                "cpu_credits": "standard"
              }
            ],
            "disable_api_stop": false,
            "disable_api_termination": false,
            "ebs_block_device": [],
            "ebs_optimized": false,
            "enclave_options": [
              {
                "enabled": false
              }
            ],
            "ephemeral_block_device": [],
            "get_password_data": false,
            "hibernation": false,
            "host_id": "",
            "host_resource_group_arn": null,
            "iam_instance_profile": "",
            "id": "i-09e69c8fe6a85e483",
            "instance_initiated_shutdown_behavior": "stop",
            "instance_lifecycle": "",
            "instance_market_options": [],
            "instance_state": "running",
            "instance_type": "t2.micro",
            "ipv6_address_count": 0,
            "ipv6_addresses": [],
            "key_name": "wazuh-lab-key",
            "launch_template": [],
            "maintenance_options": [
              {
                "auto_recovery": "default"
              }
            ],
            "metadata_options": [
              {
                "http_endpoint": "enabled",
                "http_protocol_ipv6": "disabled",
                "http_put_response_hop_limit": 2,
                "http_tokens": "required",
                "instance_metadata_tags": "disabled"
              }
            ],
            "monitoring": false,
            "network_interface": [],
            "outpost_arn": "",
            "password_data": "",
            "placement_group": "",
            "placement_partition_number": 0,
            "primary_network_interface_id": "eni-0adc809360d1d41b3",
            "private_dns": "ip-172-31-27-72.ec2.internal",
            "private_dns_name_options": [
              {
                "enable_resource_name_dns_a_record": false,
                "enable_resource_name_dns_aaaa_record": false,
                "hostname_type": "ip-name"
              }
            ],
            "private_ip": "172.31.27.72",
            "public_dns": "ec2-54-234-138-163.compute-1.amazonaws.com",
            "public_ip": "54.234.138.163",
            "root_block_device": [
              {
                "delete_on_termination": true,
                "device_name": "/dev/sda1",
                "encrypted": false,
                "iops": 3000,
                "kms_key_id": "",
                "tags": {},
                "tags_all": {},
                "throughput": 125,
                "volume_id": "vol-022f241d57a03e929",
                "volume_size": 8,
                "volume_type": "gp3"
              }
            ],
            "secondary_private_ips": [],
            "security_groups": [
              "Ubuntu-Agente_sg"
            ],
            "source_dest_check": true,
            "spot_instance_request_id": "",
            "subnet_id": "subnet-00991dcfa05c0b9c6",
            "tags": {
              "Name": "Ubuntu-Agente"
            },
            "tags_all": {
              "Name": "Ubuntu-Agente"
            },
            "tenancy": "default",
            "timeouts": null,
            "user_data": null,
            "user_data_base64": null,
            "user_data_replace_on_change": false,
            "volume_tags": null,
            "vpc_security_group_ids": [
              "sg-0a50d50f538396af1"
            ]
          },
          "sensitive_attributes": [],
          "private": "eyJlMmJmYjczMC1lY2FhLTExZTYtOGY4OC0zNDM2M2JjN2M0YzAiOnsiY3JlYXRlIjo2MDAwMDAwMDAwMDAsImRlbGV0ZSI6MTIwMDAwMDAwMDAwMCwicmVhZCI6OTAwMDAwMDAwMDAwLCJ1cGRhdGUiOjYwMDAwMDAwMDAwMH0sInNjaGVtYV92ZXJzaW9uIjoiMSJ9",
          "dependencies": [
            "aws_key_pair.despliegue",
            "aws_security_group.instancia_sg",
            "data.aws_vpc.default",
            "tls_private_key.wazuh_lab_cecib"
          ]
        },
        {
          "index_key": "Windows-Agente",
          "schema_version": 1,
          "attributes": {
            "ami": "ami-0d94353f7bad10668",
            "arn": "arn:aws:ec2:us-east-1:471112549365:instance/i-02db3aa75832a77fe",
            "associate_public_ip_address": true,
            "availability_zone": "us-east-1e",
            "capacity_reservation_specification": [
              {
                "capacity_reservation_preference": "open",
                "capacity_reservation_target": []
              }
            ],
            "cpu_core_count": 2,
            "cpu_options": [
              {
                "amd_sev_snp": "",
                "core_count": 2,
                "threads_per_core": 1
              }
            ],
            "cpu_threads_per_core": 1,
            "credit_specification": [
              {
                "cpu_credits": "standard"
              }
            ],
            "disable_api_stop": false,
            "disable_api_termination": false,
            "ebs_block_device": [],
            "ebs_optimized": false,
            "enclave_options": [
              {
                "enabled": false
              }
            ],
            "ephemeral_block_device": [],
            "get_password_data": false,
            "hibernation": false,
            "host_id": "",
            "host_resource_group_arn": null,
            "iam_instance_profile": "",
            "id": "i-02db3aa75832a77fe",
            "instance_initiated_shutdown_behavior": "stop",
            "instance_lifecycle": "",
            "instance_market_options": [],
            "instance_state": "running",
            "instance_type": "t2.medium",
            "ipv6_address_count": 0,
            "ipv6_addresses": [],
            "key_name": "wazuh-lab-key",
            "launch_template": [],
            "maintenance_options": [
              {
                "auto_recovery": "default"
              }
            ],
            "metadata_options": [
              {
                "http_endpoint": "enabled",
                "http_protocol_ipv6": "disabled",
                "http_put_response_hop_limit": 1,
                "http_tokens": "optional",
                "instance_metadata_tags": "disabled"
              }
            ],
            "monitoring": false,
            "network_interface": [],
            "outpost_arn": "",
            "password_data": "",
            "placement_group": "",
            "placement_partition_number": 0,
            "primary_network_interface_id": "eni-0c153ffbef177cf00",
            "private_dns": "ip-172-31-54-137.ec2.internal",
            "private_dns_name_options": [
              {
                "enable_resource_name_dns_a_record": false,
                "enable_resource_name_dns_aaaa_record": false,
                "hostname_type": "ip-name"
              }
            ],
            "private_ip": "172.31.54.137",
            "public_dns": "ec2-34-229-186-132.compute-1.amazonaws.com",
            "public_ip": "34.229.186.132",
            "root_block_device": [
              {
                "delete_on_termination": true,
                "device_name": "/dev/xvda",
                "encrypted": false,
                "iops": 100,
                "kms_key_id": "",
                "tags": {},
                "tags_all": {},
                "throughput": 0,
                "volume_id": "vol-00d037517844c6410",
                "volume_size": 8,
                "volume_type": "gp2"
              }
            ],
            "secondary_private_ips": [],
            "security_groups": [
              "Windows-Agente_sg"
            ],
            "source_dest_check": true,
            "spot_instance_request_id": "",
            "subnet_id": "subnet-00d7abe779460dd36",
            "tags": {
              "Name": "Windows-Agente"
            },
            "tags_all": {
              "Name": "Windows-Agente"
            },
            "tenancy": "default",
            "timeouts": null,
            "user_data": null,
            "user_data_base64": null,
            "user_data_replace_on_change": false,
            "volume_tags": null,
            "vpc_security_group_ids": [
              "sg-080a6995e8d3182d8"
            ]
          },
          "sensitive_attributes": [],
          "private": "eyJlMmJmYjczMC1lY2FhLTExZTYtOGY4OC0zNDM2M2JjN2M0YzAiOnsiY3JlYXRlIjo2MDAwMDAwMDAwMDAsImRlbGV0ZSI6MTIwMDAwMDAwMDAwMCwicmVhZCI6OTAwMDAwMDAwMDAwLCJ1cGRhdGUiOjYwMDAwMDAwMDAwMH0sInNjaGVtYV92ZXJzaW9uIjoiMSJ9",
          "dependencies": [
            "aws_key_pair.despliegue",
            "aws_security_group.instancia_sg",
            "data.aws_vpc.default",
            "tls_private_key.wazuh_lab_cecib"
          ]
        }
      ]
    },
    {
      "mode": "managed",
      "type": "aws_key_pair",
      "name": "despliegue",
      "provider": "provider[\"registry.terraform.io/hashicorp/aws\"]",
      "instances": [
        {
          "schema_version": 1,
          "attributes": {
            "arn": "arn:aws:ec2:us-east-1:471112549365:key-pair/wazuh-lab-key",
            "fingerprint": "e2:68:43:25:74:cd:69:3b:d1:a1:05:d1:7a:d6:4c:ee",
            "id": "wazuh-lab-key",
            "key_name": "wazuh-lab-key",
            "key_name_prefix": "",
            "key_pair_id": "key-0d575f61e8bb788fd",
            "key_type": "rsa",
            "public_key": "ssh-rsa AAAAB3NzaC1yc2EAAAADAQABAAACAQDON4Gthb34KVvYsw3BOIxl2EmVzfHRpPkQGs1K+F304ARaIqFNOWpt4fkkDHrYNH9KLpzNNc4ZFPPEanVbSUJznJcujleG4/8tQ4STxOEvk/TA+Mw+nBv2Pc/BI2c7i7HvuocIZALNczLP/GWuaPCWZLAXGgL3GmNsl8gzE6cDOZPbAGWUKR7tAeX6wQ6nrUTkZTvpdAuNGr/GWf3zy3EENQDvC2IDg8kLLq+k3DL3sWqDC03abu33Q9UpRwOtwow5c+FNpcDlGpXo4rrm+DnzFi2bmVvSe9DMxCEm/FUG3H+M04s0Bs/LPdIlfrjc1bAB/OpKd8dPiMNHXl1WL7nCxGaW864Brrwk9JRB3dYftCjRRQdKXzKdjOX/20Q6Da8VkSE5W661hUVL6n/25a3622B/I6daVz52QVpji3ge87NkWGeGW9Sej62rtV1fqp+DpCCvDazsaDatsHqFhKhJGXTN1i42cf7OJxOTTcneFiFaJe6sh8ieOIjb58LtVq4gGc9Mze5tveQlm+VipmHrghElp8365E5KAdSoAW5mFwwQoQRrKpz5xJMWWqhDCAk2INgKnThIjg0EyloXbFJrwpp0lSLJUjmmkNA7fIXS4TjllQnWiA6bH5j4Oxh4ZisOZzxA/Zz8CuyItzvXedu9IfoioOjFavpfn04wVMmsuw==",
            "tags": {},
            "tags_all": {}
          },
          "sensitive_attributes": [],
          "private": "eyJzY2hlbWFfdmVyc2lvbiI6IjEifQ==",
          "dependencies": [
            "tls_private_key.wazuh_lab_cecib"
          ]
        }
      ]
    },
    {
      "mode": "managed",
      "type": "aws_security_group",
      "name": "instancia_sg",
      "provider": "provider[\"registry.terraform.io/hashicorp/aws\"]",
      "instances": [
        {
          "index_key": "Amazon-Wazuh-Server",
          "schema_version": 1,
          "attributes": {
            "arn": "arn:aws:ec2:us-east-1:471112549365:security-group/sg-053bb999a7908e803",
            "description": "Security group for Amazon-Wazuh-Server",
            "egress": [
              {
                "cidr_blocks": [
                  "0.0.0.0/0"
                ],
                "description": "",
                "from_port": 0,
                "ipv6_cidr_blocks": [],
                "prefix_list_ids": [],
                "protocol": "-1",
                "security_groups": [],
                "self": false,
                "to_port": 0
              }
            ],
            "id": "sg-053bb999a7908e803",
            "ingress": [
              {
                "cidr_blocks": [
                  "0.0.0.0/0"
                ],
                "description": "",
                "from_port": 22,
                "ipv6_cidr_blocks": [],
                "prefix_list_ids": [],
                "protocol": "tcp",
                "security_groups": [],
                "self": false,
                "to_port": 22
              },
              {
                "cidr_blocks": [
                  "0.0.0.0/0"
                ],
                "description": "",
                "from_port": 443,
                "ipv6_cidr_blocks": [],
                "prefix_list_ids": [],
                "protocol": "tcp",
                "security_groups": [],
                "self": false,
                "to_port": 443
              },
              {
                "cidr_blocks": [
                  "0.0.0.0/0"
                ],
                "description": "",
                "from_port": 80,
                "ipv6_cidr_blocks": [],
                "prefix_list_ids": [],
                "protocol": "tcp",
                "security_groups": [],
                "self": false,
                "to_port": 80
              },
              {
                "cidr_blocks": [
                  "172.31.0.0/16"
                ],
                "description": "",
                "from_port": 0,
                "ipv6_cidr_blocks": [],
                "prefix_list_ids": [],
                "protocol": "tcp",
                "security_groups": [],
                "self": false,
                "to_port": 65535
              }
            ],
            "name": "Amazon-Wazuh-Server_sg",
            "name_prefix": "",
            "owner_id": "471112549365",
            "revoke_rules_on_delete": false,
            "tags": {},
            "tags_all": {},
            "timeouts": null,
            "vpc_id": "vpc-0385737661b00be97"
          },
          "sensitive_attributes": [],
          "private": "eyJlMmJmYjczMC1lY2FhLTExZTYtOGY4OC0zNDM2M2JjN2M0YzAiOnsiY3JlYXRlIjo2MDAwMDAwMDAwMDAsImRlbGV0ZSI6OTAwMDAwMDAwMDAwfSwic2NoZW1hX3ZlcnNpb24iOiIxIn0=",
          "dependencies": [
            "data.aws_vpc.default"
          ]
        },
        {
          "index_key": "Debian-Atacante",
          "schema_version": 1,
          "attributes": {
            "arn": "arn:aws:ec2:us-east-1:471112549365:security-group/sg-0734cdfb8dcc7c359",
            "description": "Security group for Debian-Atacante",
            "egress": [
              {
                "cidr_blocks": [
                  "0.0.0.0/0"
                ],
                "description": "",
                "from_port": 0,
                "ipv6_cidr_blocks": [],
                "prefix_list_ids": [],
                "protocol": "-1",
                "security_groups": [],
                "self": false,
                "to_port": 0
              }
            ],
            "id": "sg-0734cdfb8dcc7c359",
            "ingress": [
              {
                "cidr_blocks": [
                  "0.0.0.0/0"
                ],
                "description": "",
                "from_port": 22,
                "ipv6_cidr_blocks": [],
                "prefix_list_ids": [],
                "protocol": "tcp",
                "security_groups": [],
                "self": false,
                "to_port": 22
              },
              {
                "cidr_blocks": [
                  "172.31.0.0/16"
                ],
                "description": "",
                "from_port": 0,
                "ipv6_cidr_blocks": [],
                "prefix_list_ids": [],
                "protocol": "tcp",
                "security_groups": [],
                "self": false,
                "to_port": 65535
              }
            ],
            "name": "Debian-Atacante_sg",
            "name_prefix": "",
            "owner_id": "471112549365",
            "revoke_rules_on_delete": false,
            "tags": {},
            "tags_all": {},
            "timeouts": null,
            "vpc_id": "vpc-0385737661b00be97"
          },
          "sensitive_attributes": [],
          "private": "eyJlMmJmYjczMC1lY2FhLTExZTYtOGY4OC0zNDM2M2JjN2M0YzAiOnsiY3JlYXRlIjo2MDAwMDAwMDAwMDAsImRlbGV0ZSI6OTAwMDAwMDAwMDAwfSwic2NoZW1hX3ZlcnNpb24iOiIxIn0=",
          "dependencies": [
            "data.aws_vpc.default"
          ]
        },
        {
          "index_key": "Ubuntu-Agente",
          "schema_version": 1,
          "attributes": {
            "arn": "arn:aws:ec2:us-east-1:471112549365:security-group/sg-0a50d50f538396af1",
            "description": "Security group for Ubuntu-Agente",
            "egress": [
              {
                "cidr_blocks": [
                  "0.0.0.0/0"
                ],
                "description": "",
                "from_port": 0,
                "ipv6_cidr_blocks": [],
                "prefix_list_ids": [],
                "protocol": "-1",
                "security_groups": [],
                "self": false,
                "to_port": 0
              }
            ],
            "id": "sg-0a50d50f538396af1",
            "ingress": [
              {
                "cidr_blocks": [
                  "0.0.0.0/0"
                ],
                "description": "",
                "from_port": 22,
                "ipv6_cidr_blocks": [],
                "prefix_list_ids": [],
                "protocol": "tcp",
                "security_groups": [],
                "self": false,
                "to_port": 22
              },
              {
                "cidr_blocks": [
                  "0.0.0.0/0"
                ],
                "description": "",
                "from_port": 80,
                "ipv6_cidr_blocks": [],
                "prefix_list_ids": [],
                "protocol": "tcp",
                "security_groups": [],
                "self": false,
                "to_port": 80
              },
              {
                "cidr_blocks": [
                  "172.31.0.0/16"
                ],
                "description": "",
                "from_port": 0,
                "ipv6_cidr_blocks": [],
                "prefix_list_ids": [],
                "protocol": "tcp",
                "security_groups": [],
                "self": false,
                "to_port": 65535
              }
            ],
            "name": "Ubuntu-Agente_sg",
            "name_prefix": "",
            "owner_id": "471112549365",
            "revoke_rules_on_delete": false,
            "tags": {},
            "tags_all": {},
            "timeouts": null,
            "vpc_id": "vpc-0385737661b00be97"
          },
          "sensitive_attributes": [],
          "private": "eyJlMmJmYjczMC1lY2FhLTExZTYtOGY4OC0zNDM2M2JjN2M0YzAiOnsiY3JlYXRlIjo2MDAwMDAwMDAwMDAsImRlbGV0ZSI6OTAwMDAwMDAwMDAwfSwic2NoZW1hX3ZlcnNpb24iOiIxIn0=",
          "dependencies": [
            "data.aws_vpc.default"
          ]
        },
        {
          "index_key": "Windows-Agente",
          "schema_version": 1,
          "attributes": {
            "arn": "arn:aws:ec2:us-east-1:471112549365:security-group/sg-080a6995e8d3182d8",
            "description": "Security group for Windows-Agente",
            "egress": [
              {
                "cidr_blocks": [
                  "0.0.0.0/0"
                ],
                "description": "",
                "from_port": 0,
                "ipv6_cidr_blocks": [],
                "prefix_list_ids": [],
                "protocol": "-1",
                "security_groups": [],
                "self": false,
                "to_port": 0
              }
            ],
            "id": "sg-080a6995e8d3182d8",
            "ingress": [
              {
                "cidr_blocks": [
                  "0.0.0.0/0"
                ],
                "description": "",
                "from_port": 22,
                "ipv6_cidr_blocks": [],
                "prefix_list_ids": [],
                "protocol": "tcp",
                "security_groups": [],
                "self": false,
                "to_port": 22
              },
              {
                "cidr_blocks": [
                  "0.0.0.0/0"
                ],
                "description": "",
                "from_port": 3389,
                "ipv6_cidr_blocks": [],
                "prefix_list_ids": [],
                "protocol": "tcp",
                "security_groups": [],
                "self": false,
                "to_port": 3389
              },
              {
                "cidr_blocks": [
                  "0.0.0.0/0"
                ],
                "description": "",
                "from_port": 80,
                "ipv6_cidr_blocks": [],
                "prefix_list_ids": [],
                "protocol": "tcp",
                "security_groups": [],
                "self": false,
                "to_port": 80
              },
              {
                "cidr_blocks": [
                  "172.31.0.0/16"
                ],
                "description": "",
                "from_port": 0,
                "ipv6_cidr_blocks": [],
                "prefix_list_ids": [],
                "protocol": "tcp",
                "security_groups": [],
                "self": false,
                "to_port": 65535
              }
            ],
            "name": "Windows-Agente_sg",
            "name_prefix": "",
            "owner_id": "471112549365",
            "revoke_rules_on_delete": false,
            "tags": {},
            "tags_all": {},
            "timeouts": null,
            "vpc_id": "vpc-0385737661b00be97"
          },
          "sensitive_attributes": [],
          "private": "eyJlMmJmYjczMC1lY2FhLTExZTYtOGY4OC0zNDM2M2JjN2M0YzAiOnsiY3JlYXRlIjo2MDAwMDAwMDAwMDAsImRlbGV0ZSI6OTAwMDAwMDAwMDAwfSwic2NoZW1hX3ZlcnNpb24iOiIxIn0=",
          "dependencies": [
            "data.aws_vpc.default"
          ]
        }
      ]
    },
    {
      "mode": "managed",
      "type": "local_file",
      "name": "clave_privada",
      "provider": "provider[\"registry.terraform.io/hashicorp/local\"]",
      "instances": [
        {
          "schema_version": 0,
          "attributes": {
            "content": "-----BEGIN RSA PRIVATE KEY-----\nMIIJKAIBAAKCAgEAzjeBrYW9+Clb2LMNwTiMZdhJlc3x0aT5EBrNSvhd9OAEWiKh\nTTlqbeH5JAx62DR/Si6czTXOGRTzxGp1W0lCc5yXLo5XhuP/LUOEk8ThL5P0wPjM\nPpwb9j3PwSNnO4ux77qHCGQCzXMyz/xlrmjwlmSwFxoC9xpjbJfIMxOnAzmT2wBl\nlCke7QHl+sEOp61E5GU76XQLjRq/xln988txBDUA7wtiA4PJCy6vpNwy97FqgwtN\n2m7t90PVKUcDrcKMOXPhTaXA5RqV6OK65vg58xYtm5lb0nvQzMQhJvxVBtx/jNOL\nNAbPyz3SJX643NWwAfzqSnfHT4jDR15dVi+5wsRmlvOuAa68JPSUQd3WH7Qo0UUH\nSl8ynYzl/9tEOg2vFZEhOVuutYVFS+p/9uWt+ttgfyOnWlc+dkFaY4t4HvOzZFhn\nhlvUno+tq7VdX6qfg6Qgrw2s7Gg2rbB6hYSoSRl0zdYuNnH+zicTk03J3hYhWiXu\nrIfInjiI2+fC7VauIBnPTM3ubb3kJZvlYqZh64IRJafN+uROSgHUqAFuZhcMEKEE\nayqc+cSTFlqoQwgJNiDYCp04SI4NBMpaF2xSa8KadJUiyVI5ppDQO3yF0uE45ZUJ\n1ogOmx+Y+DsYeGYrDmc8QP2c/ArsiLc713nbvSH6IqDoxWr6X59OMFTJrLsCAwEA\nAQKCAgBs8mZQhpgWw8MCeZaKvpVuORanTmazm7T6DS7orM720GN8O098vRi9dOVr\nZiyAjTuytW2h/QsltSwUWSonUE0LR2+X6RvU6B+oikNAzoMp38EvMkK10UP0lDNu\nloWzr9oSDTnJ9QyF/paZy37s5gQ1cHyXt+ZZJlfgx0+9rGRQD9tNmKgR3qe4D4ix\nMc3MSH5dLB6699QieD9ZS7IfWxwaXOZhZGIj+Tv97GxfbPaAZfsfwJkhDfoq6Gt1\no08OPfpXYCFoJGoEoEcTArY70GjNRKpTynH4gfGOPRBGyIkjVtsMS7b/hZnChqa/\nqHOCOGMEqdod/aoPGvIQgopNPmmkyOkrTDeWBGBBYxYZO+bFkyHQEzypdZdZ8HYq\n/t5Y/eUwUScwi+nw4qv5DibHHY71Y2DUXbGvucK+df2zk8QHG+1/BUuQ4Z5iQiYh\ne5ZLHTsxa7V/2sVoXFmiu1rwBjGJ5XHpO4dNozvNsuZf1xk8GAlk3P6YT0RgIa9P\nxoNz9P51+RX3hGZroZdLSBzJKPXR2Tkwod0wTWTl6/USv8TZ8VUs1tmQdfrQSvG5\n9xbXKGsezObgsoZOJq34/q7LZwp4+nUYxXh+vIhs9KfidS+Ogy2kRNlJHFP+2uK6\nvgGScxqwWAF74EJl341DIRlGDzUfPCknMSmzcOScQEqatNwmAQKCAQEA0oOVOdF5\nTafQ/K1s0jA0KMFrFqf6e7hFUCXOPZSAdKXKDCzZCKu6FXEYylU2WARtTZLYg7Cp\n58ykVrE87hYpglUNkXcHtnnhHXGe2imgO8X3YFhztX68tDTK3P3/kQztaELZ8K0i\nZJjFtZPnzDWpIYHVXwxGFLMBxhJZimO3iGqEnVyWij+bucjHWUjNNHgM3B4ugoei\nJZO5O3NCQOfEnqm+LchW7YPOZnPfhkRZSXlwlx78Asf9jB730tnBDp03s7U2FVit\ny5VZ3fr9zRQroBRk4Ba3mBbMQd2b+Vve+hfcPlmG9KFZLpwoHO85A+DF9dsl71fx\nlM8q6uVzBppo/wKCAQEA+sY6lpY/EDwItIixbC4wrS7UC0Lx0uj1R/0Ih2CGSJsr\n4vJ4jX4Jih1XIdMNpw1B8XvZRJd6K2d3lu7gc82mLrtcFHcxLjt69T+ShZ04qfPw\nS4nruhfsQmzV5QMQWoQNcdFP1YeipMCGcR0bMxRNMpJKw09QlHgotJiv3fCF1P1B\npBvB5j3YG77DStU9Y0CA2AbEUDvNT17b44TlmRN0HaeouEYy4bASuAO7fxcmUbWS\n9v1VZSbxPZTa82vqUMUOKnk2frcmBHWelVczD16ytZPiwjehneO7l3NGP2Xh57gU\nclYKOq51p+JWy8ZqHBu++Hr/z7m5nTULvKOwiHSgRQKCAQA8W/wiitxUFsUGXhdw\noN+ju+mfomRgqvI8y8o5v+WhDJRFL2q/YLXHRhlMkmg1jndkobEw+SuOSg/ox4Ln\n5TTbqNVuGwn8GTAhyB07AmpuGRIX7uSmaoNizCxKdw2bInDDzz88EfhljaRKrvDs\njYpEED0Etrk1YConB8Xitzq9g4UotY54b0qQV3BJOmWUIMPXLVQ6mvcz/QpEcITT\npWCr+ZGNAP9jtMIugBTcI6bSOV6+BeVOStd5ILwAGe2P6iY5gcDTGA0k7VrKGhhB\ngAIOMSrHUdwsYIUKcacyNVRWsxa0TekzJTwz8BRUT4cyhHVeTAqxeK7M8yWkGkwD\n3awzAoIBAQDcm0ftM01VBcsOrnWOWm/92gU1xvWfecpVQvaeyT44XzFTW8TLjEXu\nF3OQUO9gttv9CNuQaMVTq5jb0Vbo6M+5qp8NbfF432CCoSNPoYi4kd0hRrp1ohf4\nM3BTH8fiKOr+5oiZqtFcp/VdSqKj48cppuJYQMz9X1tHzE5iKvZA8W4uZTDFUEBt\n3/pDOaXgS11NLV7DymgJ28QKud2VNTTf5Z8aRL78JX3CHZ5y5jWSie44k5HtAz4T\n04BtxdCCr2eP28Qh4xJxt9sDO4uyiLcj324LNw9ZK37ac9EncoQx6ZErKB+lkdX1\nE7sRVoIAKjRsuR+TaKot7v1dPI7O6/IVAoIBAGFfkIJnehJ+e+X7YE65pD3IFfcp\nbtb3FZgCoWEe6fWo4W+C2NUtzUoh/co6YdAPX2Ik/R5U0hqXGTwPv+IPe8OnHaVa\nvQHAkfjRtBQHMtji7V26AYqwlb0ZyTdNhTnWsIKAVQF1RHCZt2fc+yKoCzynuz44\nuAoAA+QQp9WmGjzAXw95pJoBTtXXqAnxdqLIt8CyfvTdsMVafAKOefTDhVP9JTi6\nvvZbNVautiH5NsQMXWGN1S68nl5LDxCuqUm6fyYYNkSfdptPjbPJL33ANt2XuGgu\nzIxzdLsTXebw1MpEsReQLTGUbFJ7pNiisdrTcu3PL35oKFsuwafYMSuc6lU=\n-----END RSA PRIVATE KEY-----\n",
            "content_base64": null,
            "content_base64sha256": "QHUawoESmEQsgGrvDPEfUPN0CfjIb0LAyCXQ4tZcixw=",
            "content_base64sha512": "XRJHMeN4Eib3KTlU3kT6pC7afGL/LFOOUFHYa9GWBLUxZWC0az5O3tVvr1yddDY0SiLRW10Yg/Ow7RZOVl3r3g==",
            "content_md5": "58f84539c744450446adc3d815f78d3e",
            "content_sha1": "9bc1aa7f8f44332c4dbc369f842b2cd275798b4c",
            "content_sha256": "40751ac2811298442c806aef0cf11f50f37409f8c86f42c0c825d0e2d65c8b1c",
            "content_sha512": "5d124731e3781226f7293954de44faa42eda7c62ff2c538e5051d86bd19604b5316560b46b3e4eded56faf5c9d7436344a22d15b5d1883f3b0ed164e565debde",
            "directory_permission": "0777",
            "file_permission": "0400",
            "filename": "./despliegue_wazuh.pem",
            "id": "9bc1aa7f8f44332c4dbc369f842b2cd275798b4c",
            "sensitive_content": null,
            "source": null
          },
          "sensitive_attributes": [
            [
              {
                "type": "get_attr",
                "value": "sensitive_content"
              }
            ],
            [
              {
                "type": "get_attr",
                "value": "content"
              }
            ]
          ],
          "dependencies": [
            "tls_private_key.wazuh_lab_cecib"
          ]
        }
      ]
    },
    {
      "mode": "managed",
      "type": "tls_private_key",
      "name": "wazuh_lab_cecib",
      "provider": "provider[\"registry.terraform.io/hashicorp/tls\"]",
      "instances": [
        {
          "schema_version": 1,
          "attributes": {
            "algorithm": "RSA",
            "ecdsa_curve": "P224",
            "id": "22da711cc23f4e531b8c9bd3602a4fc24aca3d26",
            "private_key_openssh": "-----BEGIN OPENSSH PRIVATE KEY-----\nb3BlbnNzaC1rZXktdjEAAAAABG5vbmUAAAAEbm9uZQAAAAAAAAABAAACFwAAAAdz\nc2gtcnNhAAAAAwEAAQAAAgEAzjeBrYW9+Clb2LMNwTiMZdhJlc3x0aT5EBrNSvhd\n9OAEWiKhTTlqbeH5JAx62DR/Si6czTXOGRTzxGp1W0lCc5yXLo5XhuP/LUOEk8Th\nL5P0wPjMPpwb9j3PwSNnO4ux77qHCGQCzXMyz/xlrmjwlmSwFxoC9xpjbJfIMxOn\nAzmT2wBllCke7QHl+sEOp61E5GU76XQLjRq/xln988txBDUA7wtiA4PJCy6vpNwy\n97FqgwtN2m7t90PVKUcDrcKMOXPhTaXA5RqV6OK65vg58xYtm5lb0nvQzMQhJvxV\nBtx/jNOLNAbPyz3SJX643NWwAfzqSnfHT4jDR15dVi+5wsRmlvOuAa68JPSUQd3W\nH7Qo0UUHSl8ynYzl/9tEOg2vFZEhOVuutYVFS+p/9uWt+ttgfyOnWlc+dkFaY4t4\nHvOzZFhnhlvUno+tq7VdX6qfg6Qgrw2s7Gg2rbB6hYSoSRl0zdYuNnH+zicTk03J\n3hYhWiXurIfInjiI2+fC7VauIBnPTM3ubb3kJZvlYqZh64IRJafN+uROSgHUqAFu\nZhcMEKEEayqc+cSTFlqoQwgJNiDYCp04SI4NBMpaF2xSa8KadJUiyVI5ppDQO3yF\n0uE45ZUJ1ogOmx+Y+DsYeGYrDmc8QP2c/ArsiLc713nbvSH6IqDoxWr6X59OMFTJ\nrLsAAAc4Nz2ayTc9mskAAAAHc3NoLXJzYQAAAgEAzjeBrYW9+Clb2LMNwTiMZdhJ\nlc3x0aT5EBrNSvhd9OAEWiKhTTlqbeH5JAx62DR/Si6czTXOGRTzxGp1W0lCc5yX\nLo5XhuP/LUOEk8ThL5P0wPjMPpwb9j3PwSNnO4ux77qHCGQCzXMyz/xlrmjwlmSw\nFxoC9xpjbJfIMxOnAzmT2wBllCke7QHl+sEOp61E5GU76XQLjRq/xln988txBDUA\n7wtiA4PJCy6vpNwy97FqgwtN2m7t90PVKUcDrcKMOXPhTaXA5RqV6OK65vg58xYt\nm5lb0nvQzMQhJvxVBtx/jNOLNAbPyz3SJX643NWwAfzqSnfHT4jDR15dVi+5wsRm\nlvOuAa68JPSUQd3WH7Qo0UUHSl8ynYzl/9tEOg2vFZEhOVuutYVFS+p/9uWt+ttg\nfyOnWlc+dkFaY4t4HvOzZFhnhlvUno+tq7VdX6qfg6Qgrw2s7Gg2rbB6hYSoSRl0\nzdYuNnH+zicTk03J3hYhWiXurIfInjiI2+fC7VauIBnPTM3ubb3kJZvlYqZh64IR\nJafN+uROSgHUqAFuZhcMEKEEayqc+cSTFlqoQwgJNiDYCp04SI4NBMpaF2xSa8Ka\ndJUiyVI5ppDQO3yF0uE45ZUJ1ogOmx+Y+DsYeGYrDmc8QP2c/ArsiLc713nbvSH6\nIqDoxWr6X59OMFTJrLsAAAADAQABAAACAGzyZlCGmBbDwwJ5loq+lW45FqdOZrOb\ntPoNLuiszvbQY3w7T3y9GL105WtmLICNO7K1baH9CyW1LBRZKidQTQtHb5fpG9To\nH6iKQ0DOgynfwS8yQrXRQ/SUM26WhbOv2hINOcn1DIX+lpnLfuzmBDVwfJe35lkm\nV+DHT72sZFAP202YqBHep7gPiLExzcxIfl0sHrr31CJ4P1lLsh9bHBpc5mFkYiP5\nO/3sbF9s9oBl+x/AmSEN+iroa3WjTw49+ldgIWgkagSgRxMCtjvQaM1EqlPKcfiB\n8Y49EEbIiSNW2wxLtv+FmcKGpr+oc4I4YwSp2h39qg8a8hCCik0+aaTI6StMN5YE\nYEFjFhk75sWTIdATPKl1l1nwdir+3lj95TBRJzCL6fDiq/kOJscdjvVjYNRdsa+5\nwr51/bOTxAcb7X8FS5DhnmJCJiF7lksdOzFrtX/axWhcWaK7WvAGMYnlcek7h02j\nO82y5l/XGTwYCWTc/phPRGAhr0/Gg3P0/nX5FfeEZmuhl0tIHMko9dHZOTCh3TBN\nZOXr9RK/xNnxVSzW2ZB1+tBK8bn3Ftcoax7M5uCyhk4mrfj+rstnCnj6dRjFeH68\niGz0p+J1L46DLaRE2UkcU/7a4rq+AZJzGrBYAXvgQmXfjUMhGUYPNR88KScxKbNw\n5JxASpq03CYBAAABAGFfkIJnehJ+e+X7YE65pD3IFfcpbtb3FZgCoWEe6fWo4W+C\n2NUtzUoh/co6YdAPX2Ik/R5U0hqXGTwPv+IPe8OnHaVavQHAkfjRtBQHMtji7V26\nAYqwlb0ZyTdNhTnWsIKAVQF1RHCZt2fc+yKoCzynuz44uAoAA+QQp9WmGjzAXw95\npJoBTtXXqAnxdqLIt8CyfvTdsMVafAKOefTDhVP9JTi6vvZbNVautiH5NsQMXWGN\n1S68nl5LDxCuqUm6fyYYNkSfdptPjbPJL33ANt2XuGguzIxzdLsTXebw1MpEsReQ\nLTGUbFJ7pNiisdrTcu3PL35oKFsuwafYMSuc6lUAAAEBANKDlTnReU2n0PytbNIw\nNCjBaxan+nu4RVAlzj2UgHSlygws2QiruhVxGMpVNlgEbU2S2IOwqefMpFaxPO4W\nKYJVDZF3B7Z54R1xntopoDvF92BYc7V+vLQ0ytz9/5EM7WhC2fCtImSYxbWT58w1\nqSGB1V8MRhSzAcYSWYpjt4hqhJ1cloo/m7nIx1lIzTR4DNweLoKHoiWTuTtzQkDn\nxJ6pvi3IVu2DzmZz34ZEWUl5cJce/ALH/Ywe99LZwQ6dN7O1NhVYrcuVWd36/c0U\nK6AUZOAWt5gWzEHdm/lb3voX3D5ZhvShWS6cKBzvOQPgxfXbJe9X8ZTPKurlcwaa\naP8AAAEBAPrGOpaWPxA8CLSIsWwuMK0u1AtC8dLo9Uf9CIdghkibK+LyeI1+CYod\nVyHTDacNQfF72USXeitnd5bu4HPNpi67XBR3MS47evU/koWdOKnz8EuJ67oX7EJs\n1eUDEFqEDXHRT9WHoqTAhnEdGzMUTTKSSsNPUJR4KLSYr93whdT9QaQbweY92Bu+\nw0rVPWNAgNgGxFA7zU9e2+OE5ZkTdB2nqLhGMuGwErgDu38XJlG1kvb9VWUm8T2U\n2vNr6lDFDip5Nn63JgR1npVXMw9esrWT4sI3oZ3ju5dzRj9l4ee4FHJWCjqudafi\nVsvGahwbvvh6/8+5uZ01C7yjsIh0oEUAAAAAAQID\n-----END OPENSSH PRIVATE KEY-----\n",
            "private_key_pem": "-----BEGIN RSA PRIVATE KEY-----\nMIIJKAIBAAKCAgEAzjeBrYW9+Clb2LMNwTiMZdhJlc3x0aT5EBrNSvhd9OAEWiKh\nTTlqbeH5JAx62DR/Si6czTXOGRTzxGp1W0lCc5yXLo5XhuP/LUOEk8ThL5P0wPjM\nPpwb9j3PwSNnO4ux77qHCGQCzXMyz/xlrmjwlmSwFxoC9xpjbJfIMxOnAzmT2wBl\nlCke7QHl+sEOp61E5GU76XQLjRq/xln988txBDUA7wtiA4PJCy6vpNwy97FqgwtN\n2m7t90PVKUcDrcKMOXPhTaXA5RqV6OK65vg58xYtm5lb0nvQzMQhJvxVBtx/jNOL\nNAbPyz3SJX643NWwAfzqSnfHT4jDR15dVi+5wsRmlvOuAa68JPSUQd3WH7Qo0UUH\nSl8ynYzl/9tEOg2vFZEhOVuutYVFS+p/9uWt+ttgfyOnWlc+dkFaY4t4HvOzZFhn\nhlvUno+tq7VdX6qfg6Qgrw2s7Gg2rbB6hYSoSRl0zdYuNnH+zicTk03J3hYhWiXu\nrIfInjiI2+fC7VauIBnPTM3ubb3kJZvlYqZh64IRJafN+uROSgHUqAFuZhcMEKEE\nayqc+cSTFlqoQwgJNiDYCp04SI4NBMpaF2xSa8KadJUiyVI5ppDQO3yF0uE45ZUJ\n1ogOmx+Y+DsYeGYrDmc8QP2c/ArsiLc713nbvSH6IqDoxWr6X59OMFTJrLsCAwEA\nAQKCAgBs8mZQhpgWw8MCeZaKvpVuORanTmazm7T6DS7orM720GN8O098vRi9dOVr\nZiyAjTuytW2h/QsltSwUWSonUE0LR2+X6RvU6B+oikNAzoMp38EvMkK10UP0lDNu\nloWzr9oSDTnJ9QyF/paZy37s5gQ1cHyXt+ZZJlfgx0+9rGRQD9tNmKgR3qe4D4ix\nMc3MSH5dLB6699QieD9ZS7IfWxwaXOZhZGIj+Tv97GxfbPaAZfsfwJkhDfoq6Gt1\no08OPfpXYCFoJGoEoEcTArY70GjNRKpTynH4gfGOPRBGyIkjVtsMS7b/hZnChqa/\nqHOCOGMEqdod/aoPGvIQgopNPmmkyOkrTDeWBGBBYxYZO+bFkyHQEzypdZdZ8HYq\n/t5Y/eUwUScwi+nw4qv5DibHHY71Y2DUXbGvucK+df2zk8QHG+1/BUuQ4Z5iQiYh\ne5ZLHTsxa7V/2sVoXFmiu1rwBjGJ5XHpO4dNozvNsuZf1xk8GAlk3P6YT0RgIa9P\nxoNz9P51+RX3hGZroZdLSBzJKPXR2Tkwod0wTWTl6/USv8TZ8VUs1tmQdfrQSvG5\n9xbXKGsezObgsoZOJq34/q7LZwp4+nUYxXh+vIhs9KfidS+Ogy2kRNlJHFP+2uK6\nvgGScxqwWAF74EJl341DIRlGDzUfPCknMSmzcOScQEqatNwmAQKCAQEA0oOVOdF5\nTafQ/K1s0jA0KMFrFqf6e7hFUCXOPZSAdKXKDCzZCKu6FXEYylU2WARtTZLYg7Cp\n58ykVrE87hYpglUNkXcHtnnhHXGe2imgO8X3YFhztX68tDTK3P3/kQztaELZ8K0i\nZJjFtZPnzDWpIYHVXwxGFLMBxhJZimO3iGqEnVyWij+bucjHWUjNNHgM3B4ugoei\nJZO5O3NCQOfEnqm+LchW7YPOZnPfhkRZSXlwlx78Asf9jB730tnBDp03s7U2FVit\ny5VZ3fr9zRQroBRk4Ba3mBbMQd2b+Vve+hfcPlmG9KFZLpwoHO85A+DF9dsl71fx\nlM8q6uVzBppo/wKCAQEA+sY6lpY/EDwItIixbC4wrS7UC0Lx0uj1R/0Ih2CGSJsr\n4vJ4jX4Jih1XIdMNpw1B8XvZRJd6K2d3lu7gc82mLrtcFHcxLjt69T+ShZ04qfPw\nS4nruhfsQmzV5QMQWoQNcdFP1YeipMCGcR0bMxRNMpJKw09QlHgotJiv3fCF1P1B\npBvB5j3YG77DStU9Y0CA2AbEUDvNT17b44TlmRN0HaeouEYy4bASuAO7fxcmUbWS\n9v1VZSbxPZTa82vqUMUOKnk2frcmBHWelVczD16ytZPiwjehneO7l3NGP2Xh57gU\nclYKOq51p+JWy8ZqHBu++Hr/z7m5nTULvKOwiHSgRQKCAQA8W/wiitxUFsUGXhdw\noN+ju+mfomRgqvI8y8o5v+WhDJRFL2q/YLXHRhlMkmg1jndkobEw+SuOSg/ox4Ln\n5TTbqNVuGwn8GTAhyB07AmpuGRIX7uSmaoNizCxKdw2bInDDzz88EfhljaRKrvDs\njYpEED0Etrk1YConB8Xitzq9g4UotY54b0qQV3BJOmWUIMPXLVQ6mvcz/QpEcITT\npWCr+ZGNAP9jtMIugBTcI6bSOV6+BeVOStd5ILwAGe2P6iY5gcDTGA0k7VrKGhhB\ngAIOMSrHUdwsYIUKcacyNVRWsxa0TekzJTwz8BRUT4cyhHVeTAqxeK7M8yWkGkwD\n3awzAoIBAQDcm0ftM01VBcsOrnWOWm/92gU1xvWfecpVQvaeyT44XzFTW8TLjEXu\nF3OQUO9gttv9CNuQaMVTq5jb0Vbo6M+5qp8NbfF432CCoSNPoYi4kd0hRrp1ohf4\nM3BTH8fiKOr+5oiZqtFcp/VdSqKj48cppuJYQMz9X1tHzE5iKvZA8W4uZTDFUEBt\n3/pDOaXgS11NLV7DymgJ28QKud2VNTTf5Z8aRL78JX3CHZ5y5jWSie44k5HtAz4T\n04BtxdCCr2eP28Qh4xJxt9sDO4uyiLcj324LNw9ZK37ac9EncoQx6ZErKB+lkdX1\nE7sRVoIAKjRsuR+TaKot7v1dPI7O6/IVAoIBAGFfkIJnehJ+e+X7YE65pD3IFfcp\nbtb3FZgCoWEe6fWo4W+C2NUtzUoh/co6YdAPX2Ik/R5U0hqXGTwPv+IPe8OnHaVa\nvQHAkfjRtBQHMtji7V26AYqwlb0ZyTdNhTnWsIKAVQF1RHCZt2fc+yKoCzynuz44\nuAoAA+QQp9WmGjzAXw95pJoBTtXXqAnxdqLIt8CyfvTdsMVafAKOefTDhVP9JTi6\nvvZbNVautiH5NsQMXWGN1S68nl5LDxCuqUm6fyYYNkSfdptPjbPJL33ANt2XuGgu\nzIxzdLsTXebw1MpEsReQLTGUbFJ7pNiisdrTcu3PL35oKFsuwafYMSuc6lU=\n-----END RSA PRIVATE KEY-----\n",
            "private_key_pem_pkcs8": "-----BEGIN PRIVATE KEY-----\nMIIJQgIBADANBgkqhkiG9w0BAQEFAASCCSwwggkoAgEAAoICAQDON4Gthb34KVvY\nsw3BOIxl2EmVzfHRpPkQGs1K+F304ARaIqFNOWpt4fkkDHrYNH9KLpzNNc4ZFPPE\nanVbSUJznJcujleG4/8tQ4STxOEvk/TA+Mw+nBv2Pc/BI2c7i7HvuocIZALNczLP\n/GWuaPCWZLAXGgL3GmNsl8gzE6cDOZPbAGWUKR7tAeX6wQ6nrUTkZTvpdAuNGr/G\nWf3zy3EENQDvC2IDg8kLLq+k3DL3sWqDC03abu33Q9UpRwOtwow5c+FNpcDlGpXo\n4rrm+DnzFi2bmVvSe9DMxCEm/FUG3H+M04s0Bs/LPdIlfrjc1bAB/OpKd8dPiMNH\nXl1WL7nCxGaW864Brrwk9JRB3dYftCjRRQdKXzKdjOX/20Q6Da8VkSE5W661hUVL\n6n/25a3622B/I6daVz52QVpji3ge87NkWGeGW9Sej62rtV1fqp+DpCCvDazsaDat\nsHqFhKhJGXTN1i42cf7OJxOTTcneFiFaJe6sh8ieOIjb58LtVq4gGc9Mze5tveQl\nm+VipmHrghElp8365E5KAdSoAW5mFwwQoQRrKpz5xJMWWqhDCAk2INgKnThIjg0E\nyloXbFJrwpp0lSLJUjmmkNA7fIXS4TjllQnWiA6bH5j4Oxh4ZisOZzxA/Zz8CuyI\ntzvXedu9IfoioOjFavpfn04wVMmsuwIDAQABAoICAGzyZlCGmBbDwwJ5loq+lW45\nFqdOZrObtPoNLuiszvbQY3w7T3y9GL105WtmLICNO7K1baH9CyW1LBRZKidQTQtH\nb5fpG9ToH6iKQ0DOgynfwS8yQrXRQ/SUM26WhbOv2hINOcn1DIX+lpnLfuzmBDVw\nfJe35lkmV+DHT72sZFAP202YqBHep7gPiLExzcxIfl0sHrr31CJ4P1lLsh9bHBpc\n5mFkYiP5O/3sbF9s9oBl+x/AmSEN+iroa3WjTw49+ldgIWgkagSgRxMCtjvQaM1E\nqlPKcfiB8Y49EEbIiSNW2wxLtv+FmcKGpr+oc4I4YwSp2h39qg8a8hCCik0+aaTI\n6StMN5YEYEFjFhk75sWTIdATPKl1l1nwdir+3lj95TBRJzCL6fDiq/kOJscdjvVj\nYNRdsa+5wr51/bOTxAcb7X8FS5DhnmJCJiF7lksdOzFrtX/axWhcWaK7WvAGMYnl\ncek7h02jO82y5l/XGTwYCWTc/phPRGAhr0/Gg3P0/nX5FfeEZmuhl0tIHMko9dHZ\nOTCh3TBNZOXr9RK/xNnxVSzW2ZB1+tBK8bn3Ftcoax7M5uCyhk4mrfj+rstnCnj6\ndRjFeH68iGz0p+J1L46DLaRE2UkcU/7a4rq+AZJzGrBYAXvgQmXfjUMhGUYPNR88\nKScxKbNw5JxASpq03CYBAoIBAQDSg5U50XlNp9D8rWzSMDQowWsWp/p7uEVQJc49\nlIB0pcoMLNkIq7oVcRjKVTZYBG1NktiDsKnnzKRWsTzuFimCVQ2Rdwe2eeEdcZ7a\nKaA7xfdgWHO1fry0NMrc/f+RDO1oQtnwrSJkmMW1k+fMNakhgdVfDEYUswHGElmK\nY7eIaoSdXJaKP5u5yMdZSM00eAzcHi6Ch6Ilk7k7c0JA58Seqb4tyFbtg85mc9+G\nRFlJeXCXHvwCx/2MHvfS2cEOnTeztTYVWK3LlVnd+v3NFCugFGTgFreYFsxB3Zv5\nW976F9w+WYb0oVkunCgc7zkD4MX12yXvV/GUzyrq5XMGmmj/AoIBAQD6xjqWlj8Q\nPAi0iLFsLjCtLtQLQvHS6PVH/QiHYIZImyvi8niNfgmKHVch0w2nDUHxe9lEl3or\nZ3eW7uBzzaYuu1wUdzEuO3r1P5KFnTip8/BLieu6F+xCbNXlAxBahA1x0U/Vh6Kk\nwIZxHRszFE0ykkrDT1CUeCi0mK/d8IXU/UGkG8HmPdgbvsNK1T1jQIDYBsRQO81P\nXtvjhOWZE3Qdp6i4RjLhsBK4A7t/FyZRtZL2/VVlJvE9lNrza+pQxQ4qeTZ+tyYE\ndZ6VVzMPXrK1k+LCN6Gd47uXc0Y/ZeHnuBRyVgo6rnWn4lbLxmocG774ev/Pubmd\nNQu8o7CIdKBFAoIBADxb/CKK3FQWxQZeF3Cg36O76Z+iZGCq8jzLyjm/5aEMlEUv\nar9gtcdGGUySaDWOd2ShsTD5K45KD+jHguflNNuo1W4bCfwZMCHIHTsCam4ZEhfu\n5KZqg2LMLEp3DZsicMPPPzwR+GWNpEqu8OyNikQQPQS2uTVgKicHxeK3Or2DhSi1\njnhvSpBXcEk6ZZQgw9ctVDqa9zP9CkRwhNOlYKv5kY0A/2O0wi6AFNwjptI5Xr4F\n5U5K13kgvAAZ7Y/qJjmBwNMYDSTtWsoaGEGAAg4xKsdR3CxghQpxpzI1VFazFrRN\n6TMlPDPwFFRPhzKEdV5MCrF4rszzJaQaTAPdrDMCggEBANybR+0zTVUFyw6udY5a\nb/3aBTXG9Z95ylVC9p7JPjhfMVNbxMuMRe4Xc5BQ72C22/0I25BoxVOrmNvRVujo\nz7mqnw1t8XjfYIKhI0+hiLiR3SFGunWiF/gzcFMfx+Io6v7miJmq0Vyn9V1KoqPj\nxymm4lhAzP1fW0fMTmIq9kDxbi5lMMVQQG3f+kM5peBLXU0tXsPKaAnbxAq53ZU1\nNN/lnxpEvvwlfcIdnnLmNZKJ7jiTke0DPhPTgG3F0IKvZ4/bxCHjEnG32wM7i7KI\ntyPfbgs3D1krftpz0SdyhDHpkSsoH6WR1fUTuxFWggAqNGy5H5Noqi3u/V08js7r\n8hUCggEAYV+Qgmd6En575ftgTrmkPcgV9ylu1vcVmAKhYR7p9ajhb4LY1S3NSiH9\nyjph0A9fYiT9HlTSGpcZPA+/4g97w6cdpVq9AcCR+NG0FAcy2OLtXboBirCVvRnJ\nN02FOdawgoBVAXVEcJm3Z9z7IqgLPKe7Pji4CgAD5BCn1aYaPMBfD3mkmgFO1deo\nCfF2osi3wLJ+9N2wxVp8Ao559MOFU/0lOLq+9ls1Vq62Ifk2xAxdYY3VLryeXksP\nEK6pSbp/Jhg2RJ92m0+Ns8kvfcA23Ze4aC7MjHN0uxNd5vDUykSxF5AtMZRsUnuk\n2KKx2tNy7c8vfmgoWy7Bp9gxK5zqVQ==\n-----END PRIVATE KEY-----\n",
            "public_key_fingerprint_md5": "6a:08:c2:6c:97:66:b7:1c:40:d2:4b:ff:ca:b0:80:93",
            "public_key_fingerprint_sha256": "SHA256:uPaAKQWUoxuLjf3TVBqrKDpRkGWfw5vJ8bPB9yQ5G2U",
            "public_key_openssh": "ssh-rsa AAAAB3NzaC1yc2EAAAADAQABAAACAQDON4Gthb34KVvYsw3BOIxl2EmVzfHRpPkQGs1K+F304ARaIqFNOWpt4fkkDHrYNH9KLpzNNc4ZFPPEanVbSUJznJcujleG4/8tQ4STxOEvk/TA+Mw+nBv2Pc/BI2c7i7HvuocIZALNczLP/GWuaPCWZLAXGgL3GmNsl8gzE6cDOZPbAGWUKR7tAeX6wQ6nrUTkZTvpdAuNGr/GWf3zy3EENQDvC2IDg8kLLq+k3DL3sWqDC03abu33Q9UpRwOtwow5c+FNpcDlGpXo4rrm+DnzFi2bmVvSe9DMxCEm/FUG3H+M04s0Bs/LPdIlfrjc1bAB/OpKd8dPiMNHXl1WL7nCxGaW864Brrwk9JRB3dYftCjRRQdKXzKdjOX/20Q6Da8VkSE5W661hUVL6n/25a3622B/I6daVz52QVpji3ge87NkWGeGW9Sej62rtV1fqp+DpCCvDazsaDatsHqFhKhJGXTN1i42cf7OJxOTTcneFiFaJe6sh8ieOIjb58LtVq4gGc9Mze5tveQlm+VipmHrghElp8365E5KAdSoAW5mFwwQoQRrKpz5xJMWWqhDCAk2INgKnThIjg0EyloXbFJrwpp0lSLJUjmmkNA7fIXS4TjllQnWiA6bH5j4Oxh4ZisOZzxA/Zz8CuyItzvXedu9IfoioOjFavpfn04wVMmsuw==\n",
            "public_key_pem": "-----BEGIN PUBLIC KEY-----\nMIICIjANBgkqhkiG9w0BAQEFAAOCAg8AMIICCgKCAgEAzjeBrYW9+Clb2LMNwTiM\nZdhJlc3x0aT5EBrNSvhd9OAEWiKhTTlqbeH5JAx62DR/Si6czTXOGRTzxGp1W0lC\nc5yXLo5XhuP/LUOEk8ThL5P0wPjMPpwb9j3PwSNnO4ux77qHCGQCzXMyz/xlrmjw\nlmSwFxoC9xpjbJfIMxOnAzmT2wBllCke7QHl+sEOp61E5GU76XQLjRq/xln988tx\nBDUA7wtiA4PJCy6vpNwy97FqgwtN2m7t90PVKUcDrcKMOXPhTaXA5RqV6OK65vg5\n8xYtm5lb0nvQzMQhJvxVBtx/jNOLNAbPyz3SJX643NWwAfzqSnfHT4jDR15dVi+5\nwsRmlvOuAa68JPSUQd3WH7Qo0UUHSl8ynYzl/9tEOg2vFZEhOVuutYVFS+p/9uWt\n+ttgfyOnWlc+dkFaY4t4HvOzZFhnhlvUno+tq7VdX6qfg6Qgrw2s7Gg2rbB6hYSo\nSRl0zdYuNnH+zicTk03J3hYhWiXurIfInjiI2+fC7VauIBnPTM3ubb3kJZvlYqZh\n64IRJafN+uROSgHUqAFuZhcMEKEEayqc+cSTFlqoQwgJNiDYCp04SI4NBMpaF2xS\na8KadJUiyVI5ppDQO3yF0uE45ZUJ1ogOmx+Y+DsYeGYrDmc8QP2c/ArsiLc713nb\nvSH6IqDoxWr6X59OMFTJrLsCAwEAAQ==\n-----END PUBLIC KEY-----\n",
            "rsa_bits": 4096
          },
          "sensitive_attributes": [
            [
              {
                "type": "get_attr",
                "value": "private_key_openssh"
              }
            ],
            [
              {
                "type": "get_attr",
                "value": "private_key_pem_pkcs8"
              }
            ],
            [
              {
                "type": "get_attr",
                "value": "private_key_pem"
              }
            ]
          ]
        }
      ]
    }
  ],
  "check_results": null
}
