{
  "version": 4,
  "terraform_version": "1.8.5",
  "serial": 273,
  "lineage": "602064bd-5364-b58c-a902-dd7833c8bdd8",
  "outputs": {
    "default_vpc_cidr_block": {
      "value": "172.31.0.0/16",
      "type": "string"
    },
    "instance_ips": {
      "value": {
        "Amazon-Wazuh-Server": {
          "private_ip": "172.31.58.175",
          "public_ip": "54.146.10.129"
        },
        "Debian-Atacante": {
          "private_ip": "172.31.30.72",
          "public_ip": "54.208.117.61"
        },
        "Ubuntu-Agente": {
          "private_ip": "172.31.22.34",
          "public_ip": "75.101.238.124"
        },
        "Windows-Agente": {
          "private_ip": "172.31.62.65",
          "public_ip": "174.129.55.2"
        }
      },
      "type": [
        "object",
        {
          "Amazon-Wazuh-Server": [
            "object",
            {
              "private_ip": "string",
              "public_ip": "string"
            }
          ],
          "Debian-Atacante": [
            "object",
            {
              "private_ip": "string",
              "public_ip": "string"
            }
          ],
          "Ubuntu-Agente": [
            "object",
            {
              "private_ip": "string",
              "public_ip": "string"
            }
          ],
          "Windows-Agente": [
            "object",
            {
              "private_ip": "string",
              "public_ip": "string"
            }
          ]
        }
      ]
    }
  },
  "resources": [
    {
      "mode": "data",
      "type": "aws_vpc",
      "name": "default",
      "provider": "provider[\"registry.terraform.io/hashicorp/aws\"]",
      "instances": [
        {
          "schema_version": 0,
          "attributes": {
            "arn": "arn:aws:ec2:us-east-1:944873386727:vpc/vpc-0143c27d846a5588f",
            "cidr_block": "172.31.0.0/16",
            "cidr_block_associations": [
              {
                "association_id": "vpc-cidr-assoc-06cff410713c6fb79",
                "cidr_block": "172.31.0.0/16",
                "state": "associated"
              }
            ],
            "default": true,
            "dhcp_options_id": "dopt-0d8493028a884032b",
            "enable_dns_hostnames": true,
            "enable_dns_support": true,
            "enable_network_address_usage_metrics": false,
            "filter": null,
            "id": "vpc-0143c27d846a5588f",
            "instance_tenancy": "default",
            "ipv6_association_id": "",
            "ipv6_cidr_block": "",
            "main_route_table_id": "rtb-0d2f95c03064fd7ad",
            "owner_id": "944873386727",
            "state": null,
            "tags": {},
            "timeouts": null
          },
          "sensitive_attributes": []
        }
      ]
    },
    {
      "mode": "managed",
      "type": "aws_instance",
      "name": "this",
      "provider": "provider[\"registry.terraform.io/hashicorp/aws\"]",
      "instances": [
        {
          "index_key": "Amazon-Wazuh-Server",
          "schema_version": 1,
          "attributes": {
            "ami": "ami-0d94353f7bad10668",
            "arn": "arn:aws:ec2:us-east-1:944873386727:instance/i-04d871015000b22e5",
            "associate_public_ip_address": true,
            "availability_zone": "us-east-1e",
            "capacity_reservation_specification": [
              {
                "capacity_reservation_preference": "open",
                "capacity_reservation_target": []
              }
            ],
            "cpu_core_count": 2,
            "cpu_options": [
              {
                "amd_sev_snp": "",
                "core_count": 2,
                "threads_per_core": 1
              }
            ],
            "cpu_threads_per_core": 1,
            "credit_specification": [
              {
                "cpu_credits": "standard"
              }
            ],
            "disable_api_stop": false,
            "disable_api_termination": false,
            "ebs_block_device": [],
            "ebs_optimized": false,
            "enclave_options": [
              {
                "enabled": false
              }
            ],
            "ephemeral_block_device": [],
            "get_password_data": false,
            "hibernation": false,
            "host_id": "",
            "host_resource_group_arn": null,
            "iam_instance_profile": "",
            "id": "i-04d871015000b22e5",
            "instance_initiated_shutdown_behavior": "stop",
            "instance_lifecycle": "",
            "instance_market_options": [],
            "instance_state": "running",
            "instance_type": "t2.medium",
            "ipv6_address_count": 0,
            "ipv6_addresses": [],
            "key_name": "wazuh-lab-key",
            "launch_template": [],
            "maintenance_options": [
              {
                "auto_recovery": "default"
              }
            ],
            "metadata_options": [
              {
                "http_endpoint": "enabled",
                "http_protocol_ipv6": "disabled",
                "http_put_response_hop_limit": 1,
                "http_tokens": "optional",
                "instance_metadata_tags": "disabled"
              }
            ],
            "monitoring": false,
            "network_interface": [],
            "outpost_arn": "",
            "password_data": "",
            "placement_group": "",
            "placement_partition_number": 0,
            "primary_network_interface_id": "eni-0084ce3b3b1c2df0b",
            "private_dns": "ip-172-31-58-175.ec2.internal",
            "private_dns_name_options": [
              {
                "enable_resource_name_dns_a_record": false,
                "enable_resource_name_dns_aaaa_record": false,
                "hostname_type": "ip-name"
              }
            ],
            "private_ip": "172.31.58.175",
            "public_dns": "ec2-54-146-10-129.compute-1.amazonaws.com",
            "public_ip": "54.146.10.129",
            "root_block_device": [
              {
                "delete_on_termination": true,
                "device_name": "/dev/xvda",
                "encrypted": false,
                "iops": 100,
                "kms_key_id": "",
                "tags": {},
                "tags_all": {},
                "throughput": 0,
                "volume_id": "vol-0e70dfb0fd4221c26",
                "volume_size": 8,
                "volume_type": "gp2"
              }
            ],
            "secondary_private_ips": [],
            "security_groups": [
              "Amazon-Wazuh-Server_sg"
            ],
            "source_dest_check": true,
            "spot_instance_request_id": "",
            "subnet_id": "subnet-0d6f678bf54494094",
            "tags": {
              "Name": "Amazon-Wazuh-Server"
            },
            "tags_all": {
              "Name": "Amazon-Wazuh-Server"
            },
            "tenancy": "default",
            "timeouts": null,
            "user_data": null,
            "user_data_base64": null,
            "user_data_replace_on_change": false,
            "volume_tags": null,
            "vpc_security_group_ids": [
              "sg-000c12ccc3ae44a03"
            ]
          },
          "sensitive_attributes": [],
          "private": "eyJlMmJmYjczMC1lY2FhLTExZTYtOGY4OC0zNDM2M2JjN2M0YzAiOnsiY3JlYXRlIjo2MDAwMDAwMDAwMDAsImRlbGV0ZSI6MTIwMDAwMDAwMDAwMCwicmVhZCI6OTAwMDAwMDAwMDAwLCJ1cGRhdGUiOjYwMDAwMDAwMDAwMH0sInNjaGVtYV92ZXJzaW9uIjoiMSJ9",
          "dependencies": [
            "aws_key_pair.despliegue",
            "aws_security_group.instancia_sg",
            "data.aws_vpc.default",
            "tls_private_key.wazuh_lab_cecib"
          ]
        },
        {
          "index_key": "Debian-Atacante",
          "schema_version": 1,
          "attributes": {
            "ami": "ami-058bd2d568351da34",
            "arn": "arn:aws:ec2:us-east-1:944873386727:instance/i-06c9b4f6812a9c6bb",
            "associate_public_ip_address": true,
            "availability_zone": "us-east-1d",
            "capacity_reservation_specification": [
              {
                "capacity_reservation_preference": "open",
                "capacity_reservation_target": []
              }
            ],
            "cpu_core_count": 1,
            "cpu_options": [
              {
                "amd_sev_snp": "",
                "core_count": 1,
                "threads_per_core": 1
              }
            ],
            "cpu_threads_per_core": 1,
            "credit_specification": [
              {
                "cpu_credits": "standard"
              }
            ],
            "disable_api_stop": false,
            "disable_api_termination": false,
            "ebs_block_device": [],
            "ebs_optimized": false,
            "enclave_options": [
              {
                "enabled": false
              }
            ],
            "ephemeral_block_device": [],
            "get_password_data": false,
            "hibernation": false,
            "host_id": "",
            "host_resource_group_arn": null,
            "iam_instance_profile": "",
            "id": "i-06c9b4f6812a9c6bb",
            "instance_initiated_shutdown_behavior": "stop",
            "instance_lifecycle": "",
            "instance_market_options": [],
            "instance_state": "running",
            "instance_type": "t2.micro",
            "ipv6_address_count": 0,
            "ipv6_addresses": [],
            "key_name": "wazuh-lab-key",
            "launch_template": [],
            "maintenance_options": [
              {
                "auto_recovery": "default"
              }
            ],
            "metadata_options": [
              {
                "http_endpoint": "enabled",
                "http_protocol_ipv6": "disabled",
                "http_put_response_hop_limit": 1,
                "http_tokens": "optional",
                "instance_metadata_tags": "disabled"
              }
            ],
            "monitoring": false,
            "network_interface": [],
            "outpost_arn": "",
            "password_data": "",
            "placement_group": "",
            "placement_partition_number": 0,
            "primary_network_interface_id": "eni-0ce607558b8e43364",
            "private_dns": "ip-172-31-30-72.ec2.internal",
            "private_dns_name_options": [
              {
                "enable_resource_name_dns_a_record": false,
                "enable_resource_name_dns_aaaa_record": false,
                "hostname_type": "ip-name"
              }
            ],
            "private_ip": "172.31.30.72",
            "public_dns": "ec2-54-208-117-61.compute-1.amazonaws.com",
            "public_ip": "54.208.117.61",
            "root_block_device": [
              {
                "delete_on_termination": true,
                "device_name": "/dev/xvda",
                "encrypted": false,
                "iops": 3000,
                "kms_key_id": "",
                "tags": {},
                "tags_all": {},
                "throughput": 125,
                "volume_id": "vol-0ce2192cc4b6ce36c",
                "volume_size": 8,
                "volume_type": "gp3"
              }
            ],
            "secondary_private_ips": [],
            "security_groups": [
              "Debian-Atacante_sg"
            ],
            "source_dest_check": true,
            "spot_instance_request_id": "",
            "subnet_id": "subnet-04b93a3c85cf77dd2",
            "tags": {
              "Name": "Debian-Atacante"
            },
            "tags_all": {
              "Name": "Debian-Atacante"
            },
            "tenancy": "default",
            "timeouts": null,
            "user_data": null,
            "user_data_base64": null,
            "user_data_replace_on_change": false,
            "volume_tags": null,
            "vpc_security_group_ids": [
              "sg-0d2f9a3843ba0a8c9"
            ]
          },
          "sensitive_attributes": [],
          "private": "eyJlMmJmYjczMC1lY2FhLTExZTYtOGY4OC0zNDM2M2JjN2M0YzAiOnsiY3JlYXRlIjo2MDAwMDAwMDAwMDAsImRlbGV0ZSI6MTIwMDAwMDAwMDAwMCwicmVhZCI6OTAwMDAwMDAwMDAwLCJ1cGRhdGUiOjYwMDAwMDAwMDAwMH0sInNjaGVtYV92ZXJzaW9uIjoiMSJ9",
          "dependencies": [
            "aws_key_pair.despliegue",
            "aws_security_group.instancia_sg",
            "data.aws_vpc.default",
            "tls_private_key.wazuh_lab_cecib"
          ]
        },
        {
          "index_key": "Ubuntu-Agente",
          "schema_version": 1,
          "attributes": {
            "ami": "ami-04b70fa74e45c3917",
            "arn": "arn:aws:ec2:us-east-1:944873386727:instance/i-017f4ed55e38253d7",
            "associate_public_ip_address": true,
            "availability_zone": "us-east-1d",
            "capacity_reservation_specification": [
              {
                "capacity_reservation_preference": "open",
                "capacity_reservation_target": []
              }
            ],
            "cpu_core_count": 1,
            "cpu_options": [
              {
                "amd_sev_snp": "",
                "core_count": 1,
                "threads_per_core": 1
              }
            ],
            "cpu_threads_per_core": 1,
            "credit_specification": [
              {
                "cpu_credits": "standard"
              }
            ],
            "disable_api_stop": false,
            "disable_api_termination": false,
            "ebs_block_device": [],
            "ebs_optimized": false,
            "enclave_options": [
              {
                "enabled": false
              }
            ],
            "ephemeral_block_device": [],
            "get_password_data": false,
            "hibernation": false,
            "host_id": "",
            "host_resource_group_arn": null,
            "iam_instance_profile": "",
            "id": "i-017f4ed55e38253d7",
            "instance_initiated_shutdown_behavior": "stop",
            "instance_lifecycle": "",
            "instance_market_options": [],
            "instance_state": "running",
            "instance_type": "t2.micro",
            "ipv6_address_count": 0,
            "ipv6_addresses": [],
            "key_name": "wazuh-lab-key",
            "launch_template": [],
            "maintenance_options": [
              {
                "auto_recovery": "default"
              }
            ],
            "metadata_options": [
              {
                "http_endpoint": "enabled",
                "http_protocol_ipv6": "disabled",
                "http_put_response_hop_limit": 2,
                "http_tokens": "required",
                "instance_metadata_tags": "disabled"
              }
            ],
            "monitoring": false,
            "network_interface": [],
            "outpost_arn": "",
            "password_data": "",
            "placement_group": "",
            "placement_partition_number": 0,
            "primary_network_interface_id": "eni-024d16ba4ec1f07d3",
            "private_dns": "ip-172-31-22-34.ec2.internal",
            "private_dns_name_options": [
              {
                "enable_resource_name_dns_a_record": false,
                "enable_resource_name_dns_aaaa_record": false,
                "hostname_type": "ip-name"
              }
            ],
            "private_ip": "172.31.22.34",
            "public_dns": "ec2-75-101-238-124.compute-1.amazonaws.com",
            "public_ip": "75.101.238.124",
            "root_block_device": [
              {
                "delete_on_termination": true,
                "device_name": "/dev/sda1",
                "encrypted": false,
                "iops": 3000,
                "kms_key_id": "",
                "tags": {},
                "tags_all": {},
                "throughput": 125,
                "volume_id": "vol-0637be3f0f443c959",
                "volume_size": 8,
                "volume_type": "gp3"
              }
            ],
            "secondary_private_ips": [],
            "security_groups": [
              "Ubuntu-Agente_sg"
            ],
            "source_dest_check": true,
            "spot_instance_request_id": "",
            "subnet_id": "subnet-04b93a3c85cf77dd2",
            "tags": {
              "Name": "Ubuntu-Agente"
            },
            "tags_all": {
              "Name": "Ubuntu-Agente"
            },
            "tenancy": "default",
            "timeouts": null,
            "user_data": null,
            "user_data_base64": null,
            "user_data_replace_on_change": false,
            "volume_tags": null,
            "vpc_security_group_ids": [
              "sg-086f646dfbc612539"
            ]
          },
          "sensitive_attributes": [],
          "private": "eyJlMmJmYjczMC1lY2FhLTExZTYtOGY4OC0zNDM2M2JjN2M0YzAiOnsiY3JlYXRlIjo2MDAwMDAwMDAwMDAsImRlbGV0ZSI6MTIwMDAwMDAwMDAwMCwicmVhZCI6OTAwMDAwMDAwMDAwLCJ1cGRhdGUiOjYwMDAwMDAwMDAwMH0sInNjaGVtYV92ZXJzaW9uIjoiMSJ9",
          "dependencies": [
            "aws_key_pair.despliegue",
            "aws_security_group.instancia_sg",
            "data.aws_vpc.default",
            "tls_private_key.wazuh_lab_cecib"
          ]
        },
        {
          "index_key": "Windows-Agente",
          "schema_version": 1,
          "attributes": {
            "ami": "ami-0d94353f7bad10668",
            "arn": "arn:aws:ec2:us-east-1:944873386727:instance/i-0af55d66f8fceabd7",
            "associate_public_ip_address": true,
            "availability_zone": "us-east-1e",
            "capacity_reservation_specification": [
              {
                "capacity_reservation_preference": "open",
                "capacity_reservation_target": []
              }
            ],
            "cpu_core_count": 2,
            "cpu_options": [
              {
                "amd_sev_snp": "",
                "core_count": 2,
                "threads_per_core": 1
              }
            ],
            "cpu_threads_per_core": 1,
            "credit_specification": [
              {
                "cpu_credits": "standard"
              }
            ],
            "disable_api_stop": false,
            "disable_api_termination": false,
            "ebs_block_device": [],
            "ebs_optimized": false,
            "enclave_options": [
              {
                "enabled": false
              }
            ],
            "ephemeral_block_device": [],
            "get_password_data": false,
            "hibernation": false,
            "host_id": "",
            "host_resource_group_arn": null,
            "iam_instance_profile": "",
            "id": "i-0af55d66f8fceabd7",
            "instance_initiated_shutdown_behavior": "stop",
            "instance_lifecycle": "",
            "instance_market_options": [],
            "instance_state": "running",
            "instance_type": "t2.medium",
            "ipv6_address_count": 0,
            "ipv6_addresses": [],
            "key_name": "wazuh-lab-key",
            "launch_template": [],
            "maintenance_options": [
              {
                "auto_recovery": "default"
              }
            ],
            "metadata_options": [
              {
                "http_endpoint": "enabled",
                "http_protocol_ipv6": "disabled",
                "http_put_response_hop_limit": 1,
                "http_tokens": "optional",
                "instance_metadata_tags": "disabled"
              }
            ],
            "monitoring": false,
            "network_interface": [],
            "outpost_arn": "",
            "password_data": "",
            "placement_group": "",
            "placement_partition_number": 0,
            "primary_network_interface_id": "eni-0b7152b0df81e6668",
            "private_dns": "ip-172-31-62-65.ec2.internal",
            "private_dns_name_options": [
              {
                "enable_resource_name_dns_a_record": false,
                "enable_resource_name_dns_aaaa_record": false,
                "hostname_type": "ip-name"
              }
            ],
            "private_ip": "172.31.62.65",
            "public_dns": "ec2-174-129-55-2.compute-1.amazonaws.com",
            "public_ip": "174.129.55.2",
            "root_block_device": [
              {
                "delete_on_termination": true,
                "device_name": "/dev/xvda",
                "encrypted": false,
                "iops": 100,
                "kms_key_id": "",
                "tags": {},
                "tags_all": {},
                "throughput": 0,
                "volume_id": "vol-02e00695b33496ded",
                "volume_size": 8,
                "volume_type": "gp2"
              }
            ],
            "secondary_private_ips": [],
            "security_groups": [
              "Windows-Agente_sg"
            ],
            "source_dest_check": true,
            "spot_instance_request_id": "",
            "subnet_id": "subnet-0d6f678bf54494094",
            "tags": {
              "Name": "Windows-Agente"
            },
            "tags_all": {
              "Name": "Windows-Agente"
            },
            "tenancy": "default",
            "timeouts": null,
            "user_data": null,
            "user_data_base64": null,
            "user_data_replace_on_change": false,
            "volume_tags": null,
            "vpc_security_group_ids": [
              "sg-0ac691b37e0cca11a"
            ]
          },
          "sensitive_attributes": [],
          "private": "eyJlMmJmYjczMC1lY2FhLTExZTYtOGY4OC0zNDM2M2JjN2M0YzAiOnsiY3JlYXRlIjo2MDAwMDAwMDAwMDAsImRlbGV0ZSI6MTIwMDAwMDAwMDAwMCwicmVhZCI6OTAwMDAwMDAwMDAwLCJ1cGRhdGUiOjYwMDAwMDAwMDAwMH0sInNjaGVtYV92ZXJzaW9uIjoiMSJ9",
          "dependencies": [
            "aws_key_pair.despliegue",
            "aws_security_group.instancia_sg",
            "data.aws_vpc.default",
            "tls_private_key.wazuh_lab_cecib"
          ]
        }
      ]
    },
    {
      "mode": "managed",
      "type": "aws_key_pair",
      "name": "despliegue",
      "provider": "provider[\"registry.terraform.io/hashicorp/aws\"]",
      "instances": [
        {
          "schema_version": 1,
          "attributes": {
            "arn": "arn:aws:ec2:us-east-1:944873386727:key-pair/wazuh-lab-key",
            "fingerprint": "e9:f0:15:54:7d:33:1c:c6:82:fd:11:ea:60:57:96:27",
            "id": "wazuh-lab-key",
            "key_name": "wazuh-lab-key",
            "key_name_prefix": "",
            "key_pair_id": "key-0ad6cf1f7f60bed00",
            "key_type": "rsa",
            "public_key": "ssh-rsa AAAAB3NzaC1yc2EAAAADAQABAAACAQDXhB72xuogpOXjXM8AlKil2K3LP6CL1uOX5CC8R2H9rLtSQqa0xy0HFqi4r5qeaHF6i+IZe+/4TALe+P68JB+UWSvQGr9CQm5Pq8mvxurqkYBHhjBMZZe+ZkgSZZQnZqnGOrhqE5QRpJa+SY4CtQvoGtn134P6oscD7t2GK3STjAqNuuOW1J1dUoaCrCImeoQIRV5Xx5rnOQk0lsUoAVeCat2Q7s3pBc+l/u9ZWH0BY7R8ASPmk7nqf/amLaDW5F1I68Hf5XjjuZ/HUR4HycnHGrQK0xUIn3q8o7rdaJBpbnOzmG0ztuZ1HHalLbyH4nQ89tn+RIHGhW4YBu6Hu8thmBRTDJ7Onyv8UC6SljIvLK3ohnJBZ3wPcHXkGDQjO15SoR+VvphByD6AsxTmtj8f1HVPNRL3w7KAhkhSpG8i4jITojyMEoXVqUYeKdoHf/R5hmg+4rXTkeg+G2Tm7L4JZ6K4O7INw6Vj40tG5Mp9RF3weDMSIOi08NX4/lNhvuL1kXpirfDRJwC+XlGVY4rNiOHYHooRkEPBU+5N2/BtH6OAAiQNpzcAYdiIcaN9W/x5kuEzP0aHV4CPLWgcI3b2zlBLPGqPEt2t2Be//+KN9YRne7njpVKPYIKkmrnhZxYvexOvm3nKM8QkAEcGOm0xGKO5SqTUSVM0RcHX7csaqQ==",
            "tags": null,
            "tags_all": {}
          },
          "sensitive_attributes": [],
          "private": "eyJzY2hlbWFfdmVyc2lvbiI6IjEifQ==",
          "dependencies": [
            "tls_private_key.wazuh_lab_cecib"
          ]
        }
      ]
    },
    {
      "mode": "managed",
      "type": "aws_security_group",
      "name": "instancia_sg",
      "provider": "provider[\"registry.terraform.io/hashicorp/aws\"]",
      "instances": [
        {
          "index_key": "Amazon-Wazuh-Server",
          "schema_version": 1,
          "attributes": {
            "arn": "arn:aws:ec2:us-east-1:944873386727:security-group/sg-000c12ccc3ae44a03",
            "description": "Security group for Amazon-Wazuh-Server",
            "egress": [
              {
                "cidr_blocks": [
                  "0.0.0.0/0"
                ],
                "description": "",
                "from_port": 0,
                "ipv6_cidr_blocks": [],
                "prefix_list_ids": [],
                "protocol": "-1",
                "security_groups": [],
                "self": false,
                "to_port": 0
              }
            ],
            "id": "sg-000c12ccc3ae44a03",
            "ingress": [
              {
                "cidr_blocks": [
                  "0.0.0.0/0"
                ],
                "description": "",
                "from_port": 22,
                "ipv6_cidr_blocks": [],
                "prefix_list_ids": [],
                "protocol": "tcp",
                "security_groups": [],
                "self": false,
                "to_port": 22
              },
              {
                "cidr_blocks": [
                  "0.0.0.0/0"
                ],
                "description": "",
                "from_port": 443,
                "ipv6_cidr_blocks": [],
                "prefix_list_ids": [],
                "protocol": "tcp",
                "security_groups": [],
                "self": false,
                "to_port": 443
              },
              {
                "cidr_blocks": [
                  "0.0.0.0/0"
                ],
                "description": "",
                "from_port": 80,
                "ipv6_cidr_blocks": [],
                "prefix_list_ids": [],
                "protocol": "tcp",
                "security_groups": [],
                "self": false,
                "to_port": 80
              },
              {
                "cidr_blocks": [
                  "172.31.0.0/16"
                ],
                "description": "",
                "from_port": 0,
                "ipv6_cidr_blocks": [],
                "prefix_list_ids": [],
                "protocol": "tcp",
                "security_groups": [],
                "self": false,
                "to_port": 65535
              }
            ],
            "name": "Amazon-Wazuh-Server_sg",
            "name_prefix": "",
            "owner_id": "944873386727",
            "revoke_rules_on_delete": false,
            "tags": null,
            "tags_all": {},
            "timeouts": null,
            "vpc_id": "vpc-0143c27d846a5588f"
          },
          "sensitive_attributes": [],
          "private": "eyJlMmJmYjczMC1lY2FhLTExZTYtOGY4OC0zNDM2M2JjN2M0YzAiOnsiY3JlYXRlIjo2MDAwMDAwMDAwMDAsImRlbGV0ZSI6OTAwMDAwMDAwMDAwfSwic2NoZW1hX3ZlcnNpb24iOiIxIn0=",
          "dependencies": [
            "data.aws_vpc.default"
          ]
        },
        {
          "index_key": "Debian-Atacante",
          "schema_version": 1,
          "attributes": {
            "arn": "arn:aws:ec2:us-east-1:944873386727:security-group/sg-0d2f9a3843ba0a8c9",
            "description": "Security group for Debian-Atacante",
            "egress": [
              {
                "cidr_blocks": [
                  "0.0.0.0/0"
                ],
                "description": "",
                "from_port": 0,
                "ipv6_cidr_blocks": [],
                "prefix_list_ids": [],
                "protocol": "-1",
                "security_groups": [],
                "self": false,
                "to_port": 0
              }
            ],
            "id": "sg-0d2f9a3843ba0a8c9",
            "ingress": [
              {
                "cidr_blocks": [
                  "0.0.0.0/0"
                ],
                "description": "",
                "from_port": 22,
                "ipv6_cidr_blocks": [],
                "prefix_list_ids": [],
                "protocol": "tcp",
                "security_groups": [],
                "self": false,
                "to_port": 22
              },
              {
                "cidr_blocks": [
                  "172.31.0.0/16"
                ],
                "description": "",
                "from_port": 0,
                "ipv6_cidr_blocks": [],
                "prefix_list_ids": [],
                "protocol": "tcp",
                "security_groups": [],
                "self": false,
                "to_port": 65535
              }
            ],
            "name": "Debian-Atacante_sg",
            "name_prefix": "",
            "owner_id": "944873386727",
            "revoke_rules_on_delete": false,
            "tags": null,
            "tags_all": {},
            "timeouts": null,
            "vpc_id": "vpc-0143c27d846a5588f"
          },
          "sensitive_attributes": [],
          "private": "eyJlMmJmYjczMC1lY2FhLTExZTYtOGY4OC0zNDM2M2JjN2M0YzAiOnsiY3JlYXRlIjo2MDAwMDAwMDAwMDAsImRlbGV0ZSI6OTAwMDAwMDAwMDAwfSwic2NoZW1hX3ZlcnNpb24iOiIxIn0=",
          "dependencies": [
            "data.aws_vpc.default"
          ]
        },
        {
          "index_key": "Ubuntu-Agente",
          "schema_version": 1,
          "attributes": {
            "arn": "arn:aws:ec2:us-east-1:944873386727:security-group/sg-086f646dfbc612539",
            "description": "Security group for Ubuntu-Agente",
            "egress": [
              {
                "cidr_blocks": [
                  "0.0.0.0/0"
                ],
                "description": "",
                "from_port": 0,
                "ipv6_cidr_blocks": [],
                "prefix_list_ids": [],
                "protocol": "-1",
                "security_groups": [],
                "self": false,
                "to_port": 0
              }
            ],
            "id": "sg-086f646dfbc612539",
            "ingress": [
              {
                "cidr_blocks": [
                  "0.0.0.0/0"
                ],
                "description": "",
                "from_port": 22,
                "ipv6_cidr_blocks": [],
                "prefix_list_ids": [],
                "protocol": "tcp",
                "security_groups": [],
                "self": false,
                "to_port": 22
              },
              {
                "cidr_blocks": [
                  "0.0.0.0/0"
                ],
                "description": "",
                "from_port": 80,
                "ipv6_cidr_blocks": [],
                "prefix_list_ids": [],
                "protocol": "tcp",
                "security_groups": [],
                "self": false,
                "to_port": 80
              },
              {
                "cidr_blocks": [
                  "172.31.0.0/16"
                ],
                "description": "",
                "from_port": 0,
                "ipv6_cidr_blocks": [],
                "prefix_list_ids": [],
                "protocol": "tcp",
                "security_groups": [],
                "self": false,
                "to_port": 65535
              }
            ],
            "name": "Ubuntu-Agente_sg",
            "name_prefix": "",
            "owner_id": "944873386727",
            "revoke_rules_on_delete": false,
            "tags": null,
            "tags_all": {},
            "timeouts": null,
            "vpc_id": "vpc-0143c27d846a5588f"
          },
          "sensitive_attributes": [],
          "private": "eyJlMmJmYjczMC1lY2FhLTExZTYtOGY4OC0zNDM2M2JjN2M0YzAiOnsiY3JlYXRlIjo2MDAwMDAwMDAwMDAsImRlbGV0ZSI6OTAwMDAwMDAwMDAwfSwic2NoZW1hX3ZlcnNpb24iOiIxIn0=",
          "dependencies": [
            "data.aws_vpc.default"
          ]
        },
        {
          "index_key": "Windows-Agente",
          "schema_version": 1,
          "attributes": {
            "arn": "arn:aws:ec2:us-east-1:944873386727:security-group/sg-0ac691b37e0cca11a",
            "description": "Security group for Windows-Agente",
            "egress": [
              {
                "cidr_blocks": [
                  "0.0.0.0/0"
                ],
                "description": "",
                "from_port": 0,
                "ipv6_cidr_blocks": [],
                "prefix_list_ids": [],
                "protocol": "-1",
                "security_groups": [],
                "self": false,
                "to_port": 0
              }
            ],
            "id": "sg-0ac691b37e0cca11a",
            "ingress": [
              {
                "cidr_blocks": [
                  "0.0.0.0/0"
                ],
                "description": "",
                "from_port": 22,
                "ipv6_cidr_blocks": [],
                "prefix_list_ids": [],
                "protocol": "tcp",
                "security_groups": [],
                "self": false,
                "to_port": 22
              },
              {
                "cidr_blocks": [
                  "0.0.0.0/0"
                ],
                "description": "",
                "from_port": 3389,
                "ipv6_cidr_blocks": [],
                "prefix_list_ids": [],
                "protocol": "tcp",
                "security_groups": [],
                "self": false,
                "to_port": 3389
              },
              {
                "cidr_blocks": [
                  "0.0.0.0/0"
                ],
                "description": "",
                "from_port": 80,
                "ipv6_cidr_blocks": [],
                "prefix_list_ids": [],
                "protocol": "tcp",
                "security_groups": [],
                "self": false,
                "to_port": 80
              },
              {
                "cidr_blocks": [
                  "172.31.0.0/16"
                ],
                "description": "",
                "from_port": 0,
                "ipv6_cidr_blocks": [],
                "prefix_list_ids": [],
                "protocol": "tcp",
                "security_groups": [],
                "self": false,
                "to_port": 65535
              }
            ],
            "name": "Windows-Agente_sg",
            "name_prefix": "",
            "owner_id": "944873386727",
            "revoke_rules_on_delete": false,
            "tags": null,
            "tags_all": {},
            "timeouts": null,
            "vpc_id": "vpc-0143c27d846a5588f"
          },
          "sensitive_attributes": [],
          "private": "eyJlMmJmYjczMC1lY2FhLTExZTYtOGY4OC0zNDM2M2JjN2M0YzAiOnsiY3JlYXRlIjo2MDAwMDAwMDAwMDAsImRlbGV0ZSI6OTAwMDAwMDAwMDAwfSwic2NoZW1hX3ZlcnNpb24iOiIxIn0=",
          "dependencies": [
            "data.aws_vpc.default"
          ]
        }
      ]
    },
    {
      "mode": "managed",
      "type": "local_file",
      "name": "clave_privada",
      "provider": "provider[\"registry.terraform.io/hashicorp/local\"]",
      "instances": [
        {
          "schema_version": 0,
          "attributes": {
            "content": "-----BEGIN RSA PRIVATE KEY-----\nMIIJKgIBAAKCAgEA14Qe9sbqIKTl41zPAJSopdityz+gi9bjl+QgvEdh/ay7UkKm\ntMctBxaouK+anmhxeoviGXvv+EwC3vj+vCQflFkr0Bq/QkJuT6vJr8bq6pGAR4Yw\nTGWXvmZIEmWUJ2apxjq4ahOUEaSWvkmOArUL6BrZ9d+D+qLHA+7dhit0k4wKjbrj\nltSdXVKGgqwiJnqECEVeV8ea5zkJNJbFKAFXgmrdkO7N6QXPpf7vWVh9AWO0fAEj\n5pO56n/2pi2g1uRdSOvB3+V447mfx1EeB8nJxxq0CtMVCJ96vKO63WiQaW5zs5ht\nM7bmdRx2pS28h+J0PPbZ/kSBxoVuGAbuh7vLYZgUUwyezp8r/FAukpYyLyyt6IZy\nQWd8D3B15Bg0IzteUqEflb6YQcg+gLMU5rY/H9R1TzUS98OygIZIUqRvIuIyE6I8\njBKF1alGHinaB3/0eYZoPuK105HoPhtk5uy+CWeiuDuyDcOlY+NLRuTKfURd8Hgz\nEiDotPDV+P5TYb7i9ZF6Yq3w0ScAvl5RlWOKzYjh2B6KEZBDwVPuTdvwbR+jgAIk\nDac3AGHYiHGjfVv8eZLhMz9Gh1eAjy1oHCN29s5QSzxqjxLdrdgXv//ijfWEZ3u5\n46VSj2CCpJq54WcWL3sTr5t5yjPEJABHBjptMRijuUqk1ElTNEXB1+3LGqkCAwEA\nAQKCAgEAld5UwftVeNny24cAlEDMfngNc1eNx3Dp2AhWE1f4drWVlgCveOtBDrrd\nHYFQHnQ25ac81cfv+lSxcmjoi+D67OiNpSvUcLlNiK3HlSrY1cHU2Ogh0h6bxVXP\nLKviuPuVeDoBYBK5VwODqFPyI0PPQdraUzbZyoNDriJ/ffveF3S9Kg4akhrMS8dF\nrr0RCn0ML8w9bQFrYPuywRVPiSBVwGWcKltGaZMW8TI1M4Zrd3nkWo9YbdGw6beO\nx8TXIliv3jPEIHSs+n9s8ugf3/6dCI4zQYvEBrkQWvnoymsacZbTcsK+vcWkwS/H\n+dmyTzRU7Mgkk8MEFA9Zne/EFDOtm6qw4fqDbY4IFOf2hyX/WGf4S9lrxlkP2DMy\n+ALLRUMn67GYMx0K5GH3q1XCY1i/EGHwNpGZcH4Zs0nKb15SsgFpCnGdhzUDoZBc\ntSrL0Oz8msrB/6ou5A4CrO139oya/kcmteU1R/Oq5dAi7vtwsya9A3LwuoZcpsJS\nix0n2WAdpBKN+PjZvZPsFUMctypnLFaiY2MSx7J8tLlmfSnssuaBpf5cgKsQYK3C\nMLnEw+2xC0sspoy1S+lsAUiuW2r0Gf1fwSKmMb9TAnvhw6OHBMrJdZG3cDLfDnG1\ng2yn0zFZHoXq4XJPn/6xqc0N0BXYMIvRxV/wPhiv530ISlC6tBkCggEBAP53l4yE\nexJ0UZtVMONbFd+kcRdahcpSR78VLWqtzwaatCLUkw7+9IHVAeqaN92nGZoUcNR0\nmmqDmPPiZ9nthVAUOgZNjZ8ln3KIyjLFJd32Sd+IDh2oxQzMtrS5d0ifXzvZzX4o\n7wBW7Uo9AWbJRGXIu4UXrT9I8/88CF0/vWAIZyqpeOhfD4RnDEObhKk4Ihbo5ZAQ\nuAolH1H2AARZTVwb1tIN7+1tP1zASPsgxFpbjgoKmSx/KR++CBXbbXTKpXuVFW03\n4NIhZk+fZmXIYIRGSO8t/Vk9TKCGmeLbLapmrFTfbFePyG+4AuoWwshwmiPfFV/+\nbmvi0601IZEv4ssCggEBANjQdqLu3BuWnBcTSgNsHzPvajCqMrHVZAxneE4rp7iG\n0xiK/4LF822Y/5+QmGHJdf6Ei+f7lnpvqd0ew0CucHD4Eb59sIw7pstnYwtr8zuS\nIlqT9lO0CIykSspNoMzKiTgxgQkgNMQTr/pO9ApHvNUwnL7GnEidd3+eyQHENhq1\n/4r9psmFF7zydsHS+zgASHtWghGaFSeuLh+cZEOLDbnGezR/rkJ7u2QCikjmyjQq\nwvRRnvPlZPF3Wpaf7SwetomaFo2DhZB2WIxd+WH1uye2Kz+kDd/gc4l2v+sMFDkv\nLn3b35vZ/v011w8F6hDRcnSMGgmaZjgiiFxViELOZdsCggEBAIXdC9BT8RpoLnX0\nft9bj0ozC3spl7AzUKLo1ReFj579yz13blU5Mg8KqxNrRXBI82Lm1eQt4v2ddNz3\ngYJXPQY/XbbrHVFXTWXHJ/dFVwJJCduZizN3ERIGryarWmDN1h96GGwBxJj9IZ8o\nMJCN2Hli+6KsLetYyWK/hfboDQtz4DHFLWGwgE06mG0IZuVOLkC3C+yZnvdXR/6p\n1qBzCgsmaf/ebRUNn4N/c+UH+8M83p/Rq3qI+m1EXqSA5jfGUv+MEdV+y7o+7797\nLzbkDkIHZ17LZreHU8Quis2YV5GIqaeMUUZO0TZUKtRSXO1srumn9WqmQhhnHsvD\nY4EpG7kCggEAVJsUkIQxNDrTclW+nhNFIdkdURw5aBfjUMvXsHlsm59RJNSo3Hku\ngugfaD7el9orx0Ql7ELK98A3QuhMPSNVEWBcXD9j83Ubo2gWyFA5vFdMPJhcmVE5\nvNgnr0YXp5KpdVosBkmhDZq5Iy5IIPLZhz/PCssqFVQNW6m0upG8ozO+IpjUyvK6\nzqq3GO+hxLqnjim12/SKqM9ZhFBc99Z9Zq9DSLtCXwM1ntM27zfQVAcTyI9JPdeY\nSnnOydRiksLxbETK5DIcnsDv0Oai+E0R2W9G9TCpkWFe9Jd4UNqH0cDNnaN9YK3y\nyRCHeX9PVXzF8yDw0CqGFQW0vINMBvXP3QKCAQEAzSVuPhEyqyfROzZGNUwhtyc2\nXVKVvGHvNprDT8omJJIGxEwgwlgz8QgUIQe3amprpFui5jxptlkP15Amekp5Vj1K\nRHX1RcH8yhxw03zC7AEjlVeC72y1+oTIcMewk72GtnJs0N3vMhljmgx3uxig2djc\nj01mSZlHVwQ2yutS4px/N/aZILJxhkQxNV2jFoP9f9FdUrS2xiIKCYS1TYVl7l/x\nmWsablhLaBILT920CizIRLA6F5yQ6MgCAbriCnoIGhe1pFWqeM69KELdTsFSDBDt\nD9S6t8OX4P9SDRciIaW9kLSDogJHpcQqX8IJRhjUG22ys5dgoe4Gv29S3hVloA==\n-----END RSA PRIVATE KEY-----\n",
            "content_base64": null,
            "content_base64sha256": "Ga7UgOFLX5dqsYYirJVMg28txkZPLiy2EXKN0Csggjk=",
            "content_base64sha512": "pfswEeeS2VC3pmS9/iJMoHKKjCvCoweDiOohmM03HZ/tRjeTJMT28bqHpT824zPAF2LjV8fMP3yvjlJCSH7Pfg==",
            "content_md5": "03dccc11eb6456a4dc10ef7a634e8ae0",
            "content_sha1": "5ef03c1023712d56dfd976cdb1fd3864758c0b30",
            "content_sha256": "19aed480e14b5f976ab18622ac954c836f2dc6464f2e2cb611728dd02b208239",
            "content_sha512": "a5fb3011e792d950b7a664bdfe224ca0728a8c2bc2a3078388ea2198cd371d9fed46379324c4f6f1ba87a53f36e333c01762e357c7cc3f7caf8e5242487ecf7e",
            "directory_permission": "0777",
            "file_permission": "0400",
            "filename": "./despliegue_wazuh.pem",
            "id": "5ef03c1023712d56dfd976cdb1fd3864758c0b30",
            "sensitive_content": null,
            "source": null
          },
          "sensitive_attributes": [
            [
              {
                "type": "get_attr",
                "value": "content"
              }
            ],
            [
              {
                "type": "get_attr",
                "value": "sensitive_content"
              }
            ]
          ],
          "dependencies": [
            "tls_private_key.wazuh_lab_cecib"
          ]
        }
      ]
    },
    {
      "mode": "managed",
      "type": "tls_private_key",
      "name": "wazuh_lab_cecib",
      "provider": "provider[\"registry.terraform.io/hashicorp/tls\"]",
      "instances": [
        {
          "schema_version": 1,
          "attributes": {
            "algorithm": "RSA",
            "ecdsa_curve": "P224",
            "id": "59becdc8541d0f0779026c1ea14955303a5b022c",
            "private_key_openssh": "-----BEGIN OPENSSH PRIVATE KEY-----\nb3BlbnNzaC1rZXktdjEAAAAABG5vbmUAAAAEbm9uZQAAAAAAAAABAAACFwAAAAdz\nc2gtcnNhAAAAAwEAAQAAAgEA14Qe9sbqIKTl41zPAJSopdityz+gi9bjl+QgvEdh\n/ay7UkKmtMctBxaouK+anmhxeoviGXvv+EwC3vj+vCQflFkr0Bq/QkJuT6vJr8bq\n6pGAR4YwTGWXvmZIEmWUJ2apxjq4ahOUEaSWvkmOArUL6BrZ9d+D+qLHA+7dhit0\nk4wKjbrjltSdXVKGgqwiJnqECEVeV8ea5zkJNJbFKAFXgmrdkO7N6QXPpf7vWVh9\nAWO0fAEj5pO56n/2pi2g1uRdSOvB3+V447mfx1EeB8nJxxq0CtMVCJ96vKO63WiQ\naW5zs5htM7bmdRx2pS28h+J0PPbZ/kSBxoVuGAbuh7vLYZgUUwyezp8r/FAukpYy\nLyyt6IZyQWd8D3B15Bg0IzteUqEflb6YQcg+gLMU5rY/H9R1TzUS98OygIZIUqRv\nIuIyE6I8jBKF1alGHinaB3/0eYZoPuK105HoPhtk5uy+CWeiuDuyDcOlY+NLRuTK\nfURd8HgzEiDotPDV+P5TYb7i9ZF6Yq3w0ScAvl5RlWOKzYjh2B6KEZBDwVPuTdvw\nbR+jgAIkDac3AGHYiHGjfVv8eZLhMz9Gh1eAjy1oHCN29s5QSzxqjxLdrdgXv//i\njfWEZ3u546VSj2CCpJq54WcWL3sTr5t5yjPEJABHBjptMRijuUqk1ElTNEXB1+3L\nGqkAAAc49GQf0PRkH9AAAAAHc3NoLXJzYQAAAgEA14Qe9sbqIKTl41zPAJSopdit\nyz+gi9bjl+QgvEdh/ay7UkKmtMctBxaouK+anmhxeoviGXvv+EwC3vj+vCQflFkr\n0Bq/QkJuT6vJr8bq6pGAR4YwTGWXvmZIEmWUJ2apxjq4ahOUEaSWvkmOArUL6BrZ\n9d+D+qLHA+7dhit0k4wKjbrjltSdXVKGgqwiJnqECEVeV8ea5zkJNJbFKAFXgmrd\nkO7N6QXPpf7vWVh9AWO0fAEj5pO56n/2pi2g1uRdSOvB3+V447mfx1EeB8nJxxq0\nCtMVCJ96vKO63WiQaW5zs5htM7bmdRx2pS28h+J0PPbZ/kSBxoVuGAbuh7vLYZgU\nUwyezp8r/FAukpYyLyyt6IZyQWd8D3B15Bg0IzteUqEflb6YQcg+gLMU5rY/H9R1\nTzUS98OygIZIUqRvIuIyE6I8jBKF1alGHinaB3/0eYZoPuK105HoPhtk5uy+CWei\nuDuyDcOlY+NLRuTKfURd8HgzEiDotPDV+P5TYb7i9ZF6Yq3w0ScAvl5RlWOKzYjh\n2B6KEZBDwVPuTdvwbR+jgAIkDac3AGHYiHGjfVv8eZLhMz9Gh1eAjy1oHCN29s5Q\nSzxqjxLdrdgXv//ijfWEZ3u546VSj2CCpJq54WcWL3sTr5t5yjPEJABHBjptMRij\nuUqk1ElTNEXB1+3LGqkAAAADAQABAAACAQCV3lTB+1V42fLbhwCUQMx+eA1zV43H\ncOnYCFYTV/h2tZWWAK9460EOut0dgVAedDblpzzVx+/6VLFyaOiL4Prs6I2lK9Rw\nuU2IrceVKtjVwdTY6CHSHpvFVc8sq+K4+5V4OgFgErlXA4OoU/IjQ89B2tpTNtnK\ng0OuIn99+94XdL0qDhqSGsxLx0WuvREKfQwvzD1tAWtg+7LBFU+JIFXAZZwqW0Zp\nkxbxMjUzhmt3eeRaj1ht0bDpt47HxNciWK/eM8QgdKz6f2zy6B/f/p0IjjNBi8QG\nuRBa+ejKaxpxltNywr69xaTBL8f52bJPNFTsyCSTwwQUD1md78QUM62bqrDh+oNt\njggU5/aHJf9YZ/hL2WvGWQ/YMzL4AstFQyfrsZgzHQrkYferVcJjWL8QYfA2kZlw\nfhmzScpvXlKyAWkKcZ2HNQOhkFy1KsvQ7PyaysH/qi7kDgKs7Xf2jJr+Rya15TVH\n86rl0CLu+3CzJr0DcvC6hlymwlKLHSfZYB2kEo34+Nm9k+wVQxy3KmcsVqJjYxLH\nsny0uWZ9Keyy5oGl/lyAqxBgrcIwucTD7bELSyymjLVL6WwBSK5bavQZ/V/BIqYx\nv1MCe+HDo4cEysl1kbdwMt8OcbWDbKfTMVkeherhck+f/rGpzQ3QFdgwi9HFX/A+\nGK/nfQhKULq0GQAAAQEAzSVuPhEyqyfROzZGNUwhtyc2XVKVvGHvNprDT8omJJIG\nxEwgwlgz8QgUIQe3amprpFui5jxptlkP15Amekp5Vj1KRHX1RcH8yhxw03zC7AEj\nlVeC72y1+oTIcMewk72GtnJs0N3vMhljmgx3uxig2djcj01mSZlHVwQ2yutS4px/\nN/aZILJxhkQxNV2jFoP9f9FdUrS2xiIKCYS1TYVl7l/xmWsablhLaBILT920CizI\nRLA6F5yQ6MgCAbriCnoIGhe1pFWqeM69KELdTsFSDBDtD9S6t8OX4P9SDRciIaW9\nkLSDogJHpcQqX8IJRhjUG22ys5dgoe4Gv29S3hVloAAAAQEA/neXjIR7EnRRm1Uw\n41sV36RxF1qFylJHvxUtaq3PBpq0ItSTDv70gdUB6po33acZmhRw1HSaaoOY8+Jn\n2e2FUBQ6Bk2NnyWfcojKMsUl3fZJ34gOHajFDMy2tLl3SJ9fO9nNfijvAFbtSj0B\nZslEZci7hRetP0jz/zwIXT+9YAhnKql46F8PhGcMQ5uEqTgiFujlkBC4CiUfUfYA\nBFlNXBvW0g3v7W0/XMBI+yDEWluOCgqZLH8pH74IFdttdMqle5UVbTfg0iFmT59m\nZchghEZI7y39WT1MoIaZ4tstqmasVN9sV4/Ib7gC6hbCyHCaI98VX/5ua+LTrTUh\nkS/iywAAAQEA2NB2ou7cG5acFxNKA2wfM+9qMKoysdVkDGd4TiunuIbTGIr/gsXz\nbZj/n5CYYcl1/oSL5/uWem+p3R7DQK5wcPgRvn2wjDumy2djC2vzO5IiWpP2U7QI\njKRKyk2gzMqJODGBCSA0xBOv+k70Cke81TCcvsacSJ13f57JAcQ2GrX/iv2myYUX\nvPJ2wdL7OABIe1aCEZoVJ64uH5xkQ4sNucZ7NH+uQnu7ZAKKSObKNCrC9FGe8+Vk\n8Xdalp/tLB62iZoWjYOFkHZYjF35YfW7J7YrP6QN3+BziXa/6wwUOS8ufdvfm9n+\n/TXXDwXqENFydIwaCZpmOCKIXFWIQs5l2wAAAAAB\n-----END OPENSSH PRIVATE KEY-----\n",
            "private_key_pem": "-----BEGIN RSA PRIVATE KEY-----\nMIIJKgIBAAKCAgEA14Qe9sbqIKTl41zPAJSopdityz+gi9bjl+QgvEdh/ay7UkKm\ntMctBxaouK+anmhxeoviGXvv+EwC3vj+vCQflFkr0Bq/QkJuT6vJr8bq6pGAR4Yw\nTGWXvmZIEmWUJ2apxjq4ahOUEaSWvkmOArUL6BrZ9d+D+qLHA+7dhit0k4wKjbrj\nltSdXVKGgqwiJnqECEVeV8ea5zkJNJbFKAFXgmrdkO7N6QXPpf7vWVh9AWO0fAEj\n5pO56n/2pi2g1uRdSOvB3+V447mfx1EeB8nJxxq0CtMVCJ96vKO63WiQaW5zs5ht\nM7bmdRx2pS28h+J0PPbZ/kSBxoVuGAbuh7vLYZgUUwyezp8r/FAukpYyLyyt6IZy\nQWd8D3B15Bg0IzteUqEflb6YQcg+gLMU5rY/H9R1TzUS98OygIZIUqRvIuIyE6I8\njBKF1alGHinaB3/0eYZoPuK105HoPhtk5uy+CWeiuDuyDcOlY+NLRuTKfURd8Hgz\nEiDotPDV+P5TYb7i9ZF6Yq3w0ScAvl5RlWOKzYjh2B6KEZBDwVPuTdvwbR+jgAIk\nDac3AGHYiHGjfVv8eZLhMz9Gh1eAjy1oHCN29s5QSzxqjxLdrdgXv//ijfWEZ3u5\n46VSj2CCpJq54WcWL3sTr5t5yjPEJABHBjptMRijuUqk1ElTNEXB1+3LGqkCAwEA\nAQKCAgEAld5UwftVeNny24cAlEDMfngNc1eNx3Dp2AhWE1f4drWVlgCveOtBDrrd\nHYFQHnQ25ac81cfv+lSxcmjoi+D67OiNpSvUcLlNiK3HlSrY1cHU2Ogh0h6bxVXP\nLKviuPuVeDoBYBK5VwODqFPyI0PPQdraUzbZyoNDriJ/ffveF3S9Kg4akhrMS8dF\nrr0RCn0ML8w9bQFrYPuywRVPiSBVwGWcKltGaZMW8TI1M4Zrd3nkWo9YbdGw6beO\nx8TXIliv3jPEIHSs+n9s8ugf3/6dCI4zQYvEBrkQWvnoymsacZbTcsK+vcWkwS/H\n+dmyTzRU7Mgkk8MEFA9Zne/EFDOtm6qw4fqDbY4IFOf2hyX/WGf4S9lrxlkP2DMy\n+ALLRUMn67GYMx0K5GH3q1XCY1i/EGHwNpGZcH4Zs0nKb15SsgFpCnGdhzUDoZBc\ntSrL0Oz8msrB/6ou5A4CrO139oya/kcmteU1R/Oq5dAi7vtwsya9A3LwuoZcpsJS\nix0n2WAdpBKN+PjZvZPsFUMctypnLFaiY2MSx7J8tLlmfSnssuaBpf5cgKsQYK3C\nMLnEw+2xC0sspoy1S+lsAUiuW2r0Gf1fwSKmMb9TAnvhw6OHBMrJdZG3cDLfDnG1\ng2yn0zFZHoXq4XJPn/6xqc0N0BXYMIvRxV/wPhiv530ISlC6tBkCggEBAP53l4yE\nexJ0UZtVMONbFd+kcRdahcpSR78VLWqtzwaatCLUkw7+9IHVAeqaN92nGZoUcNR0\nmmqDmPPiZ9nthVAUOgZNjZ8ln3KIyjLFJd32Sd+IDh2oxQzMtrS5d0ifXzvZzX4o\n7wBW7Uo9AWbJRGXIu4UXrT9I8/88CF0/vWAIZyqpeOhfD4RnDEObhKk4Ihbo5ZAQ\nuAolH1H2AARZTVwb1tIN7+1tP1zASPsgxFpbjgoKmSx/KR++CBXbbXTKpXuVFW03\n4NIhZk+fZmXIYIRGSO8t/Vk9TKCGmeLbLapmrFTfbFePyG+4AuoWwshwmiPfFV/+\nbmvi0601IZEv4ssCggEBANjQdqLu3BuWnBcTSgNsHzPvajCqMrHVZAxneE4rp7iG\n0xiK/4LF822Y/5+QmGHJdf6Ei+f7lnpvqd0ew0CucHD4Eb59sIw7pstnYwtr8zuS\nIlqT9lO0CIykSspNoMzKiTgxgQkgNMQTr/pO9ApHvNUwnL7GnEidd3+eyQHENhq1\n/4r9psmFF7zydsHS+zgASHtWghGaFSeuLh+cZEOLDbnGezR/rkJ7u2QCikjmyjQq\nwvRRnvPlZPF3Wpaf7SwetomaFo2DhZB2WIxd+WH1uye2Kz+kDd/gc4l2v+sMFDkv\nLn3b35vZ/v011w8F6hDRcnSMGgmaZjgiiFxViELOZdsCggEBAIXdC9BT8RpoLnX0\nft9bj0ozC3spl7AzUKLo1ReFj579yz13blU5Mg8KqxNrRXBI82Lm1eQt4v2ddNz3\ngYJXPQY/XbbrHVFXTWXHJ/dFVwJJCduZizN3ERIGryarWmDN1h96GGwBxJj9IZ8o\nMJCN2Hli+6KsLetYyWK/hfboDQtz4DHFLWGwgE06mG0IZuVOLkC3C+yZnvdXR/6p\n1qBzCgsmaf/ebRUNn4N/c+UH+8M83p/Rq3qI+m1EXqSA5jfGUv+MEdV+y7o+7797\nLzbkDkIHZ17LZreHU8Quis2YV5GIqaeMUUZO0TZUKtRSXO1srumn9WqmQhhnHsvD\nY4EpG7kCggEAVJsUkIQxNDrTclW+nhNFIdkdURw5aBfjUMvXsHlsm59RJNSo3Hku\ngugfaD7el9orx0Ql7ELK98A3QuhMPSNVEWBcXD9j83Ubo2gWyFA5vFdMPJhcmVE5\nvNgnr0YXp5KpdVosBkmhDZq5Iy5IIPLZhz/PCssqFVQNW6m0upG8ozO+IpjUyvK6\nzqq3GO+hxLqnjim12/SKqM9ZhFBc99Z9Zq9DSLtCXwM1ntM27zfQVAcTyI9JPdeY\nSnnOydRiksLxbETK5DIcnsDv0Oai+E0R2W9G9TCpkWFe9Jd4UNqH0cDNnaN9YK3y\nyRCHeX9PVXzF8yDw0CqGFQW0vINMBvXP3QKCAQEAzSVuPhEyqyfROzZGNUwhtyc2\nXVKVvGHvNprDT8omJJIGxEwgwlgz8QgUIQe3amprpFui5jxptlkP15Amekp5Vj1K\nRHX1RcH8yhxw03zC7AEjlVeC72y1+oTIcMewk72GtnJs0N3vMhljmgx3uxig2djc\nj01mSZlHVwQ2yutS4px/N/aZILJxhkQxNV2jFoP9f9FdUrS2xiIKCYS1TYVl7l/x\nmWsablhLaBILT920CizIRLA6F5yQ6MgCAbriCnoIGhe1pFWqeM69KELdTsFSDBDt\nD9S6t8OX4P9SDRciIaW9kLSDogJHpcQqX8IJRhjUG22ys5dgoe4Gv29S3hVloA==\n-----END RSA PRIVATE KEY-----\n",
            "private_key_pem_pkcs8": "-----BEGIN PRIVATE KEY-----\nMIIJRAIBADANBgkqhkiG9w0BAQEFAASCCS4wggkqAgEAAoICAQDXhB72xuogpOXj\nXM8AlKil2K3LP6CL1uOX5CC8R2H9rLtSQqa0xy0HFqi4r5qeaHF6i+IZe+/4TALe\n+P68JB+UWSvQGr9CQm5Pq8mvxurqkYBHhjBMZZe+ZkgSZZQnZqnGOrhqE5QRpJa+\nSY4CtQvoGtn134P6oscD7t2GK3STjAqNuuOW1J1dUoaCrCImeoQIRV5Xx5rnOQk0\nlsUoAVeCat2Q7s3pBc+l/u9ZWH0BY7R8ASPmk7nqf/amLaDW5F1I68Hf5XjjuZ/H\nUR4HycnHGrQK0xUIn3q8o7rdaJBpbnOzmG0ztuZ1HHalLbyH4nQ89tn+RIHGhW4Y\nBu6Hu8thmBRTDJ7Onyv8UC6SljIvLK3ohnJBZ3wPcHXkGDQjO15SoR+VvphByD6A\nsxTmtj8f1HVPNRL3w7KAhkhSpG8i4jITojyMEoXVqUYeKdoHf/R5hmg+4rXTkeg+\nG2Tm7L4JZ6K4O7INw6Vj40tG5Mp9RF3weDMSIOi08NX4/lNhvuL1kXpirfDRJwC+\nXlGVY4rNiOHYHooRkEPBU+5N2/BtH6OAAiQNpzcAYdiIcaN9W/x5kuEzP0aHV4CP\nLWgcI3b2zlBLPGqPEt2t2Be//+KN9YRne7njpVKPYIKkmrnhZxYvexOvm3nKM8Qk\nAEcGOm0xGKO5SqTUSVM0RcHX7csaqQIDAQABAoICAQCV3lTB+1V42fLbhwCUQMx+\neA1zV43HcOnYCFYTV/h2tZWWAK9460EOut0dgVAedDblpzzVx+/6VLFyaOiL4Prs\n6I2lK9RwuU2IrceVKtjVwdTY6CHSHpvFVc8sq+K4+5V4OgFgErlXA4OoU/IjQ89B\n2tpTNtnKg0OuIn99+94XdL0qDhqSGsxLx0WuvREKfQwvzD1tAWtg+7LBFU+JIFXA\nZZwqW0ZpkxbxMjUzhmt3eeRaj1ht0bDpt47HxNciWK/eM8QgdKz6f2zy6B/f/p0I\njjNBi8QGuRBa+ejKaxpxltNywr69xaTBL8f52bJPNFTsyCSTwwQUD1md78QUM62b\nqrDh+oNtjggU5/aHJf9YZ/hL2WvGWQ/YMzL4AstFQyfrsZgzHQrkYferVcJjWL8Q\nYfA2kZlwfhmzScpvXlKyAWkKcZ2HNQOhkFy1KsvQ7PyaysH/qi7kDgKs7Xf2jJr+\nRya15TVH86rl0CLu+3CzJr0DcvC6hlymwlKLHSfZYB2kEo34+Nm9k+wVQxy3Kmcs\nVqJjYxLHsny0uWZ9Keyy5oGl/lyAqxBgrcIwucTD7bELSyymjLVL6WwBSK5bavQZ\n/V/BIqYxv1MCe+HDo4cEysl1kbdwMt8OcbWDbKfTMVkeherhck+f/rGpzQ3QFdgw\ni9HFX/A+GK/nfQhKULq0GQKCAQEA/neXjIR7EnRRm1Uw41sV36RxF1qFylJHvxUt\naq3PBpq0ItSTDv70gdUB6po33acZmhRw1HSaaoOY8+Jn2e2FUBQ6Bk2NnyWfcojK\nMsUl3fZJ34gOHajFDMy2tLl3SJ9fO9nNfijvAFbtSj0BZslEZci7hRetP0jz/zwI\nXT+9YAhnKql46F8PhGcMQ5uEqTgiFujlkBC4CiUfUfYABFlNXBvW0g3v7W0/XMBI\n+yDEWluOCgqZLH8pH74IFdttdMqle5UVbTfg0iFmT59mZchghEZI7y39WT1MoIaZ\n4tstqmasVN9sV4/Ib7gC6hbCyHCaI98VX/5ua+LTrTUhkS/iywKCAQEA2NB2ou7c\nG5acFxNKA2wfM+9qMKoysdVkDGd4TiunuIbTGIr/gsXzbZj/n5CYYcl1/oSL5/uW\nem+p3R7DQK5wcPgRvn2wjDumy2djC2vzO5IiWpP2U7QIjKRKyk2gzMqJODGBCSA0\nxBOv+k70Cke81TCcvsacSJ13f57JAcQ2GrX/iv2myYUXvPJ2wdL7OABIe1aCEZoV\nJ64uH5xkQ4sNucZ7NH+uQnu7ZAKKSObKNCrC9FGe8+Vk8Xdalp/tLB62iZoWjYOF\nkHZYjF35YfW7J7YrP6QN3+BziXa/6wwUOS8ufdvfm9n+/TXXDwXqENFydIwaCZpm\nOCKIXFWIQs5l2wKCAQEAhd0L0FPxGmgudfR+31uPSjMLeymXsDNQoujVF4WPnv3L\nPXduVTkyDwqrE2tFcEjzYubV5C3i/Z103PeBglc9Bj9dtusdUVdNZccn90VXAkkJ\n25mLM3cREgavJqtaYM3WH3oYbAHEmP0hnygwkI3YeWL7oqwt61jJYr+F9ugNC3Pg\nMcUtYbCATTqYbQhm5U4uQLcL7Jme91dH/qnWoHMKCyZp/95tFQ2fg39z5Qf7wzze\nn9Greoj6bURepIDmN8ZS/4wR1X7Luj7vv3svNuQOQgdnXstmt4dTxC6KzZhXkYip\np4xRRk7RNlQq1FJc7Wyu6af1aqZCGGcey8NjgSkbuQKCAQBUmxSQhDE0OtNyVb6e\nE0Uh2R1RHDloF+NQy9eweWybn1Ek1KjceS6C6B9oPt6X2ivHRCXsQsr3wDdC6Ew9\nI1URYFxcP2PzdRujaBbIUDm8V0w8mFyZUTm82CevRhenkql1WiwGSaENmrkjLkgg\n8tmHP88KyyoVVA1bqbS6kbyjM74imNTK8rrOqrcY76HEuqeOKbXb9Iqoz1mEUFz3\n1n1mr0NIu0JfAzWe0zbvN9BUBxPIj0k915hKec7J1GKSwvFsRMrkMhyewO/Q5qL4\nTRHZb0b1MKmRYV70l3hQ2ofRwM2do31grfLJEId5f09VfMXzIPDQKoYVBbS8g0wG\n9c/dAoIBAQDNJW4+ETKrJ9E7NkY1TCG3JzZdUpW8Ye82msNPyiYkkgbETCDCWDPx\nCBQhB7dqamukW6LmPGm2WQ/XkCZ6SnlWPUpEdfVFwfzKHHDTfMLsASOVV4LvbLX6\nhMhwx7CTvYa2cmzQ3e8yGWOaDHe7GKDZ2NyPTWZJmUdXBDbK61LinH839pkgsnGG\nRDE1XaMWg/1/0V1StLbGIgoJhLVNhWXuX/GZaxpuWEtoEgtP3bQKLMhEsDoXnJDo\nyAIBuuIKeggaF7WkVap4zr0oQt1OwVIMEO0P1Lq3w5fg/1INFyIhpb2QtIOiAkel\nxCpfwglGGNQbbbKzl2Ch7ga/b1LeFWWg\n-----END PRIVATE KEY-----\n",
            "public_key_fingerprint_md5": "68:c4:b7:a3:fa:22:45:33:89:70:4b:f8:46:9a:87:82",
            "public_key_fingerprint_sha256": "SHA256:qL4fIusVO+MB9BubI+1MzB75gYYgDpqBKj5ozvyQv8M",
            "public_key_openssh": "ssh-rsa AAAAB3NzaC1yc2EAAAADAQABAAACAQDXhB72xuogpOXjXM8AlKil2K3LP6CL1uOX5CC8R2H9rLtSQqa0xy0HFqi4r5qeaHF6i+IZe+/4TALe+P68JB+UWSvQGr9CQm5Pq8mvxurqkYBHhjBMZZe+ZkgSZZQnZqnGOrhqE5QRpJa+SY4CtQvoGtn134P6oscD7t2GK3STjAqNuuOW1J1dUoaCrCImeoQIRV5Xx5rnOQk0lsUoAVeCat2Q7s3pBc+l/u9ZWH0BY7R8ASPmk7nqf/amLaDW5F1I68Hf5XjjuZ/HUR4HycnHGrQK0xUIn3q8o7rdaJBpbnOzmG0ztuZ1HHalLbyH4nQ89tn+RIHGhW4YBu6Hu8thmBRTDJ7Onyv8UC6SljIvLK3ohnJBZ3wPcHXkGDQjO15SoR+VvphByD6AsxTmtj8f1HVPNRL3w7KAhkhSpG8i4jITojyMEoXVqUYeKdoHf/R5hmg+4rXTkeg+G2Tm7L4JZ6K4O7INw6Vj40tG5Mp9RF3weDMSIOi08NX4/lNhvuL1kXpirfDRJwC+XlGVY4rNiOHYHooRkEPBU+5N2/BtH6OAAiQNpzcAYdiIcaN9W/x5kuEzP0aHV4CPLWgcI3b2zlBLPGqPEt2t2Be//+KN9YRne7njpVKPYIKkmrnhZxYvexOvm3nKM8QkAEcGOm0xGKO5SqTUSVM0RcHX7csaqQ==\n",
            "public_key_pem": "-----BEGIN PUBLIC KEY-----\nMIICIjANBgkqhkiG9w0BAQEFAAOCAg8AMIICCgKCAgEA14Qe9sbqIKTl41zPAJSo\npdityz+gi9bjl+QgvEdh/ay7UkKmtMctBxaouK+anmhxeoviGXvv+EwC3vj+vCQf\nlFkr0Bq/QkJuT6vJr8bq6pGAR4YwTGWXvmZIEmWUJ2apxjq4ahOUEaSWvkmOArUL\n6BrZ9d+D+qLHA+7dhit0k4wKjbrjltSdXVKGgqwiJnqECEVeV8ea5zkJNJbFKAFX\ngmrdkO7N6QXPpf7vWVh9AWO0fAEj5pO56n/2pi2g1uRdSOvB3+V447mfx1EeB8nJ\nxxq0CtMVCJ96vKO63WiQaW5zs5htM7bmdRx2pS28h+J0PPbZ/kSBxoVuGAbuh7vL\nYZgUUwyezp8r/FAukpYyLyyt6IZyQWd8D3B15Bg0IzteUqEflb6YQcg+gLMU5rY/\nH9R1TzUS98OygIZIUqRvIuIyE6I8jBKF1alGHinaB3/0eYZoPuK105HoPhtk5uy+\nCWeiuDuyDcOlY+NLRuTKfURd8HgzEiDotPDV+P5TYb7i9ZF6Yq3w0ScAvl5RlWOK\nzYjh2B6KEZBDwVPuTdvwbR+jgAIkDac3AGHYiHGjfVv8eZLhMz9Gh1eAjy1oHCN2\n9s5QSzxqjxLdrdgXv//ijfWEZ3u546VSj2CCpJq54WcWL3sTr5t5yjPEJABHBjpt\nMRijuUqk1ElTNEXB1+3LGqkCAwEAAQ==\n-----END PUBLIC KEY-----\n",
            "rsa_bits": 4096
          },
          "sensitive_attributes": [
            [
              {
                "type": "get_attr",
                "value": "private_key_pem"
              }
            ],
            [
              {
                "type": "get_attr",
                "value": "private_key_pem_pkcs8"
              }
            ],
            [
              {
                "type": "get_attr",
                "value": "private_key_openssh"
              }
            ]
          ]
        }
      ]
    }
  ],
  "check_results": null
}
