{
  "version": 4,
  "terraform_version": "1.8.5",
  "serial": 384,
  "lineage": "602064bd-5364-b58c-a902-dd7833c8bdd8",
  "outputs": {
    "default_vpc_cidr_block": {
      "value": "172.31.0.0/16",
      "type": "string"
    },
    "instance_ips": {
      "value": {
        "Amazon-Wazuh-Server": {
          "private_ip": "172.31.48.136",
          "public_ip": "54.146.60.177"
        },
        "Debian-Atacante": {
          "private_ip": "172.31.39.23",
          "public_ip": "3.86.62.236"
        },
        "Ubuntu-Agente": {
          "private_ip": "172.31.32.13",
          "public_ip": "174.129.101.17"
        },
        "Windows-Agente": {
          "private_ip": "172.31.60.235",
          "public_ip": "52.86.112.90"
        }
      },
      "type": [
        "object",
        {
          "Amazon-Wazuh-Server": [
            "object",
            {
              "private_ip": "string",
              "public_ip": "string"
            }
          ],
          "Debian-Atacante": [
            "object",
            {
              "private_ip": "string",
              "public_ip": "string"
            }
          ],
          "Ubuntu-Agente": [
            "object",
            {
              "private_ip": "string",
              "public_ip": "string"
            }
          ],
          "Windows-Agente": [
            "object",
            {
              "private_ip": "string",
              "public_ip": "string"
            }
          ]
        }
      ]
    }
  },
  "resources": [
    {
      "mode": "data",
      "type": "aws_vpc",
      "name": "default",
      "provider": "provider[\"registry.terraform.io/hashicorp/aws\"]",
      "instances": [
        {
          "schema_version": 0,
          "attributes": {
            "arn": "arn:aws:ec2:us-east-1:944873386727:vpc/vpc-0143c27d846a5588f",
            "cidr_block": "172.31.0.0/16",
            "cidr_block_associations": [
              {
                "association_id": "vpc-cidr-assoc-06cff410713c6fb79",
                "cidr_block": "172.31.0.0/16",
                "state": "associated"
              }
            ],
            "default": true,
            "dhcp_options_id": "dopt-0d8493028a884032b",
            "enable_dns_hostnames": true,
            "enable_dns_support": true,
            "enable_network_address_usage_metrics": false,
            "filter": null,
            "id": "vpc-0143c27d846a5588f",
            "instance_tenancy": "default",
            "ipv6_association_id": "",
            "ipv6_cidr_block": "",
            "main_route_table_id": "rtb-0d2f95c03064fd7ad",
            "owner_id": "944873386727",
            "state": null,
            "tags": {},
            "timeouts": null
          },
          "sensitive_attributes": []
        }
      ]
    },
    {
      "mode": "managed",
      "type": "aws_instance",
      "name": "this",
      "provider": "provider[\"registry.terraform.io/hashicorp/aws\"]",
      "instances": [
        {
          "index_key": "Amazon-Wazuh-Server",
          "schema_version": 1,
          "attributes": {
            "ami": "ami-0d94353f7bad10668",
            "arn": "arn:aws:ec2:us-east-1:944873386727:instance/i-0b5e6ab3b4d58db27",
            "associate_public_ip_address": true,
            "availability_zone": "us-east-1e",
            "capacity_reservation_specification": [
              {
                "capacity_reservation_preference": "open",
                "capacity_reservation_target": []
              }
            ],
            "cpu_core_count": 2,
            "cpu_options": [
              {
                "amd_sev_snp": "",
                "core_count": 2,
                "threads_per_core": 1
              }
            ],
            "cpu_threads_per_core": 1,
            "credit_specification": [
              {
                "cpu_credits": "standard"
              }
            ],
            "disable_api_stop": false,
            "disable_api_termination": false,
            "ebs_block_device": [],
            "ebs_optimized": false,
            "enclave_options": [
              {
                "enabled": false
              }
            ],
            "ephemeral_block_device": [],
            "get_password_data": false,
            "hibernation": false,
            "host_id": "",
            "host_resource_group_arn": null,
            "iam_instance_profile": "",
            "id": "i-0b5e6ab3b4d58db27",
            "instance_initiated_shutdown_behavior": "stop",
            "instance_lifecycle": "",
            "instance_market_options": [],
            "instance_state": "running",
            "instance_type": "t2.medium",
            "ipv6_address_count": 0,
            "ipv6_addresses": [],
            "key_name": "wazuh-lab-key",
            "launch_template": [],
            "maintenance_options": [
              {
                "auto_recovery": "default"
              }
            ],
            "metadata_options": [
              {
                "http_endpoint": "enabled",
                "http_protocol_ipv6": "disabled",
                "http_put_response_hop_limit": 1,
                "http_tokens": "optional",
                "instance_metadata_tags": "disabled"
              }
            ],
            "monitoring": false,
            "network_interface": [],
            "outpost_arn": "",
            "password_data": "",
            "placement_group": "",
            "placement_partition_number": 0,
            "primary_network_interface_id": "eni-039b074aef7a8156e",
            "private_dns": "ip-172-31-48-136.ec2.internal",
            "private_dns_name_options": [
              {
                "enable_resource_name_dns_a_record": false,
                "enable_resource_name_dns_aaaa_record": false,
                "hostname_type": "ip-name"
              }
            ],
            "private_ip": "172.31.48.136",
            "public_dns": "ec2-54-146-60-177.compute-1.amazonaws.com",
            "public_ip": "54.146.60.177",
            "root_block_device": [
              {
                "delete_on_termination": true,
                "device_name": "/dev/xvda",
                "encrypted": false,
                "iops": 100,
                "kms_key_id": "",
                "tags": {},
                "tags_all": {},
                "throughput": 0,
                "volume_id": "vol-0faa4e8fdcd48faf9",
                "volume_size": 8,
                "volume_type": "gp2"
              }
            ],
            "secondary_private_ips": [],
            "security_groups": [
              "Amazon-Wazuh-Server_sg"
            ],
            "source_dest_check": true,
            "spot_instance_request_id": "",
            "subnet_id": "subnet-0d6f678bf54494094",
            "tags": {
              "Name": "Amazon-Wazuh-Server"
            },
            "tags_all": {
              "Name": "Amazon-Wazuh-Server"
            },
            "tenancy": "default",
            "timeouts": null,
            "user_data": null,
            "user_data_base64": null,
            "user_data_replace_on_change": false,
            "volume_tags": null,
            "vpc_security_group_ids": [
              "sg-0e4e30c286cf4fd2e"
            ]
          },
          "sensitive_attributes": [],
          "private": "eyJlMmJmYjczMC1lY2FhLTExZTYtOGY4OC0zNDM2M2JjN2M0YzAiOnsiY3JlYXRlIjo2MDAwMDAwMDAwMDAsImRlbGV0ZSI6MTIwMDAwMDAwMDAwMCwicmVhZCI6OTAwMDAwMDAwMDAwLCJ1cGRhdGUiOjYwMDAwMDAwMDAwMH0sInNjaGVtYV92ZXJzaW9uIjoiMSJ9",
          "dependencies": [
            "aws_key_pair.despliegue",
            "aws_security_group.instancia_sg",
            "data.aws_vpc.default",
            "tls_private_key.wazuh_lab_cecib"
          ]
        },
        {
          "index_key": "Debian-Atacante",
          "schema_version": 1,
          "attributes": {
            "ami": "ami-058bd2d568351da34",
            "arn": "arn:aws:ec2:us-east-1:944873386727:instance/i-0703ff2a2cdd31b8a",
            "associate_public_ip_address": true,
            "availability_zone": "us-east-1a",
            "capacity_reservation_specification": [
              {
                "capacity_reservation_preference": "open",
                "capacity_reservation_target": []
              }
            ],
            "cpu_core_count": 1,
            "cpu_options": [
              {
                "amd_sev_snp": "",
                "core_count": 1,
                "threads_per_core": 1
              }
            ],
            "cpu_threads_per_core": 1,
            "credit_specification": [
              {
                "cpu_credits": "standard"
              }
            ],
            "disable_api_stop": false,
            "disable_api_termination": false,
            "ebs_block_device": [],
            "ebs_optimized": false,
            "enclave_options": [
              {
                "enabled": false
              }
            ],
            "ephemeral_block_device": [],
            "get_password_data": false,
            "hibernation": false,
            "host_id": "",
            "host_resource_group_arn": null,
            "iam_instance_profile": "",
            "id": "i-0703ff2a2cdd31b8a",
            "instance_initiated_shutdown_behavior": "stop",
            "instance_lifecycle": "",
            "instance_market_options": [],
            "instance_state": "running",
            "instance_type": "t2.micro",
            "ipv6_address_count": 0,
            "ipv6_addresses": [],
            "key_name": "wazuh-lab-key",
            "launch_template": [],
            "maintenance_options": [
              {
                "auto_recovery": "default"
              }
            ],
            "metadata_options": [
              {
                "http_endpoint": "enabled",
                "http_protocol_ipv6": "disabled",
                "http_put_response_hop_limit": 1,
                "http_tokens": "optional",
                "instance_metadata_tags": "disabled"
              }
            ],
            "monitoring": false,
            "network_interface": [],
            "outpost_arn": "",
            "password_data": "",
            "placement_group": "",
            "placement_partition_number": 0,
            "primary_network_interface_id": "eni-00c7a182b069021a0",
            "private_dns": "ip-172-31-39-23.ec2.internal",
            "private_dns_name_options": [
              {
                "enable_resource_name_dns_a_record": false,
                "enable_resource_name_dns_aaaa_record": false,
                "hostname_type": "ip-name"
              }
            ],
            "private_ip": "172.31.39.23",
            "public_dns": "ec2-3-86-62-236.compute-1.amazonaws.com",
            "public_ip": "3.86.62.236",
            "root_block_device": [
              {
                "delete_on_termination": true,
                "device_name": "/dev/xvda",
                "encrypted": false,
                "iops": 3000,
                "kms_key_id": "",
                "tags": {},
                "tags_all": {},
                "throughput": 125,
                "volume_id": "vol-04ca21e90cac3ad98",
                "volume_size": 8,
                "volume_type": "gp3"
              }
            ],
            "secondary_private_ips": [],
            "security_groups": [
              "Debian-Atacante_sg"
            ],
            "source_dest_check": true,
            "spot_instance_request_id": "",
            "subnet_id": "subnet-096b7f6c578bb0238",
            "tags": {
              "Name": "Debian-Atacante"
            },
            "tags_all": {
              "Name": "Debian-Atacante"
            },
            "tenancy": "default",
            "timeouts": null,
            "user_data": null,
            "user_data_base64": null,
            "user_data_replace_on_change": false,
            "volume_tags": null,
            "vpc_security_group_ids": [
              "sg-07b45037e23498373"
            ]
          },
          "sensitive_attributes": [],
          "private": "eyJlMmJmYjczMC1lY2FhLTExZTYtOGY4OC0zNDM2M2JjN2M0YzAiOnsiY3JlYXRlIjo2MDAwMDAwMDAwMDAsImRlbGV0ZSI6MTIwMDAwMDAwMDAwMCwicmVhZCI6OTAwMDAwMDAwMDAwLCJ1cGRhdGUiOjYwMDAwMDAwMDAwMH0sInNjaGVtYV92ZXJzaW9uIjoiMSJ9",
          "dependencies": [
            "aws_key_pair.despliegue",
            "aws_security_group.instancia_sg",
            "data.aws_vpc.default",
            "tls_private_key.wazuh_lab_cecib"
          ]
        },
        {
          "index_key": "Ubuntu-Agente",
          "schema_version": 1,
          "attributes": {
            "ami": "ami-04b70fa74e45c3917",
            "arn": "arn:aws:ec2:us-east-1:944873386727:instance/i-05cceb04476d4934a",
            "associate_public_ip_address": true,
            "availability_zone": "us-east-1a",
            "capacity_reservation_specification": [
              {
                "capacity_reservation_preference": "open",
                "capacity_reservation_target": []
              }
            ],
            "cpu_core_count": 1,
            "cpu_options": [
              {
                "amd_sev_snp": "",
                "core_count": 1,
                "threads_per_core": 1
              }
            ],
            "cpu_threads_per_core": 1,
            "credit_specification": [
              {
                "cpu_credits": "standard"
              }
            ],
            "disable_api_stop": false,
            "disable_api_termination": false,
            "ebs_block_device": [],
            "ebs_optimized": false,
            "enclave_options": [
              {
                "enabled": false
              }
            ],
            "ephemeral_block_device": [],
            "get_password_data": false,
            "hibernation": false,
            "host_id": "",
            "host_resource_group_arn": null,
            "iam_instance_profile": "",
            "id": "i-05cceb04476d4934a",
            "instance_initiated_shutdown_behavior": "stop",
            "instance_lifecycle": "",
            "instance_market_options": [],
            "instance_state": "running",
            "instance_type": "t2.micro",
            "ipv6_address_count": 0,
            "ipv6_addresses": [],
            "key_name": "wazuh-lab-key",
            "launch_template": [],
            "maintenance_options": [
              {
                "auto_recovery": "default"
              }
            ],
            "metadata_options": [
              {
                "http_endpoint": "enabled",
                "http_protocol_ipv6": "disabled",
                "http_put_response_hop_limit": 2,
                "http_tokens": "required",
                "instance_metadata_tags": "disabled"
              }
            ],
            "monitoring": false,
            "network_interface": [],
            "outpost_arn": "",
            "password_data": "",
            "placement_group": "",
            "placement_partition_number": 0,
            "primary_network_interface_id": "eni-07bdeda14a47f5564",
            "private_dns": "ip-172-31-32-13.ec2.internal",
            "private_dns_name_options": [
              {
                "enable_resource_name_dns_a_record": false,
                "enable_resource_name_dns_aaaa_record": false,
                "hostname_type": "ip-name"
              }
            ],
            "private_ip": "172.31.32.13",
            "public_dns": "ec2-174-129-101-17.compute-1.amazonaws.com",
            "public_ip": "174.129.101.17",
            "root_block_device": [
              {
                "delete_on_termination": true,
                "device_name": "/dev/sda1",
                "encrypted": false,
                "iops": 3000,
                "kms_key_id": "",
                "tags": {},
                "tags_all": {},
                "throughput": 125,
                "volume_id": "vol-0128faaf63ad58aef",
                "volume_size": 8,
                "volume_type": "gp3"
              }
            ],
            "secondary_private_ips": [],
            "security_groups": [
              "Ubuntu-Agente_sg"
            ],
            "source_dest_check": true,
            "spot_instance_request_id": "",
            "subnet_id": "subnet-096b7f6c578bb0238",
            "tags": {
              "Name": "Ubuntu-Agente"
            },
            "tags_all": {
              "Name": "Ubuntu-Agente"
            },
            "tenancy": "default",
            "timeouts": null,
            "user_data": null,
            "user_data_base64": null,
            "user_data_replace_on_change": false,
            "volume_tags": null,
            "vpc_security_group_ids": [
              "sg-00c8c7e97dd3fa53d"
            ]
          },
          "sensitive_attributes": [],
          "private": "eyJlMmJmYjczMC1lY2FhLTExZTYtOGY4OC0zNDM2M2JjN2M0YzAiOnsiY3JlYXRlIjo2MDAwMDAwMDAwMDAsImRlbGV0ZSI6MTIwMDAwMDAwMDAwMCwicmVhZCI6OTAwMDAwMDAwMDAwLCJ1cGRhdGUiOjYwMDAwMDAwMDAwMH0sInNjaGVtYV92ZXJzaW9uIjoiMSJ9",
          "dependencies": [
            "aws_key_pair.despliegue",
            "aws_security_group.instancia_sg",
            "data.aws_vpc.default",
            "tls_private_key.wazuh_lab_cecib"
          ]
        },
        {
          "index_key": "Windows-Agente",
          "schema_version": 1,
          "attributes": {
            "ami": "ami-0d94353f7bad10668",
            "arn": "arn:aws:ec2:us-east-1:944873386727:instance/i-09d8b348562da60c7",
            "associate_public_ip_address": true,
            "availability_zone": "us-east-1e",
            "capacity_reservation_specification": [
              {
                "capacity_reservation_preference": "open",
                "capacity_reservation_target": []
              }
            ],
            "cpu_core_count": 2,
            "cpu_options": [
              {
                "amd_sev_snp": "",
                "core_count": 2,
                "threads_per_core": 1
              }
            ],
            "cpu_threads_per_core": 1,
            "credit_specification": [
              {
                "cpu_credits": "standard"
              }
            ],
            "disable_api_stop": false,
            "disable_api_termination": false,
            "ebs_block_device": [],
            "ebs_optimized": false,
            "enclave_options": [
              {
                "enabled": false
              }
            ],
            "ephemeral_block_device": [],
            "get_password_data": false,
            "hibernation": false,
            "host_id": "",
            "host_resource_group_arn": null,
            "iam_instance_profile": "",
            "id": "i-09d8b348562da60c7",
            "instance_initiated_shutdown_behavior": "stop",
            "instance_lifecycle": "",
            "instance_market_options": [],
            "instance_state": "running",
            "instance_type": "t2.medium",
            "ipv6_address_count": 0,
            "ipv6_addresses": [],
            "key_name": "wazuh-lab-key",
            "launch_template": [],
            "maintenance_options": [
              {
                "auto_recovery": "default"
              }
            ],
            "metadata_options": [
              {
                "http_endpoint": "enabled",
                "http_protocol_ipv6": "disabled",
                "http_put_response_hop_limit": 1,
                "http_tokens": "optional",
                "instance_metadata_tags": "disabled"
              }
            ],
            "monitoring": false,
            "network_interface": [],
            "outpost_arn": "",
            "password_data": "",
            "placement_group": "",
            "placement_partition_number": 0,
            "primary_network_interface_id": "eni-09a7aee0ca10617d0",
            "private_dns": "ip-172-31-60-235.ec2.internal",
            "private_dns_name_options": [
              {
                "enable_resource_name_dns_a_record": false,
                "enable_resource_name_dns_aaaa_record": false,
                "hostname_type": "ip-name"
              }
            ],
            "private_ip": "172.31.60.235",
            "public_dns": "ec2-52-86-112-90.compute-1.amazonaws.com",
            "public_ip": "52.86.112.90",
            "root_block_device": [
              {
                "delete_on_termination": true,
                "device_name": "/dev/xvda",
                "encrypted": false,
                "iops": 100,
                "kms_key_id": "",
                "tags": {},
                "tags_all": {},
                "throughput": 0,
                "volume_id": "vol-0fab430f2d1940b03",
                "volume_size": 8,
                "volume_type": "gp2"
              }
            ],
            "secondary_private_ips": [],
            "security_groups": [
              "Windows-Agente_sg"
            ],
            "source_dest_check": true,
            "spot_instance_request_id": "",
            "subnet_id": "subnet-0d6f678bf54494094",
            "tags": {
              "Name": "Windows-Agente"
            },
            "tags_all": {
              "Name": "Windows-Agente"
            },
            "tenancy": "default",
            "timeouts": null,
            "user_data": "1ed2945f3ba0d4dbb41b96255866248df1a2fcf1",
            "user_data_base64": null,
            "user_data_replace_on_change": false,
            "volume_tags": null,
            "vpc_security_group_ids": [
              "sg-0abb7bb890df4b5a2"
            ]
          },
          "sensitive_attributes": [],
          "private": "eyJlMmJmYjczMC1lY2FhLTExZTYtOGY4OC0zNDM2M2JjN2M0YzAiOnsiY3JlYXRlIjo2MDAwMDAwMDAwMDAsImRlbGV0ZSI6MTIwMDAwMDAwMDAwMCwicmVhZCI6OTAwMDAwMDAwMDAwLCJ1cGRhdGUiOjYwMDAwMDAwMDAwMH0sInNjaGVtYV92ZXJzaW9uIjoiMSJ9",
          "dependencies": [
            "aws_key_pair.despliegue",
            "aws_security_group.instancia_sg",
            "data.aws_vpc.default",
            "tls_private_key.wazuh_lab_cecib"
          ]
        }
      ]
    },
    {
      "mode": "managed",
      "type": "aws_key_pair",
      "name": "despliegue",
      "provider": "provider[\"registry.terraform.io/hashicorp/aws\"]",
      "instances": [
        {
          "schema_version": 1,
          "attributes": {
            "arn": "arn:aws:ec2:us-east-1:944873386727:key-pair/wazuh-lab-key",
            "fingerprint": "2c:29:8d:55:07:c9:d1:e8:cc:0e:b0:82:cd:7a:3a:13",
            "id": "wazuh-lab-key",
            "key_name": "wazuh-lab-key",
            "key_name_prefix": "",
            "key_pair_id": "key-0dbc5d73ecc640ca5",
            "key_type": "rsa",
            "public_key": "ssh-rsa AAAAB3NzaC1yc2EAAAADAQABAAACAQCyI9+C5J8ST+C2iOYtU1k64KJyfF7SU2TllqFy0J9duCHSvE1HRdkLmoA3pBQaYlkvCEJwVE1LyUN24ms+04ewYW2AV6VChSlZDm/5KvlINH5fifPvrxImYcNAaOpAvNVq+2AXQ9YeGv/aMJAEjLCajYMjgGwFznSigGgS2pgZCq/cdh3UcpXCr3q+Dnx3nbf5gSxHShAsNTJhIqkGBeUQvIxOtWtVtWRju/i8UTSweSMcloZg3Mkg7BSvj9oNsIrTVun710Zh8scaAzxuf/lNQah6h+c9WMwSvKFKfpK8BMW/CvVW43PBMiPr9SSQRHfBvm7ZTPGsVJXlVKAev7Lq58NV2ciRTdt17jNYdslD40a3kaGfFMT4utZRwMnEmh4uMVQlJ4y3iOxnajiNe2GYkjE9pkpcfRgAzWzwi70NEvkGvz5RtfdieT2ep7NgSFeXrExRDG8ov4oCI6oEDhNOfZ96CCx8D+ZtCVvQlRmONg/Sp+x0UsU/uMsTjVo/hct+0yOdzsijhjbpGxeYeYa2+70qN0sfyqkMWtfungTlZrAneIUvHWsYeFr9cRQoMs6nDDIhsAfNjWJlbfaC/bcIrTakjSqaal2UuECPt60lYW+y0JfoudCag/2Bf9aOcBSzJUH6E2kE4JOcBpe6/UIPPN29HsNZuG1WJ8ZFbC9dvw==",
            "tags": {},
            "tags_all": {}
          },
          "sensitive_attributes": [],
          "private": "eyJzY2hlbWFfdmVyc2lvbiI6IjEifQ==",
          "dependencies": [
            "tls_private_key.wazuh_lab_cecib"
          ]
        }
      ]
    },
    {
      "mode": "managed",
      "type": "aws_security_group",
      "name": "instancia_sg",
      "provider": "provider[\"registry.terraform.io/hashicorp/aws\"]",
      "instances": [
        {
          "index_key": "Amazon-Wazuh-Server",
          "schema_version": 1,
          "attributes": {
            "arn": "arn:aws:ec2:us-east-1:944873386727:security-group/sg-0e4e30c286cf4fd2e",
            "description": "Security group for Amazon-Wazuh-Server",
            "egress": [
              {
                "cidr_blocks": [
                  "0.0.0.0/0"
                ],
                "description": "",
                "from_port": 0,
                "ipv6_cidr_blocks": [],
                "prefix_list_ids": [],
                "protocol": "-1",
                "security_groups": [],
                "self": false,
                "to_port": 0
              }
            ],
            "id": "sg-0e4e30c286cf4fd2e",
            "ingress": [
              {
                "cidr_blocks": [
                  "0.0.0.0/0"
                ],
                "description": "",
                "from_port": 22,
                "ipv6_cidr_blocks": [],
                "prefix_list_ids": [],
                "protocol": "tcp",
                "security_groups": [],
                "self": false,
                "to_port": 22
              },
              {
                "cidr_blocks": [
                  "0.0.0.0/0"
                ],
                "description": "",
                "from_port": 443,
                "ipv6_cidr_blocks": [],
                "prefix_list_ids": [],
                "protocol": "tcp",
                "security_groups": [],
                "self": false,
                "to_port": 443
              },
              {
                "cidr_blocks": [
                  "0.0.0.0/0"
                ],
                "description": "",
                "from_port": 80,
                "ipv6_cidr_blocks": [],
                "prefix_list_ids": [],
                "protocol": "tcp",
                "security_groups": [],
                "self": false,
                "to_port": 80
              },
              {
                "cidr_blocks": [
                  "172.31.0.0/16"
                ],
                "description": "",
                "from_port": 0,
                "ipv6_cidr_blocks": [],
                "prefix_list_ids": [],
                "protocol": "tcp",
                "security_groups": [],
                "self": false,
                "to_port": 65535
              }
            ],
            "name": "Amazon-Wazuh-Server_sg",
            "name_prefix": "",
            "owner_id": "944873386727",
            "revoke_rules_on_delete": false,
            "tags": {},
            "tags_all": {},
            "timeouts": null,
            "vpc_id": "vpc-0143c27d846a5588f"
          },
          "sensitive_attributes": [],
          "private": "eyJlMmJmYjczMC1lY2FhLTExZTYtOGY4OC0zNDM2M2JjN2M0YzAiOnsiY3JlYXRlIjo2MDAwMDAwMDAwMDAsImRlbGV0ZSI6OTAwMDAwMDAwMDAwfSwic2NoZW1hX3ZlcnNpb24iOiIxIn0=",
          "dependencies": [
            "data.aws_vpc.default"
          ]
        },
        {
          "index_key": "Debian-Atacante",
          "schema_version": 1,
          "attributes": {
            "arn": "arn:aws:ec2:us-east-1:944873386727:security-group/sg-07b45037e23498373",
            "description": "Security group for Debian-Atacante",
            "egress": [
              {
                "cidr_blocks": [
                  "0.0.0.0/0"
                ],
                "description": "",
                "from_port": 0,
                "ipv6_cidr_blocks": [],
                "prefix_list_ids": [],
                "protocol": "-1",
                "security_groups": [],
                "self": false,
                "to_port": 0
              }
            ],
            "id": "sg-07b45037e23498373",
            "ingress": [
              {
                "cidr_blocks": [
                  "0.0.0.0/0"
                ],
                "description": "",
                "from_port": 22,
                "ipv6_cidr_blocks": [],
                "prefix_list_ids": [],
                "protocol": "tcp",
                "security_groups": [],
                "self": false,
                "to_port": 22
              },
              {
                "cidr_blocks": [
                  "172.31.0.0/16"
                ],
                "description": "",
                "from_port": 0,
                "ipv6_cidr_blocks": [],
                "prefix_list_ids": [],
                "protocol": "tcp",
                "security_groups": [],
                "self": false,
                "to_port": 65535
              }
            ],
            "name": "Debian-Atacante_sg",
            "name_prefix": "",
            "owner_id": "944873386727",
            "revoke_rules_on_delete": false,
            "tags": {},
            "tags_all": {},
            "timeouts": null,
            "vpc_id": "vpc-0143c27d846a5588f"
          },
          "sensitive_attributes": [],
          "private": "eyJlMmJmYjczMC1lY2FhLTExZTYtOGY4OC0zNDM2M2JjN2M0YzAiOnsiY3JlYXRlIjo2MDAwMDAwMDAwMDAsImRlbGV0ZSI6OTAwMDAwMDAwMDAwfSwic2NoZW1hX3ZlcnNpb24iOiIxIn0=",
          "dependencies": [
            "data.aws_vpc.default"
          ]
        },
        {
          "index_key": "Ubuntu-Agente",
          "schema_version": 1,
          "attributes": {
            "arn": "arn:aws:ec2:us-east-1:944873386727:security-group/sg-00c8c7e97dd3fa53d",
            "description": "Security group for Ubuntu-Agente",
            "egress": [
              {
                "cidr_blocks": [
                  "0.0.0.0/0"
                ],
                "description": "",
                "from_port": 0,
                "ipv6_cidr_blocks": [],
                "prefix_list_ids": [],
                "protocol": "-1",
                "security_groups": [],
                "self": false,
                "to_port": 0
              }
            ],
            "id": "sg-00c8c7e97dd3fa53d",
            "ingress": [
              {
                "cidr_blocks": [
                  "0.0.0.0/0"
                ],
                "description": "",
                "from_port": 22,
                "ipv6_cidr_blocks": [],
                "prefix_list_ids": [],
                "protocol": "tcp",
                "security_groups": [],
                "self": false,
                "to_port": 22
              },
              {
                "cidr_blocks": [
                  "0.0.0.0/0"
                ],
                "description": "",
                "from_port": 80,
                "ipv6_cidr_blocks": [],
                "prefix_list_ids": [],
                "protocol": "tcp",
                "security_groups": [],
                "self": false,
                "to_port": 80
              },
              {
                "cidr_blocks": [
                  "172.31.0.0/16"
                ],
                "description": "",
                "from_port": 0,
                "ipv6_cidr_blocks": [],
                "prefix_list_ids": [],
                "protocol": "tcp",
                "security_groups": [],
                "self": false,
                "to_port": 65535
              }
            ],
            "name": "Ubuntu-Agente_sg",
            "name_prefix": "",
            "owner_id": "944873386727",
            "revoke_rules_on_delete": false,
            "tags": {},
            "tags_all": {},
            "timeouts": null,
            "vpc_id": "vpc-0143c27d846a5588f"
          },
          "sensitive_attributes": [],
          "private": "eyJlMmJmYjczMC1lY2FhLTExZTYtOGY4OC0zNDM2M2JjN2M0YzAiOnsiY3JlYXRlIjo2MDAwMDAwMDAwMDAsImRlbGV0ZSI6OTAwMDAwMDAwMDAwfSwic2NoZW1hX3ZlcnNpb24iOiIxIn0=",
          "dependencies": [
            "data.aws_vpc.default"
          ]
        },
        {
          "index_key": "Windows-Agente",
          "schema_version": 1,
          "attributes": {
            "arn": "arn:aws:ec2:us-east-1:944873386727:security-group/sg-0abb7bb890df4b5a2",
            "description": "Security group for Windows-Agente",
            "egress": [
              {
                "cidr_blocks": [
                  "0.0.0.0/0"
                ],
                "description": "",
                "from_port": 0,
                "ipv6_cidr_blocks": [],
                "prefix_list_ids": [],
                "protocol": "-1",
                "security_groups": [],
                "self": false,
                "to_port": 0
              }
            ],
            "id": "sg-0abb7bb890df4b5a2",
            "ingress": [
              {
                "cidr_blocks": [
                  "0.0.0.0/0"
                ],
                "description": "",
                "from_port": 3389,
                "ipv6_cidr_blocks": [],
                "prefix_list_ids": [],
                "protocol": "tcp",
                "security_groups": [],
                "self": false,
                "to_port": 3389
              },
              {
                "cidr_blocks": [
                  "0.0.0.0/0"
                ],
                "description": "",
                "from_port": 5986,
                "ipv6_cidr_blocks": [],
                "prefix_list_ids": [],
                "protocol": "tcp",
                "security_groups": [],
                "self": false,
                "to_port": 5986
              },
              {
                "cidr_blocks": [
                  "0.0.0.0/0"
                ],
                "description": "",
                "from_port": 80,
                "ipv6_cidr_blocks": [],
                "prefix_list_ids": [],
                "protocol": "tcp",
                "security_groups": [],
                "self": false,
                "to_port": 80
              },
              {
                "cidr_blocks": [
                  "172.31.0.0/16"
                ],
                "description": "",
                "from_port": 0,
                "ipv6_cidr_blocks": [],
                "prefix_list_ids": [],
                "protocol": "tcp",
                "security_groups": [],
                "self": false,
                "to_port": 65535
              }
            ],
            "name": "Windows-Agente_sg",
            "name_prefix": "",
            "owner_id": "944873386727",
            "revoke_rules_on_delete": false,
            "tags": {},
            "tags_all": {},
            "timeouts": null,
            "vpc_id": "vpc-0143c27d846a5588f"
          },
          "sensitive_attributes": [],
          "private": "eyJlMmJmYjczMC1lY2FhLTExZTYtOGY4OC0zNDM2M2JjN2M0YzAiOnsiY3JlYXRlIjo2MDAwMDAwMDAwMDAsImRlbGV0ZSI6OTAwMDAwMDAwMDAwfSwic2NoZW1hX3ZlcnNpb24iOiIxIn0=",
          "dependencies": [
            "data.aws_vpc.default"
          ]
        }
      ]
    },
    {
      "mode": "managed",
      "type": "local_file",
      "name": "clave_privada",
      "provider": "provider[\"registry.terraform.io/hashicorp/local\"]",
      "instances": [
        {
          "schema_version": 0,
          "attributes": {
            "content": "-----BEGIN RSA PRIVATE KEY-----\nMIIJKQIBAAKCAgEAsiPfguSfEk/gtojmLVNZOuCicnxe0lNk5ZahctCfXbgh0rxN\nR0XZC5qAN6QUGmJZLwhCcFRNS8lDduJrPtOHsGFtgFelQoUpWQ5v+Sr5SDR+X4nz\n768SJmHDQGjqQLzVavtgF0PWHhr/2jCQBIywmo2DI4BsBc50ooBoEtqYGQqv3HYd\n1HKVwq96vg58d523+YEsR0oQLDUyYSKpBgXlELyMTrVrVbVkY7v4vFE0sHkjHJaG\nYNzJIOwUr4/aDbCK01bp+9dGYfLHGgM8bn/5TUGoeofnPVjMEryhSn6SvATFvwr1\nVuNzwTIj6/UkkER3wb5u2UzxrFSV5VSgHr+y6ufDVdnIkU3bde4zWHbJQ+NGt5Gh\nnxTE+LrWUcDJxJoeLjFUJSeMt4jsZ2o4jXthmJIxPaZKXH0YAM1s8Iu9DRL5Br8+\nUbX3Ynk9nqezYEhXl6xMUQxvKL+KAiOqBA4TTn2feggsfA/mbQlb0JUZjjYP0qfs\ndFLFP7jLE41aP4XLftMjnc7Io4Y26RsXmHmGtvu9KjdLH8qpDFrX7p4E5WawJ3iF\nLx1rGHha/XEUKDLOpwwyIbAHzY1iZW32gv23CK02pI0qmmpdlLhAj7etJWFvstCX\n6LnQmoP9gX/WjnAUsyVB+hNpBOCTnAaXuv1CDzzdvR7DWbhtVifGRWwvXb8CAwEA\nAQKCAgBEtl+dfo/5IUR9RBr8+rxdYI5oeJ6epDoz8ME/p0cBgGfTgHySdFe/CQ5R\n6AE1GCBsatQtvea+x9g1ACr75d3d5Aa3zZbaLMEBL/dy9eeHuW/RbEXievYWRflp\nW86Xv/7WMDYlYy4xGJr9z2ONzbLFOraNuBhyuOr2T29VbmnipuOktw7UhopLuSIw\nMyhBf12aaP/qU6AfXTmcjCEESLvNk9zO811+huQ9MCFGilA3jdJEUa9tp1wRTd7A\nxU0HoMQ7tre0Q5pLZ7jyyLLDsKs56IyTDt7cI+c7hvTz5hS1X2XjRdfSdxOMPsnq\nVvmOiEplOg5J1UsW/N2Awv6sPadGHVHn0q1Bh91Xq2y8aSStzlSY/iwqYJxwDqUt\nnJAtnRBomxwFLPKFSPRNp3lMJbHQ7JVq4Zibwn4rSZ9vemNbmWIh0/Rl0W8P+3r+\nNCBNqCbTU7Z2n5XW+/sLj9bhRiUQf/SxgeM2mAr8jXBLHizBMrg2jkT431buzErV\noH6q6Hx8QREQrcxvhT39zHcby1Xtx7MR67uKL3PdXcA9PYSAU8RJ2d+FT1Zn1qOW\ne2y+Z2zFipida6z9789WWH0JmCzmOpakg0wnsCLbYRtPHeuLxEmrs2HZLEf5o9GI\n1xkgeuC3aOod/g5O+ZUnGc279hqWBdWoGD9mRY/iQpDRapbV6QKCAQEA6UzjAaa+\nnxPD+lWf3nBjVVT7TQiLgSqx+HKiZj/sWBy6q5H4k5QUdZLMU0grv4ekQQd9v7Yp\ngV5r2aCSo3U8UmKC317A/EP+lPO89J4GrOJ428VeLklwQJ7SlMwwHSd/GDWNiCs/\nRFypJrSgcmEbADyVa7SKDoS2voGqMqdiTW7pHx3OHns/YiIkvfj+SguMoZv8kz5G\n+X8Co8Nue1JsvJkWTKZdHawe6Kc4DgGRVOFH3xXepTZnEcy7KdObaXXUOBIBr9Ri\n+gNsO5eHxbAcXPj6yd4d7O7p3hd0kqc/xGx8IeRIPb20Ql+dmHqD5dhf66blI9UH\n64nHIGkVQnOOCwKCAQEAw3kKJ98F9u0MVAHv1DJdYSs2gMLA6YrGfXkPeLLgo/lQ\nAH2+Q96weAGbNqB2pWZ1wY8bGqrJ8fkueCkoywkUM1wZvisda9iAWmuMA5FJRyfW\nJeO9JMSrBMGwpdxEZqdtHRMkGfVDM+5r3hEueFXW/ypo07Z138D+lH56TbPpy9tw\nIGNoTb7PZiolCpsXNW2vbKSrvneBUesMyZs4SXxyCeUveDv00SeVtXYgeqVchg26\nU1FjSzN+hB5wRUwMuQVR6XuyY85kw6lOMKkRvFllf6yf+WIJSFFhnoERU0kN6ya6\ndxJSCrDnmi5v9tR+503axyqcagyf1EKAP7riFwljnQKCAQAlry+z4pVD6NNtKkuK\niKji7bkx9kFied0JfqrQzV6F1Q4qDIgUfoTXgQDUKwI2C9jyUB11zBzkMrZFDvTg\nxl0aCaOOJSYTGYCT2tMYyDXX0zUmerj9zQr+xSjKtDjJXMngxTW5WxL7HeSMxfxs\nvVa5MRAJt73dHn7OQu+VAwiT7WhmiE/1CH9ygIVi0kdw+nCa4jFoL1UTk/p/LWA5\nN1UtGaVKeEzuMBFGD0y0pngtN75+QHAYS7NWYrWQygd+f3PqIq53El1yeP8QmSdr\nPUk3k1gfJ2u6C9Vm9G72CWH5fnSGnPM2VeA6IGu6Z3/Krqq/y9OTeCOxXi32BENU\n2omFAoIBAQCzpBhOPitYG9AZoFINHGAu/aywNstdlfkGtOwgC5xhda0tVmI2M4DQ\nOQGw+VUwenI7+U16e3zuEQfAzGq99VEIRlsuJqd6RlTnRDE/0hSa/SRUW/Cmyss0\nquCx/TUrdjDT6JRj+r/RCQs+4WFom9LjW9FMyEGZ6d7ND1NM98wkWj24tkLUOEiY\nZqD2F0QECRKP8OIZP/CsHSz6Vtkqx+Bx8ZtnjwpV8WAnjTEaJcBbPmB/U6vCH8fk\nmaiqNtL2csotnk16ZeK64myGUcqH40xhQn8ejBdly8zAA3Otq9TLyCLTbRXS13Nx\ngb3KBM2/uxAVu7ZVy9ZTFu6QIyrG6w0NAoIBAQDVaSeNn32uuMp/q+Ga/UImIN1R\nOF45NbI7iBe9pZFTnLv3y4LnB2qVgFrPFWU94xi2cpN2f/Que/kjjW3dV6VMcpmd\ngy5RuxixSHQyNAWAsKR6d7Gy84DJ8U7cCuTR6qi+UWM/QQK+KnMRZ107WSVQsYbi\nsS5PtTXAr6XfEVPp8Ws7dj3lsJc7PoNH1PhR6shCMkWpcmSnL+KpnJtt1RAFFJRe\nM6kKBr2DhkZz3Yp/BUWNxa8tforxNfKkZhA1AiOfpt6kaLjR+DstjQxmkex1gjop\n30G0dGdA6g4uikyavODI5unaKu7K4n2XsuLCL14YCHmftkmHwgqAp2haBQ5C\n-----END RSA PRIVATE KEY-----\n",
            "content_base64": null,
            "content_base64sha256": "9eP0XesWIlB93nITnC/CH2tN2miN1HXeG/6dOcepeqQ=",
            "content_base64sha512": "tnwUX8FUgwEaPD9gQhesuPNgKSk9MZSZspnXX48j4n00MeriHevSopPA7A8u9aABGj+yQtSiYnObSNxQbYWflQ==",
            "content_md5": "35ce9c505203330aee6b4a440b7e0c54",
            "content_sha1": "2463e294afb09317656c15c80a792558149be42e",
            "content_sha256": "f5e3f45deb1622507dde72139c2fc21f6b4dda688dd475de1bfe9d39c7a97aa4",
            "content_sha512": "b67c145fc15483011a3c3f604217acb8f36029293d319499b299d75f8f23e27d3431eae21debd2a293c0ec0f2ef5a0011a3fb242d4a262739b48dc506d859f95",
            "directory_permission": "0777",
            "file_permission": "0400",
            "filename": "./despliegue_wazuh.pem",
            "id": "2463e294afb09317656c15c80a792558149be42e",
            "sensitive_content": null,
            "source": null
          },
          "sensitive_attributes": [
            [
              {
                "type": "get_attr",
                "value": "sensitive_content"
              }
            ],
            [
              {
                "type": "get_attr",
                "value": "content"
              }
            ]
          ],
          "dependencies": [
            "tls_private_key.wazuh_lab_cecib"
          ]
        }
      ]
    },
    {
      "mode": "managed",
      "type": "tls_private_key",
      "name": "wazuh_lab_cecib",
      "provider": "provider[\"registry.terraform.io/hashicorp/tls\"]",
      "instances": [
        {
          "schema_version": 1,
          "attributes": {
            "algorithm": "RSA",
            "ecdsa_curve": "P224",
            "id": "b4e11bf591039fbe934eb2487eb482bb5adde823",
            "private_key_openssh": "-----BEGIN OPENSSH PRIVATE KEY-----\nb3BlbnNzaC1rZXktdjEAAAAABG5vbmUAAAAEbm9uZQAAAAAAAAABAAACFwAAAAdz\nc2gtcnNhAAAAAwEAAQAAAgEAsiPfguSfEk/gtojmLVNZOuCicnxe0lNk5ZahctCf\nXbgh0rxNR0XZC5qAN6QUGmJZLwhCcFRNS8lDduJrPtOHsGFtgFelQoUpWQ5v+Sr5\nSDR+X4nz768SJmHDQGjqQLzVavtgF0PWHhr/2jCQBIywmo2DI4BsBc50ooBoEtqY\nGQqv3HYd1HKVwq96vg58d523+YEsR0oQLDUyYSKpBgXlELyMTrVrVbVkY7v4vFE0\nsHkjHJaGYNzJIOwUr4/aDbCK01bp+9dGYfLHGgM8bn/5TUGoeofnPVjMEryhSn6S\nvATFvwr1VuNzwTIj6/UkkER3wb5u2UzxrFSV5VSgHr+y6ufDVdnIkU3bde4zWHbJ\nQ+NGt5GhnxTE+LrWUcDJxJoeLjFUJSeMt4jsZ2o4jXthmJIxPaZKXH0YAM1s8Iu9\nDRL5Br8+UbX3Ynk9nqezYEhXl6xMUQxvKL+KAiOqBA4TTn2feggsfA/mbQlb0JUZ\njjYP0qfsdFLFP7jLE41aP4XLftMjnc7Io4Y26RsXmHmGtvu9KjdLH8qpDFrX7p4E\n5WawJ3iFLx1rGHha/XEUKDLOpwwyIbAHzY1iZW32gv23CK02pI0qmmpdlLhAj7et\nJWFvstCX6LnQmoP9gX/WjnAUsyVB+hNpBOCTnAaXuv1CDzzdvR7DWbhtVifGRWwv\nXb8AAAc4wcLx1MHC8dQAAAAHc3NoLXJzYQAAAgEAsiPfguSfEk/gtojmLVNZOuCi\ncnxe0lNk5ZahctCfXbgh0rxNR0XZC5qAN6QUGmJZLwhCcFRNS8lDduJrPtOHsGFt\ngFelQoUpWQ5v+Sr5SDR+X4nz768SJmHDQGjqQLzVavtgF0PWHhr/2jCQBIywmo2D\nI4BsBc50ooBoEtqYGQqv3HYd1HKVwq96vg58d523+YEsR0oQLDUyYSKpBgXlELyM\nTrVrVbVkY7v4vFE0sHkjHJaGYNzJIOwUr4/aDbCK01bp+9dGYfLHGgM8bn/5TUGo\neofnPVjMEryhSn6SvATFvwr1VuNzwTIj6/UkkER3wb5u2UzxrFSV5VSgHr+y6ufD\nVdnIkU3bde4zWHbJQ+NGt5GhnxTE+LrWUcDJxJoeLjFUJSeMt4jsZ2o4jXthmJIx\nPaZKXH0YAM1s8Iu9DRL5Br8+UbX3Ynk9nqezYEhXl6xMUQxvKL+KAiOqBA4TTn2f\neggsfA/mbQlb0JUZjjYP0qfsdFLFP7jLE41aP4XLftMjnc7Io4Y26RsXmHmGtvu9\nKjdLH8qpDFrX7p4E5WawJ3iFLx1rGHha/XEUKDLOpwwyIbAHzY1iZW32gv23CK02\npI0qmmpdlLhAj7etJWFvstCX6LnQmoP9gX/WjnAUsyVB+hNpBOCTnAaXuv1CDzzd\nvR7DWbhtVifGRWwvXb8AAAADAQABAAACAES2X51+j/khRH1EGvz6vF1gjmh4np6k\nOjPwwT+nRwGAZ9OAfJJ0V78JDlHoATUYIGxq1C295r7H2DUAKvvl3d3kBrfNltos\nwQEv93L154e5b9FsReJ69hZF+Wlbzpe//tYwNiVjLjEYmv3PY43NssU6to24GHK4\n6vZPb1VuaeKm46S3DtSGiku5IjAzKEF/XZpo/+pToB9dOZyMIQRIu82T3M7zXX6G\n5D0wIUaKUDeN0kRRr22nXBFN3sDFTQegxDu2t7RDmktnuPLIssOwqznojJMO3twj\n5zuG9PPmFLVfZeNF19J3E4w+yepW+Y6ISmU6DknVSxb83YDC/qw9p0YdUefSrUGH\n3VerbLxpJK3OVJj+LCpgnHAOpS2ckC2dEGibHAUs8oVI9E2neUwlsdDslWrhmJvC\nfitJn296Y1uZYiHT9GXRbw/7ev40IE2oJtNTtnafldb7+wuP1uFGJRB/9LGB4zaY\nCvyNcEseLMEyuDaORPjfVu7MStWgfqrofHxBERCtzG+FPf3MdxvLVe3HsxHru4ov\nc91dwD09hIBTxEnZ34VPVmfWo5Z7bL5nbMWKmJ1rrP3vz1ZYfQmYLOY6lqSDTCew\nItthG08d64vESauzYdksR/mj0YjXGSB64Ldo6h3+Dk75lScZzbv2GpYF1agYP2ZF\nj+JCkNFqltXpAAABAQDVaSeNn32uuMp/q+Ga/UImIN1ROF45NbI7iBe9pZFTnLv3\ny4LnB2qVgFrPFWU94xi2cpN2f/Que/kjjW3dV6VMcpmdgy5RuxixSHQyNAWAsKR6\nd7Gy84DJ8U7cCuTR6qi+UWM/QQK+KnMRZ107WSVQsYbisS5PtTXAr6XfEVPp8Ws7\ndj3lsJc7PoNH1PhR6shCMkWpcmSnL+KpnJtt1RAFFJReM6kKBr2DhkZz3Yp/BUWN\nxa8tforxNfKkZhA1AiOfpt6kaLjR+DstjQxmkex1gjop30G0dGdA6g4uikyavODI\n5unaKu7K4n2XsuLCL14YCHmftkmHwgqAp2haBQ5CAAABAQDpTOMBpr6fE8P6VZ/e\ncGNVVPtNCIuBKrH4cqJmP+xYHLqrkfiTlBR1ksxTSCu/h6RBB32/timBXmvZoJKj\ndTxSYoLfXsD8Q/6U87z0ngas4njbxV4uSXBAntKUzDAdJ38YNY2IKz9EXKkmtKBy\nYRsAPJVrtIoOhLa+gaoyp2JNbukfHc4eez9iIiS9+P5KC4yhm/yTPkb5fwKjw257\nUmy8mRZMpl0drB7opzgOAZFU4UffFd6lNmcRzLsp05tpddQ4EgGv1GL6A2w7l4fF\nsBxc+PrJ3h3s7uneF3SSpz/EbHwh5Eg9vbRCX52YeoPl2F/rpuUj1QfriccgaRVC\nc44LAAABAQDDeQon3wX27QxUAe/UMl1hKzaAwsDpisZ9eQ94suCj+VAAfb5D3rB4\nAZs2oHalZnXBjxsaqsnx+S54KSjLCRQzXBm+Kx1r2IBaa4wDkUlHJ9Yl470kxKsE\nwbCl3ERmp20dEyQZ9UMz7mveES54Vdb/KmjTtnXfwP6UfnpNs+nL23AgY2hNvs9m\nKiUKmxc1ba9spKu+d4FR6wzJmzhJfHIJ5S94O/TRJ5W1diB6pVyGDbpTUWNLM36E\nHnBFTAy5BVHpe7JjzmTDqU4wqRG8WWV/rJ/5YglIUWGegRFTSQ3rJrp3ElIKsOea\nLm/21H7nTdrHKpxqDJ/UQoA/uuIXCWOdAAAAAAEC\n-----END OPENSSH PRIVATE KEY-----\n",
            "private_key_pem": "-----BEGIN RSA PRIVATE KEY-----\nMIIJKQIBAAKCAgEAsiPfguSfEk/gtojmLVNZOuCicnxe0lNk5ZahctCfXbgh0rxN\nR0XZC5qAN6QUGmJZLwhCcFRNS8lDduJrPtOHsGFtgFelQoUpWQ5v+Sr5SDR+X4nz\n768SJmHDQGjqQLzVavtgF0PWHhr/2jCQBIywmo2DI4BsBc50ooBoEtqYGQqv3HYd\n1HKVwq96vg58d523+YEsR0oQLDUyYSKpBgXlELyMTrVrVbVkY7v4vFE0sHkjHJaG\nYNzJIOwUr4/aDbCK01bp+9dGYfLHGgM8bn/5TUGoeofnPVjMEryhSn6SvATFvwr1\nVuNzwTIj6/UkkER3wb5u2UzxrFSV5VSgHr+y6ufDVdnIkU3bde4zWHbJQ+NGt5Gh\nnxTE+LrWUcDJxJoeLjFUJSeMt4jsZ2o4jXthmJIxPaZKXH0YAM1s8Iu9DRL5Br8+\nUbX3Ynk9nqezYEhXl6xMUQxvKL+KAiOqBA4TTn2feggsfA/mbQlb0JUZjjYP0qfs\ndFLFP7jLE41aP4XLftMjnc7Io4Y26RsXmHmGtvu9KjdLH8qpDFrX7p4E5WawJ3iF\nLx1rGHha/XEUKDLOpwwyIbAHzY1iZW32gv23CK02pI0qmmpdlLhAj7etJWFvstCX\n6LnQmoP9gX/WjnAUsyVB+hNpBOCTnAaXuv1CDzzdvR7DWbhtVifGRWwvXb8CAwEA\nAQKCAgBEtl+dfo/5IUR9RBr8+rxdYI5oeJ6epDoz8ME/p0cBgGfTgHySdFe/CQ5R\n6AE1GCBsatQtvea+x9g1ACr75d3d5Aa3zZbaLMEBL/dy9eeHuW/RbEXievYWRflp\nW86Xv/7WMDYlYy4xGJr9z2ONzbLFOraNuBhyuOr2T29VbmnipuOktw7UhopLuSIw\nMyhBf12aaP/qU6AfXTmcjCEESLvNk9zO811+huQ9MCFGilA3jdJEUa9tp1wRTd7A\nxU0HoMQ7tre0Q5pLZ7jyyLLDsKs56IyTDt7cI+c7hvTz5hS1X2XjRdfSdxOMPsnq\nVvmOiEplOg5J1UsW/N2Awv6sPadGHVHn0q1Bh91Xq2y8aSStzlSY/iwqYJxwDqUt\nnJAtnRBomxwFLPKFSPRNp3lMJbHQ7JVq4Zibwn4rSZ9vemNbmWIh0/Rl0W8P+3r+\nNCBNqCbTU7Z2n5XW+/sLj9bhRiUQf/SxgeM2mAr8jXBLHizBMrg2jkT431buzErV\noH6q6Hx8QREQrcxvhT39zHcby1Xtx7MR67uKL3PdXcA9PYSAU8RJ2d+FT1Zn1qOW\ne2y+Z2zFipida6z9789WWH0JmCzmOpakg0wnsCLbYRtPHeuLxEmrs2HZLEf5o9GI\n1xkgeuC3aOod/g5O+ZUnGc279hqWBdWoGD9mRY/iQpDRapbV6QKCAQEA6UzjAaa+\nnxPD+lWf3nBjVVT7TQiLgSqx+HKiZj/sWBy6q5H4k5QUdZLMU0grv4ekQQd9v7Yp\ngV5r2aCSo3U8UmKC317A/EP+lPO89J4GrOJ428VeLklwQJ7SlMwwHSd/GDWNiCs/\nRFypJrSgcmEbADyVa7SKDoS2voGqMqdiTW7pHx3OHns/YiIkvfj+SguMoZv8kz5G\n+X8Co8Nue1JsvJkWTKZdHawe6Kc4DgGRVOFH3xXepTZnEcy7KdObaXXUOBIBr9Ri\n+gNsO5eHxbAcXPj6yd4d7O7p3hd0kqc/xGx8IeRIPb20Ql+dmHqD5dhf66blI9UH\n64nHIGkVQnOOCwKCAQEAw3kKJ98F9u0MVAHv1DJdYSs2gMLA6YrGfXkPeLLgo/lQ\nAH2+Q96weAGbNqB2pWZ1wY8bGqrJ8fkueCkoywkUM1wZvisda9iAWmuMA5FJRyfW\nJeO9JMSrBMGwpdxEZqdtHRMkGfVDM+5r3hEueFXW/ypo07Z138D+lH56TbPpy9tw\nIGNoTb7PZiolCpsXNW2vbKSrvneBUesMyZs4SXxyCeUveDv00SeVtXYgeqVchg26\nU1FjSzN+hB5wRUwMuQVR6XuyY85kw6lOMKkRvFllf6yf+WIJSFFhnoERU0kN6ya6\ndxJSCrDnmi5v9tR+503axyqcagyf1EKAP7riFwljnQKCAQAlry+z4pVD6NNtKkuK\niKji7bkx9kFied0JfqrQzV6F1Q4qDIgUfoTXgQDUKwI2C9jyUB11zBzkMrZFDvTg\nxl0aCaOOJSYTGYCT2tMYyDXX0zUmerj9zQr+xSjKtDjJXMngxTW5WxL7HeSMxfxs\nvVa5MRAJt73dHn7OQu+VAwiT7WhmiE/1CH9ygIVi0kdw+nCa4jFoL1UTk/p/LWA5\nN1UtGaVKeEzuMBFGD0y0pngtN75+QHAYS7NWYrWQygd+f3PqIq53El1yeP8QmSdr\nPUk3k1gfJ2u6C9Vm9G72CWH5fnSGnPM2VeA6IGu6Z3/Krqq/y9OTeCOxXi32BENU\n2omFAoIBAQCzpBhOPitYG9AZoFINHGAu/aywNstdlfkGtOwgC5xhda0tVmI2M4DQ\nOQGw+VUwenI7+U16e3zuEQfAzGq99VEIRlsuJqd6RlTnRDE/0hSa/SRUW/Cmyss0\nquCx/TUrdjDT6JRj+r/RCQs+4WFom9LjW9FMyEGZ6d7ND1NM98wkWj24tkLUOEiY\nZqD2F0QECRKP8OIZP/CsHSz6Vtkqx+Bx8ZtnjwpV8WAnjTEaJcBbPmB/U6vCH8fk\nmaiqNtL2csotnk16ZeK64myGUcqH40xhQn8ejBdly8zAA3Otq9TLyCLTbRXS13Nx\ngb3KBM2/uxAVu7ZVy9ZTFu6QIyrG6w0NAoIBAQDVaSeNn32uuMp/q+Ga/UImIN1R\nOF45NbI7iBe9pZFTnLv3y4LnB2qVgFrPFWU94xi2cpN2f/Que/kjjW3dV6VMcpmd\ngy5RuxixSHQyNAWAsKR6d7Gy84DJ8U7cCuTR6qi+UWM/QQK+KnMRZ107WSVQsYbi\nsS5PtTXAr6XfEVPp8Ws7dj3lsJc7PoNH1PhR6shCMkWpcmSnL+KpnJtt1RAFFJRe\nM6kKBr2DhkZz3Yp/BUWNxa8tforxNfKkZhA1AiOfpt6kaLjR+DstjQxmkex1gjop\n30G0dGdA6g4uikyavODI5unaKu7K4n2XsuLCL14YCHmftkmHwgqAp2haBQ5C\n-----END RSA PRIVATE KEY-----\n",
            "private_key_pem_pkcs8": "-----BEGIN PRIVATE KEY-----\nMIIJQwIBADANBgkqhkiG9w0BAQEFAASCCS0wggkpAgEAAoICAQCyI9+C5J8ST+C2\niOYtU1k64KJyfF7SU2TllqFy0J9duCHSvE1HRdkLmoA3pBQaYlkvCEJwVE1LyUN2\n4ms+04ewYW2AV6VChSlZDm/5KvlINH5fifPvrxImYcNAaOpAvNVq+2AXQ9YeGv/a\nMJAEjLCajYMjgGwFznSigGgS2pgZCq/cdh3UcpXCr3q+Dnx3nbf5gSxHShAsNTJh\nIqkGBeUQvIxOtWtVtWRju/i8UTSweSMcloZg3Mkg7BSvj9oNsIrTVun710Zh8sca\nAzxuf/lNQah6h+c9WMwSvKFKfpK8BMW/CvVW43PBMiPr9SSQRHfBvm7ZTPGsVJXl\nVKAev7Lq58NV2ciRTdt17jNYdslD40a3kaGfFMT4utZRwMnEmh4uMVQlJ4y3iOxn\najiNe2GYkjE9pkpcfRgAzWzwi70NEvkGvz5RtfdieT2ep7NgSFeXrExRDG8ov4oC\nI6oEDhNOfZ96CCx8D+ZtCVvQlRmONg/Sp+x0UsU/uMsTjVo/hct+0yOdzsijhjbp\nGxeYeYa2+70qN0sfyqkMWtfungTlZrAneIUvHWsYeFr9cRQoMs6nDDIhsAfNjWJl\nbfaC/bcIrTakjSqaal2UuECPt60lYW+y0JfoudCag/2Bf9aOcBSzJUH6E2kE4JOc\nBpe6/UIPPN29HsNZuG1WJ8ZFbC9dvwIDAQABAoICAES2X51+j/khRH1EGvz6vF1g\njmh4np6kOjPwwT+nRwGAZ9OAfJJ0V78JDlHoATUYIGxq1C295r7H2DUAKvvl3d3k\nBrfNltoswQEv93L154e5b9FsReJ69hZF+Wlbzpe//tYwNiVjLjEYmv3PY43NssU6\nto24GHK46vZPb1VuaeKm46S3DtSGiku5IjAzKEF/XZpo/+pToB9dOZyMIQRIu82T\n3M7zXX6G5D0wIUaKUDeN0kRRr22nXBFN3sDFTQegxDu2t7RDmktnuPLIssOwqzno\njJMO3twj5zuG9PPmFLVfZeNF19J3E4w+yepW+Y6ISmU6DknVSxb83YDC/qw9p0Yd\nUefSrUGH3VerbLxpJK3OVJj+LCpgnHAOpS2ckC2dEGibHAUs8oVI9E2neUwlsdDs\nlWrhmJvCfitJn296Y1uZYiHT9GXRbw/7ev40IE2oJtNTtnafldb7+wuP1uFGJRB/\n9LGB4zaYCvyNcEseLMEyuDaORPjfVu7MStWgfqrofHxBERCtzG+FPf3MdxvLVe3H\nsxHru4ovc91dwD09hIBTxEnZ34VPVmfWo5Z7bL5nbMWKmJ1rrP3vz1ZYfQmYLOY6\nlqSDTCewItthG08d64vESauzYdksR/mj0YjXGSB64Ldo6h3+Dk75lScZzbv2GpYF\n1agYP2ZFj+JCkNFqltXpAoIBAQDpTOMBpr6fE8P6VZ/ecGNVVPtNCIuBKrH4cqJm\nP+xYHLqrkfiTlBR1ksxTSCu/h6RBB32/timBXmvZoJKjdTxSYoLfXsD8Q/6U87z0\nngas4njbxV4uSXBAntKUzDAdJ38YNY2IKz9EXKkmtKByYRsAPJVrtIoOhLa+gaoy\np2JNbukfHc4eez9iIiS9+P5KC4yhm/yTPkb5fwKjw257Umy8mRZMpl0drB7opzgO\nAZFU4UffFd6lNmcRzLsp05tpddQ4EgGv1GL6A2w7l4fFsBxc+PrJ3h3s7uneF3SS\npz/EbHwh5Eg9vbRCX52YeoPl2F/rpuUj1QfriccgaRVCc44LAoIBAQDDeQon3wX2\n7QxUAe/UMl1hKzaAwsDpisZ9eQ94suCj+VAAfb5D3rB4AZs2oHalZnXBjxsaqsnx\n+S54KSjLCRQzXBm+Kx1r2IBaa4wDkUlHJ9Yl470kxKsEwbCl3ERmp20dEyQZ9UMz\n7mveES54Vdb/KmjTtnXfwP6UfnpNs+nL23AgY2hNvs9mKiUKmxc1ba9spKu+d4FR\n6wzJmzhJfHIJ5S94O/TRJ5W1diB6pVyGDbpTUWNLM36EHnBFTAy5BVHpe7JjzmTD\nqU4wqRG8WWV/rJ/5YglIUWGegRFTSQ3rJrp3ElIKsOeaLm/21H7nTdrHKpxqDJ/U\nQoA/uuIXCWOdAoIBACWvL7PilUPo020qS4qIqOLtuTH2QWJ53Ql+qtDNXoXVDioM\niBR+hNeBANQrAjYL2PJQHXXMHOQytkUO9ODGXRoJo44lJhMZgJPa0xjINdfTNSZ6\nuP3NCv7FKMq0OMlcyeDFNblbEvsd5IzF/Gy9VrkxEAm3vd0efs5C75UDCJPtaGaI\nT/UIf3KAhWLSR3D6cJriMWgvVROT+n8tYDk3VS0ZpUp4TO4wEUYPTLSmeC03vn5A\ncBhLs1ZitZDKB35/c+oirncSXXJ4/xCZJ2s9STeTWB8na7oL1Wb0bvYJYfl+dIac\n8zZV4Doga7pnf8quqr/L05N4I7FeLfYEQ1TaiYUCggEBALOkGE4+K1gb0BmgUg0c\nYC79rLA2y12V+Qa07CALnGF1rS1WYjYzgNA5AbD5VTB6cjv5TXp7fO4RB8DMar31\nUQhGWy4mp3pGVOdEMT/SFJr9JFRb8KbKyzSq4LH9NSt2MNPolGP6v9EJCz7hYWib\n0uNb0UzIQZnp3s0PU0z3zCRaPbi2QtQ4SJhmoPYXRAQJEo/w4hk/8KwdLPpW2SrH\n4HHxm2ePClXxYCeNMRolwFs+YH9Tq8Ifx+SZqKo20vZyyi2eTXpl4rribIZRyofj\nTGFCfx6MF2XLzMADc62r1MvIItNtFdLXc3GBvcoEzb+7EBW7tlXL1lMW7pAjKsbr\nDQ0CggEBANVpJ42ffa64yn+r4Zr9QiYg3VE4Xjk1sjuIF72lkVOcu/fLgucHapWA\nWs8VZT3jGLZyk3Z/9C57+SONbd1XpUxymZ2DLlG7GLFIdDI0BYCwpHp3sbLzgMnx\nTtwK5NHqqL5RYz9BAr4qcxFnXTtZJVCxhuKxLk+1NcCvpd8RU+nxazt2PeWwlzs+\ng0fU+FHqyEIyRalyZKcv4qmcm23VEAUUlF4zqQoGvYOGRnPdin8FRY3Fry1+ivE1\n8qRmEDUCI5+m3qRouNH4Oy2NDGaR7HWCOinfQbR0Z0DqDi6KTJq84Mjm6doq7sri\nfZey4sIvXhgIeZ+2SYfCCoCnaFoFDkI=\n-----END PRIVATE KEY-----\n",
            "public_key_fingerprint_md5": "d1:4b:40:e1:a4:fe:f4:82:53:16:04:64:1e:5b:32:f3",
            "public_key_fingerprint_sha256": "SHA256:UyMOdlWxVGcAsXs0/4v+BXEXq7zI9DVTX1sfWJpi9cI",
            "public_key_openssh": "ssh-rsa AAAAB3NzaC1yc2EAAAADAQABAAACAQCyI9+C5J8ST+C2iOYtU1k64KJyfF7SU2TllqFy0J9duCHSvE1HRdkLmoA3pBQaYlkvCEJwVE1LyUN24ms+04ewYW2AV6VChSlZDm/5KvlINH5fifPvrxImYcNAaOpAvNVq+2AXQ9YeGv/aMJAEjLCajYMjgGwFznSigGgS2pgZCq/cdh3UcpXCr3q+Dnx3nbf5gSxHShAsNTJhIqkGBeUQvIxOtWtVtWRju/i8UTSweSMcloZg3Mkg7BSvj9oNsIrTVun710Zh8scaAzxuf/lNQah6h+c9WMwSvKFKfpK8BMW/CvVW43PBMiPr9SSQRHfBvm7ZTPGsVJXlVKAev7Lq58NV2ciRTdt17jNYdslD40a3kaGfFMT4utZRwMnEmh4uMVQlJ4y3iOxnajiNe2GYkjE9pkpcfRgAzWzwi70NEvkGvz5RtfdieT2ep7NgSFeXrExRDG8ov4oCI6oEDhNOfZ96CCx8D+ZtCVvQlRmONg/Sp+x0UsU/uMsTjVo/hct+0yOdzsijhjbpGxeYeYa2+70qN0sfyqkMWtfungTlZrAneIUvHWsYeFr9cRQoMs6nDDIhsAfNjWJlbfaC/bcIrTakjSqaal2UuECPt60lYW+y0JfoudCag/2Bf9aOcBSzJUH6E2kE4JOcBpe6/UIPPN29HsNZuG1WJ8ZFbC9dvw==\n",
            "public_key_pem": "-----BEGIN PUBLIC KEY-----\nMIICIjANBgkqhkiG9w0BAQEFAAOCAg8AMIICCgKCAgEAsiPfguSfEk/gtojmLVNZ\nOuCicnxe0lNk5ZahctCfXbgh0rxNR0XZC5qAN6QUGmJZLwhCcFRNS8lDduJrPtOH\nsGFtgFelQoUpWQ5v+Sr5SDR+X4nz768SJmHDQGjqQLzVavtgF0PWHhr/2jCQBIyw\nmo2DI4BsBc50ooBoEtqYGQqv3HYd1HKVwq96vg58d523+YEsR0oQLDUyYSKpBgXl\nELyMTrVrVbVkY7v4vFE0sHkjHJaGYNzJIOwUr4/aDbCK01bp+9dGYfLHGgM8bn/5\nTUGoeofnPVjMEryhSn6SvATFvwr1VuNzwTIj6/UkkER3wb5u2UzxrFSV5VSgHr+y\n6ufDVdnIkU3bde4zWHbJQ+NGt5GhnxTE+LrWUcDJxJoeLjFUJSeMt4jsZ2o4jXth\nmJIxPaZKXH0YAM1s8Iu9DRL5Br8+UbX3Ynk9nqezYEhXl6xMUQxvKL+KAiOqBA4T\nTn2feggsfA/mbQlb0JUZjjYP0qfsdFLFP7jLE41aP4XLftMjnc7Io4Y26RsXmHmG\ntvu9KjdLH8qpDFrX7p4E5WawJ3iFLx1rGHha/XEUKDLOpwwyIbAHzY1iZW32gv23\nCK02pI0qmmpdlLhAj7etJWFvstCX6LnQmoP9gX/WjnAUsyVB+hNpBOCTnAaXuv1C\nDzzdvR7DWbhtVifGRWwvXb8CAwEAAQ==\n-----END PUBLIC KEY-----\n",
            "rsa_bits": 4096
          },
          "sensitive_attributes": [
            [
              {
                "type": "get_attr",
                "value": "private_key_pem"
              }
            ],
            [
              {
                "type": "get_attr",
                "value": "private_key_openssh"
              }
            ],
            [
              {
                "type": "get_attr",
                "value": "private_key_pem_pkcs8"
              }
            ]
          ]
        }
      ]
    }
  ],
  "check_results": null
}
