{
  "version": 4,
  "terraform_version": "1.9.0",
  "serial": 1035,
  "lineage": "602064bd-5364-b58c-a902-dd7833c8bdd8",
  "outputs": {
    "instance_ips": {
      "value": {
        "Amazon-Wazuh-Server": {
          "private_ip": "172.31.56.61",
          "public_ip": "52.91.137.28"
        },
        "Debian-Atacante": {
          "private_ip": "172.31.29.179",
          "public_ip": "18.212.225.114"
        },
        "Ubuntu-Agente": {
          "private_ip": "172.31.16.214",
          "public_ip": "18.234.224.153"
        },
        "Windows-Agente": {
          "private_ip": "172.31.49.97",
          "public_ip": "107.22.146.132"
        }
      },
      "type": [
        "object",
        {
          "Amazon-Wazuh-Server": [
            "object",
            {
              "private_ip": "string",
              "public_ip": "string"
            }
          ],
          "Debian-Atacante": [
            "object",
            {
              "private_ip": "string",
              "public_ip": "string"
            }
          ],
          "Ubuntu-Agente": [
            "object",
            {
              "private_ip": "string",
              "public_ip": "string"
            }
          ],
          "Windows-Agente": [
            "object",
            {
              "private_ip": "string",
              "public_ip": "string"
            }
          ]
        }
      ]
    }
  },
  "resources": [
    {
      "mode": "data",
      "type": "aws_vpc",
      "name": "default",
      "provider": "provider[\"registry.terraform.io/hashicorp/aws\"]",
      "instances": [
        {
          "schema_version": 0,
          "attributes": {
            "arn": "arn:aws:ec2:us-east-1:944873386727:vpc/vpc-0143c27d846a5588f",
            "cidr_block": "172.31.0.0/16",
            "cidr_block_associations": [
              {
                "association_id": "vpc-cidr-assoc-06cff410713c6fb79",
                "cidr_block": "172.31.0.0/16",
                "state": "associated"
              }
            ],
            "default": true,
            "dhcp_options_id": "dopt-0d8493028a884032b",
            "enable_dns_hostnames": true,
            "enable_dns_support": true,
            "enable_network_address_usage_metrics": false,
            "filter": null,
            "id": "vpc-0143c27d846a5588f",
            "instance_tenancy": "default",
            "ipv6_association_id": "",
            "ipv6_cidr_block": "",
            "main_route_table_id": "rtb-0d2f95c03064fd7ad",
            "owner_id": "944873386727",
            "state": null,
            "tags": {},
            "timeouts": null
          },
          "sensitive_attributes": []
        }
      ]
    },
    {
      "mode": "managed",
      "type": "aws_instance",
      "name": "this",
      "provider": "provider[\"registry.terraform.io/hashicorp/aws\"]",
      "instances": [
        {
          "index_key": "Amazon-Wazuh-Server",
          "schema_version": 1,
          "attributes": {
            "ami": "ami-0d94353f7bad10668",
            "arn": "arn:aws:ec2:us-east-1:944873386727:instance/i-0beadf7621728b08d",
            "associate_public_ip_address": true,
            "availability_zone": "us-east-1e",
            "capacity_reservation_specification": [
              {
                "capacity_reservation_preference": "open",
                "capacity_reservation_target": []
              }
            ],
            "cpu_core_count": 2,
            "cpu_options": [
              {
                "amd_sev_snp": "",
                "core_count": 2,
                "threads_per_core": 1
              }
            ],
            "cpu_threads_per_core": 1,
            "credit_specification": [
              {
                "cpu_credits": "standard"
              }
            ],
            "disable_api_stop": false,
            "disable_api_termination": false,
            "ebs_block_device": [],
            "ebs_optimized": false,
            "enclave_options": [
              {
                "enabled": false
              }
            ],
            "ephemeral_block_device": [],
            "get_password_data": false,
            "hibernation": false,
            "host_id": "",
            "host_resource_group_arn": null,
            "iam_instance_profile": "",
            "id": "i-0beadf7621728b08d",
            "instance_initiated_shutdown_behavior": "stop",
            "instance_lifecycle": "",
            "instance_market_options": [],
            "instance_state": "running",
            "instance_type": "t2.medium",
            "ipv6_address_count": 0,
            "ipv6_addresses": [],
            "key_name": "wazuh-lab-key",
            "launch_template": [],
            "maintenance_options": [
              {
                "auto_recovery": "default"
              }
            ],
            "metadata_options": [
              {
                "http_endpoint": "enabled",
                "http_protocol_ipv6": "disabled",
                "http_put_response_hop_limit": 1,
                "http_tokens": "optional",
                "instance_metadata_tags": "disabled"
              }
            ],
            "monitoring": false,
            "network_interface": [],
            "outpost_arn": "",
            "password_data": "",
            "placement_group": "",
            "placement_partition_number": 0,
            "primary_network_interface_id": "eni-0c6d626cf6eb7e45f",
            "private_dns": "ip-172-31-56-61.ec2.internal",
            "private_dns_name_options": [
              {
                "enable_resource_name_dns_a_record": false,
                "enable_resource_name_dns_aaaa_record": false,
                "hostname_type": "ip-name"
              }
            ],
            "private_ip": "172.31.56.61",
            "public_dns": "ec2-52-91-137-28.compute-1.amazonaws.com",
            "public_ip": "52.91.137.28",
            "root_block_device": [
              {
                "delete_on_termination": true,
                "device_name": "/dev/xvda",
                "encrypted": false,
                "iops": 100,
                "kms_key_id": "",
                "tags": {},
                "tags_all": {},
                "throughput": 0,
                "volume_id": "vol-0a9d77dc6c14d00b8",
                "volume_size": 8,
                "volume_type": "gp2"
              }
            ],
            "secondary_private_ips": [],
            "security_groups": [
              "Amazon-Wazuh-Server_sg"
            ],
            "source_dest_check": true,
            "spot_instance_request_id": "",
            "subnet_id": "subnet-0d6f678bf54494094",
            "tags": {
              "Name": "Amazon-Wazuh-Server"
            },
            "tags_all": {
              "Name": "Amazon-Wazuh-Server"
            },
            "tenancy": "default",
            "timeouts": null,
            "user_data": null,
            "user_data_base64": null,
            "user_data_replace_on_change": false,
            "volume_tags": null,
            "vpc_security_group_ids": [
              "sg-0adb8008b6edcb1ff"
            ]
          },
          "sensitive_attributes": [],
          "private": "eyJlMmJmYjczMC1lY2FhLTExZTYtOGY4OC0zNDM2M2JjN2M0YzAiOnsiY3JlYXRlIjo2MDAwMDAwMDAwMDAsImRlbGV0ZSI6MTIwMDAwMDAwMDAwMCwicmVhZCI6OTAwMDAwMDAwMDAwLCJ1cGRhdGUiOjYwMDAwMDAwMDAwMH0sInNjaGVtYV92ZXJzaW9uIjoiMSJ9",
          "dependencies": [
            "aws_key_pair.despliegue",
            "aws_security_group.instancia_sg",
            "data.aws_vpc.default",
            "tls_private_key.wazuh_lab_cecib"
          ]
        },
        {
          "index_key": "Debian-Atacante",
          "schema_version": 1,
          "attributes": {
            "ami": "ami-058bd2d568351da34",
            "arn": "arn:aws:ec2:us-east-1:944873386727:instance/i-0001e3ac0dde1d7df",
            "associate_public_ip_address": true,
            "availability_zone": "us-east-1d",
            "capacity_reservation_specification": [
              {
                "capacity_reservation_preference": "open",
                "capacity_reservation_target": []
              }
            ],
            "cpu_core_count": 1,
            "cpu_options": [
              {
                "amd_sev_snp": "",
                "core_count": 1,
                "threads_per_core": 1
              }
            ],
            "cpu_threads_per_core": 1,
            "credit_specification": [
              {
                "cpu_credits": "standard"
              }
            ],
            "disable_api_stop": false,
            "disable_api_termination": false,
            "ebs_block_device": [],
            "ebs_optimized": false,
            "enclave_options": [
              {
                "enabled": false
              }
            ],
            "ephemeral_block_device": [],
            "get_password_data": false,
            "hibernation": false,
            "host_id": "",
            "host_resource_group_arn": null,
            "iam_instance_profile": "",
            "id": "i-0001e3ac0dde1d7df",
            "instance_initiated_shutdown_behavior": "stop",
            "instance_lifecycle": "",
            "instance_market_options": [],
            "instance_state": "running",
            "instance_type": "t2.micro",
            "ipv6_address_count": 0,
            "ipv6_addresses": [],
            "key_name": "wazuh-lab-key",
            "launch_template": [],
            "maintenance_options": [
              {
                "auto_recovery": "default"
              }
            ],
            "metadata_options": [
              {
                "http_endpoint": "enabled",
                "http_protocol_ipv6": "disabled",
                "http_put_response_hop_limit": 1,
                "http_tokens": "optional",
                "instance_metadata_tags": "disabled"
              }
            ],
            "monitoring": false,
            "network_interface": [],
            "outpost_arn": "",
            "password_data": "",
            "placement_group": "",
            "placement_partition_number": 0,
            "primary_network_interface_id": "eni-08501b34be892436f",
            "private_dns": "ip-172-31-29-179.ec2.internal",
            "private_dns_name_options": [
              {
                "enable_resource_name_dns_a_record": false,
                "enable_resource_name_dns_aaaa_record": false,
                "hostname_type": "ip-name"
              }
            ],
            "private_ip": "172.31.29.179",
            "public_dns": "ec2-18-212-225-114.compute-1.amazonaws.com",
            "public_ip": "18.212.225.114",
            "root_block_device": [
              {
                "delete_on_termination": true,
                "device_name": "/dev/xvda",
                "encrypted": false,
                "iops": 3000,
                "kms_key_id": "",
                "tags": {},
                "tags_all": {},
                "throughput": 125,
                "volume_id": "vol-0962ae6fbae11f236",
                "volume_size": 8,
                "volume_type": "gp3"
              }
            ],
            "secondary_private_ips": [],
            "security_groups": [
              "Debian-Atacante_sg"
            ],
            "source_dest_check": true,
            "spot_instance_request_id": "",
            "subnet_id": "subnet-04b93a3c85cf77dd2",
            "tags": {
              "Name": "Debian-Atacante"
            },
            "tags_all": {
              "Name": "Debian-Atacante"
            },
            "tenancy": "default",
            "timeouts": null,
            "user_data": null,
            "user_data_base64": null,
            "user_data_replace_on_change": false,
            "volume_tags": null,
            "vpc_security_group_ids": [
              "sg-077e2417ffb233a88"
            ]
          },
          "sensitive_attributes": [],
          "private": "eyJlMmJmYjczMC1lY2FhLTExZTYtOGY4OC0zNDM2M2JjN2M0YzAiOnsiY3JlYXRlIjo2MDAwMDAwMDAwMDAsImRlbGV0ZSI6MTIwMDAwMDAwMDAwMCwicmVhZCI6OTAwMDAwMDAwMDAwLCJ1cGRhdGUiOjYwMDAwMDAwMDAwMH0sInNjaGVtYV92ZXJzaW9uIjoiMSJ9",
          "dependencies": [
            "aws_key_pair.despliegue",
            "aws_security_group.instancia_sg",
            "data.aws_vpc.default",
            "tls_private_key.wazuh_lab_cecib"
          ]
        },
        {
          "index_key": "Ubuntu-Agente",
          "schema_version": 1,
          "attributes": {
            "ami": "ami-04b70fa74e45c3917",
            "arn": "arn:aws:ec2:us-east-1:944873386727:instance/i-06de572e3abad5f7d",
            "associate_public_ip_address": true,
            "availability_zone": "us-east-1d",
            "capacity_reservation_specification": [
              {
                "capacity_reservation_preference": "open",
                "capacity_reservation_target": []
              }
            ],
            "cpu_core_count": 1,
            "cpu_options": [
              {
                "amd_sev_snp": "",
                "core_count": 1,
                "threads_per_core": 1
              }
            ],
            "cpu_threads_per_core": 1,
            "credit_specification": [
              {
                "cpu_credits": "standard"
              }
            ],
            "disable_api_stop": false,
            "disable_api_termination": false,
            "ebs_block_device": [],
            "ebs_optimized": false,
            "enclave_options": [
              {
                "enabled": false
              }
            ],
            "ephemeral_block_device": [],
            "get_password_data": false,
            "hibernation": false,
            "host_id": "",
            "host_resource_group_arn": null,
            "iam_instance_profile": "",
            "id": "i-06de572e3abad5f7d",
            "instance_initiated_shutdown_behavior": "stop",
            "instance_lifecycle": "",
            "instance_market_options": [],
            "instance_state": "running",
            "instance_type": "t2.micro",
            "ipv6_address_count": 0,
            "ipv6_addresses": [],
            "key_name": "wazuh-lab-key",
            "launch_template": [],
            "maintenance_options": [
              {
                "auto_recovery": "default"
              }
            ],
            "metadata_options": [
              {
                "http_endpoint": "enabled",
                "http_protocol_ipv6": "disabled",
                "http_put_response_hop_limit": 2,
                "http_tokens": "required",
                "instance_metadata_tags": "disabled"
              }
            ],
            "monitoring": false,
            "network_interface": [],
            "outpost_arn": "",
            "password_data": "",
            "placement_group": "",
            "placement_partition_number": 0,
            "primary_network_interface_id": "eni-0bd3ded6f4a3b08b9",
            "private_dns": "ip-172-31-16-214.ec2.internal",
            "private_dns_name_options": [
              {
                "enable_resource_name_dns_a_record": false,
                "enable_resource_name_dns_aaaa_record": false,
                "hostname_type": "ip-name"
              }
            ],
            "private_ip": "172.31.16.214",
            "public_dns": "ec2-18-234-224-153.compute-1.amazonaws.com",
            "public_ip": "18.234.224.153",
            "root_block_device": [
              {
                "delete_on_termination": true,
                "device_name": "/dev/sda1",
                "encrypted": false,
                "iops": 3000,
                "kms_key_id": "",
                "tags": {},
                "tags_all": {},
                "throughput": 125,
                "volume_id": "vol-0ad7bcabad3e1e2e3",
                "volume_size": 8,
                "volume_type": "gp3"
              }
            ],
            "secondary_private_ips": [],
            "security_groups": [
              "Ubuntu-Agente_sg"
            ],
            "source_dest_check": true,
            "spot_instance_request_id": "",
            "subnet_id": "subnet-04b93a3c85cf77dd2",
            "tags": {
              "Name": "Ubuntu-Agente"
            },
            "tags_all": {
              "Name": "Ubuntu-Agente"
            },
            "tenancy": "default",
            "timeouts": null,
            "user_data": null,
            "user_data_base64": null,
            "user_data_replace_on_change": false,
            "volume_tags": null,
            "vpc_security_group_ids": [
              "sg-0b541da6f8b263123"
            ]
          },
          "sensitive_attributes": [],
          "private": "eyJlMmJmYjczMC1lY2FhLTExZTYtOGY4OC0zNDM2M2JjN2M0YzAiOnsiY3JlYXRlIjo2MDAwMDAwMDAwMDAsImRlbGV0ZSI6MTIwMDAwMDAwMDAwMCwicmVhZCI6OTAwMDAwMDAwMDAwLCJ1cGRhdGUiOjYwMDAwMDAwMDAwMH0sInNjaGVtYV92ZXJzaW9uIjoiMSJ9",
          "dependencies": [
            "aws_key_pair.despliegue",
            "aws_security_group.instancia_sg",
            "data.aws_vpc.default",
            "tls_private_key.wazuh_lab_cecib"
          ]
        },
        {
          "index_key": "Windows-Agente",
          "schema_version": 1,
          "attributes": {
            "ami": "ami-04df9ee4d3dfde202",
            "arn": "arn:aws:ec2:us-east-1:944873386727:instance/i-0dde91e50d819cbb1",
            "associate_public_ip_address": true,
            "availability_zone": "us-east-1e",
            "capacity_reservation_specification": [
              {
                "capacity_reservation_preference": "open",
                "capacity_reservation_target": []
              }
            ],
            "cpu_core_count": 2,
            "cpu_options": [
              {
                "amd_sev_snp": "",
                "core_count": 2,
                "threads_per_core": 1
              }
            ],
            "cpu_threads_per_core": 1,
            "credit_specification": [
              {
                "cpu_credits": "standard"
              }
            ],
            "disable_api_stop": false,
            "disable_api_termination": false,
            "ebs_block_device": [],
            "ebs_optimized": false,
            "enclave_options": [
              {
                "enabled": false
              }
            ],
            "ephemeral_block_device": [],
            "get_password_data": false,
            "hibernation": false,
            "host_id": "",
            "host_resource_group_arn": null,
            "iam_instance_profile": "",
            "id": "i-0dde91e50d819cbb1",
            "instance_initiated_shutdown_behavior": "stop",
            "instance_lifecycle": "",
            "instance_market_options": [],
            "instance_state": "running",
            "instance_type": "t2.medium",
            "ipv6_address_count": 0,
            "ipv6_addresses": [],
            "key_name": "wazuh-lab-key",
            "launch_template": [],
            "maintenance_options": [
              {
                "auto_recovery": "default"
              }
            ],
            "metadata_options": [
              {
                "http_endpoint": "enabled",
                "http_protocol_ipv6": "disabled",
                "http_put_response_hop_limit": 1,
                "http_tokens": "optional",
                "instance_metadata_tags": "disabled"
              }
            ],
            "monitoring": false,
            "network_interface": [],
            "outpost_arn": "",
            "password_data": "",
            "placement_group": "",
            "placement_partition_number": 0,
            "primary_network_interface_id": "eni-0a699f7154cff4b1b",
            "private_dns": "ip-172-31-49-97.ec2.internal",
            "private_dns_name_options": [
              {
                "enable_resource_name_dns_a_record": false,
                "enable_resource_name_dns_aaaa_record": false,
                "hostname_type": "ip-name"
              }
            ],
            "private_ip": "172.31.49.97",
            "public_dns": "ec2-107-22-146-132.compute-1.amazonaws.com",
            "public_ip": "107.22.146.132",
            "root_block_device": [
              {
                "delete_on_termination": true,
                "device_name": "/dev/sda1",
                "encrypted": false,
                "iops": 100,
                "kms_key_id": "",
                "tags": {},
                "tags_all": {},
                "throughput": 0,
                "volume_id": "vol-08479fc564fba8ffd",
                "volume_size": 30,
                "volume_type": "gp2"
              }
            ],
            "secondary_private_ips": [],
            "security_groups": [
              "Windows-Agente_sg"
            ],
            "source_dest_check": true,
            "spot_instance_request_id": "",
            "subnet_id": "subnet-0d6f678bf54494094",
            "tags": {
              "Name": "Windows-Agente"
            },
            "tags_all": {
              "Name": "Windows-Agente"
            },
            "tenancy": "default",
            "timeouts": null,
            "user_data": "33f7b586ec0877172873355a6f8ef1b9ca189729",
            "user_data_base64": null,
            "user_data_replace_on_change": false,
            "volume_tags": null,
            "vpc_security_group_ids": [
              "sg-0a940c72d86cec7d7"
            ]
          },
          "sensitive_attributes": [],
          "private": "eyJlMmJmYjczMC1lY2FhLTExZTYtOGY4OC0zNDM2M2JjN2M0YzAiOnsiY3JlYXRlIjo2MDAwMDAwMDAwMDAsImRlbGV0ZSI6MTIwMDAwMDAwMDAwMCwicmVhZCI6OTAwMDAwMDAwMDAwLCJ1cGRhdGUiOjYwMDAwMDAwMDAwMH0sInNjaGVtYV92ZXJzaW9uIjoiMSJ9",
          "dependencies": [
            "aws_key_pair.despliegue",
            "aws_security_group.instancia_sg",
            "data.aws_vpc.default",
            "tls_private_key.wazuh_lab_cecib"
          ]
        }
      ]
    },
    {
      "mode": "managed",
      "type": "aws_key_pair",
      "name": "despliegue",
      "provider": "provider[\"registry.terraform.io/hashicorp/aws\"]",
      "instances": [
        {
          "schema_version": 1,
          "attributes": {
            "arn": "arn:aws:ec2:us-east-1:944873386727:key-pair/wazuh-lab-key",
            "fingerprint": "be:25:55:d4:e6:56:ad:ff:9b:18:e3:9a:f5:18:aa:ad",
            "id": "wazuh-lab-key",
            "key_name": "wazuh-lab-key",
            "key_name_prefix": "",
            "key_pair_id": "key-076c05cb057353a4d",
            "key_type": "rsa",
            "public_key": "ssh-rsa AAAAB3NzaC1yc2EAAAADAQABAAACAQDT5J+hYxwpGCkFnYvXFya1pMgCyLwtpZ5mG0PnAflqsRIOM3NyZCkqTBF/8B4nbl0g124UIS1spugOyu9HYh7paW4h7fjpudIj2eeyq+v8qyhiHg7Yn5qKSiZlXKzrHDDQ2PCjaKgjhtHb2OTbAy3AEajPO/5NuoQE3NQ6I58UyCqc8ACfwnCiA7j3plpEHuQbhRC1cuAIzFvL9qLszx5eeLA5w3SOdt48GZsJZoTbmoodVO9M+9/DTWUoiOrP1DNyn3/YXQYEjGhZF+b3LnN5QJqZdmGzShcPDpoT9GNu5Zn3haoWLkdnzZCn2TWUbqQEXXU5z/HXpZrAC0n3Tds4ahMrSqaQK8vNgrbqnuRltzBAnti1jMDj8UjLAy2zX6dxsXwhuJpwVNV8Xpet+ySnHxI7JhAvJCvvg7v4hQH013xdaYVoe3Ttao1lXeLIiJZ4PVtwvcXG1dT+ym5cBweWdiwuV+C4LewBL+4L/UsZHafWfwS2Q0nPBTITw+oMkxXPYEg1OZyY4yTbnzUdQo7/VvXXI8okhaoG5Rty4n35MlMIRXaSWgAofffcARqKS8h0jBbgXg0EymkL03+PjvbhP7gDHsPceKyJbzgehARaglTD4b1+oIuAJt6iBda3E1JuNgD5xeQj6mGrjQDwqpsP+ySxMB61VV0Q04wfPo9Fyw==",
            "tags": null,
            "tags_all": {}
          },
          "sensitive_attributes": [],
          "private": "eyJzY2hlbWFfdmVyc2lvbiI6IjEifQ==",
          "dependencies": [
            "tls_private_key.wazuh_lab_cecib"
          ]
        }
      ]
    },
    {
      "mode": "managed",
      "type": "aws_security_group",
      "name": "instancia_sg",
      "provider": "provider[\"registry.terraform.io/hashicorp/aws\"]",
      "instances": [
        {
          "index_key": "Amazon-Wazuh-Server",
          "schema_version": 1,
          "attributes": {
            "arn": "arn:aws:ec2:us-east-1:944873386727:security-group/sg-0adb8008b6edcb1ff",
            "description": "Security group for Amazon-Wazuh-Server",
            "egress": [
              {
                "cidr_blocks": [
                  "0.0.0.0/0"
                ],
                "description": "",
                "from_port": 0,
                "ipv6_cidr_blocks": [],
                "prefix_list_ids": [],
                "protocol": "-1",
                "security_groups": [],
                "self": false,
                "to_port": 0
              }
            ],
            "id": "sg-0adb8008b6edcb1ff",
            "ingress": [
              {
                "cidr_blocks": [
                  "0.0.0.0/0"
                ],
                "description": "",
                "from_port": 22,
                "ipv6_cidr_blocks": [],
                "prefix_list_ids": [],
                "protocol": "tcp",
                "security_groups": [],
                "self": false,
                "to_port": 22
              },
              {
                "cidr_blocks": [
                  "0.0.0.0/0"
                ],
                "description": "",
                "from_port": 443,
                "ipv6_cidr_blocks": [],
                "prefix_list_ids": [],
                "protocol": "tcp",
                "security_groups": [],
                "self": false,
                "to_port": 443
              },
              {
                "cidr_blocks": [
                  "0.0.0.0/0"
                ],
                "description": "",
                "from_port": 80,
                "ipv6_cidr_blocks": [],
                "prefix_list_ids": [],
                "protocol": "tcp",
                "security_groups": [],
                "self": false,
                "to_port": 80
              },
              {
                "cidr_blocks": [
                  "172.31.0.0/16"
                ],
                "description": "",
                "from_port": 0,
                "ipv6_cidr_blocks": [],
                "prefix_list_ids": [],
                "protocol": "tcp",
                "security_groups": [],
                "self": false,
                "to_port": 65535
              }
            ],
            "name": "Amazon-Wazuh-Server_sg",
            "name_prefix": "",
            "owner_id": "944873386727",
            "revoke_rules_on_delete": false,
            "tags": null,
            "tags_all": {},
            "timeouts": null,
            "vpc_id": "vpc-0143c27d846a5588f"
          },
          "sensitive_attributes": [],
          "private": "eyJlMmJmYjczMC1lY2FhLTExZTYtOGY4OC0zNDM2M2JjN2M0YzAiOnsiY3JlYXRlIjo2MDAwMDAwMDAwMDAsImRlbGV0ZSI6OTAwMDAwMDAwMDAwfSwic2NoZW1hX3ZlcnNpb24iOiIxIn0=",
          "dependencies": [
            "data.aws_vpc.default"
          ]
        },
        {
          "index_key": "Debian-Atacante",
          "schema_version": 1,
          "attributes": {
            "arn": "arn:aws:ec2:us-east-1:944873386727:security-group/sg-077e2417ffb233a88",
            "description": "Security group for Debian-Atacante",
            "egress": [
              {
                "cidr_blocks": [
                  "0.0.0.0/0"
                ],
                "description": "",
                "from_port": 0,
                "ipv6_cidr_blocks": [],
                "prefix_list_ids": [],
                "protocol": "-1",
                "security_groups": [],
                "self": false,
                "to_port": 0
              }
            ],
            "id": "sg-077e2417ffb233a88",
            "ingress": [
              {
                "cidr_blocks": [
                  "0.0.0.0/0"
                ],
                "description": "",
                "from_port": 22,
                "ipv6_cidr_blocks": [],
                "prefix_list_ids": [],
                "protocol": "tcp",
                "security_groups": [],
                "self": false,
                "to_port": 22
              },
              {
                "cidr_blocks": [
                  "172.31.0.0/16"
                ],
                "description": "",
                "from_port": 0,
                "ipv6_cidr_blocks": [],
                "prefix_list_ids": [],
                "protocol": "tcp",
                "security_groups": [],
                "self": false,
                "to_port": 65535
              }
            ],
            "name": "Debian-Atacante_sg",
            "name_prefix": "",
            "owner_id": "944873386727",
            "revoke_rules_on_delete": false,
            "tags": null,
            "tags_all": {},
            "timeouts": null,
            "vpc_id": "vpc-0143c27d846a5588f"
          },
          "sensitive_attributes": [],
          "private": "eyJlMmJmYjczMC1lY2FhLTExZTYtOGY4OC0zNDM2M2JjN2M0YzAiOnsiY3JlYXRlIjo2MDAwMDAwMDAwMDAsImRlbGV0ZSI6OTAwMDAwMDAwMDAwfSwic2NoZW1hX3ZlcnNpb24iOiIxIn0=",
          "dependencies": [
            "data.aws_vpc.default"
          ]
        },
        {
          "index_key": "Ubuntu-Agente",
          "schema_version": 1,
          "attributes": {
            "arn": "arn:aws:ec2:us-east-1:944873386727:security-group/sg-0b541da6f8b263123",
            "description": "Security group for Ubuntu-Agente",
            "egress": [
              {
                "cidr_blocks": [
                  "0.0.0.0/0"
                ],
                "description": "",
                "from_port": 0,
                "ipv6_cidr_blocks": [],
                "prefix_list_ids": [],
                "protocol": "-1",
                "security_groups": [],
                "self": false,
                "to_port": 0
              }
            ],
            "id": "sg-0b541da6f8b263123",
            "ingress": [
              {
                "cidr_blocks": [
                  "0.0.0.0/0"
                ],
                "description": "",
                "from_port": 22,
                "ipv6_cidr_blocks": [],
                "prefix_list_ids": [],
                "protocol": "tcp",
                "security_groups": [],
                "self": false,
                "to_port": 22
              },
              {
                "cidr_blocks": [
                  "0.0.0.0/0"
                ],
                "description": "",
                "from_port": 80,
                "ipv6_cidr_blocks": [],
                "prefix_list_ids": [],
                "protocol": "tcp",
                "security_groups": [],
                "self": false,
                "to_port": 80
              },
              {
                "cidr_blocks": [
                  "172.31.0.0/16"
                ],
                "description": "",
                "from_port": 0,
                "ipv6_cidr_blocks": [],
                "prefix_list_ids": [],
                "protocol": "tcp",
                "security_groups": [],
                "self": false,
                "to_port": 65535
              }
            ],
            "name": "Ubuntu-Agente_sg",
            "name_prefix": "",
            "owner_id": "944873386727",
            "revoke_rules_on_delete": false,
            "tags": null,
            "tags_all": {},
            "timeouts": null,
            "vpc_id": "vpc-0143c27d846a5588f"
          },
          "sensitive_attributes": [],
          "private": "eyJlMmJmYjczMC1lY2FhLTExZTYtOGY4OC0zNDM2M2JjN2M0YzAiOnsiY3JlYXRlIjo2MDAwMDAwMDAwMDAsImRlbGV0ZSI6OTAwMDAwMDAwMDAwfSwic2NoZW1hX3ZlcnNpb24iOiIxIn0=",
          "dependencies": [
            "data.aws_vpc.default"
          ]
        },
        {
          "index_key": "Windows-Agente",
          "schema_version": 1,
          "attributes": {
            "arn": "arn:aws:ec2:us-east-1:944873386727:security-group/sg-0a940c72d86cec7d7",
            "description": "Security group for Windows-Agente",
            "egress": [
              {
                "cidr_blocks": [
                  "0.0.0.0/0"
                ],
                "description": "",
                "from_port": 0,
                "ipv6_cidr_blocks": [],
                "prefix_list_ids": [],
                "protocol": "-1",
                "security_groups": [],
                "self": false,
                "to_port": 0
              }
            ],
            "id": "sg-0a940c72d86cec7d7",
            "ingress": [
              {
                "cidr_blocks": [
                  "0.0.0.0/0"
                ],
                "description": "",
                "from_port": 3389,
                "ipv6_cidr_blocks": [],
                "prefix_list_ids": [],
                "protocol": "tcp",
                "security_groups": [],
                "self": false,
                "to_port": 3389
              },
              {
                "cidr_blocks": [
                  "0.0.0.0/0"
                ],
                "description": "",
                "from_port": 5986,
                "ipv6_cidr_blocks": [],
                "prefix_list_ids": [],
                "protocol": "tcp",
                "security_groups": [],
                "self": false,
                "to_port": 5986
              },
              {
                "cidr_blocks": [
                  "0.0.0.0/0"
                ],
                "description": "",
                "from_port": 80,
                "ipv6_cidr_blocks": [],
                "prefix_list_ids": [],
                "protocol": "tcp",
                "security_groups": [],
                "self": false,
                "to_port": 80
              },
              {
                "cidr_blocks": [
                  "172.31.0.0/16"
                ],
                "description": "",
                "from_port": 0,
                "ipv6_cidr_blocks": [],
                "prefix_list_ids": [],
                "protocol": "tcp",
                "security_groups": [],
                "self": false,
                "to_port": 65535
              }
            ],
            "name": "Windows-Agente_sg",
            "name_prefix": "",
            "owner_id": "944873386727",
            "revoke_rules_on_delete": false,
            "tags": null,
            "tags_all": {},
            "timeouts": null,
            "vpc_id": "vpc-0143c27d846a5588f"
          },
          "sensitive_attributes": [],
          "private": "eyJlMmJmYjczMC1lY2FhLTExZTYtOGY4OC0zNDM2M2JjN2M0YzAiOnsiY3JlYXRlIjo2MDAwMDAwMDAwMDAsImRlbGV0ZSI6OTAwMDAwMDAwMDAwfSwic2NoZW1hX3ZlcnNpb24iOiIxIn0=",
          "dependencies": [
            "data.aws_vpc.default"
          ]
        }
      ]
    },
    {
      "mode": "managed",
      "type": "local_file",
      "name": "clave_privada",
      "provider": "provider[\"registry.terraform.io/hashicorp/local\"]",
      "instances": [
        {
          "schema_version": 0,
          "attributes": {
            "content": "-----BEGIN RSA PRIVATE KEY-----\nMIIJJwIBAAKCAgEA0+SfoWMcKRgpBZ2L1xcmtaTIAsi8LaWeZhtD5wH5arESDjNz\ncmQpKkwRf/AeJ25dINduFCEtbKboDsrvR2Ie6WluIe346bnSI9nnsqvr/KsoYh4O\n2J+aikomZVys6xww0Njwo2ioI4bR29jk2wMtwBGozzv+TbqEBNzUOiOfFMgqnPAA\nn8JwogO496ZaRB7kG4UQtXLgCMxby/ai7M8eXniwOcN0jnbePBmbCWaE25qKHVTv\nTPvfw01lKIjqz9Qzcp9/2F0GBIxoWRfm9y5zeUCamXZhs0oXDw6aE/RjbuWZ94Wq\nFi5HZ82Qp9k1lG6kBF11Oc/x16WawAtJ903bOGoTK0qmkCvLzYK26p7kZbcwQJ7Y\ntYzA4/FIywMts1+ncbF8IbiacFTVfF6Xrfskpx8SOyYQLyQr74O7+IUB9Nd8XWmF\naHt07WqNZV3iyIiWeD1bcL3FxtXU/spuXAcHlnYsLlfguC3sAS/uC/1LGR2n1n8E\ntkNJzwUyE8PqDJMVz2BINTmcmOMk2581HUKO/1b11yPKJIWqBuUbcuJ9+TJTCEV2\nkloAKH333AEaikvIdIwW4F4NBMppC9N/j4724T+4Ax7D3HisiW84HoQEWoJUw+G9\nfqCLgCbeogXWtxNSbjYA+cXkI+phq40A8KqbD/sksTAetVVdENOMHz6PRcsCAwEA\nAQKCAgBvZJA60pSaUfY22oUKdURHV7JCLG8o/BlSimDfD52kZiQczRWS/G7bqpPE\nk2H2zsEso7Rd5rcvmGsEY9D40O95O5DHS4iArsx3RnXU6yardPtM4YpifT1MGAEp\nZlgNXYuYL4QKE9nYm2a10cc2D+y8PUxmbZ6aFESVHdaAHfvie/xS9qUNV7XIpnZV\n0uE/UJIQmZqYGSUH2w8jIayzG4tWlNHn/AXJY1ofdEKZ5YhQvmR/WQhYi00uKgDV\nF22CBodpacpW30hrmbi9paApMAVKqBjeNmrUS03l/4ImnWKsiQ2xH1a0RG4Ldvjm\nFH1jY+rb1Jns45G7EXdSIF0pIofsoifXbxRotZM9oHET3lm7xlDsTmzSl8iEhF5E\n/oFcBA03RtENXn9Jm8YVQ6T+MONjB86+SXGbEZfRQUuQIgtbYpbIgkXh3GRlbmcX\nBUmfLnqdS0A9u2AMPKXY6cFKB5meWX9YyIFD8z785ED5iIC6dw7RZObYSKmcrvFe\nhsullh1AmdvA/pYMIkt3oQVqemZ9JO02XVGLQ6YWhEwLvbQSwbPe6FniifxX/5vr\nz/vS1f6BGAJvceqOyxbvXC5VS7qzymgyAFmX8ihOBJLkJnKNWsG95457BNbNLd7a\nJaJ7/snBl5Vf6oJShpOxY6vsyDbp4IQHLpB29BpVEhX8nVOPsQKCAQEA3AKb+9Kx\n8HIoSk7LtivbcGSIl408Y0E8e/ncCVeh49oUcn9UyzVl2FCSrAmCz/8+Pm2G99Yz\n2ZS0chuXtR3T4JPe9hx/2/sxvLRvw3/vgxna0xVYyga75uPwyWx0R0aGg2rFI/3i\nPFsTFdO5WhbtFpfafvKUl/5h1k5mRmkyIjUG4mmMZQSSwitOc+CrGta2Y4H4atH8\nSptVDPBhJcAnZN55Yy91iLe2QrUrbG2UazBShyH1Vo80bmvXhL5AQG5QlcIHAQ19\nCGl+f6dynKgnhXeo4zzrs/fdGTlgCpkSKjxMiFrc7LdF81BNB6oj7JlKqSbo+bAw\nqJEcFWVlrCg64wKCAQEA9o4XnKt2jEhYjFuTbfsX6im/AMjp0y+n9PjKP8LdPqfW\nlZ3Bt9qLcrxSOR5CqhU/x0j5hREHXyqZZ4+AIlmnBFdTQ8zckZvEBmJpVDVijsAT\nyj+bYG668n4jowatXJcpnpYHtZdLdY95AwCumaV2tlYaENjP20QieymDPVzbhw02\nM23jo7756whxS013DZwRUP+1TS1TKYTd45ePegC96bsVRMjIETNFCFr4Hxl31iq4\nK1iBKHuDO/k0E5EVNyCvHs/INAGzO66zXon8djZIguhZpSndOdMZle8WEGXeJRqO\nqFvR2LwvQStzQaVKkVo23Hj+1EVqs5Qblftmf181+QKCAQBTRy2SAavXDu8PSYo0\nl59FiNhnPU/ZZi0l5GsUojYmUDsjJ+2JydmWKtGKC0OXxc7ixIStNUiFGJPBCY7A\nQN0difuAf0Mqmoe2HTqc7sVTg6rf8ZmdRzVC7Y8MP2A4RorOHdEnkYdcP0EXJwBn\nCHyP68UJ/nqemeyguSZfipwudJH5i+hXqIaAtvHITQeXbiS1v9GvZXKxLuDft/Gd\n34FJ3ihmkeVUbe2wjHE2ZrgiZrUmb4U1UZmQHoQCvB0IBnm8ZihOjrOARqZaXaC1\nibUEAUpNUZcKlUz8qkofWNeWYyK5DmPHuovg0MmHmDBm85NeOdtAACA6/kp6EtqM\ncuHvAoIBAEaIB4EuG8+tsocUe2xu9DxsjNNwplNfwrB1q4Xp/Ni7sstCQfSSdGny\nLaNhYLi/M2uTGK5UXMOAsDnL91/cPcckJBG1PTP6V21sIa2RSAyGLiMhZxWDF7/f\nDdrJQjbGl4VibfooudF7paaSP2B80SUAJJzFKVEUgLiy+3RGaBaOVP8JZKGnNF9k\nHuTn2DLwfpOpUvgtCylJdSBybvz70VhXyJHQzkr9W7Y0L97Vrk56Eg10WB54luZF\nN/yQ+Hy4wOATmLYn9loQdAeLeclnZf7s8RgqjbrJBPy7VJiES7RZkI3hFnrl+q6t\n+17AJkDGigMwKdYXtZqBuBKDxKKTXiECggEASmAXtwgEQAwL8zfeTEpPYzFfj026\ntcz55EfxRNaLtPa4QrzzkGYdx5B0ZoUQBzLmlnnXdaM4h2V9hJrpU3PC8g4FdBUC\nTkWF1uEqvv5PvAY72cty9U3/fZcYIrP4wmFTuv3I706eP8hTf/w2e0b3vXDiTJjG\njNo7HfqBxPtaYTeWQrZQOucFvOHsTEd6gt9jXO7fQGonedu5vUX2hukDiPgVZUac\nxG8Xnv0GuXykRz9TIM8ViJYdanI4Lwy5zMNhVBarXS7pcTW4R+bWfArVsaLPebCP\nKr5eXV39+RfDWIT2ti821JPDh76v2PURGZOgQIL9dED8Tq14wudJir7Ekg==\n-----END RSA PRIVATE KEY-----\n",
            "content_base64": null,
            "content_base64sha256": "1EotVIW40I32nDbHggDEEaKY0qWjfq4QReLzUeD06fM=",
            "content_base64sha512": "1btfCHu6bTxhtGk06g/rH26hifC1SUVq7E7kUQ3d3fZOz+l5DoV3L95nryhlFFjQGr4NRCxYoeIqTOWjrLR6iQ==",
            "content_md5": "20a821d3553d2d290346b9c014e02b2a",
            "content_sha1": "d737e0ed5007fd27a394c00c74f2911a388eacf6",
            "content_sha256": "d44a2d5485b8d08df69c36c78200c411a298d2a5a37eae1045e2f351e0f4e9f3",
            "content_sha512": "d5bb5f087bba6d3c61b46934ea0feb1f6ea189f0b549456aec4ee4510dddddf64ecfe9790e85772fde67af28651458d01abe0d442c58a1e22a4ce5a3acb47a89",
            "directory_permission": "0777",
            "file_permission": "0400",
            "filename": "./despliegue_wazuh.pem",
            "id": "d737e0ed5007fd27a394c00c74f2911a388eacf6",
            "sensitive_content": null,
            "source": null
          },
          "sensitive_attributes": [
            [
              {
                "type": "get_attr",
                "value": "content"
              }
            ],
            [
              {
                "type": "get_attr",
                "value": "sensitive_content"
              }
            ]
          ],
          "dependencies": [
            "tls_private_key.wazuh_lab_cecib"
          ]
        }
      ]
    },
    {
      "mode": "managed",
      "type": "tls_private_key",
      "name": "wazuh_lab_cecib",
      "provider": "provider[\"registry.terraform.io/hashicorp/tls\"]",
      "instances": [
        {
          "schema_version": 1,
          "attributes": {
            "algorithm": "RSA",
            "ecdsa_curve": "P224",
            "id": "946b2fbb8dba6b2b458934c9a4e14e7d4d648fd5",
            "private_key_openssh": "-----BEGIN OPENSSH PRIVATE KEY-----\nb3BlbnNzaC1rZXktdjEAAAAABG5vbmUAAAAEbm9uZQAAAAAAAAABAAACFwAAAAdz\nc2gtcnNhAAAAAwEAAQAAAgEA0+SfoWMcKRgpBZ2L1xcmtaTIAsi8LaWeZhtD5wH5\narESDjNzcmQpKkwRf/AeJ25dINduFCEtbKboDsrvR2Ie6WluIe346bnSI9nnsqvr\n/KsoYh4O2J+aikomZVys6xww0Njwo2ioI4bR29jk2wMtwBGozzv+TbqEBNzUOiOf\nFMgqnPAAn8JwogO496ZaRB7kG4UQtXLgCMxby/ai7M8eXniwOcN0jnbePBmbCWaE\n25qKHVTvTPvfw01lKIjqz9Qzcp9/2F0GBIxoWRfm9y5zeUCamXZhs0oXDw6aE/Rj\nbuWZ94WqFi5HZ82Qp9k1lG6kBF11Oc/x16WawAtJ903bOGoTK0qmkCvLzYK26p7k\nZbcwQJ7YtYzA4/FIywMts1+ncbF8IbiacFTVfF6Xrfskpx8SOyYQLyQr74O7+IUB\n9Nd8XWmFaHt07WqNZV3iyIiWeD1bcL3FxtXU/spuXAcHlnYsLlfguC3sAS/uC/1L\nGR2n1n8EtkNJzwUyE8PqDJMVz2BINTmcmOMk2581HUKO/1b11yPKJIWqBuUbcuJ9\n+TJTCEV2kloAKH333AEaikvIdIwW4F4NBMppC9N/j4724T+4Ax7D3HisiW84HoQE\nWoJUw+G9fqCLgCbeogXWtxNSbjYA+cXkI+phq40A8KqbD/sksTAetVVdENOMHz6P\nRcsAAAc43b5Yd92+WHcAAAAHc3NoLXJzYQAAAgEA0+SfoWMcKRgpBZ2L1xcmtaTI\nAsi8LaWeZhtD5wH5arESDjNzcmQpKkwRf/AeJ25dINduFCEtbKboDsrvR2Ie6Wlu\nIe346bnSI9nnsqvr/KsoYh4O2J+aikomZVys6xww0Njwo2ioI4bR29jk2wMtwBGo\nzzv+TbqEBNzUOiOfFMgqnPAAn8JwogO496ZaRB7kG4UQtXLgCMxby/ai7M8eXniw\nOcN0jnbePBmbCWaE25qKHVTvTPvfw01lKIjqz9Qzcp9/2F0GBIxoWRfm9y5zeUCa\nmXZhs0oXDw6aE/RjbuWZ94WqFi5HZ82Qp9k1lG6kBF11Oc/x16WawAtJ903bOGoT\nK0qmkCvLzYK26p7kZbcwQJ7YtYzA4/FIywMts1+ncbF8IbiacFTVfF6Xrfskpx8S\nOyYQLyQr74O7+IUB9Nd8XWmFaHt07WqNZV3iyIiWeD1bcL3FxtXU/spuXAcHlnYs\nLlfguC3sAS/uC/1LGR2n1n8EtkNJzwUyE8PqDJMVz2BINTmcmOMk2581HUKO/1b1\n1yPKJIWqBuUbcuJ9+TJTCEV2kloAKH333AEaikvIdIwW4F4NBMppC9N/j4724T+4\nAx7D3HisiW84HoQEWoJUw+G9fqCLgCbeogXWtxNSbjYA+cXkI+phq40A8KqbD/sk\nsTAetVVdENOMHz6PRcsAAAADAQABAAACAG9kkDrSlJpR9jbahQp1REdXskIsbyj8\nGVKKYN8PnaRmJBzNFZL8btuqk8STYfbOwSyjtF3mty+YawRj0PjQ73k7kMdLiICu\nzHdGddTrJqt0+0zhimJ9PUwYASlmWA1di5gvhAoT2dibZrXRxzYP7Lw9TGZtnpoU\nRJUd1oAd++J7/FL2pQ1XtcimdlXS4T9QkhCZmpgZJQfbDyMhrLMbi1aU0ef8Bclj\nWh90QpnliFC+ZH9ZCFiLTS4qANUXbYIGh2lpylbfSGuZuL2loCkwBUqoGN42atRL\nTeX/giadYqyJDbEfVrREbgt2+OYUfWNj6tvUmezjkbsRd1IgXSkih+yiJ9dvFGi1\nkz2gcRPeWbvGUOxObNKXyISEXkT+gVwEDTdG0Q1ef0mbxhVDpP4w42MHzr5JcZsR\nl9FBS5AiC1tilsiCReHcZGVuZxcFSZ8uep1LQD27YAw8pdjpwUoHmZ5Zf1jIgUPz\nPvzkQPmIgLp3DtFk5thIqZyu8V6Gy6WWHUCZ28D+lgwiS3ehBWp6Zn0k7TZdUYtD\nphaETAu9tBLBs97oWeKJ/Ff/m+vP+9LV/oEYAm9x6o7LFu9cLlVLurPKaDIAWZfy\nKE4EkuQmco1awb3njnsE1s0t3tolonv+ycGXlV/qglKGk7Fjq+zINunghAcukHb0\nGlUSFfydU4+xAAABAEpgF7cIBEAMC/M33kxKT2MxX49NurXM+eRH8UTWi7T2uEK8\n85BmHceQdGaFEAcy5pZ513WjOIdlfYSa6VNzwvIOBXQVAk5FhdbhKr7+T7wGO9nL\ncvVN/32XGCKz+MJhU7r9yO9Onj/IU3/8NntG971w4kyYxozaOx36gcT7WmE3lkK2\nUDrnBbzh7ExHeoLfY1zu30BqJ3nbub1F9obpA4j4FWVGnMRvF579Brl8pEc/UyDP\nFYiWHWpyOC8MuczDYVQWq10u6XE1uEfm1nwK1bGiz3mwjyq+Xl1d/fkXw1iE9rYv\nNtSTw4e+r9j1ERmToECC/XRA/E6teMLnSYq+xJIAAAEBANwCm/vSsfByKEpOy7Yr\n23BkiJeNPGNBPHv53AlXoePaFHJ/VMs1ZdhQkqwJgs//Pj5thvfWM9mUtHIbl7Ud\n0+CT3vYcf9v7Mby0b8N/74MZ2tMVWMoGu+bj8MlsdEdGhoNqxSP94jxbExXTuVoW\n7RaX2n7ylJf+YdZOZkZpMiI1BuJpjGUEksIrTnPgqxrWtmOB+GrR/EqbVQzwYSXA\nJ2TeeWMvdYi3tkK1K2xtlGswUoch9VaPNG5r14S+QEBuUJXCBwENfQhpfn+ncpyo\nJ4V3qOM867P33Rk5YAqZEio8TIha3Oy3RfNQTQeqI+yZSqkm6PmwMKiRHBVlZawo\nOuMAAAEBAPaOF5yrdoxIWIxbk237F+opvwDI6dMvp/T4yj/C3T6n1pWdwbfai3K8\nUjkeQqoVP8dI+YURB18qmWePgCJZpwRXU0PM3JGbxAZiaVQ1Yo7AE8o/m2BuuvJ+\nI6MGrVyXKZ6WB7WXS3WPeQMArpmldrZWGhDYz9tEInspgz1c24cNNjNt46O++esI\ncUtNdw2cEVD/tU0tUymE3eOXj3oAvem7FUTIyBEzRQha+B8Zd9YquCtYgSh7gzv5\nNBORFTcgrx7PyDQBszuus16J/HY2SILoWaUp3TnTGZXvFhBl3iUajqhb0di8L0Er\nc0GlSpFaNtx4/tRFarOUG5X7Zn9fNfkAAAAAAQID\n-----END OPENSSH PRIVATE KEY-----\n",
            "private_key_pem": "-----BEGIN RSA PRIVATE KEY-----\nMIIJJwIBAAKCAgEA0+SfoWMcKRgpBZ2L1xcmtaTIAsi8LaWeZhtD5wH5arESDjNz\ncmQpKkwRf/AeJ25dINduFCEtbKboDsrvR2Ie6WluIe346bnSI9nnsqvr/KsoYh4O\n2J+aikomZVys6xww0Njwo2ioI4bR29jk2wMtwBGozzv+TbqEBNzUOiOfFMgqnPAA\nn8JwogO496ZaRB7kG4UQtXLgCMxby/ai7M8eXniwOcN0jnbePBmbCWaE25qKHVTv\nTPvfw01lKIjqz9Qzcp9/2F0GBIxoWRfm9y5zeUCamXZhs0oXDw6aE/RjbuWZ94Wq\nFi5HZ82Qp9k1lG6kBF11Oc/x16WawAtJ903bOGoTK0qmkCvLzYK26p7kZbcwQJ7Y\ntYzA4/FIywMts1+ncbF8IbiacFTVfF6Xrfskpx8SOyYQLyQr74O7+IUB9Nd8XWmF\naHt07WqNZV3iyIiWeD1bcL3FxtXU/spuXAcHlnYsLlfguC3sAS/uC/1LGR2n1n8E\ntkNJzwUyE8PqDJMVz2BINTmcmOMk2581HUKO/1b11yPKJIWqBuUbcuJ9+TJTCEV2\nkloAKH333AEaikvIdIwW4F4NBMppC9N/j4724T+4Ax7D3HisiW84HoQEWoJUw+G9\nfqCLgCbeogXWtxNSbjYA+cXkI+phq40A8KqbD/sksTAetVVdENOMHz6PRcsCAwEA\nAQKCAgBvZJA60pSaUfY22oUKdURHV7JCLG8o/BlSimDfD52kZiQczRWS/G7bqpPE\nk2H2zsEso7Rd5rcvmGsEY9D40O95O5DHS4iArsx3RnXU6yardPtM4YpifT1MGAEp\nZlgNXYuYL4QKE9nYm2a10cc2D+y8PUxmbZ6aFESVHdaAHfvie/xS9qUNV7XIpnZV\n0uE/UJIQmZqYGSUH2w8jIayzG4tWlNHn/AXJY1ofdEKZ5YhQvmR/WQhYi00uKgDV\nF22CBodpacpW30hrmbi9paApMAVKqBjeNmrUS03l/4ImnWKsiQ2xH1a0RG4Ldvjm\nFH1jY+rb1Jns45G7EXdSIF0pIofsoifXbxRotZM9oHET3lm7xlDsTmzSl8iEhF5E\n/oFcBA03RtENXn9Jm8YVQ6T+MONjB86+SXGbEZfRQUuQIgtbYpbIgkXh3GRlbmcX\nBUmfLnqdS0A9u2AMPKXY6cFKB5meWX9YyIFD8z785ED5iIC6dw7RZObYSKmcrvFe\nhsullh1AmdvA/pYMIkt3oQVqemZ9JO02XVGLQ6YWhEwLvbQSwbPe6FniifxX/5vr\nz/vS1f6BGAJvceqOyxbvXC5VS7qzymgyAFmX8ihOBJLkJnKNWsG95457BNbNLd7a\nJaJ7/snBl5Vf6oJShpOxY6vsyDbp4IQHLpB29BpVEhX8nVOPsQKCAQEA3AKb+9Kx\n8HIoSk7LtivbcGSIl408Y0E8e/ncCVeh49oUcn9UyzVl2FCSrAmCz/8+Pm2G99Yz\n2ZS0chuXtR3T4JPe9hx/2/sxvLRvw3/vgxna0xVYyga75uPwyWx0R0aGg2rFI/3i\nPFsTFdO5WhbtFpfafvKUl/5h1k5mRmkyIjUG4mmMZQSSwitOc+CrGta2Y4H4atH8\nSptVDPBhJcAnZN55Yy91iLe2QrUrbG2UazBShyH1Vo80bmvXhL5AQG5QlcIHAQ19\nCGl+f6dynKgnhXeo4zzrs/fdGTlgCpkSKjxMiFrc7LdF81BNB6oj7JlKqSbo+bAw\nqJEcFWVlrCg64wKCAQEA9o4XnKt2jEhYjFuTbfsX6im/AMjp0y+n9PjKP8LdPqfW\nlZ3Bt9qLcrxSOR5CqhU/x0j5hREHXyqZZ4+AIlmnBFdTQ8zckZvEBmJpVDVijsAT\nyj+bYG668n4jowatXJcpnpYHtZdLdY95AwCumaV2tlYaENjP20QieymDPVzbhw02\nM23jo7756whxS013DZwRUP+1TS1TKYTd45ePegC96bsVRMjIETNFCFr4Hxl31iq4\nK1iBKHuDO/k0E5EVNyCvHs/INAGzO66zXon8djZIguhZpSndOdMZle8WEGXeJRqO\nqFvR2LwvQStzQaVKkVo23Hj+1EVqs5Qblftmf181+QKCAQBTRy2SAavXDu8PSYo0\nl59FiNhnPU/ZZi0l5GsUojYmUDsjJ+2JydmWKtGKC0OXxc7ixIStNUiFGJPBCY7A\nQN0difuAf0Mqmoe2HTqc7sVTg6rf8ZmdRzVC7Y8MP2A4RorOHdEnkYdcP0EXJwBn\nCHyP68UJ/nqemeyguSZfipwudJH5i+hXqIaAtvHITQeXbiS1v9GvZXKxLuDft/Gd\n34FJ3ihmkeVUbe2wjHE2ZrgiZrUmb4U1UZmQHoQCvB0IBnm8ZihOjrOARqZaXaC1\nibUEAUpNUZcKlUz8qkofWNeWYyK5DmPHuovg0MmHmDBm85NeOdtAACA6/kp6EtqM\ncuHvAoIBAEaIB4EuG8+tsocUe2xu9DxsjNNwplNfwrB1q4Xp/Ni7sstCQfSSdGny\nLaNhYLi/M2uTGK5UXMOAsDnL91/cPcckJBG1PTP6V21sIa2RSAyGLiMhZxWDF7/f\nDdrJQjbGl4VibfooudF7paaSP2B80SUAJJzFKVEUgLiy+3RGaBaOVP8JZKGnNF9k\nHuTn2DLwfpOpUvgtCylJdSBybvz70VhXyJHQzkr9W7Y0L97Vrk56Eg10WB54luZF\nN/yQ+Hy4wOATmLYn9loQdAeLeclnZf7s8RgqjbrJBPy7VJiES7RZkI3hFnrl+q6t\n+17AJkDGigMwKdYXtZqBuBKDxKKTXiECggEASmAXtwgEQAwL8zfeTEpPYzFfj026\ntcz55EfxRNaLtPa4QrzzkGYdx5B0ZoUQBzLmlnnXdaM4h2V9hJrpU3PC8g4FdBUC\nTkWF1uEqvv5PvAY72cty9U3/fZcYIrP4wmFTuv3I706eP8hTf/w2e0b3vXDiTJjG\njNo7HfqBxPtaYTeWQrZQOucFvOHsTEd6gt9jXO7fQGonedu5vUX2hukDiPgVZUac\nxG8Xnv0GuXykRz9TIM8ViJYdanI4Lwy5zMNhVBarXS7pcTW4R+bWfArVsaLPebCP\nKr5eXV39+RfDWIT2ti821JPDh76v2PURGZOgQIL9dED8Tq14wudJir7Ekg==\n-----END RSA PRIVATE KEY-----\n",
            "private_key_pem_pkcs8": "-----BEGIN PRIVATE KEY-----\nMIIJQQIBADANBgkqhkiG9w0BAQEFAASCCSswggknAgEAAoICAQDT5J+hYxwpGCkF\nnYvXFya1pMgCyLwtpZ5mG0PnAflqsRIOM3NyZCkqTBF/8B4nbl0g124UIS1spugO\nyu9HYh7paW4h7fjpudIj2eeyq+v8qyhiHg7Yn5qKSiZlXKzrHDDQ2PCjaKgjhtHb\n2OTbAy3AEajPO/5NuoQE3NQ6I58UyCqc8ACfwnCiA7j3plpEHuQbhRC1cuAIzFvL\n9qLszx5eeLA5w3SOdt48GZsJZoTbmoodVO9M+9/DTWUoiOrP1DNyn3/YXQYEjGhZ\nF+b3LnN5QJqZdmGzShcPDpoT9GNu5Zn3haoWLkdnzZCn2TWUbqQEXXU5z/HXpZrA\nC0n3Tds4ahMrSqaQK8vNgrbqnuRltzBAnti1jMDj8UjLAy2zX6dxsXwhuJpwVNV8\nXpet+ySnHxI7JhAvJCvvg7v4hQH013xdaYVoe3Ttao1lXeLIiJZ4PVtwvcXG1dT+\nym5cBweWdiwuV+C4LewBL+4L/UsZHafWfwS2Q0nPBTITw+oMkxXPYEg1OZyY4yTb\nnzUdQo7/VvXXI8okhaoG5Rty4n35MlMIRXaSWgAofffcARqKS8h0jBbgXg0EymkL\n03+PjvbhP7gDHsPceKyJbzgehARaglTD4b1+oIuAJt6iBda3E1JuNgD5xeQj6mGr\njQDwqpsP+ySxMB61VV0Q04wfPo9FywIDAQABAoICAG9kkDrSlJpR9jbahQp1REdX\nskIsbyj8GVKKYN8PnaRmJBzNFZL8btuqk8STYfbOwSyjtF3mty+YawRj0PjQ73k7\nkMdLiICuzHdGddTrJqt0+0zhimJ9PUwYASlmWA1di5gvhAoT2dibZrXRxzYP7Lw9\nTGZtnpoURJUd1oAd++J7/FL2pQ1XtcimdlXS4T9QkhCZmpgZJQfbDyMhrLMbi1aU\n0ef8BcljWh90QpnliFC+ZH9ZCFiLTS4qANUXbYIGh2lpylbfSGuZuL2loCkwBUqo\nGN42atRLTeX/giadYqyJDbEfVrREbgt2+OYUfWNj6tvUmezjkbsRd1IgXSkih+yi\nJ9dvFGi1kz2gcRPeWbvGUOxObNKXyISEXkT+gVwEDTdG0Q1ef0mbxhVDpP4w42MH\nzr5JcZsRl9FBS5AiC1tilsiCReHcZGVuZxcFSZ8uep1LQD27YAw8pdjpwUoHmZ5Z\nf1jIgUPzPvzkQPmIgLp3DtFk5thIqZyu8V6Gy6WWHUCZ28D+lgwiS3ehBWp6Zn0k\n7TZdUYtDphaETAu9tBLBs97oWeKJ/Ff/m+vP+9LV/oEYAm9x6o7LFu9cLlVLurPK\naDIAWZfyKE4EkuQmco1awb3njnsE1s0t3tolonv+ycGXlV/qglKGk7Fjq+zINung\nhAcukHb0GlUSFfydU4+xAoIBAQDcApv70rHwcihKTsu2K9twZIiXjTxjQTx7+dwJ\nV6Hj2hRyf1TLNWXYUJKsCYLP/z4+bYb31jPZlLRyG5e1HdPgk972HH/b+zG8tG/D\nf++DGdrTFVjKBrvm4/DJbHRHRoaDasUj/eI8WxMV07laFu0Wl9p+8pSX/mHWTmZG\naTIiNQbiaYxlBJLCK05z4Ksa1rZjgfhq0fxKm1UM8GElwCdk3nljL3WIt7ZCtSts\nbZRrMFKHIfVWjzRua9eEvkBAblCVwgcBDX0IaX5/p3KcqCeFd6jjPOuz990ZOWAK\nmRIqPEyIWtzst0XzUE0HqiPsmUqpJuj5sDCokRwVZWWsKDrjAoIBAQD2jhecq3aM\nSFiMW5Nt+xfqKb8AyOnTL6f0+Mo/wt0+p9aVncG32otyvFI5HkKqFT/HSPmFEQdf\nKplnj4AiWacEV1NDzNyRm8QGYmlUNWKOwBPKP5tgbrryfiOjBq1clymelge1l0t1\nj3kDAK6ZpXa2VhoQ2M/bRCJ7KYM9XNuHDTYzbeOjvvnrCHFLTXcNnBFQ/7VNLVMp\nhN3jl496AL3puxVEyMgRM0UIWvgfGXfWKrgrWIEoe4M7+TQTkRU3IK8ez8g0AbM7\nrrNeifx2NkiC6FmlKd050xmV7xYQZd4lGo6oW9HYvC9BK3NBpUqRWjbceP7URWqz\nlBuV+2Z/XzX5AoIBAFNHLZIBq9cO7w9JijSXn0WI2Gc9T9lmLSXkaxSiNiZQOyMn\n7YnJ2ZYq0YoLQ5fFzuLEhK01SIUYk8EJjsBA3R2J+4B/Qyqah7YdOpzuxVODqt/x\nmZ1HNULtjww/YDhGis4d0SeRh1w/QRcnAGcIfI/rxQn+ep6Z7KC5Jl+KnC50kfmL\n6FeohoC28chNB5duJLW/0a9lcrEu4N+38Z3fgUneKGaR5VRt7bCMcTZmuCJmtSZv\nhTVRmZAehAK8HQgGebxmKE6Os4BGplpdoLWJtQQBSk1RlwqVTPyqSh9Y15ZjIrkO\nY8e6i+DQyYeYMGbzk14520AAIDr+SnoS2oxy4e8CggEARogHgS4bz62yhxR7bG70\nPGyM03CmU1/CsHWrhen82Luyy0JB9JJ0afIto2FguL8za5MYrlRcw4CwOcv3X9w9\nxyQkEbU9M/pXbWwhrZFIDIYuIyFnFYMXv98N2slCNsaXhWJt+ii50XulppI/YHzR\nJQAknMUpURSAuLL7dEZoFo5U/wlkoac0X2Qe5OfYMvB+k6lS+C0LKUl1IHJu/PvR\nWFfIkdDOSv1btjQv3tWuTnoSDXRYHniW5kU3/JD4fLjA4BOYtif2WhB0B4t5yWdl\n/uzxGCqNuskE/LtUmIRLtFmQjeEWeuX6rq37XsAmQMaKAzAp1he1moG4EoPEopNe\nIQKCAQBKYBe3CARADAvzN95MSk9jMV+PTbq1zPnkR/FE1ou09rhCvPOQZh3HkHRm\nhRAHMuaWedd1oziHZX2EmulTc8LyDgV0FQJORYXW4Sq+/k+8BjvZy3L1Tf99lxgi\ns/jCYVO6/cjvTp4/yFN//DZ7Rve9cOJMmMaM2jsd+oHE+1phN5ZCtlA65wW84exM\nR3qC32Nc7t9Aaid527m9RfaG6QOI+BVlRpzEbxee/Qa5fKRHP1MgzxWIlh1qcjgv\nDLnMw2FUFqtdLulxNbhH5tZ8CtWxos95sI8qvl5dXf35F8NYhPa2LzbUk8OHvq/Y\n9REZk6BAgv10QPxOrXjC50mKvsSS\n-----END PRIVATE KEY-----\n",
            "public_key_fingerprint_md5": "11:52:51:43:7a:7a:41:45:1e:a6:23:1e:95:09:86:ab",
            "public_key_fingerprint_sha256": "SHA256:QvJRe3pEDNnhvhod2M/0LWlChvJvF9lkSa/mPtxGkRY",
            "public_key_openssh": "ssh-rsa AAAAB3NzaC1yc2EAAAADAQABAAACAQDT5J+hYxwpGCkFnYvXFya1pMgCyLwtpZ5mG0PnAflqsRIOM3NyZCkqTBF/8B4nbl0g124UIS1spugOyu9HYh7paW4h7fjpudIj2eeyq+v8qyhiHg7Yn5qKSiZlXKzrHDDQ2PCjaKgjhtHb2OTbAy3AEajPO/5NuoQE3NQ6I58UyCqc8ACfwnCiA7j3plpEHuQbhRC1cuAIzFvL9qLszx5eeLA5w3SOdt48GZsJZoTbmoodVO9M+9/DTWUoiOrP1DNyn3/YXQYEjGhZF+b3LnN5QJqZdmGzShcPDpoT9GNu5Zn3haoWLkdnzZCn2TWUbqQEXXU5z/HXpZrAC0n3Tds4ahMrSqaQK8vNgrbqnuRltzBAnti1jMDj8UjLAy2zX6dxsXwhuJpwVNV8Xpet+ySnHxI7JhAvJCvvg7v4hQH013xdaYVoe3Ttao1lXeLIiJZ4PVtwvcXG1dT+ym5cBweWdiwuV+C4LewBL+4L/UsZHafWfwS2Q0nPBTITw+oMkxXPYEg1OZyY4yTbnzUdQo7/VvXXI8okhaoG5Rty4n35MlMIRXaSWgAofffcARqKS8h0jBbgXg0EymkL03+PjvbhP7gDHsPceKyJbzgehARaglTD4b1+oIuAJt6iBda3E1JuNgD5xeQj6mGrjQDwqpsP+ySxMB61VV0Q04wfPo9Fyw==\n",
            "public_key_pem": "-----BEGIN PUBLIC KEY-----\nMIICIjANBgkqhkiG9w0BAQEFAAOCAg8AMIICCgKCAgEA0+SfoWMcKRgpBZ2L1xcm\ntaTIAsi8LaWeZhtD5wH5arESDjNzcmQpKkwRf/AeJ25dINduFCEtbKboDsrvR2Ie\n6WluIe346bnSI9nnsqvr/KsoYh4O2J+aikomZVys6xww0Njwo2ioI4bR29jk2wMt\nwBGozzv+TbqEBNzUOiOfFMgqnPAAn8JwogO496ZaRB7kG4UQtXLgCMxby/ai7M8e\nXniwOcN0jnbePBmbCWaE25qKHVTvTPvfw01lKIjqz9Qzcp9/2F0GBIxoWRfm9y5z\neUCamXZhs0oXDw6aE/RjbuWZ94WqFi5HZ82Qp9k1lG6kBF11Oc/x16WawAtJ903b\nOGoTK0qmkCvLzYK26p7kZbcwQJ7YtYzA4/FIywMts1+ncbF8IbiacFTVfF6Xrfsk\npx8SOyYQLyQr74O7+IUB9Nd8XWmFaHt07WqNZV3iyIiWeD1bcL3FxtXU/spuXAcH\nlnYsLlfguC3sAS/uC/1LGR2n1n8EtkNJzwUyE8PqDJMVz2BINTmcmOMk2581HUKO\n/1b11yPKJIWqBuUbcuJ9+TJTCEV2kloAKH333AEaikvIdIwW4F4NBMppC9N/j472\n4T+4Ax7D3HisiW84HoQEWoJUw+G9fqCLgCbeogXWtxNSbjYA+cXkI+phq40A8Kqb\nD/sksTAetVVdENOMHz6PRcsCAwEAAQ==\n-----END PUBLIC KEY-----\n",
            "rsa_bits": 4096
          },
          "sensitive_attributes": [
            [
              {
                "type": "get_attr",
                "value": "private_key_pem"
              }
            ],
            [
              {
                "type": "get_attr",
                "value": "private_key_pem_pkcs8"
              }
            ],
            [
              {
                "type": "get_attr",
                "value": "private_key_openssh"
              }
            ]
          ]
        }
      ]
    }
  ],
  "check_results": null
}
