{
  "version": 4,
  "terraform_version": "1.8.5",
  "serial": 485,
  "lineage": "602064bd-5364-b58c-a902-dd7833c8bdd8",
  "outputs": {
    "default_vpc_cidr_block": {
      "value": "172.31.0.0/16",
      "type": "string"
    },
    "instance_ips": {
      "value": {
        "Amazon-Wazuh-Server": {
          "private_ip": "172.31.40.184",
          "public_ip": "34.238.161.240"
        },
        "Debian-Atacante": {
          "private_ip": "172.31.18.94",
          "public_ip": "18.215.149.131"
        },
        "Ubuntu-Agente": {
          "private_ip": "172.31.22.27",
          "public_ip": "54.145.27.21"
        },
        "Windows-Agente": {
          "private_ip": "172.31.40.107",
          "public_ip": "52.90.224.189"
        }
      },
      "type": [
        "object",
        {
          "Amazon-Wazuh-Server": [
            "object",
            {
              "private_ip": "string",
              "public_ip": "string"
            }
          ],
          "Debian-Atacante": [
            "object",
            {
              "private_ip": "string",
              "public_ip": "string"
            }
          ],
          "Ubuntu-Agente": [
            "object",
            {
              "private_ip": "string",
              "public_ip": "string"
            }
          ],
          "Windows-Agente": [
            "object",
            {
              "private_ip": "string",
              "public_ip": "string"
            }
          ]
        }
      ]
    }
  },
  "resources": [
    {
      "mode": "data",
      "type": "aws_vpc",
      "name": "default",
      "provider": "provider[\"registry.terraform.io/hashicorp/aws\"]",
      "instances": [
        {
          "schema_version": 0,
          "attributes": {
            "arn": "arn:aws:ec2:us-east-1:944873386727:vpc/vpc-0143c27d846a5588f",
            "cidr_block": "172.31.0.0/16",
            "cidr_block_associations": [
              {
                "association_id": "vpc-cidr-assoc-06cff410713c6fb79",
                "cidr_block": "172.31.0.0/16",
                "state": "associated"
              }
            ],
            "default": true,
            "dhcp_options_id": "dopt-0d8493028a884032b",
            "enable_dns_hostnames": true,
            "enable_dns_support": true,
            "enable_network_address_usage_metrics": false,
            "filter": null,
            "id": "vpc-0143c27d846a5588f",
            "instance_tenancy": "default",
            "ipv6_association_id": "",
            "ipv6_cidr_block": "",
            "main_route_table_id": "rtb-0d2f95c03064fd7ad",
            "owner_id": "944873386727",
            "state": null,
            "tags": {},
            "timeouts": null
          },
          "sensitive_attributes": []
        }
      ]
    },
    {
      "mode": "managed",
      "type": "aws_instance",
      "name": "this",
      "provider": "provider[\"registry.terraform.io/hashicorp/aws\"]",
      "instances": [
        {
          "index_key": "Amazon-Wazuh-Server",
          "schema_version": 1,
          "attributes": {
            "ami": "ami-0d94353f7bad10668",
            "arn": "arn:aws:ec2:us-east-1:944873386727:instance/i-063a3d22f25406cba",
            "associate_public_ip_address": true,
            "availability_zone": "us-east-1a",
            "capacity_reservation_specification": [
              {
                "capacity_reservation_preference": "open",
                "capacity_reservation_target": []
              }
            ],
            "cpu_core_count": 2,
            "cpu_options": [
              {
                "amd_sev_snp": "",
                "core_count": 2,
                "threads_per_core": 1
              }
            ],
            "cpu_threads_per_core": 1,
            "credit_specification": [
              {
                "cpu_credits": "standard"
              }
            ],
            "disable_api_stop": false,
            "disable_api_termination": false,
            "ebs_block_device": [],
            "ebs_optimized": false,
            "enclave_options": [
              {
                "enabled": false
              }
            ],
            "ephemeral_block_device": [],
            "get_password_data": false,
            "hibernation": false,
            "host_id": "",
            "host_resource_group_arn": null,
            "iam_instance_profile": "",
            "id": "i-063a3d22f25406cba",
            "instance_initiated_shutdown_behavior": "stop",
            "instance_lifecycle": "",
            "instance_market_options": [],
            "instance_state": "running",
            "instance_type": "t2.medium",
            "ipv6_address_count": 0,
            "ipv6_addresses": [],
            "key_name": "wazuh-lab-key",
            "launch_template": [],
            "maintenance_options": [
              {
                "auto_recovery": "default"
              }
            ],
            "metadata_options": [
              {
                "http_endpoint": "enabled",
                "http_protocol_ipv6": "disabled",
                "http_put_response_hop_limit": 1,
                "http_tokens": "optional",
                "instance_metadata_tags": "disabled"
              }
            ],
            "monitoring": false,
            "network_interface": [],
            "outpost_arn": "",
            "password_data": "",
            "placement_group": "",
            "placement_partition_number": 0,
            "primary_network_interface_id": "eni-0f7cf5b4bc15ed400",
            "private_dns": "ip-172-31-40-184.ec2.internal",
            "private_dns_name_options": [
              {
                "enable_resource_name_dns_a_record": false,
                "enable_resource_name_dns_aaaa_record": false,
                "hostname_type": "ip-name"
              }
            ],
            "private_ip": "172.31.40.184",
            "public_dns": "ec2-34-238-161-240.compute-1.amazonaws.com",
            "public_ip": "34.238.161.240",
            "root_block_device": [
              {
                "delete_on_termination": true,
                "device_name": "/dev/xvda",
                "encrypted": false,
                "iops": 100,
                "kms_key_id": "",
                "tags": {},
                "tags_all": {},
                "throughput": 0,
                "volume_id": "vol-0075ab47ebc8b7c80",
                "volume_size": 8,
                "volume_type": "gp2"
              }
            ],
            "secondary_private_ips": [],
            "security_groups": [
              "Amazon-Wazuh-Server_sg"
            ],
            "source_dest_check": true,
            "spot_instance_request_id": "",
            "subnet_id": "subnet-096b7f6c578bb0238",
            "tags": {
              "Name": "Amazon-Wazuh-Server"
            },
            "tags_all": {
              "Name": "Amazon-Wazuh-Server"
            },
            "tenancy": "default",
            "timeouts": null,
            "user_data": null,
            "user_data_base64": null,
            "user_data_replace_on_change": false,
            "volume_tags": null,
            "vpc_security_group_ids": [
              "sg-0d4404134c922ccaa"
            ]
          },
          "sensitive_attributes": [],
          "private": "eyJlMmJmYjczMC1lY2FhLTExZTYtOGY4OC0zNDM2M2JjN2M0YzAiOnsiY3JlYXRlIjo2MDAwMDAwMDAwMDAsImRlbGV0ZSI6MTIwMDAwMDAwMDAwMCwicmVhZCI6OTAwMDAwMDAwMDAwLCJ1cGRhdGUiOjYwMDAwMDAwMDAwMH0sInNjaGVtYV92ZXJzaW9uIjoiMSJ9",
          "dependencies": [
            "aws_key_pair.despliegue",
            "aws_security_group.instancia_sg",
            "data.aws_vpc.default",
            "tls_private_key.wazuh_lab_cecib"
          ]
        },
        {
          "index_key": "Debian-Atacante",
          "schema_version": 1,
          "attributes": {
            "ami": "ami-058bd2d568351da34",
            "arn": "arn:aws:ec2:us-east-1:944873386727:instance/i-00fa495a71f4d368d",
            "associate_public_ip_address": true,
            "availability_zone": "us-east-1d",
            "capacity_reservation_specification": [
              {
                "capacity_reservation_preference": "open",
                "capacity_reservation_target": []
              }
            ],
            "cpu_core_count": 1,
            "cpu_options": [
              {
                "amd_sev_snp": "",
                "core_count": 1,
                "threads_per_core": 1
              }
            ],
            "cpu_threads_per_core": 1,
            "credit_specification": [
              {
                "cpu_credits": "standard"
              }
            ],
            "disable_api_stop": false,
            "disable_api_termination": false,
            "ebs_block_device": [],
            "ebs_optimized": false,
            "enclave_options": [
              {
                "enabled": false
              }
            ],
            "ephemeral_block_device": [],
            "get_password_data": false,
            "hibernation": false,
            "host_id": "",
            "host_resource_group_arn": null,
            "iam_instance_profile": "",
            "id": "i-00fa495a71f4d368d",
            "instance_initiated_shutdown_behavior": "stop",
            "instance_lifecycle": "",
            "instance_market_options": [],
            "instance_state": "running",
            "instance_type": "t2.micro",
            "ipv6_address_count": 0,
            "ipv6_addresses": [],
            "key_name": "wazuh-lab-key",
            "launch_template": [],
            "maintenance_options": [
              {
                "auto_recovery": "default"
              }
            ],
            "metadata_options": [
              {
                "http_endpoint": "enabled",
                "http_protocol_ipv6": "disabled",
                "http_put_response_hop_limit": 1,
                "http_tokens": "optional",
                "instance_metadata_tags": "disabled"
              }
            ],
            "monitoring": false,
            "network_interface": [],
            "outpost_arn": "",
            "password_data": "",
            "placement_group": "",
            "placement_partition_number": 0,
            "primary_network_interface_id": "eni-0621003228a70f989",
            "private_dns": "ip-172-31-18-94.ec2.internal",
            "private_dns_name_options": [
              {
                "enable_resource_name_dns_a_record": false,
                "enable_resource_name_dns_aaaa_record": false,
                "hostname_type": "ip-name"
              }
            ],
            "private_ip": "172.31.18.94",
            "public_dns": "ec2-18-215-149-131.compute-1.amazonaws.com",
            "public_ip": "18.215.149.131",
            "root_block_device": [
              {
                "delete_on_termination": true,
                "device_name": "/dev/xvda",
                "encrypted": false,
                "iops": 3000,
                "kms_key_id": "",
                "tags": {},
                "tags_all": {},
                "throughput": 125,
                "volume_id": "vol-052393f5a4fad96e0",
                "volume_size": 8,
                "volume_type": "gp3"
              }
            ],
            "secondary_private_ips": [],
            "security_groups": [
              "Debian-Atacante_sg"
            ],
            "source_dest_check": true,
            "spot_instance_request_id": "",
            "subnet_id": "subnet-04b93a3c85cf77dd2",
            "tags": {
              "Name": "Debian-Atacante"
            },
            "tags_all": {
              "Name": "Debian-Atacante"
            },
            "tenancy": "default",
            "timeouts": null,
            "user_data": null,
            "user_data_base64": null,
            "user_data_replace_on_change": false,
            "volume_tags": null,
            "vpc_security_group_ids": [
              "sg-0639f122aa6804117"
            ]
          },
          "sensitive_attributes": [],
          "private": "eyJlMmJmYjczMC1lY2FhLTExZTYtOGY4OC0zNDM2M2JjN2M0YzAiOnsiY3JlYXRlIjo2MDAwMDAwMDAwMDAsImRlbGV0ZSI6MTIwMDAwMDAwMDAwMCwicmVhZCI6OTAwMDAwMDAwMDAwLCJ1cGRhdGUiOjYwMDAwMDAwMDAwMH0sInNjaGVtYV92ZXJzaW9uIjoiMSJ9",
          "dependencies": [
            "aws_key_pair.despliegue",
            "aws_security_group.instancia_sg",
            "data.aws_vpc.default",
            "tls_private_key.wazuh_lab_cecib"
          ]
        },
        {
          "index_key": "Ubuntu-Agente",
          "schema_version": 1,
          "attributes": {
            "ami": "ami-04b70fa74e45c3917",
            "arn": "arn:aws:ec2:us-east-1:944873386727:instance/i-0faa4d3dcac84b101",
            "associate_public_ip_address": true,
            "availability_zone": "us-east-1d",
            "capacity_reservation_specification": [
              {
                "capacity_reservation_preference": "open",
                "capacity_reservation_target": []
              }
            ],
            "cpu_core_count": 1,
            "cpu_options": [
              {
                "amd_sev_snp": "",
                "core_count": 1,
                "threads_per_core": 1
              }
            ],
            "cpu_threads_per_core": 1,
            "credit_specification": [
              {
                "cpu_credits": "standard"
              }
            ],
            "disable_api_stop": false,
            "disable_api_termination": false,
            "ebs_block_device": [],
            "ebs_optimized": false,
            "enclave_options": [
              {
                "enabled": false
              }
            ],
            "ephemeral_block_device": [],
            "get_password_data": false,
            "hibernation": false,
            "host_id": "",
            "host_resource_group_arn": null,
            "iam_instance_profile": "",
            "id": "i-0faa4d3dcac84b101",
            "instance_initiated_shutdown_behavior": "stop",
            "instance_lifecycle": "",
            "instance_market_options": [],
            "instance_state": "running",
            "instance_type": "t2.micro",
            "ipv6_address_count": 0,
            "ipv6_addresses": [],
            "key_name": "wazuh-lab-key",
            "launch_template": [],
            "maintenance_options": [
              {
                "auto_recovery": "default"
              }
            ],
            "metadata_options": [
              {
                "http_endpoint": "enabled",
                "http_protocol_ipv6": "disabled",
                "http_put_response_hop_limit": 2,
                "http_tokens": "required",
                "instance_metadata_tags": "disabled"
              }
            ],
            "monitoring": false,
            "network_interface": [],
            "outpost_arn": "",
            "password_data": "",
            "placement_group": "",
            "placement_partition_number": 0,
            "primary_network_interface_id": "eni-068bb41ba0bc34974",
            "private_dns": "ip-172-31-22-27.ec2.internal",
            "private_dns_name_options": [
              {
                "enable_resource_name_dns_a_record": false,
                "enable_resource_name_dns_aaaa_record": false,
                "hostname_type": "ip-name"
              }
            ],
            "private_ip": "172.31.22.27",
            "public_dns": "ec2-54-145-27-21.compute-1.amazonaws.com",
            "public_ip": "54.145.27.21",
            "root_block_device": [
              {
                "delete_on_termination": true,
                "device_name": "/dev/sda1",
                "encrypted": false,
                "iops": 3000,
                "kms_key_id": "",
                "tags": {},
                "tags_all": {},
                "throughput": 125,
                "volume_id": "vol-0e681a88e69dbf0cb",
                "volume_size": 8,
                "volume_type": "gp3"
              }
            ],
            "secondary_private_ips": [],
            "security_groups": [
              "Ubuntu-Agente_sg"
            ],
            "source_dest_check": true,
            "spot_instance_request_id": "",
            "subnet_id": "subnet-04b93a3c85cf77dd2",
            "tags": {
              "Name": "Ubuntu-Agente"
            },
            "tags_all": {
              "Name": "Ubuntu-Agente"
            },
            "tenancy": "default",
            "timeouts": null,
            "user_data": null,
            "user_data_base64": null,
            "user_data_replace_on_change": false,
            "volume_tags": null,
            "vpc_security_group_ids": [
              "sg-0d3fd200668c80ac0"
            ]
          },
          "sensitive_attributes": [],
          "private": "eyJlMmJmYjczMC1lY2FhLTExZTYtOGY4OC0zNDM2M2JjN2M0YzAiOnsiY3JlYXRlIjo2MDAwMDAwMDAwMDAsImRlbGV0ZSI6MTIwMDAwMDAwMDAwMCwicmVhZCI6OTAwMDAwMDAwMDAwLCJ1cGRhdGUiOjYwMDAwMDAwMDAwMH0sInNjaGVtYV92ZXJzaW9uIjoiMSJ9",
          "dependencies": [
            "aws_key_pair.despliegue",
            "aws_security_group.instancia_sg",
            "data.aws_vpc.default",
            "tls_private_key.wazuh_lab_cecib"
          ]
        },
        {
          "index_key": "Windows-Agente",
          "schema_version": 1,
          "attributes": {
            "ami": "ami-04df9ee4d3dfde202",
            "arn": "arn:aws:ec2:us-east-1:944873386727:instance/i-0809ed567088d0f39",
            "associate_public_ip_address": true,
            "availability_zone": "us-east-1a",
            "capacity_reservation_specification": [
              {
                "capacity_reservation_preference": "open",
                "capacity_reservation_target": []
              }
            ],
            "cpu_core_count": 2,
            "cpu_options": [
              {
                "amd_sev_snp": "",
                "core_count": 2,
                "threads_per_core": 1
              }
            ],
            "cpu_threads_per_core": 1,
            "credit_specification": [
              {
                "cpu_credits": "standard"
              }
            ],
            "disable_api_stop": false,
            "disable_api_termination": false,
            "ebs_block_device": [],
            "ebs_optimized": false,
            "enclave_options": [
              {
                "enabled": false
              }
            ],
            "ephemeral_block_device": [],
            "get_password_data": false,
            "hibernation": false,
            "host_id": "",
            "host_resource_group_arn": null,
            "iam_instance_profile": "",
            "id": "i-0809ed567088d0f39",
            "instance_initiated_shutdown_behavior": "stop",
            "instance_lifecycle": "",
            "instance_market_options": [],
            "instance_state": "running",
            "instance_type": "t2.medium",
            "ipv6_address_count": 0,
            "ipv6_addresses": [],
            "key_name": "wazuh-lab-key",
            "launch_template": [],
            "maintenance_options": [
              {
                "auto_recovery": "default"
              }
            ],
            "metadata_options": [
              {
                "http_endpoint": "enabled",
                "http_protocol_ipv6": "disabled",
                "http_put_response_hop_limit": 1,
                "http_tokens": "optional",
                "instance_metadata_tags": "disabled"
              }
            ],
            "monitoring": false,
            "network_interface": [],
            "outpost_arn": "",
            "password_data": "",
            "placement_group": "",
            "placement_partition_number": 0,
            "primary_network_interface_id": "eni-0e9b35e62a113f61f",
            "private_dns": "ip-172-31-40-107.ec2.internal",
            "private_dns_name_options": [
              {
                "enable_resource_name_dns_a_record": false,
                "enable_resource_name_dns_aaaa_record": false,
                "hostname_type": "ip-name"
              }
            ],
            "private_ip": "172.31.40.107",
            "public_dns": "ec2-52-90-224-189.compute-1.amazonaws.com",
            "public_ip": "52.90.224.189",
            "root_block_device": [
              {
                "delete_on_termination": true,
                "device_name": "/dev/sda1",
                "encrypted": false,
                "iops": 100,
                "kms_key_id": "",
                "tags": {},
                "tags_all": {},
                "throughput": 0,
                "volume_id": "vol-0b56686c2c5ba8cbb",
                "volume_size": 30,
                "volume_type": "gp2"
              }
            ],
            "secondary_private_ips": [],
            "security_groups": [
              "Windows-Agente_sg"
            ],
            "source_dest_check": true,
            "spot_instance_request_id": "",
            "subnet_id": "subnet-096b7f6c578bb0238",
            "tags": {
              "Name": "Windows-Agente"
            },
            "tags_all": {
              "Name": "Windows-Agente"
            },
            "tenancy": "default",
            "timeouts": null,
            "user_data": "1e27b77439322651088af354abbab3b5d76c8b87",
            "user_data_base64": null,
            "user_data_replace_on_change": false,
            "volume_tags": null,
            "vpc_security_group_ids": [
              "sg-09ff86368ca7b3957"
            ]
          },
          "sensitive_attributes": [],
          "private": "eyJlMmJmYjczMC1lY2FhLTExZTYtOGY4OC0zNDM2M2JjN2M0YzAiOnsiY3JlYXRlIjo2MDAwMDAwMDAwMDAsImRlbGV0ZSI6MTIwMDAwMDAwMDAwMCwicmVhZCI6OTAwMDAwMDAwMDAwLCJ1cGRhdGUiOjYwMDAwMDAwMDAwMH0sInNjaGVtYV92ZXJzaW9uIjoiMSJ9",
          "dependencies": [
            "aws_key_pair.despliegue",
            "aws_security_group.instancia_sg",
            "data.aws_vpc.default",
            "tls_private_key.wazuh_lab_cecib"
          ]
        }
      ]
    },
    {
      "mode": "managed",
      "type": "aws_key_pair",
      "name": "despliegue",
      "provider": "provider[\"registry.terraform.io/hashicorp/aws\"]",
      "instances": [
        {
          "schema_version": 1,
          "attributes": {
            "arn": "arn:aws:ec2:us-east-1:944873386727:key-pair/wazuh-lab-key",
            "fingerprint": "21:fc:f0:60:8c:13:a5:9c:19:ed:7f:a2:d5:3b:57:fc",
            "id": "wazuh-lab-key",
            "key_name": "wazuh-lab-key",
            "key_name_prefix": "",
            "key_pair_id": "key-09f819ec0f7afde57",
            "key_type": "rsa",
            "public_key": "ssh-rsa AAAAB3NzaC1yc2EAAAADAQABAAACAQC5kpuEqZf+TudmPhPvvI3to2RGDlhGVuupyRMB/MXSx/jVddmZ2HrWpINV/MDxrFJoelARL3/Z+pwYKIXyP8ptcSjKLBVLfPa94OMc+gEB0F8HPTMUpRX2BKT5BIyykriYhe2J4YEx9ayoPuny1jpAaoDu7xXF2Q3dyFVqNrRS5CwN6xQJhf7VSg2AchGCnma61mcyFJ3A/HHceVy9OurkFQpS+E9G1wpZa58BDYktD2cACfk1+FMwylFz718LKWhH0p2GXE7WkCSO+mexu3fZqNp7xPBv6QEvMLGsychU4Ww9YBD2kONOSbI48RofXLPUfFDxfkRDcc0waEr9fGSRmdUWjcSKEfqmyp3Shfukzs8ymD6KYh3Csw++OAL4PY9fJAZTZVsa9xGijE//t4LJc+8phUCTTGLNjymh158CelFBvFqYv1hPsmu1zbXlkaPT9wGd58qF7gbshHnM+UpgbKQMrYvk/XKxKfmB42pJ5DfskiSahpsytn6GZ6cPR2A9FGUDKT0xThcz83KCWr93c67XZo27sui9LQNS+XGIU1r1Nxwd8+IBuXWdv1k+iYlnnNHwIBaZ/3pvg2bAjqoBKxjv6YKSGzYlgEjeRQ23lzTJjkHZ1a3iFgPtS/MQUNcq7HNrZsk5w/hYipdfmr5bD+H+IEV69SEVioDtjbZoyw==",
            "tags": null,
            "tags_all": {}
          },
          "sensitive_attributes": [],
          "private": "eyJzY2hlbWFfdmVyc2lvbiI6IjEifQ==",
          "dependencies": [
            "tls_private_key.wazuh_lab_cecib"
          ]
        }
      ]
    },
    {
      "mode": "managed",
      "type": "aws_security_group",
      "name": "instancia_sg",
      "provider": "provider[\"registry.terraform.io/hashicorp/aws\"]",
      "instances": [
        {
          "index_key": "Amazon-Wazuh-Server",
          "schema_version": 1,
          "attributes": {
            "arn": "arn:aws:ec2:us-east-1:944873386727:security-group/sg-0d4404134c922ccaa",
            "description": "Security group for Amazon-Wazuh-Server",
            "egress": [
              {
                "cidr_blocks": [
                  "0.0.0.0/0"
                ],
                "description": "",
                "from_port": 0,
                "ipv6_cidr_blocks": [],
                "prefix_list_ids": [],
                "protocol": "-1",
                "security_groups": [],
                "self": false,
                "to_port": 0
              }
            ],
            "id": "sg-0d4404134c922ccaa",
            "ingress": [
              {
                "cidr_blocks": [
                  "0.0.0.0/0"
                ],
                "description": "",
                "from_port": 22,
                "ipv6_cidr_blocks": [],
                "prefix_list_ids": [],
                "protocol": "tcp",
                "security_groups": [],
                "self": false,
                "to_port": 22
              },
              {
                "cidr_blocks": [
                  "0.0.0.0/0"
                ],
                "description": "",
                "from_port": 443,
                "ipv6_cidr_blocks": [],
                "prefix_list_ids": [],
                "protocol": "tcp",
                "security_groups": [],
                "self": false,
                "to_port": 443
              },
              {
                "cidr_blocks": [
                  "0.0.0.0/0"
                ],
                "description": "",
                "from_port": 80,
                "ipv6_cidr_blocks": [],
                "prefix_list_ids": [],
                "protocol": "tcp",
                "security_groups": [],
                "self": false,
                "to_port": 80
              },
              {
                "cidr_blocks": [
                  "172.31.0.0/16"
                ],
                "description": "",
                "from_port": 0,
                "ipv6_cidr_blocks": [],
                "prefix_list_ids": [],
                "protocol": "tcp",
                "security_groups": [],
                "self": false,
                "to_port": 65535
              }
            ],
            "name": "Amazon-Wazuh-Server_sg",
            "name_prefix": "",
            "owner_id": "944873386727",
            "revoke_rules_on_delete": false,
            "tags": null,
            "tags_all": {},
            "timeouts": null,
            "vpc_id": "vpc-0143c27d846a5588f"
          },
          "sensitive_attributes": [],
          "private": "eyJlMmJmYjczMC1lY2FhLTExZTYtOGY4OC0zNDM2M2JjN2M0YzAiOnsiY3JlYXRlIjo2MDAwMDAwMDAwMDAsImRlbGV0ZSI6OTAwMDAwMDAwMDAwfSwic2NoZW1hX3ZlcnNpb24iOiIxIn0=",
          "dependencies": [
            "data.aws_vpc.default"
          ]
        },
        {
          "index_key": "Debian-Atacante",
          "schema_version": 1,
          "attributes": {
            "arn": "arn:aws:ec2:us-east-1:944873386727:security-group/sg-0639f122aa6804117",
            "description": "Security group for Debian-Atacante",
            "egress": [
              {
                "cidr_blocks": [
                  "0.0.0.0/0"
                ],
                "description": "",
                "from_port": 0,
                "ipv6_cidr_blocks": [],
                "prefix_list_ids": [],
                "protocol": "-1",
                "security_groups": [],
                "self": false,
                "to_port": 0
              }
            ],
            "id": "sg-0639f122aa6804117",
            "ingress": [
              {
                "cidr_blocks": [
                  "0.0.0.0/0"
                ],
                "description": "",
                "from_port": 22,
                "ipv6_cidr_blocks": [],
                "prefix_list_ids": [],
                "protocol": "tcp",
                "security_groups": [],
                "self": false,
                "to_port": 22
              },
              {
                "cidr_blocks": [
                  "172.31.0.0/16"
                ],
                "description": "",
                "from_port": 0,
                "ipv6_cidr_blocks": [],
                "prefix_list_ids": [],
                "protocol": "tcp",
                "security_groups": [],
                "self": false,
                "to_port": 65535
              }
            ],
            "name": "Debian-Atacante_sg",
            "name_prefix": "",
            "owner_id": "944873386727",
            "revoke_rules_on_delete": false,
            "tags": null,
            "tags_all": {},
            "timeouts": null,
            "vpc_id": "vpc-0143c27d846a5588f"
          },
          "sensitive_attributes": [],
          "private": "eyJlMmJmYjczMC1lY2FhLTExZTYtOGY4OC0zNDM2M2JjN2M0YzAiOnsiY3JlYXRlIjo2MDAwMDAwMDAwMDAsImRlbGV0ZSI6OTAwMDAwMDAwMDAwfSwic2NoZW1hX3ZlcnNpb24iOiIxIn0=",
          "dependencies": [
            "data.aws_vpc.default"
          ]
        },
        {
          "index_key": "Ubuntu-Agente",
          "schema_version": 1,
          "attributes": {
            "arn": "arn:aws:ec2:us-east-1:944873386727:security-group/sg-0d3fd200668c80ac0",
            "description": "Security group for Ubuntu-Agente",
            "egress": [
              {
                "cidr_blocks": [
                  "0.0.0.0/0"
                ],
                "description": "",
                "from_port": 0,
                "ipv6_cidr_blocks": [],
                "prefix_list_ids": [],
                "protocol": "-1",
                "security_groups": [],
                "self": false,
                "to_port": 0
              }
            ],
            "id": "sg-0d3fd200668c80ac0",
            "ingress": [
              {
                "cidr_blocks": [
                  "0.0.0.0/0"
                ],
                "description": "",
                "from_port": 22,
                "ipv6_cidr_blocks": [],
                "prefix_list_ids": [],
                "protocol": "tcp",
                "security_groups": [],
                "self": false,
                "to_port": 22
              },
              {
                "cidr_blocks": [
                  "0.0.0.0/0"
                ],
                "description": "",
                "from_port": 80,
                "ipv6_cidr_blocks": [],
                "prefix_list_ids": [],
                "protocol": "tcp",
                "security_groups": [],
                "self": false,
                "to_port": 80
              },
              {
                "cidr_blocks": [
                  "172.31.0.0/16"
                ],
                "description": "",
                "from_port": 0,
                "ipv6_cidr_blocks": [],
                "prefix_list_ids": [],
                "protocol": "tcp",
                "security_groups": [],
                "self": false,
                "to_port": 65535
              }
            ],
            "name": "Ubuntu-Agente_sg",
            "name_prefix": "",
            "owner_id": "944873386727",
            "revoke_rules_on_delete": false,
            "tags": null,
            "tags_all": {},
            "timeouts": null,
            "vpc_id": "vpc-0143c27d846a5588f"
          },
          "sensitive_attributes": [],
          "private": "eyJlMmJmYjczMC1lY2FhLTExZTYtOGY4OC0zNDM2M2JjN2M0YzAiOnsiY3JlYXRlIjo2MDAwMDAwMDAwMDAsImRlbGV0ZSI6OTAwMDAwMDAwMDAwfSwic2NoZW1hX3ZlcnNpb24iOiIxIn0=",
          "dependencies": [
            "data.aws_vpc.default"
          ]
        },
        {
          "index_key": "Windows-Agente",
          "schema_version": 1,
          "attributes": {
            "arn": "arn:aws:ec2:us-east-1:944873386727:security-group/sg-09ff86368ca7b3957",
            "description": "Security group for Windows-Agente",
            "egress": [
              {
                "cidr_blocks": [
                  "0.0.0.0/0"
                ],
                "description": "",
                "from_port": 0,
                "ipv6_cidr_blocks": [],
                "prefix_list_ids": [],
                "protocol": "-1",
                "security_groups": [],
                "self": false,
                "to_port": 0
              }
            ],
            "id": "sg-09ff86368ca7b3957",
            "ingress": [
              {
                "cidr_blocks": [
                  "0.0.0.0/0"
                ],
                "description": "",
                "from_port": 3389,
                "ipv6_cidr_blocks": [],
                "prefix_list_ids": [],
                "protocol": "tcp",
                "security_groups": [],
                "self": false,
                "to_port": 3389
              },
              {
                "cidr_blocks": [
                  "0.0.0.0/0"
                ],
                "description": "",
                "from_port": 5986,
                "ipv6_cidr_blocks": [],
                "prefix_list_ids": [],
                "protocol": "tcp",
                "security_groups": [],
                "self": false,
                "to_port": 5986
              },
              {
                "cidr_blocks": [
                  "0.0.0.0/0"
                ],
                "description": "",
                "from_port": 80,
                "ipv6_cidr_blocks": [],
                "prefix_list_ids": [],
                "protocol": "tcp",
                "security_groups": [],
                "self": false,
                "to_port": 80
              },
              {
                "cidr_blocks": [
                  "172.31.0.0/16"
                ],
                "description": "",
                "from_port": 0,
                "ipv6_cidr_blocks": [],
                "prefix_list_ids": [],
                "protocol": "tcp",
                "security_groups": [],
                "self": false,
                "to_port": 65535
              }
            ],
            "name": "Windows-Agente_sg",
            "name_prefix": "",
            "owner_id": "944873386727",
            "revoke_rules_on_delete": false,
            "tags": null,
            "tags_all": {},
            "timeouts": null,
            "vpc_id": "vpc-0143c27d846a5588f"
          },
          "sensitive_attributes": [],
          "private": "eyJlMmJmYjczMC1lY2FhLTExZTYtOGY4OC0zNDM2M2JjN2M0YzAiOnsiY3JlYXRlIjo2MDAwMDAwMDAwMDAsImRlbGV0ZSI6OTAwMDAwMDAwMDAwfSwic2NoZW1hX3ZlcnNpb24iOiIxIn0=",
          "dependencies": [
            "data.aws_vpc.default"
          ]
        }
      ]
    },
    {
      "mode": "managed",
      "type": "local_file",
      "name": "clave_privada",
      "provider": "provider[\"registry.terraform.io/hashicorp/local\"]",
      "instances": [
        {
          "schema_version": 0,
          "attributes": {
            "content": "-----BEGIN RSA PRIVATE KEY-----\nMIIJKAIBAAKCAgEAuZKbhKmX/k7nZj4T77yN7aNkRg5YRlbrqckTAfzF0sf41XXZ\nmdh61qSDVfzA8axSaHpQES9/2fqcGCiF8j/KbXEoyiwVS3z2veDjHPoBAdBfBz0z\nFKUV9gSk+QSMspK4mIXtieGBMfWsqD7p8tY6QGqA7u8VxdkN3chVaja0UuQsDesU\nCYX+1UoNgHIRgp5mutZnMhSdwPxx3HlcvTrq5BUKUvhPRtcKWWufAQ2JLQ9nAAn5\nNfhTMMpRc+9fCyloR9KdhlxO1pAkjvpnsbt32ajae8Twb+kBLzCxrMnIVOFsPWAQ\n9pDjTkmyOPEaH1yz1HxQ8X5EQ3HNMGhK/XxkkZnVFo3EihH6psqd0oX7pM7PMpg+\nimIdwrMPvjgC+D2PXyQGU2VbGvcRooxP/7eCyXPvKYVAk0xizY8podefAnpRQbxa\nmL9YT7Jrtc215ZGj0/cBnefKhe4G7IR5zPlKYGykDK2L5P1ysSn5geNqSeQ37JIk\nmoabMrZ+hmenD0dgPRRlAyk9MU4XM/Nyglq/d3Ou12aNu7LovS0DUvlxiFNa9Tcc\nHfPiAbl1nb9ZPomJZ5zR8CAWmf96b4NmwI6qASsY7+mCkhs2JYBI3kUNt5c0yY5B\n2dWt4hYD7UvzEFDXKuxza2bJOcP4WIqXX5q+Ww/h/iBFevUhFYqA7Y22aMsCAwEA\nAQKCAgB2iEun+D/qo3Gw3/QSDIlHgjc5fE4sV7bd0169xTyCv1KU3lroptsHoTt2\nwCRp+d0FeSMNZx6uGCJ+V9v++XoOX9pjELdlaWOdszi+OH5OL0+TqyamiDA33Y2W\nta49HfSlD97DVHQWeksXiGAcyXOZ062ZcMOihVsTD7RnTJvv2mi9VyuMTbeRe2SW\nZ8YBfbY2n155IawGKfl8j1SKVkjU+Q+IIa1ZnV+x8Ek2/fNiAdWTs8soCv7wSjqu\n5/X4hjFitwgBW5LMAHQpk46Keyk5sV4k8o11ngown1TN/nFkrjxaE7OiGrfmOLKL\nJo29/JOtJN768eEeh2E+C0/jDAKb23OTORAcX93Q9aPtqRGl6ila6rkplxq5sVW6\nnneCLxHBn7Nb/4MnXXaGqt1TnlKmhisuqYjV24sjBPvs8YY50XUj+t50z1HfTfPR\nPPwIkDpdTi92lnyoeuNzo0A2+4yDdhF/XeB1Y86rh4iVKf8xcf729Hsec8bIKLsw\nvtah5+Pb6HBt3+gxkl7KvXra4PaK9KB1OrTiEM0GPUaao017H8hE4CfFFu6UVH2o\nD8qKyNYOitiGcgBQEuKZMsnLr5OYhLZL6RAYfz2rh8yENWPM86o17dldrR5bi2nv\nw9wvLABKjoxk9/PFlf4HWM/WdbG/LkdxyYkKHIIUKPVQXQpNkQKCAQEA1IdbV7gN\n6mVPMYtlQhu79wbh3Pb4BOnrbR162V4zC8qL3MeyI5OFGwHw4JB+ktk7NQqim5KF\nYUVXpdlC5oaaAodS3KxvfMXfktcPzCgELke3r0Hlo21zUfy3zygMDTK/qZL0bkXF\nRCG/0aPmt1f8EmQ1JqLSgmEv0XuI0djK/ODkkGGJBox1thVhtwNs75SCq5ykHC1b\nioes5XPtdejFrK/2J1zPM6+BwPUeMCUT6mHTHYEeveHGgdeNoLcaEmQKzwu7U32z\nwM0P7/mIuP+9OyEC5oJmXx/a2B0CJro+QXNAa0Mk3Ss8w+tyflFt8RTW6XhnAkNQ\nnLSPO9w9DwBk6QKCAQEA34fANa4HXIL8DXTRH/G/nQ9dT4Ss+IvCHQG6v61YqNTZ\niBlxi3bOikq7Z4L4c8OukSwPjwukqzI2jFWmIqqXIYYtUy/RP1niZGKZJXyy3bf+\nBHx2kZtN0oXoE7mRinx6bscD6TGLMIZacDPR6hPDS/suEdj1NeUkH3k32m/62miG\nJ1ZrXVTNUB+iLdIGFpaSG3WPNIThWvD9uSyoFNMzkly21csHjNK62zDHl0Kh1zKk\nAbvkW1JhvE22K3EnQ0y+a186f1rirLxr1ocLzqbvqr7p++hBoykvpe3xskHlTeyh\nVw2g0Xgvauoi3Hk4egoo7OFeHW9GGBaDMbbWlHpfkwKCAQEAvuHrqneHGBVx8X/P\nrHaYdiBaUEoJLPCkINavdffjRR3gTKWXW9itXjp6DFf7Nw2g3dz1e2E4JstPE4h1\nS/Ns9ARy6fx+DcTzL0G10JnIV4DWe7Rl+kjdoK+or4i6ekgwWK/CliBYMv9U94eM\nOvPtVN9n1ZG8HJoJhs67bi6W8lVTNFJF7fnN54KAxw1ulCgAzP3db+lVJLEDGvrq\nNlKg6J8KKQR0nWlu0s3VFUzX/FVsdj14TPcxgYEGlWifJBFym89fqndmMS58t/6Z\nS/92CFt37W0FYT6NIjm7qujv7X0ESNJ/k5238AfSR53/bt5WwE8BxciL6JNLamo+\n9PBXsQKCAQBAYnyluZvbNMtfIN+/oMV9eth4uBGOgcsGyeG9pjOcZbrGrfV7o1v4\nj3ANb7cauSmGHTfaDxN+UDdQEreI0rQ3bsuNY3+VDNHd8lyEZLesj3u2VRdd92ri\nEbn4PIJEbnhhgieJOsEJ2BkiqnpzPwAI2a+6alCvFnJiMms5GvoZgPPrTsQcHPoK\ncyImqpEgXnx1NlZqXUAADtw2Qzuiy/bV2Ki9Sf7BvE0gJ5vF4OZ28to0uacb+s22\nDHhFaRFTHD7Y9JQH7OjPsnIpV7q56nGsL9N7wLlvQsS7uZ7dpodi+565UW6aB1E5\nLXmfIbd3x4dkO8H9HnkFJS7i2fRSzjDLAoIBAEhjcs9AyTWNmrZ01jKtv37Kk76P\nfZH32THRLiSYKVBA8X/4lcasIn/eL3uq9facfx70NZyhOIaFn9Dqw5Q6KE20YMou\nKPTh3b7OTtIyn2aiQy+EeBUGjnnvG6wrf/mRRzGSTRo9KtHhFnr0r1mPeJn8vnO7\nxuin43YYjO5Bf6HPRbW0Fr/kPRNWUPtUjZmS1EHdd1od/mSSDHPtfmQcxJJgzzch\nttR7BYRFNLLZz9Cg6gD7xC0TAGxZ4ViCu30nBv+wPZ0x0PL8T4DV+iFcu83oi3UV\n2/3REiQ9NV7cnCFG+/bLRDKXiRleGCUuPSxMnb3Az3R1bxZIop3IOrsVd7I=\n-----END RSA PRIVATE KEY-----\n",
            "content_base64": null,
            "content_base64sha256": "XsKE3pDAXIMIl5EFdp7UJUInPkfCEJik7Zmd0DmCNjs=",
            "content_base64sha512": "DCYmlEUSMAeXl9T7rOMo6lI63Mum9PGRqs5B0vVGEU0J+tlkDB1Dltlmm7XkDXfx4BQ0sxUwBUkFp3BhbudBgw==",
            "content_md5": "fe43b9be5822c85046eb7187cd22dfb2",
            "content_sha1": "5fcb8865f786b9453ca07b3b2ede01087b021e9c",
            "content_sha256": "5ec284de90c05c8308979105769ed42542273e47c21098a4ed999dd03982363b",
            "content_sha512": "0c262694451230079797d4fbace328ea523adccba6f4f191aace41d2f546114d09fad9640c1d4396d9669bb5e40d77f1e01434b31530054905a770616ee74183",
            "directory_permission": "0777",
            "file_permission": "0400",
            "filename": "./despliegue_wazuh.pem",
            "id": "5fcb8865f786b9453ca07b3b2ede01087b021e9c",
            "sensitive_content": null,
            "source": null
          },
          "sensitive_attributes": [
            [
              {
                "type": "get_attr",
                "value": "sensitive_content"
              }
            ],
            [
              {
                "type": "get_attr",
                "value": "content"
              }
            ]
          ],
          "dependencies": [
            "tls_private_key.wazuh_lab_cecib"
          ]
        }
      ]
    },
    {
      "mode": "managed",
      "type": "tls_private_key",
      "name": "wazuh_lab_cecib",
      "provider": "provider[\"registry.terraform.io/hashicorp/tls\"]",
      "instances": [
        {
          "schema_version": 1,
          "attributes": {
            "algorithm": "RSA",
            "ecdsa_curve": "P224",
            "id": "8b3549958e128531e150202678953325ed1f89bd",
            "private_key_openssh": "-----BEGIN OPENSSH PRIVATE KEY-----\nb3BlbnNzaC1rZXktdjEAAAAABG5vbmUAAAAEbm9uZQAAAAAAAAABAAACFwAAAAdz\nc2gtcnNhAAAAAwEAAQAAAgEAuZKbhKmX/k7nZj4T77yN7aNkRg5YRlbrqckTAfzF\n0sf41XXZmdh61qSDVfzA8axSaHpQES9/2fqcGCiF8j/KbXEoyiwVS3z2veDjHPoB\nAdBfBz0zFKUV9gSk+QSMspK4mIXtieGBMfWsqD7p8tY6QGqA7u8VxdkN3chVaja0\nUuQsDesUCYX+1UoNgHIRgp5mutZnMhSdwPxx3HlcvTrq5BUKUvhPRtcKWWufAQ2J\nLQ9nAAn5NfhTMMpRc+9fCyloR9KdhlxO1pAkjvpnsbt32ajae8Twb+kBLzCxrMnI\nVOFsPWAQ9pDjTkmyOPEaH1yz1HxQ8X5EQ3HNMGhK/XxkkZnVFo3EihH6psqd0oX7\npM7PMpg+imIdwrMPvjgC+D2PXyQGU2VbGvcRooxP/7eCyXPvKYVAk0xizY8podef\nAnpRQbxamL9YT7Jrtc215ZGj0/cBnefKhe4G7IR5zPlKYGykDK2L5P1ysSn5geNq\nSeQ37JIkmoabMrZ+hmenD0dgPRRlAyk9MU4XM/Nyglq/d3Ou12aNu7LovS0DUvlx\niFNa9TccHfPiAbl1nb9ZPomJZ5zR8CAWmf96b4NmwI6qASsY7+mCkhs2JYBI3kUN\nt5c0yY5B2dWt4hYD7UvzEFDXKuxza2bJOcP4WIqXX5q+Ww/h/iBFevUhFYqA7Y22\naMsAAAc46fgLIOn4CyAAAAAHc3NoLXJzYQAAAgEAuZKbhKmX/k7nZj4T77yN7aNk\nRg5YRlbrqckTAfzF0sf41XXZmdh61qSDVfzA8axSaHpQES9/2fqcGCiF8j/KbXEo\nyiwVS3z2veDjHPoBAdBfBz0zFKUV9gSk+QSMspK4mIXtieGBMfWsqD7p8tY6QGqA\n7u8VxdkN3chVaja0UuQsDesUCYX+1UoNgHIRgp5mutZnMhSdwPxx3HlcvTrq5BUK\nUvhPRtcKWWufAQ2JLQ9nAAn5NfhTMMpRc+9fCyloR9KdhlxO1pAkjvpnsbt32aja\ne8Twb+kBLzCxrMnIVOFsPWAQ9pDjTkmyOPEaH1yz1HxQ8X5EQ3HNMGhK/XxkkZnV\nFo3EihH6psqd0oX7pM7PMpg+imIdwrMPvjgC+D2PXyQGU2VbGvcRooxP/7eCyXPv\nKYVAk0xizY8podefAnpRQbxamL9YT7Jrtc215ZGj0/cBnefKhe4G7IR5zPlKYGyk\nDK2L5P1ysSn5geNqSeQ37JIkmoabMrZ+hmenD0dgPRRlAyk9MU4XM/Nyglq/d3Ou\n12aNu7LovS0DUvlxiFNa9TccHfPiAbl1nb9ZPomJZ5zR8CAWmf96b4NmwI6qASsY\n7+mCkhs2JYBI3kUNt5c0yY5B2dWt4hYD7UvzEFDXKuxza2bJOcP4WIqXX5q+Ww/h\n/iBFevUhFYqA7Y22aMsAAAADAQABAAACAHaIS6f4P+qjcbDf9BIMiUeCNzl8TixX\ntt3TXr3FPIK/UpTeWuim2wehO3bAJGn53QV5Iw1nHq4YIn5X2/75eg5f2mMQt2Vp\nY52zOL44fk4vT5OrJqaIMDfdjZa1rj0d9KUP3sNUdBZ6SxeIYBzJc5nTrZlww6KF\nWxMPtGdMm+/aaL1XK4xNt5F7ZJZnxgF9tjafXnkhrAYp+XyPVIpWSNT5D4ghrVmd\nX7HwSTb982IB1ZOzyygK/vBKOq7n9fiGMWK3CAFbkswAdCmTjop7KTmxXiTyjXWe\nCjCfVM3+cWSuPFoTs6Iat+Y4sosmjb38k60k3vrx4R6HYT4LT+MMApvbc5M5EBxf\n3dD1o+2pEaXqKVrquSmXGrmxVbqed4IvEcGfs1v/gydddoaq3VOeUqaGKy6piNXb\niyME++zxhjnRdSP63nTPUd9N89E8/AiQOl1OL3aWfKh643OjQDb7jIN2EX9d4HVj\nzquHiJUp/zFx/vb0ex5zxsgouzC+1qHn49vocG3f6DGSXsq9etrg9or0oHU6tOIQ\nzQY9RpqjTXsfyETgJ8UW7pRUfagPyorI1g6K2IZyAFAS4pkyycuvk5iEtkvpEBh/\nPauHzIQ1Y8zzqjXt2V2tHluLae/D3C8sAEqOjGT388WV/gdYz9Z1sb8uR3HJiQoc\nghQo9VBdCk2RAAABAEhjcs9AyTWNmrZ01jKtv37Kk76PfZH32THRLiSYKVBA8X/4\nlcasIn/eL3uq9facfx70NZyhOIaFn9Dqw5Q6KE20YMouKPTh3b7OTtIyn2aiQy+E\neBUGjnnvG6wrf/mRRzGSTRo9KtHhFnr0r1mPeJn8vnO7xuin43YYjO5Bf6HPRbW0\nFr/kPRNWUPtUjZmS1EHdd1od/mSSDHPtfmQcxJJgzzchttR7BYRFNLLZz9Cg6gD7\nxC0TAGxZ4ViCu30nBv+wPZ0x0PL8T4DV+iFcu83oi3UV2/3REiQ9NV7cnCFG+/bL\nRDKXiRleGCUuPSxMnb3Az3R1bxZIop3IOrsVd7IAAAEBANSHW1e4DeplTzGLZUIb\nu/cG4dz2+ATp620detleMwvKi9zHsiOThRsB8OCQfpLZOzUKopuShWFFV6XZQuaG\nmgKHUtysb3zF35LXD8woBC5Ht69B5aNtc1H8t88oDA0yv6mS9G5FxUQhv9Gj5rdX\n/BJkNSai0oJhL9F7iNHYyvzg5JBhiQaMdbYVYbcDbO+UgqucpBwtW4qHrOVz7XXo\nxayv9idczzOvgcD1HjAlE+ph0x2BHr3hxoHXjaC3GhJkCs8Lu1N9s8DND+/5iLj/\nvTshAuaCZl8f2tgdAia6PkFzQGtDJN0rPMPrcn5RbfEU1ul4ZwJDUJy0jzvcPQ8A\nZOkAAAEBAN+HwDWuB1yC/A100R/xv50PXU+ErPiLwh0Bur+tWKjU2YgZcYt2zopK\nu2eC+HPDrpEsD48LpKsyNoxVpiKqlyGGLVMv0T9Z4mRimSV8st23/gR8dpGbTdKF\n6BO5kYp8em7HA+kxizCGWnAz0eoTw0v7LhHY9TXlJB95N9pv+tpohidWa11UzVAf\noi3SBhaWkht1jzSE4Vrw/bksqBTTM5JcttXLB4zSutswx5dCodcypAG75FtSYbxN\ntitxJ0NMvmtfOn9a4qy8a9aHC86m76q+6fvoQaMpL6Xt8bJB5U3soVcNoNF4L2rq\nItx5OHoKKOzhXh1vRhgWgzG21pR6X5MAAAAAAQID\n-----END OPENSSH PRIVATE KEY-----\n",
            "private_key_pem": "-----BEGIN RSA PRIVATE KEY-----\nMIIJKAIBAAKCAgEAuZKbhKmX/k7nZj4T77yN7aNkRg5YRlbrqckTAfzF0sf41XXZ\nmdh61qSDVfzA8axSaHpQES9/2fqcGCiF8j/KbXEoyiwVS3z2veDjHPoBAdBfBz0z\nFKUV9gSk+QSMspK4mIXtieGBMfWsqD7p8tY6QGqA7u8VxdkN3chVaja0UuQsDesU\nCYX+1UoNgHIRgp5mutZnMhSdwPxx3HlcvTrq5BUKUvhPRtcKWWufAQ2JLQ9nAAn5\nNfhTMMpRc+9fCyloR9KdhlxO1pAkjvpnsbt32ajae8Twb+kBLzCxrMnIVOFsPWAQ\n9pDjTkmyOPEaH1yz1HxQ8X5EQ3HNMGhK/XxkkZnVFo3EihH6psqd0oX7pM7PMpg+\nimIdwrMPvjgC+D2PXyQGU2VbGvcRooxP/7eCyXPvKYVAk0xizY8podefAnpRQbxa\nmL9YT7Jrtc215ZGj0/cBnefKhe4G7IR5zPlKYGykDK2L5P1ysSn5geNqSeQ37JIk\nmoabMrZ+hmenD0dgPRRlAyk9MU4XM/Nyglq/d3Ou12aNu7LovS0DUvlxiFNa9Tcc\nHfPiAbl1nb9ZPomJZ5zR8CAWmf96b4NmwI6qASsY7+mCkhs2JYBI3kUNt5c0yY5B\n2dWt4hYD7UvzEFDXKuxza2bJOcP4WIqXX5q+Ww/h/iBFevUhFYqA7Y22aMsCAwEA\nAQKCAgB2iEun+D/qo3Gw3/QSDIlHgjc5fE4sV7bd0169xTyCv1KU3lroptsHoTt2\nwCRp+d0FeSMNZx6uGCJ+V9v++XoOX9pjELdlaWOdszi+OH5OL0+TqyamiDA33Y2W\nta49HfSlD97DVHQWeksXiGAcyXOZ062ZcMOihVsTD7RnTJvv2mi9VyuMTbeRe2SW\nZ8YBfbY2n155IawGKfl8j1SKVkjU+Q+IIa1ZnV+x8Ek2/fNiAdWTs8soCv7wSjqu\n5/X4hjFitwgBW5LMAHQpk46Keyk5sV4k8o11ngown1TN/nFkrjxaE7OiGrfmOLKL\nJo29/JOtJN768eEeh2E+C0/jDAKb23OTORAcX93Q9aPtqRGl6ila6rkplxq5sVW6\nnneCLxHBn7Nb/4MnXXaGqt1TnlKmhisuqYjV24sjBPvs8YY50XUj+t50z1HfTfPR\nPPwIkDpdTi92lnyoeuNzo0A2+4yDdhF/XeB1Y86rh4iVKf8xcf729Hsec8bIKLsw\nvtah5+Pb6HBt3+gxkl7KvXra4PaK9KB1OrTiEM0GPUaao017H8hE4CfFFu6UVH2o\nD8qKyNYOitiGcgBQEuKZMsnLr5OYhLZL6RAYfz2rh8yENWPM86o17dldrR5bi2nv\nw9wvLABKjoxk9/PFlf4HWM/WdbG/LkdxyYkKHIIUKPVQXQpNkQKCAQEA1IdbV7gN\n6mVPMYtlQhu79wbh3Pb4BOnrbR162V4zC8qL3MeyI5OFGwHw4JB+ktk7NQqim5KF\nYUVXpdlC5oaaAodS3KxvfMXfktcPzCgELke3r0Hlo21zUfy3zygMDTK/qZL0bkXF\nRCG/0aPmt1f8EmQ1JqLSgmEv0XuI0djK/ODkkGGJBox1thVhtwNs75SCq5ykHC1b\nioes5XPtdejFrK/2J1zPM6+BwPUeMCUT6mHTHYEeveHGgdeNoLcaEmQKzwu7U32z\nwM0P7/mIuP+9OyEC5oJmXx/a2B0CJro+QXNAa0Mk3Ss8w+tyflFt8RTW6XhnAkNQ\nnLSPO9w9DwBk6QKCAQEA34fANa4HXIL8DXTRH/G/nQ9dT4Ss+IvCHQG6v61YqNTZ\niBlxi3bOikq7Z4L4c8OukSwPjwukqzI2jFWmIqqXIYYtUy/RP1niZGKZJXyy3bf+\nBHx2kZtN0oXoE7mRinx6bscD6TGLMIZacDPR6hPDS/suEdj1NeUkH3k32m/62miG\nJ1ZrXVTNUB+iLdIGFpaSG3WPNIThWvD9uSyoFNMzkly21csHjNK62zDHl0Kh1zKk\nAbvkW1JhvE22K3EnQ0y+a186f1rirLxr1ocLzqbvqr7p++hBoykvpe3xskHlTeyh\nVw2g0Xgvauoi3Hk4egoo7OFeHW9GGBaDMbbWlHpfkwKCAQEAvuHrqneHGBVx8X/P\nrHaYdiBaUEoJLPCkINavdffjRR3gTKWXW9itXjp6DFf7Nw2g3dz1e2E4JstPE4h1\nS/Ns9ARy6fx+DcTzL0G10JnIV4DWe7Rl+kjdoK+or4i6ekgwWK/CliBYMv9U94eM\nOvPtVN9n1ZG8HJoJhs67bi6W8lVTNFJF7fnN54KAxw1ulCgAzP3db+lVJLEDGvrq\nNlKg6J8KKQR0nWlu0s3VFUzX/FVsdj14TPcxgYEGlWifJBFym89fqndmMS58t/6Z\nS/92CFt37W0FYT6NIjm7qujv7X0ESNJ/k5238AfSR53/bt5WwE8BxciL6JNLamo+\n9PBXsQKCAQBAYnyluZvbNMtfIN+/oMV9eth4uBGOgcsGyeG9pjOcZbrGrfV7o1v4\nj3ANb7cauSmGHTfaDxN+UDdQEreI0rQ3bsuNY3+VDNHd8lyEZLesj3u2VRdd92ri\nEbn4PIJEbnhhgieJOsEJ2BkiqnpzPwAI2a+6alCvFnJiMms5GvoZgPPrTsQcHPoK\ncyImqpEgXnx1NlZqXUAADtw2Qzuiy/bV2Ki9Sf7BvE0gJ5vF4OZ28to0uacb+s22\nDHhFaRFTHD7Y9JQH7OjPsnIpV7q56nGsL9N7wLlvQsS7uZ7dpodi+565UW6aB1E5\nLXmfIbd3x4dkO8H9HnkFJS7i2fRSzjDLAoIBAEhjcs9AyTWNmrZ01jKtv37Kk76P\nfZH32THRLiSYKVBA8X/4lcasIn/eL3uq9facfx70NZyhOIaFn9Dqw5Q6KE20YMou\nKPTh3b7OTtIyn2aiQy+EeBUGjnnvG6wrf/mRRzGSTRo9KtHhFnr0r1mPeJn8vnO7\nxuin43YYjO5Bf6HPRbW0Fr/kPRNWUPtUjZmS1EHdd1od/mSSDHPtfmQcxJJgzzch\nttR7BYRFNLLZz9Cg6gD7xC0TAGxZ4ViCu30nBv+wPZ0x0PL8T4DV+iFcu83oi3UV\n2/3REiQ9NV7cnCFG+/bLRDKXiRleGCUuPSxMnb3Az3R1bxZIop3IOrsVd7I=\n-----END RSA PRIVATE KEY-----\n",
            "private_key_pem_pkcs8": "-----BEGIN PRIVATE KEY-----\nMIIJQgIBADANBgkqhkiG9w0BAQEFAASCCSwwggkoAgEAAoICAQC5kpuEqZf+Tudm\nPhPvvI3to2RGDlhGVuupyRMB/MXSx/jVddmZ2HrWpINV/MDxrFJoelARL3/Z+pwY\nKIXyP8ptcSjKLBVLfPa94OMc+gEB0F8HPTMUpRX2BKT5BIyykriYhe2J4YEx9ayo\nPuny1jpAaoDu7xXF2Q3dyFVqNrRS5CwN6xQJhf7VSg2AchGCnma61mcyFJ3A/HHc\neVy9OurkFQpS+E9G1wpZa58BDYktD2cACfk1+FMwylFz718LKWhH0p2GXE7WkCSO\n+mexu3fZqNp7xPBv6QEvMLGsychU4Ww9YBD2kONOSbI48RofXLPUfFDxfkRDcc0w\naEr9fGSRmdUWjcSKEfqmyp3Shfukzs8ymD6KYh3Csw++OAL4PY9fJAZTZVsa9xGi\njE//t4LJc+8phUCTTGLNjymh158CelFBvFqYv1hPsmu1zbXlkaPT9wGd58qF7gbs\nhHnM+UpgbKQMrYvk/XKxKfmB42pJ5DfskiSahpsytn6GZ6cPR2A9FGUDKT0xThcz\n83KCWr93c67XZo27sui9LQNS+XGIU1r1Nxwd8+IBuXWdv1k+iYlnnNHwIBaZ/3pv\ng2bAjqoBKxjv6YKSGzYlgEjeRQ23lzTJjkHZ1a3iFgPtS/MQUNcq7HNrZsk5w/hY\nipdfmr5bD+H+IEV69SEVioDtjbZoywIDAQABAoICAHaIS6f4P+qjcbDf9BIMiUeC\nNzl8TixXtt3TXr3FPIK/UpTeWuim2wehO3bAJGn53QV5Iw1nHq4YIn5X2/75eg5f\n2mMQt2VpY52zOL44fk4vT5OrJqaIMDfdjZa1rj0d9KUP3sNUdBZ6SxeIYBzJc5nT\nrZlww6KFWxMPtGdMm+/aaL1XK4xNt5F7ZJZnxgF9tjafXnkhrAYp+XyPVIpWSNT5\nD4ghrVmdX7HwSTb982IB1ZOzyygK/vBKOq7n9fiGMWK3CAFbkswAdCmTjop7KTmx\nXiTyjXWeCjCfVM3+cWSuPFoTs6Iat+Y4sosmjb38k60k3vrx4R6HYT4LT+MMApvb\nc5M5EBxf3dD1o+2pEaXqKVrquSmXGrmxVbqed4IvEcGfs1v/gydddoaq3VOeUqaG\nKy6piNXbiyME++zxhjnRdSP63nTPUd9N89E8/AiQOl1OL3aWfKh643OjQDb7jIN2\nEX9d4HVjzquHiJUp/zFx/vb0ex5zxsgouzC+1qHn49vocG3f6DGSXsq9etrg9or0\noHU6tOIQzQY9RpqjTXsfyETgJ8UW7pRUfagPyorI1g6K2IZyAFAS4pkyycuvk5iE\ntkvpEBh/PauHzIQ1Y8zzqjXt2V2tHluLae/D3C8sAEqOjGT388WV/gdYz9Z1sb8u\nR3HJiQocghQo9VBdCk2RAoIBAQDUh1tXuA3qZU8xi2VCG7v3BuHc9vgE6ettHXrZ\nXjMLyovcx7Ijk4UbAfDgkH6S2Ts1CqKbkoVhRVel2ULmhpoCh1LcrG98xd+S1w/M\nKAQuR7evQeWjbXNR/LfPKAwNMr+pkvRuRcVEIb/Ro+a3V/wSZDUmotKCYS/Re4jR\n2Mr84OSQYYkGjHW2FWG3A2zvlIKrnKQcLVuKh6zlc+116MWsr/YnXM8zr4HA9R4w\nJRPqYdMdgR694caB142gtxoSZArPC7tTfbPAzQ/v+Yi4/707IQLmgmZfH9rYHQIm\nuj5Bc0BrQyTdKzzD63J+UW3xFNbpeGcCQ1CctI873D0PAGTpAoIBAQDfh8A1rgdc\ngvwNdNEf8b+dD11PhKz4i8IdAbq/rVio1NmIGXGLds6KSrtngvhzw66RLA+PC6Sr\nMjaMVaYiqpchhi1TL9E/WeJkYpklfLLdt/4EfHaRm03ShegTuZGKfHpuxwPpMYsw\nhlpwM9HqE8NL+y4R2PU15SQfeTfab/raaIYnVmtdVM1QH6It0gYWlpIbdY80hOFa\n8P25LKgU0zOSXLbVyweM0rrbMMeXQqHXMqQBu+RbUmG8TbYrcSdDTL5rXzp/WuKs\nvGvWhwvOpu+qvun76EGjKS+l7fGyQeVN7KFXDaDReC9q6iLceTh6Cijs4V4db0YY\nFoMxttaUel+TAoIBAQC+4euqd4cYFXHxf8+sdph2IFpQSgks8KQg1q919+NFHeBM\npZdb2K1eOnoMV/s3DaDd3PV7YTgmy08TiHVL82z0BHLp/H4NxPMvQbXQmchXgNZ7\ntGX6SN2gr6iviLp6SDBYr8KWIFgy/1T3h4w68+1U32fVkbwcmgmGzrtuLpbyVVM0\nUkXt+c3ngoDHDW6UKADM/d1v6VUksQMa+uo2UqDonwopBHSdaW7SzdUVTNf8VWx2\nPXhM9zGBgQaVaJ8kEXKbz1+qd2YxLny3/plL/3YIW3ftbQVhPo0iObuq6O/tfQRI\n0n+TnbfwB9JHnf9u3lbATwHFyIvok0tqaj708FexAoIBAEBifKW5m9s0y18g37+g\nxX162Hi4EY6BywbJ4b2mM5xlusat9XujW/iPcA1vtxq5KYYdN9oPE35QN1ASt4jS\ntDduy41jf5UM0d3yXIRkt6yPe7ZVF133auIRufg8gkRueGGCJ4k6wQnYGSKqenM/\nAAjZr7pqUK8WcmIyazka+hmA8+tOxBwc+gpzIiaqkSBefHU2VmpdQAAO3DZDO6LL\n9tXYqL1J/sG8TSAnm8Xg5nby2jS5pxv6zbYMeEVpEVMcPtj0lAfs6M+ycilXurnq\ncawv03vAuW9CxLu5nt2mh2L7nrlRbpoHUTkteZ8ht3fHh2Q7wf0eeQUlLuLZ9FLO\nMMsCggEASGNyz0DJNY2atnTWMq2/fsqTvo99kffZMdEuJJgpUEDxf/iVxqwif94v\ne6r19px/HvQ1nKE4hoWf0OrDlDooTbRgyi4o9OHdvs5O0jKfZqJDL4R4FQaOee8b\nrCt/+ZFHMZJNGj0q0eEWevSvWY94mfy+c7vG6KfjdhiM7kF/oc9FtbQWv+Q9E1ZQ\n+1SNmZLUQd13Wh3+ZJIMc+1+ZBzEkmDPNyG21HsFhEU0stnP0KDqAPvELRMAbFnh\nWIK7fScG/7A9nTHQ8vxPgNX6IVy7zeiLdRXb/dESJD01XtycIUb79stEMpeJGV4Y\nJS49LEydvcDPdHVvFkiincg6uxV3sg==\n-----END PRIVATE KEY-----\n",
            "public_key_fingerprint_md5": "95:e4:d1:6f:df:78:67:00:31:06:fc:2e:d2:04:ef:b9",
            "public_key_fingerprint_sha256": "SHA256:1TwNYOv0SgIrZUR8gebzTRa4J3fatpMct94p9CwHMyk",
            "public_key_openssh": "ssh-rsa AAAAB3NzaC1yc2EAAAADAQABAAACAQC5kpuEqZf+TudmPhPvvI3to2RGDlhGVuupyRMB/MXSx/jVddmZ2HrWpINV/MDxrFJoelARL3/Z+pwYKIXyP8ptcSjKLBVLfPa94OMc+gEB0F8HPTMUpRX2BKT5BIyykriYhe2J4YEx9ayoPuny1jpAaoDu7xXF2Q3dyFVqNrRS5CwN6xQJhf7VSg2AchGCnma61mcyFJ3A/HHceVy9OurkFQpS+E9G1wpZa58BDYktD2cACfk1+FMwylFz718LKWhH0p2GXE7WkCSO+mexu3fZqNp7xPBv6QEvMLGsychU4Ww9YBD2kONOSbI48RofXLPUfFDxfkRDcc0waEr9fGSRmdUWjcSKEfqmyp3Shfukzs8ymD6KYh3Csw++OAL4PY9fJAZTZVsa9xGijE//t4LJc+8phUCTTGLNjymh158CelFBvFqYv1hPsmu1zbXlkaPT9wGd58qF7gbshHnM+UpgbKQMrYvk/XKxKfmB42pJ5DfskiSahpsytn6GZ6cPR2A9FGUDKT0xThcz83KCWr93c67XZo27sui9LQNS+XGIU1r1Nxwd8+IBuXWdv1k+iYlnnNHwIBaZ/3pvg2bAjqoBKxjv6YKSGzYlgEjeRQ23lzTJjkHZ1a3iFgPtS/MQUNcq7HNrZsk5w/hYipdfmr5bD+H+IEV69SEVioDtjbZoyw==\n",
            "public_key_pem": "-----BEGIN PUBLIC KEY-----\nMIICIjANBgkqhkiG9w0BAQEFAAOCAg8AMIICCgKCAgEAuZKbhKmX/k7nZj4T77yN\n7aNkRg5YRlbrqckTAfzF0sf41XXZmdh61qSDVfzA8axSaHpQES9/2fqcGCiF8j/K\nbXEoyiwVS3z2veDjHPoBAdBfBz0zFKUV9gSk+QSMspK4mIXtieGBMfWsqD7p8tY6\nQGqA7u8VxdkN3chVaja0UuQsDesUCYX+1UoNgHIRgp5mutZnMhSdwPxx3HlcvTrq\n5BUKUvhPRtcKWWufAQ2JLQ9nAAn5NfhTMMpRc+9fCyloR9KdhlxO1pAkjvpnsbt3\n2ajae8Twb+kBLzCxrMnIVOFsPWAQ9pDjTkmyOPEaH1yz1HxQ8X5EQ3HNMGhK/Xxk\nkZnVFo3EihH6psqd0oX7pM7PMpg+imIdwrMPvjgC+D2PXyQGU2VbGvcRooxP/7eC\nyXPvKYVAk0xizY8podefAnpRQbxamL9YT7Jrtc215ZGj0/cBnefKhe4G7IR5zPlK\nYGykDK2L5P1ysSn5geNqSeQ37JIkmoabMrZ+hmenD0dgPRRlAyk9MU4XM/Nyglq/\nd3Ou12aNu7LovS0DUvlxiFNa9TccHfPiAbl1nb9ZPomJZ5zR8CAWmf96b4NmwI6q\nASsY7+mCkhs2JYBI3kUNt5c0yY5B2dWt4hYD7UvzEFDXKuxza2bJOcP4WIqXX5q+\nWw/h/iBFevUhFYqA7Y22aMsCAwEAAQ==\n-----END PUBLIC KEY-----\n",
            "rsa_bits": 4096
          },
          "sensitive_attributes": [
            [
              {
                "type": "get_attr",
                "value": "private_key_pem_pkcs8"
              }
            ],
            [
              {
                "type": "get_attr",
                "value": "private_key_pem"
              }
            ],
            [
              {
                "type": "get_attr",
                "value": "private_key_openssh"
              }
            ]
          ]
        }
      ]
    }
  ],
  "check_results": null
}
