{
  "version": 4,
  "terraform_version": "1.8.5",
  "serial": 827,
  "lineage": "602064bd-5364-b58c-a902-dd7833c8bdd8",
  "outputs": {
    "instance_ips": {
      "value": {
        "Amazon-Wazuh-Server": {
          "private_ip": "172.31.51.251",
          "public_ip": "54.174.139.178"
        },
        "Debian-Atacante": {
          "private_ip": "172.31.45.11",
          "public_ip": "3.81.103.46"
        },
        "Ubuntu-Agente": {
          "private_ip": "172.31.33.16",
          "public_ip": "54.173.8.242"
        },
        "Windows-Agente": {
          "private_ip": "172.31.49.108",
          "public_ip": "54.88.112.209"
        }
      },
      "type": [
        "object",
        {
          "Amazon-Wazuh-Server": [
            "object",
            {
              "private_ip": "string",
              "public_ip": "string"
            }
          ],
          "Debian-Atacante": [
            "object",
            {
              "private_ip": "string",
              "public_ip": "string"
            }
          ],
          "Ubuntu-Agente": [
            "object",
            {
              "private_ip": "string",
              "public_ip": "string"
            }
          ],
          "Windows-Agente": [
            "object",
            {
              "private_ip": "string",
              "public_ip": "string"
            }
          ]
        }
      ]
    }
  },
  "resources": [
    {
      "mode": "data",
      "type": "aws_vpc",
      "name": "default",
      "provider": "provider[\"registry.terraform.io/hashicorp/aws\"]",
      "instances": [
        {
          "schema_version": 0,
          "attributes": {
            "arn": "arn:aws:ec2:us-east-1:944873386727:vpc/vpc-0143c27d846a5588f",
            "cidr_block": "172.31.0.0/16",
            "cidr_block_associations": [
              {
                "association_id": "vpc-cidr-assoc-06cff410713c6fb79",
                "cidr_block": "172.31.0.0/16",
                "state": "associated"
              }
            ],
            "default": true,
            "dhcp_options_id": "dopt-0d8493028a884032b",
            "enable_dns_hostnames": true,
            "enable_dns_support": true,
            "enable_network_address_usage_metrics": false,
            "filter": null,
            "id": "vpc-0143c27d846a5588f",
            "instance_tenancy": "default",
            "ipv6_association_id": "",
            "ipv6_cidr_block": "",
            "main_route_table_id": "rtb-0d2f95c03064fd7ad",
            "owner_id": "944873386727",
            "state": null,
            "tags": {},
            "timeouts": null
          },
          "sensitive_attributes": []
        }
      ]
    },
    {
      "mode": "managed",
      "type": "aws_instance",
      "name": "this",
      "provider": "provider[\"registry.terraform.io/hashicorp/aws\"]",
      "instances": [
        {
          "index_key": "Amazon-Wazuh-Server",
          "schema_version": 1,
          "attributes": {
            "ami": "ami-0d94353f7bad10668",
            "arn": "arn:aws:ec2:us-east-1:944873386727:instance/i-05986d86ab46f2b19",
            "associate_public_ip_address": true,
            "availability_zone": "us-east-1e",
            "capacity_reservation_specification": [
              {
                "capacity_reservation_preference": "open",
                "capacity_reservation_target": []
              }
            ],
            "cpu_core_count": 2,
            "cpu_options": [
              {
                "amd_sev_snp": "",
                "core_count": 2,
                "threads_per_core": 1
              }
            ],
            "cpu_threads_per_core": 1,
            "credit_specification": [
              {
                "cpu_credits": "standard"
              }
            ],
            "disable_api_stop": false,
            "disable_api_termination": false,
            "ebs_block_device": [],
            "ebs_optimized": false,
            "enclave_options": [
              {
                "enabled": false
              }
            ],
            "ephemeral_block_device": [],
            "get_password_data": false,
            "hibernation": false,
            "host_id": "",
            "host_resource_group_arn": null,
            "iam_instance_profile": "",
            "id": "i-05986d86ab46f2b19",
            "instance_initiated_shutdown_behavior": "stop",
            "instance_lifecycle": "",
            "instance_market_options": [],
            "instance_state": "running",
            "instance_type": "t2.medium",
            "ipv6_address_count": 0,
            "ipv6_addresses": [],
            "key_name": "wazuh-lab-key",
            "launch_template": [],
            "maintenance_options": [
              {
                "auto_recovery": "default"
              }
            ],
            "metadata_options": [
              {
                "http_endpoint": "enabled",
                "http_protocol_ipv6": "disabled",
                "http_put_response_hop_limit": 1,
                "http_tokens": "optional",
                "instance_metadata_tags": "disabled"
              }
            ],
            "monitoring": false,
            "network_interface": [],
            "outpost_arn": "",
            "password_data": "",
            "placement_group": "",
            "placement_partition_number": 0,
            "primary_network_interface_id": "eni-0a99fda578640a3e1",
            "private_dns": "ip-172-31-51-251.ec2.internal",
            "private_dns_name_options": [
              {
                "enable_resource_name_dns_a_record": false,
                "enable_resource_name_dns_aaaa_record": false,
                "hostname_type": "ip-name"
              }
            ],
            "private_ip": "172.31.51.251",
            "public_dns": "ec2-54-174-139-178.compute-1.amazonaws.com",
            "public_ip": "54.174.139.178",
            "root_block_device": [
              {
                "delete_on_termination": true,
                "device_name": "/dev/xvda",
                "encrypted": false,
                "iops": 100,
                "kms_key_id": "",
                "tags": {},
                "tags_all": {},
                "throughput": 0,
                "volume_id": "vol-0b40f445f005d8bde",
                "volume_size": 8,
                "volume_type": "gp2"
              }
            ],
            "secondary_private_ips": [],
            "security_groups": [
              "Amazon-Wazuh-Server_sg"
            ],
            "source_dest_check": true,
            "spot_instance_request_id": "",
            "subnet_id": "subnet-0d6f678bf54494094",
            "tags": {
              "Name": "Amazon-Wazuh-Server"
            },
            "tags_all": {
              "Name": "Amazon-Wazuh-Server"
            },
            "tenancy": "default",
            "timeouts": null,
            "user_data": null,
            "user_data_base64": null,
            "user_data_replace_on_change": false,
            "volume_tags": null,
            "vpc_security_group_ids": [
              "sg-032069051c76d750f"
            ]
          },
          "sensitive_attributes": [],
          "private": "eyJlMmJmYjczMC1lY2FhLTExZTYtOGY4OC0zNDM2M2JjN2M0YzAiOnsiY3JlYXRlIjo2MDAwMDAwMDAwMDAsImRlbGV0ZSI6MTIwMDAwMDAwMDAwMCwicmVhZCI6OTAwMDAwMDAwMDAwLCJ1cGRhdGUiOjYwMDAwMDAwMDAwMH0sInNjaGVtYV92ZXJzaW9uIjoiMSJ9",
          "dependencies": [
            "aws_key_pair.despliegue",
            "aws_security_group.instancia_sg",
            "data.aws_vpc.default",
            "tls_private_key.wazuh_lab_cecib"
          ]
        },
        {
          "index_key": "Debian-Atacante",
          "schema_version": 1,
          "attributes": {
            "ami": "ami-058bd2d568351da34",
            "arn": "arn:aws:ec2:us-east-1:944873386727:instance/i-0e6c3885ecb28f353",
            "associate_public_ip_address": true,
            "availability_zone": "us-east-1a",
            "capacity_reservation_specification": [
              {
                "capacity_reservation_preference": "open",
                "capacity_reservation_target": []
              }
            ],
            "cpu_core_count": 1,
            "cpu_options": [
              {
                "amd_sev_snp": "",
                "core_count": 1,
                "threads_per_core": 1
              }
            ],
            "cpu_threads_per_core": 1,
            "credit_specification": [
              {
                "cpu_credits": "standard"
              }
            ],
            "disable_api_stop": false,
            "disable_api_termination": false,
            "ebs_block_device": [],
            "ebs_optimized": false,
            "enclave_options": [
              {
                "enabled": false
              }
            ],
            "ephemeral_block_device": [],
            "get_password_data": false,
            "hibernation": false,
            "host_id": "",
            "host_resource_group_arn": null,
            "iam_instance_profile": "",
            "id": "i-0e6c3885ecb28f353",
            "instance_initiated_shutdown_behavior": "stop",
            "instance_lifecycle": "",
            "instance_market_options": [],
            "instance_state": "running",
            "instance_type": "t2.micro",
            "ipv6_address_count": 0,
            "ipv6_addresses": [],
            "key_name": "wazuh-lab-key",
            "launch_template": [],
            "maintenance_options": [
              {
                "auto_recovery": "default"
              }
            ],
            "metadata_options": [
              {
                "http_endpoint": "enabled",
                "http_protocol_ipv6": "disabled",
                "http_put_response_hop_limit": 1,
                "http_tokens": "optional",
                "instance_metadata_tags": "disabled"
              }
            ],
            "monitoring": false,
            "network_interface": [],
            "outpost_arn": "",
            "password_data": "",
            "placement_group": "",
            "placement_partition_number": 0,
            "primary_network_interface_id": "eni-09d3d2d3b6739cbc9",
            "private_dns": "ip-172-31-45-11.ec2.internal",
            "private_dns_name_options": [
              {
                "enable_resource_name_dns_a_record": false,
                "enable_resource_name_dns_aaaa_record": false,
                "hostname_type": "ip-name"
              }
            ],
            "private_ip": "172.31.45.11",
            "public_dns": "ec2-3-81-103-46.compute-1.amazonaws.com",
            "public_ip": "3.81.103.46",
            "root_block_device": [
              {
                "delete_on_termination": true,
                "device_name": "/dev/xvda",
                "encrypted": false,
                "iops": 3000,
                "kms_key_id": "",
                "tags": {},
                "tags_all": {},
                "throughput": 125,
                "volume_id": "vol-067248570ec5f35cb",
                "volume_size": 8,
                "volume_type": "gp3"
              }
            ],
            "secondary_private_ips": [],
            "security_groups": [
              "Debian-Atacante_sg"
            ],
            "source_dest_check": true,
            "spot_instance_request_id": "",
            "subnet_id": "subnet-096b7f6c578bb0238",
            "tags": {
              "Name": "Debian-Atacante"
            },
            "tags_all": {
              "Name": "Debian-Atacante"
            },
            "tenancy": "default",
            "timeouts": null,
            "user_data": null,
            "user_data_base64": null,
            "user_data_replace_on_change": false,
            "volume_tags": null,
            "vpc_security_group_ids": [
              "sg-0bf15c26a9e025058"
            ]
          },
          "sensitive_attributes": [],
          "private": "eyJlMmJmYjczMC1lY2FhLTExZTYtOGY4OC0zNDM2M2JjN2M0YzAiOnsiY3JlYXRlIjo2MDAwMDAwMDAwMDAsImRlbGV0ZSI6MTIwMDAwMDAwMDAwMCwicmVhZCI6OTAwMDAwMDAwMDAwLCJ1cGRhdGUiOjYwMDAwMDAwMDAwMH0sInNjaGVtYV92ZXJzaW9uIjoiMSJ9",
          "dependencies": [
            "aws_key_pair.despliegue",
            "aws_security_group.instancia_sg",
            "data.aws_vpc.default",
            "tls_private_key.wazuh_lab_cecib"
          ]
        },
        {
          "index_key": "Ubuntu-Agente",
          "schema_version": 1,
          "attributes": {
            "ami": "ami-04b70fa74e45c3917",
            "arn": "arn:aws:ec2:us-east-1:944873386727:instance/i-0b62735ce6be93ec0",
            "associate_public_ip_address": true,
            "availability_zone": "us-east-1a",
            "capacity_reservation_specification": [
              {
                "capacity_reservation_preference": "open",
                "capacity_reservation_target": []
              }
            ],
            "cpu_core_count": 1,
            "cpu_options": [
              {
                "amd_sev_snp": "",
                "core_count": 1,
                "threads_per_core": 1
              }
            ],
            "cpu_threads_per_core": 1,
            "credit_specification": [
              {
                "cpu_credits": "standard"
              }
            ],
            "disable_api_stop": false,
            "disable_api_termination": false,
            "ebs_block_device": [],
            "ebs_optimized": false,
            "enclave_options": [
              {
                "enabled": false
              }
            ],
            "ephemeral_block_device": [],
            "get_password_data": false,
            "hibernation": false,
            "host_id": "",
            "host_resource_group_arn": null,
            "iam_instance_profile": "",
            "id": "i-0b62735ce6be93ec0",
            "instance_initiated_shutdown_behavior": "stop",
            "instance_lifecycle": "",
            "instance_market_options": [],
            "instance_state": "running",
            "instance_type": "t2.micro",
            "ipv6_address_count": 0,
            "ipv6_addresses": [],
            "key_name": "wazuh-lab-key",
            "launch_template": [],
            "maintenance_options": [
              {
                "auto_recovery": "default"
              }
            ],
            "metadata_options": [
              {
                "http_endpoint": "enabled",
                "http_protocol_ipv6": "disabled",
                "http_put_response_hop_limit": 2,
                "http_tokens": "required",
                "instance_metadata_tags": "disabled"
              }
            ],
            "monitoring": false,
            "network_interface": [],
            "outpost_arn": "",
            "password_data": "",
            "placement_group": "",
            "placement_partition_number": 0,
            "primary_network_interface_id": "eni-06c159f94ae221fe3",
            "private_dns": "ip-172-31-33-16.ec2.internal",
            "private_dns_name_options": [
              {
                "enable_resource_name_dns_a_record": false,
                "enable_resource_name_dns_aaaa_record": false,
                "hostname_type": "ip-name"
              }
            ],
            "private_ip": "172.31.33.16",
            "public_dns": "ec2-54-173-8-242.compute-1.amazonaws.com",
            "public_ip": "54.173.8.242",
            "root_block_device": [
              {
                "delete_on_termination": true,
                "device_name": "/dev/sda1",
                "encrypted": false,
                "iops": 3000,
                "kms_key_id": "",
                "tags": {},
                "tags_all": {},
                "throughput": 125,
                "volume_id": "vol-006694a1682e25b27",
                "volume_size": 8,
                "volume_type": "gp3"
              }
            ],
            "secondary_private_ips": [],
            "security_groups": [
              "Ubuntu-Agente_sg"
            ],
            "source_dest_check": true,
            "spot_instance_request_id": "",
            "subnet_id": "subnet-096b7f6c578bb0238",
            "tags": {
              "Name": "Ubuntu-Agente"
            },
            "tags_all": {
              "Name": "Ubuntu-Agente"
            },
            "tenancy": "default",
            "timeouts": null,
            "user_data": null,
            "user_data_base64": null,
            "user_data_replace_on_change": false,
            "volume_tags": null,
            "vpc_security_group_ids": [
              "sg-00f988d9bc7e3f1f4"
            ]
          },
          "sensitive_attributes": [],
          "private": "eyJlMmJmYjczMC1lY2FhLTExZTYtOGY4OC0zNDM2M2JjN2M0YzAiOnsiY3JlYXRlIjo2MDAwMDAwMDAwMDAsImRlbGV0ZSI6MTIwMDAwMDAwMDAwMCwicmVhZCI6OTAwMDAwMDAwMDAwLCJ1cGRhdGUiOjYwMDAwMDAwMDAwMH0sInNjaGVtYV92ZXJzaW9uIjoiMSJ9",
          "dependencies": [
            "aws_key_pair.despliegue",
            "aws_security_group.instancia_sg",
            "data.aws_vpc.default",
            "tls_private_key.wazuh_lab_cecib"
          ]
        },
        {
          "index_key": "Windows-Agente",
          "schema_version": 1,
          "attributes": {
            "ami": "ami-04df9ee4d3dfde202",
            "arn": "arn:aws:ec2:us-east-1:944873386727:instance/i-0eac0ec9ba35cfb4c",
            "associate_public_ip_address": true,
            "availability_zone": "us-east-1e",
            "capacity_reservation_specification": [
              {
                "capacity_reservation_preference": "open",
                "capacity_reservation_target": []
              }
            ],
            "cpu_core_count": 2,
            "cpu_options": [
              {
                "amd_sev_snp": "",
                "core_count": 2,
                "threads_per_core": 1
              }
            ],
            "cpu_threads_per_core": 1,
            "credit_specification": [
              {
                "cpu_credits": "standard"
              }
            ],
            "disable_api_stop": false,
            "disable_api_termination": false,
            "ebs_block_device": [],
            "ebs_optimized": false,
            "enclave_options": [
              {
                "enabled": false
              }
            ],
            "ephemeral_block_device": [],
            "get_password_data": false,
            "hibernation": false,
            "host_id": "",
            "host_resource_group_arn": null,
            "iam_instance_profile": "",
            "id": "i-0eac0ec9ba35cfb4c",
            "instance_initiated_shutdown_behavior": "stop",
            "instance_lifecycle": "",
            "instance_market_options": [],
            "instance_state": "running",
            "instance_type": "t2.medium",
            "ipv6_address_count": 0,
            "ipv6_addresses": [],
            "key_name": "wazuh-lab-key",
            "launch_template": [],
            "maintenance_options": [
              {
                "auto_recovery": "default"
              }
            ],
            "metadata_options": [
              {
                "http_endpoint": "enabled",
                "http_protocol_ipv6": "disabled",
                "http_put_response_hop_limit": 1,
                "http_tokens": "optional",
                "instance_metadata_tags": "disabled"
              }
            ],
            "monitoring": false,
            "network_interface": [],
            "outpost_arn": "",
            "password_data": "",
            "placement_group": "",
            "placement_partition_number": 0,
            "primary_network_interface_id": "eni-0857d8d897d72d84d",
            "private_dns": "ip-172-31-49-108.ec2.internal",
            "private_dns_name_options": [
              {
                "enable_resource_name_dns_a_record": false,
                "enable_resource_name_dns_aaaa_record": false,
                "hostname_type": "ip-name"
              }
            ],
            "private_ip": "172.31.49.108",
            "public_dns": "ec2-54-88-112-209.compute-1.amazonaws.com",
            "public_ip": "54.88.112.209",
            "root_block_device": [
              {
                "delete_on_termination": true,
                "device_name": "/dev/sda1",
                "encrypted": false,
                "iops": 100,
                "kms_key_id": "",
                "tags": {},
                "tags_all": {},
                "throughput": 0,
                "volume_id": "vol-0da3a1bfee8c60006",
                "volume_size": 30,
                "volume_type": "gp2"
              }
            ],
            "secondary_private_ips": [],
            "security_groups": [
              "Windows-Agente_sg"
            ],
            "source_dest_check": true,
            "spot_instance_request_id": "",
            "subnet_id": "subnet-0d6f678bf54494094",
            "tags": {
              "Name": "Windows-Agente"
            },
            "tags_all": {
              "Name": "Windows-Agente"
            },
            "tenancy": "default",
            "timeouts": null,
            "user_data": "33f7b586ec0877172873355a6f8ef1b9ca189729",
            "user_data_base64": null,
            "user_data_replace_on_change": false,
            "volume_tags": null,
            "vpc_security_group_ids": [
              "sg-060f6476972b9f326"
            ]
          },
          "sensitive_attributes": [],
          "private": "eyJlMmJmYjczMC1lY2FhLTExZTYtOGY4OC0zNDM2M2JjN2M0YzAiOnsiY3JlYXRlIjo2MDAwMDAwMDAwMDAsImRlbGV0ZSI6MTIwMDAwMDAwMDAwMCwicmVhZCI6OTAwMDAwMDAwMDAwLCJ1cGRhdGUiOjYwMDAwMDAwMDAwMH0sInNjaGVtYV92ZXJzaW9uIjoiMSJ9",
          "dependencies": [
            "aws_key_pair.despliegue",
            "aws_security_group.instancia_sg",
            "data.aws_vpc.default",
            "tls_private_key.wazuh_lab_cecib"
          ]
        }
      ]
    },
    {
      "mode": "managed",
      "type": "aws_key_pair",
      "name": "despliegue",
      "provider": "provider[\"registry.terraform.io/hashicorp/aws\"]",
      "instances": [
        {
          "schema_version": 1,
          "attributes": {
            "arn": "arn:aws:ec2:us-east-1:944873386727:key-pair/wazuh-lab-key",
            "fingerprint": "ef:dd:19:74:87:38:5f:4a:a1:55:b0:ce:11:fd:d7:d0",
            "id": "wazuh-lab-key",
            "key_name": "wazuh-lab-key",
            "key_name_prefix": "",
            "key_pair_id": "key-066362cf10277fd57",
            "key_type": "rsa",
            "public_key": "ssh-rsa AAAAB3NzaC1yc2EAAAADAQABAAACAQDoPrpQnlIzo9x+nZ3lLa33c4glFonOD+dvU3rbigXJmGYAUMFuQrJdD6O8PIsQq4ViP71OfBoybYgeO2A1fG3Ojf27CGC7jvJama3iTVGCQB1I54ZW4lqNcH0E4lDZLYfw01MpRq9WopJotgMbVst9hYwFvyiAdD8NSzIc+0Hj6QcKfeDRYR6J8VbBuTG8cjCsyn5DC4Wd/dYNIzQ6BOuQIUp53gLTEJ1wALnZ3XL5zDfbNB+/eZf6utMZzXM1aoAvAgP+RBIDluwVWLWoY5XOWyxupWPWeQHhMv+5hEbWvuKTJFWbXQE2W9eeQCB6+F4ssQJ2+0C7bZkTfZKEIWfULiwtqh0dd8318Mmk0ouJ6cYERbmq2gRc8XfPcBSEadpaoAwScWFdgq+MVVPWXV7aTqxEZKbKk+KwoIcfXmeCnDCtTnl9rSOcYWoZViE6J9ImMw4BxfoE30WtcpnCmPfHRDW2gvXDR5S1bsg21Ob0f6OskGQTFe9CQLYX5vxitCxq4rlyZ0hEgaic59VnsLUS76qXQiA6++aTCc+Srom/UFmwaMUnQKWWnFfxc05tdUerwUkq7yGXLeEpHeGm4TfSjHSkZbvwKsNU7qPTlBRrxhyH1EO/nFjNcrYaoAF+JEVeoSM1zWneojo84ezWa+2n5S4oOFoP4Cc0yM4dXsBOyQ==",
            "tags": null,
            "tags_all": {}
          },
          "sensitive_attributes": [],
          "private": "eyJzY2hlbWFfdmVyc2lvbiI6IjEifQ==",
          "dependencies": [
            "tls_private_key.wazuh_lab_cecib"
          ]
        }
      ]
    },
    {
      "mode": "managed",
      "type": "aws_security_group",
      "name": "instancia_sg",
      "provider": "provider[\"registry.terraform.io/hashicorp/aws\"]",
      "instances": [
        {
          "index_key": "Amazon-Wazuh-Server",
          "schema_version": 1,
          "attributes": {
            "arn": "arn:aws:ec2:us-east-1:944873386727:security-group/sg-032069051c76d750f",
            "description": "Security group for Amazon-Wazuh-Server",
            "egress": [
              {
                "cidr_blocks": [
                  "0.0.0.0/0"
                ],
                "description": "",
                "from_port": 0,
                "ipv6_cidr_blocks": [],
                "prefix_list_ids": [],
                "protocol": "-1",
                "security_groups": [],
                "self": false,
                "to_port": 0
              }
            ],
            "id": "sg-032069051c76d750f",
            "ingress": [
              {
                "cidr_blocks": [
                  "0.0.0.0/0"
                ],
                "description": "",
                "from_port": 22,
                "ipv6_cidr_blocks": [],
                "prefix_list_ids": [],
                "protocol": "tcp",
                "security_groups": [],
                "self": false,
                "to_port": 22
              },
              {
                "cidr_blocks": [
                  "0.0.0.0/0"
                ],
                "description": "",
                "from_port": 443,
                "ipv6_cidr_blocks": [],
                "prefix_list_ids": [],
                "protocol": "tcp",
                "security_groups": [],
                "self": false,
                "to_port": 443
              },
              {
                "cidr_blocks": [
                  "0.0.0.0/0"
                ],
                "description": "",
                "from_port": 80,
                "ipv6_cidr_blocks": [],
                "prefix_list_ids": [],
                "protocol": "tcp",
                "security_groups": [],
                "self": false,
                "to_port": 80
              },
              {
                "cidr_blocks": [
                  "172.31.0.0/16"
                ],
                "description": "",
                "from_port": 0,
                "ipv6_cidr_blocks": [],
                "prefix_list_ids": [],
                "protocol": "tcp",
                "security_groups": [],
                "self": false,
                "to_port": 65535
              }
            ],
            "name": "Amazon-Wazuh-Server_sg",
            "name_prefix": "",
            "owner_id": "944873386727",
            "revoke_rules_on_delete": false,
            "tags": null,
            "tags_all": {},
            "timeouts": null,
            "vpc_id": "vpc-0143c27d846a5588f"
          },
          "sensitive_attributes": [],
          "private": "eyJlMmJmYjczMC1lY2FhLTExZTYtOGY4OC0zNDM2M2JjN2M0YzAiOnsiY3JlYXRlIjo2MDAwMDAwMDAwMDAsImRlbGV0ZSI6OTAwMDAwMDAwMDAwfSwic2NoZW1hX3ZlcnNpb24iOiIxIn0=",
          "dependencies": [
            "data.aws_vpc.default"
          ]
        },
        {
          "index_key": "Debian-Atacante",
          "schema_version": 1,
          "attributes": {
            "arn": "arn:aws:ec2:us-east-1:944873386727:security-group/sg-0bf15c26a9e025058",
            "description": "Security group for Debian-Atacante",
            "egress": [
              {
                "cidr_blocks": [
                  "0.0.0.0/0"
                ],
                "description": "",
                "from_port": 0,
                "ipv6_cidr_blocks": [],
                "prefix_list_ids": [],
                "protocol": "-1",
                "security_groups": [],
                "self": false,
                "to_port": 0
              }
            ],
            "id": "sg-0bf15c26a9e025058",
            "ingress": [
              {
                "cidr_blocks": [
                  "0.0.0.0/0"
                ],
                "description": "",
                "from_port": 22,
                "ipv6_cidr_blocks": [],
                "prefix_list_ids": [],
                "protocol": "tcp",
                "security_groups": [],
                "self": false,
                "to_port": 22
              },
              {
                "cidr_blocks": [
                  "172.31.0.0/16"
                ],
                "description": "",
                "from_port": 0,
                "ipv6_cidr_blocks": [],
                "prefix_list_ids": [],
                "protocol": "tcp",
                "security_groups": [],
                "self": false,
                "to_port": 65535
              }
            ],
            "name": "Debian-Atacante_sg",
            "name_prefix": "",
            "owner_id": "944873386727",
            "revoke_rules_on_delete": false,
            "tags": null,
            "tags_all": {},
            "timeouts": null,
            "vpc_id": "vpc-0143c27d846a5588f"
          },
          "sensitive_attributes": [],
          "private": "eyJlMmJmYjczMC1lY2FhLTExZTYtOGY4OC0zNDM2M2JjN2M0YzAiOnsiY3JlYXRlIjo2MDAwMDAwMDAwMDAsImRlbGV0ZSI6OTAwMDAwMDAwMDAwfSwic2NoZW1hX3ZlcnNpb24iOiIxIn0=",
          "dependencies": [
            "data.aws_vpc.default"
          ]
        },
        {
          "index_key": "Ubuntu-Agente",
          "schema_version": 1,
          "attributes": {
            "arn": "arn:aws:ec2:us-east-1:944873386727:security-group/sg-00f988d9bc7e3f1f4",
            "description": "Security group for Ubuntu-Agente",
            "egress": [
              {
                "cidr_blocks": [
                  "0.0.0.0/0"
                ],
                "description": "",
                "from_port": 0,
                "ipv6_cidr_blocks": [],
                "prefix_list_ids": [],
                "protocol": "-1",
                "security_groups": [],
                "self": false,
                "to_port": 0
              }
            ],
            "id": "sg-00f988d9bc7e3f1f4",
            "ingress": [
              {
                "cidr_blocks": [
                  "0.0.0.0/0"
                ],
                "description": "",
                "from_port": 22,
                "ipv6_cidr_blocks": [],
                "prefix_list_ids": [],
                "protocol": "tcp",
                "security_groups": [],
                "self": false,
                "to_port": 22
              },
              {
                "cidr_blocks": [
                  "0.0.0.0/0"
                ],
                "description": "",
                "from_port": 80,
                "ipv6_cidr_blocks": [],
                "prefix_list_ids": [],
                "protocol": "tcp",
                "security_groups": [],
                "self": false,
                "to_port": 80
              },
              {
                "cidr_blocks": [
                  "172.31.0.0/16"
                ],
                "description": "",
                "from_port": 0,
                "ipv6_cidr_blocks": [],
                "prefix_list_ids": [],
                "protocol": "tcp",
                "security_groups": [],
                "self": false,
                "to_port": 65535
              }
            ],
            "name": "Ubuntu-Agente_sg",
            "name_prefix": "",
            "owner_id": "944873386727",
            "revoke_rules_on_delete": false,
            "tags": null,
            "tags_all": {},
            "timeouts": null,
            "vpc_id": "vpc-0143c27d846a5588f"
          },
          "sensitive_attributes": [],
          "private": "eyJlMmJmYjczMC1lY2FhLTExZTYtOGY4OC0zNDM2M2JjN2M0YzAiOnsiY3JlYXRlIjo2MDAwMDAwMDAwMDAsImRlbGV0ZSI6OTAwMDAwMDAwMDAwfSwic2NoZW1hX3ZlcnNpb24iOiIxIn0=",
          "dependencies": [
            "data.aws_vpc.default"
          ]
        },
        {
          "index_key": "Windows-Agente",
          "schema_version": 1,
          "attributes": {
            "arn": "arn:aws:ec2:us-east-1:944873386727:security-group/sg-060f6476972b9f326",
            "description": "Security group for Windows-Agente",
            "egress": [
              {
                "cidr_blocks": [
                  "0.0.0.0/0"
                ],
                "description": "",
                "from_port": 0,
                "ipv6_cidr_blocks": [],
                "prefix_list_ids": [],
                "protocol": "-1",
                "security_groups": [],
                "self": false,
                "to_port": 0
              }
            ],
            "id": "sg-060f6476972b9f326",
            "ingress": [
              {
                "cidr_blocks": [
                  "0.0.0.0/0"
                ],
                "description": "",
                "from_port": 3389,
                "ipv6_cidr_blocks": [],
                "prefix_list_ids": [],
                "protocol": "tcp",
                "security_groups": [],
                "self": false,
                "to_port": 3389
              },
              {
                "cidr_blocks": [
                  "0.0.0.0/0"
                ],
                "description": "",
                "from_port": 5986,
                "ipv6_cidr_blocks": [],
                "prefix_list_ids": [],
                "protocol": "tcp",
                "security_groups": [],
                "self": false,
                "to_port": 5986
              },
              {
                "cidr_blocks": [
                  "0.0.0.0/0"
                ],
                "description": "",
                "from_port": 80,
                "ipv6_cidr_blocks": [],
                "prefix_list_ids": [],
                "protocol": "tcp",
                "security_groups": [],
                "self": false,
                "to_port": 80
              },
              {
                "cidr_blocks": [
                  "172.31.0.0/16"
                ],
                "description": "",
                "from_port": 0,
                "ipv6_cidr_blocks": [],
                "prefix_list_ids": [],
                "protocol": "tcp",
                "security_groups": [],
                "self": false,
                "to_port": 65535
              }
            ],
            "name": "Windows-Agente_sg",
            "name_prefix": "",
            "owner_id": "944873386727",
            "revoke_rules_on_delete": false,
            "tags": null,
            "tags_all": {},
            "timeouts": null,
            "vpc_id": "vpc-0143c27d846a5588f"
          },
          "sensitive_attributes": [],
          "private": "eyJlMmJmYjczMC1lY2FhLTExZTYtOGY4OC0zNDM2M2JjN2M0YzAiOnsiY3JlYXRlIjo2MDAwMDAwMDAwMDAsImRlbGV0ZSI6OTAwMDAwMDAwMDAwfSwic2NoZW1hX3ZlcnNpb24iOiIxIn0=",
          "dependencies": [
            "data.aws_vpc.default"
          ]
        }
      ]
    },
    {
      "mode": "managed",
      "type": "local_file",
      "name": "clave_privada",
      "provider": "provider[\"registry.terraform.io/hashicorp/local\"]",
      "instances": [
        {
          "schema_version": 0,
          "attributes": {
            "content": "-----BEGIN RSA PRIVATE KEY-----\nMIIJKQIBAAKCAgEA6D66UJ5SM6Pcfp2d5S2t93OIJRaJzg/nb1N624oFyZhmAFDB\nbkKyXQ+jvDyLEKuFYj+9TnwaMm2IHjtgNXxtzo39uwhgu47yWpmt4k1RgkAdSOeG\nVuJajXB9BOJQ2S2H8NNTKUavVqKSaLYDG1bLfYWMBb8ogHQ/DUsyHPtB4+kHCn3g\n0WEeifFWwbkxvHIwrMp+QwuFnf3WDSM0OgTrkCFKed4C0xCdcAC52d1y+cw32zQf\nv3mX+rrTGc1zNWqALwID/kQSA5bsFVi1qGOVzlssbqVj1nkB4TL/uYRG1r7ikyRV\nm10BNlvXnkAgevheLLECdvtAu22ZE32ShCFn1C4sLaodHXfN9fDJpNKLienGBEW5\nqtoEXPF3z3AUhGnaWqAMEnFhXYKvjFVT1l1e2k6sRGSmypPisKCHH15ngpwwrU55\nfa0jnGFqGVYhOifSJjMOAcX6BN9FrXKZwpj3x0Q1toL1w0eUtW7INtTm9H+jrJBk\nExXvQkC2F+b8YrQsauK5cmdIRIGonOfVZ7C1Eu+ql0IgOvvmkwnPkq6Jv1BZsGjF\nJ0CllpxX8XNObXVHq8FJKu8hly3hKR3hpuE30ox0pGW78CrDVO6j05QUa8Ych9RD\nv5xYzXK2GqABfiRFXqEjNc1p3qI6POHs1mvtp+UuKDhaD+AnNMjOHV7ATskCAwEA\nAQKCAgEApx1sB9LEp7ADW4CjO2PxSJvznWxoYMSE7lCNmSfqHjPxQczaQzLvEZPN\naAfQsYAajKX83FrkpuC2D7r98b7FbNozd8ABizTDI3pt6udj/WuRJwKiYiairiAB\ndeA7+OqQZTRLJOpeBOMaowpFlgiQiJPuO7xfsn7zV+eB+eS6dvsZO+10NnXB+dSV\nbvSJ22X3rH5Q+IFz9knPGsj4Lb+Yma+63ZJpSeMsxolfMmvs7d6LWspZBfjC6YJB\noNF7UzZ9YlX69Z2ZsMeKvZmFrdNq2oA0qrGL86pDNf7ykFWke6YDd4mvqAn2c10G\n/DJ8rL/HVDVS5rbIz5V/jszO/xDimiZqkR5L/z510S5W03BVU4TIhdLRKyrADbrT\nEfvzKY1AVDR/ELBUKuH9LYNzbQ5SXdR5m9FMk4E4Q5TLhDYAkrI7JJqpmYAeBWnP\nEt+rLjfFSdyu7j/BajsmypLUYIpWxAJlHYADJXURbF3c27VxVRVLRG9WferbT4Bz\nuaHeSyAwIp3fvNfu2WXIZED0h0OgIUmHUcut0ng2wI+bfvKom6KnrwZgb8gSd0bk\nhS9ipFGSL+fpHEyVWKEkAdrCDaoPGm/mXhpVaHZMdp22Behwvb192yalfZKX81q3\nFAA5Dz9czPagkLS6JaatIFFMspaRUXVM4V77wlWZvHWTNVJ5FzkCggEBAPHHVVKN\nW/6PDkG0hutlB14NSvMU3L8kcourJty8Cja6Yxc2vMeFDF2NaV95WYmdCJQBXbm+\nReSGeOQX21PdLKYrQ9HH8gXCWRjvgrNmT7A0K7JScDAxdZ9KngxS0w9gjFmUUEkB\nHwCIwKekxlIKfxoTTVnfvtE5z69uIgv3Yfvon/FLsyJrnGo0TBiW8Hlepegh5bEb\ngScyRgUG+0OLAilvy6X/oGKLXg9iCZ/AY6/TUHSzqM7M7WQURgsJXeU++OqjUz++\n2qVNS1txfDHklJPHIsyGPdSFMri0A1u/lDB76MY0EtpqgH1Yr3vz1nIIZbEfDVm1\njrFthFgtF+D5F18CggEBAPXn1rg6LrRg8avvEx2SsOp7dvqC2t+WkruF3Z4vhulA\n8WVQFCpymwFThHb42irNQEAEi/OSpR3HQ7o5hICjzYPnIIR3VColSmgEIjBkvlmA\ni//PmxpiHKOcZf96CydyN2G0in5wVvlC81Z3q92LhtoBMJFHAyA2GjlzggBeUaVo\n9pEijsWjz/dk+W9cTMOVEQcu6K7CGE8wC8xLLYnaeXkE1PPZQ6M2SkMW/2XP4JmW\nyZMKjAIHycrcYrSrtBbRS4HI5xedzvv2JXzZZuKO1ByncwLwHF0gGpvmJtFcl7qi\ng51B5KIYtMpOh9vgHbIyFVwvYSjP8pl2F6xVhuu3EtcCggEBAJhh0pPCBj4NOaYN\nuo830InlhNxpxKsvtIX0q/ypAyL1HCjwVdDGOUHpM4V5/QWvlE18Au9jTbe3TRAt\nPQ3BMzfTwt2/z/jzQaZmphCdphHe/79XF+A3+/MWW0BXHzDs3+hBgsxQSZLTneDL\nCDeC6BKuIa1ISIKjlhLyLcEu/HGBbvTsig1il2WUanWBBDTqg1QnsRWLyT3EAL+A\nY/Jw9T7aeBa6YwJY5kJ5vqkR34Jcg7PZ28XjAKd346FnGOe4Zbe0km51wmY2rg0H\nHIhxkXcGJheTb/q2rH4e7pLvzt0z60SoY02HnE3kDE3qI7khM76LXKWyuSl4ZdYR\nLaCcPa8CggEABJLqYITch4hiFmOdBGjNF59ySBiU/6GqWwiTZbTWmpIVq1/A8EUv\ncufdx+S7Eh69OjObcs1getxQ+y7EsyvYz8JFzZD2pM4Kw0KIbEQDcmC8ueZfqS73\n/2cSUp0vhe1O8GdOSCnIxFwlcI9LSBSnTnjFMX6TpU68UCNA4MbgV+ZK58ovw6dX\nX++l4BdkaiLkrTCHLXD4yMhI/+TKFQ1WQxT+7QY2htukp/jOiVNDhzfRygVhM0x3\nyWkuANRMxjvgXqqg+cR6rB8Y9WiJzF8BvQK0VfKnZGgLdqjiQfSp8dPCBPPLz+QL\nwNOTHVje1Iiv8wYClaLAjXAv4om4t7uxAwKCAQAR1N+r3HwzKnQqytIzu2G9dEto\nbjr0ZuBb3/qNEyJaV0AAAARBecZdxcSm0aZtwa3CLqzYDsTDbvGo/305YphNLoJY\nc91xdc01jWhRtCInZqeSds+WVzr8Fh8JuuwwRxyi2GywLM5Dlquxc8b81OTiesOh\nfdCPAxzSU+ryMuUI0QA0n+09dnPP7Z7yVK0kYll1UQZk6120bcjSzhbCosuhFoEi\nZibl4QJS3YQtz6u4cR6qw7MjUCpz70Z9fsT3TciDyqe1roPySv7B992wP8ur1mW9\n76X7uVGhUTUJdvNnaTvt1kWDlUS9zAgI9iEEUHLv+VpGzAXCK73EiRlVkWBL\n-----END RSA PRIVATE KEY-----\n",
            "content_base64": null,
            "content_base64sha256": "i9ZzwKG0dISnMaPVxeKA8ySFHnfJ2ANCI7SiOm8tN4w=",
            "content_base64sha512": "QMTSrjYgoaxfgpNcqs62zgVHb+AyC8ZTPf4/VAK64Y5G/ymL+TezLRegrNCzPl6GVkGy3PIFtZAm+MEmI7V3ow==",
            "content_md5": "e442b1ccdf4d2526608c2058d6927af2",
            "content_sha1": "cd0d2ecd19784097cde9eda06b5b1e984aa96fd9",
            "content_sha256": "8bd673c0a1b47484a731a3d5c5e280f324851e77c9d8034223b4a23a6f2d378c",
            "content_sha512": "40c4d2ae3620a1ac5f82935caaceb6ce05476fe0320bc6533dfe3f5402bae18e46ff298bf937b32d17a0acd0b33e5e865641b2dcf205b59026f8c12623b577a3",
            "directory_permission": "0777",
            "file_permission": "0400",
            "filename": "./despliegue_wazuh.pem",
            "id": "cd0d2ecd19784097cde9eda06b5b1e984aa96fd9",
            "sensitive_content": null,
            "source": null
          },
          "sensitive_attributes": [
            [
              {
                "type": "get_attr",
                "value": "sensitive_content"
              }
            ],
            [
              {
                "type": "get_attr",
                "value": "content"
              }
            ]
          ],
          "dependencies": [
            "tls_private_key.wazuh_lab_cecib"
          ]
        }
      ]
    },
    {
      "mode": "managed",
      "type": "tls_private_key",
      "name": "wazuh_lab_cecib",
      "provider": "provider[\"registry.terraform.io/hashicorp/tls\"]",
      "instances": [
        {
          "schema_version": 1,
          "attributes": {
            "algorithm": "RSA",
            "ecdsa_curve": "P224",
            "id": "3fca55b36ec1e319fe0ce5e67cf75a0eb95b8674",
            "private_key_openssh": "-----BEGIN OPENSSH PRIVATE KEY-----\nb3BlbnNzaC1rZXktdjEAAAAABG5vbmUAAAAEbm9uZQAAAAAAAAABAAACFwAAAAdz\nc2gtcnNhAAAAAwEAAQAAAgEA6D66UJ5SM6Pcfp2d5S2t93OIJRaJzg/nb1N624oF\nyZhmAFDBbkKyXQ+jvDyLEKuFYj+9TnwaMm2IHjtgNXxtzo39uwhgu47yWpmt4k1R\ngkAdSOeGVuJajXB9BOJQ2S2H8NNTKUavVqKSaLYDG1bLfYWMBb8ogHQ/DUsyHPtB\n4+kHCn3g0WEeifFWwbkxvHIwrMp+QwuFnf3WDSM0OgTrkCFKed4C0xCdcAC52d1y\n+cw32zQfv3mX+rrTGc1zNWqALwID/kQSA5bsFVi1qGOVzlssbqVj1nkB4TL/uYRG\n1r7ikyRVm10BNlvXnkAgevheLLECdvtAu22ZE32ShCFn1C4sLaodHXfN9fDJpNKL\nienGBEW5qtoEXPF3z3AUhGnaWqAMEnFhXYKvjFVT1l1e2k6sRGSmypPisKCHH15n\ngpwwrU55fa0jnGFqGVYhOifSJjMOAcX6BN9FrXKZwpj3x0Q1toL1w0eUtW7INtTm\n9H+jrJBkExXvQkC2F+b8YrQsauK5cmdIRIGonOfVZ7C1Eu+ql0IgOvvmkwnPkq6J\nv1BZsGjFJ0CllpxX8XNObXVHq8FJKu8hly3hKR3hpuE30ox0pGW78CrDVO6j05QU\na8Ych9RDv5xYzXK2GqABfiRFXqEjNc1p3qI6POHs1mvtp+UuKDhaD+AnNMjOHV7A\nTskAAAc4HIqKHxyKih8AAAAHc3NoLXJzYQAAAgEA6D66UJ5SM6Pcfp2d5S2t93OI\nJRaJzg/nb1N624oFyZhmAFDBbkKyXQ+jvDyLEKuFYj+9TnwaMm2IHjtgNXxtzo39\nuwhgu47yWpmt4k1RgkAdSOeGVuJajXB9BOJQ2S2H8NNTKUavVqKSaLYDG1bLfYWM\nBb8ogHQ/DUsyHPtB4+kHCn3g0WEeifFWwbkxvHIwrMp+QwuFnf3WDSM0OgTrkCFK\ned4C0xCdcAC52d1y+cw32zQfv3mX+rrTGc1zNWqALwID/kQSA5bsFVi1qGOVzlss\nbqVj1nkB4TL/uYRG1r7ikyRVm10BNlvXnkAgevheLLECdvtAu22ZE32ShCFn1C4s\nLaodHXfN9fDJpNKLienGBEW5qtoEXPF3z3AUhGnaWqAMEnFhXYKvjFVT1l1e2k6s\nRGSmypPisKCHH15ngpwwrU55fa0jnGFqGVYhOifSJjMOAcX6BN9FrXKZwpj3x0Q1\ntoL1w0eUtW7INtTm9H+jrJBkExXvQkC2F+b8YrQsauK5cmdIRIGonOfVZ7C1Eu+q\nl0IgOvvmkwnPkq6Jv1BZsGjFJ0CllpxX8XNObXVHq8FJKu8hly3hKR3hpuE30ox0\npGW78CrDVO6j05QUa8Ych9RDv5xYzXK2GqABfiRFXqEjNc1p3qI6POHs1mvtp+Uu\nKDhaD+AnNMjOHV7ATskAAAADAQABAAACAQCnHWwH0sSnsANbgKM7Y/FIm/OdbGhg\nxITuUI2ZJ+oeM/FBzNpDMu8Rk81oB9CxgBqMpfzcWuSm4LYPuv3xvsVs2jN3wAGL\nNMMjem3q52P9a5EnAqJiJqKuIAF14Dv46pBlNEsk6l4E4xqjCkWWCJCIk+47vF+y\nfvNX54H55Lp2+xk77XQ2dcH51JVu9InbZfesflD4gXP2Sc8ayPgtv5iZr7rdkmlJ\n4yzGiV8ya+zt3otaylkF+MLpgkGg0XtTNn1iVfr1nZmwx4q9mYWt02ragDSqsYvz\nqkM1/vKQVaR7pgN3ia+oCfZzXQb8Mnysv8dUNVLmtsjPlX+OzM7/EOKaJmqRHkv/\nPnXRLlbTcFVThMiF0tErKsANutMR+/MpjUBUNH8QsFQq4f0tg3NtDlJd1Hmb0UyT\ngThDlMuENgCSsjskmqmZgB4Fac8S36suN8VJ3K7uP8FqOybKktRgilbEAmUdgAMl\ndRFsXdzbtXFVFUtEb1Z96ttPgHO5od5LIDAind+81+7ZZchkQPSHQ6AhSYdRy63S\neDbAj5t+8qiboqevBmBvyBJ3RuSFL2KkUZIv5+kcTJVYoSQB2sINqg8ab+ZeGlVo\ndkx2nbYF6HC9vX3bJqV9kpfzWrcUADkPP1zM9qCQtLolpq0gUUyylpFRdUzhXvvC\nVZm8dZM1UnkXOQAAAQAR1N+r3HwzKnQqytIzu2G9dEtobjr0ZuBb3/qNEyJaV0AA\nAARBecZdxcSm0aZtwa3CLqzYDsTDbvGo/305YphNLoJYc91xdc01jWhRtCInZqeS\nds+WVzr8Fh8JuuwwRxyi2GywLM5Dlquxc8b81OTiesOhfdCPAxzSU+ryMuUI0QA0\nn+09dnPP7Z7yVK0kYll1UQZk6120bcjSzhbCosuhFoEiZibl4QJS3YQtz6u4cR6q\nw7MjUCpz70Z9fsT3TciDyqe1roPySv7B992wP8ur1mW976X7uVGhUTUJdvNnaTvt\n1kWDlUS9zAgI9iEEUHLv+VpGzAXCK73EiRlVkWBLAAABAQDxx1VSjVv+jw5BtIbr\nZQdeDUrzFNy/JHKLqybcvAo2umMXNrzHhQxdjWlfeVmJnQiUAV25vkXkhnjkF9tT\n3SymK0PRx/IFwlkY74KzZk+wNCuyUnAwMXWfSp4MUtMPYIxZlFBJAR8AiMCnpMZS\nCn8aE01Z377ROc+vbiIL92H76J/xS7Mia5xqNEwYlvB5XqXoIeWxG4EnMkYFBvtD\niwIpb8ul/6Bii14PYgmfwGOv01B0s6jOzO1kFEYLCV3lPvjqo1M/vtqlTUtbcXwx\n5JSTxyLMhj3UhTK4tANbv5Qwe+jGNBLaaoB9WK9789ZyCGWxHw1ZtY6xbYRYLRfg\n+RdfAAABAQD159a4Oi60YPGr7xMdkrDqe3b6gtrflpK7hd2eL4bpQPFlUBQqcpsB\nU4R2+NoqzUBABIvzkqUdx0O6OYSAo82D5yCEd1QqJUpoBCIwZL5ZgIv/z5saYhyj\nnGX/egsncjdhtIp+cFb5QvNWd6vdi4baATCRRwMgNho5c4IAXlGlaPaRIo7Fo8/3\nZPlvXEzDlREHLuiuwhhPMAvMSy2J2nl5BNTz2UOjNkpDFv9lz+CZlsmTCowCB8nK\n3GK0q7QW0UuByOcXnc779iV82WbijtQcp3MC8BxdIBqb5ibRXJe6ooOdQeSiGLTK\nTofb4B2yMhVcL2Eoz/KZdhesVYbrtxLXAAAAAAEC\n-----END OPENSSH PRIVATE KEY-----\n",
            "private_key_pem": "-----BEGIN RSA PRIVATE KEY-----\nMIIJKQIBAAKCAgEA6D66UJ5SM6Pcfp2d5S2t93OIJRaJzg/nb1N624oFyZhmAFDB\nbkKyXQ+jvDyLEKuFYj+9TnwaMm2IHjtgNXxtzo39uwhgu47yWpmt4k1RgkAdSOeG\nVuJajXB9BOJQ2S2H8NNTKUavVqKSaLYDG1bLfYWMBb8ogHQ/DUsyHPtB4+kHCn3g\n0WEeifFWwbkxvHIwrMp+QwuFnf3WDSM0OgTrkCFKed4C0xCdcAC52d1y+cw32zQf\nv3mX+rrTGc1zNWqALwID/kQSA5bsFVi1qGOVzlssbqVj1nkB4TL/uYRG1r7ikyRV\nm10BNlvXnkAgevheLLECdvtAu22ZE32ShCFn1C4sLaodHXfN9fDJpNKLienGBEW5\nqtoEXPF3z3AUhGnaWqAMEnFhXYKvjFVT1l1e2k6sRGSmypPisKCHH15ngpwwrU55\nfa0jnGFqGVYhOifSJjMOAcX6BN9FrXKZwpj3x0Q1toL1w0eUtW7INtTm9H+jrJBk\nExXvQkC2F+b8YrQsauK5cmdIRIGonOfVZ7C1Eu+ql0IgOvvmkwnPkq6Jv1BZsGjF\nJ0CllpxX8XNObXVHq8FJKu8hly3hKR3hpuE30ox0pGW78CrDVO6j05QUa8Ych9RD\nv5xYzXK2GqABfiRFXqEjNc1p3qI6POHs1mvtp+UuKDhaD+AnNMjOHV7ATskCAwEA\nAQKCAgEApx1sB9LEp7ADW4CjO2PxSJvznWxoYMSE7lCNmSfqHjPxQczaQzLvEZPN\naAfQsYAajKX83FrkpuC2D7r98b7FbNozd8ABizTDI3pt6udj/WuRJwKiYiairiAB\ndeA7+OqQZTRLJOpeBOMaowpFlgiQiJPuO7xfsn7zV+eB+eS6dvsZO+10NnXB+dSV\nbvSJ22X3rH5Q+IFz9knPGsj4Lb+Yma+63ZJpSeMsxolfMmvs7d6LWspZBfjC6YJB\noNF7UzZ9YlX69Z2ZsMeKvZmFrdNq2oA0qrGL86pDNf7ykFWke6YDd4mvqAn2c10G\n/DJ8rL/HVDVS5rbIz5V/jszO/xDimiZqkR5L/z510S5W03BVU4TIhdLRKyrADbrT\nEfvzKY1AVDR/ELBUKuH9LYNzbQ5SXdR5m9FMk4E4Q5TLhDYAkrI7JJqpmYAeBWnP\nEt+rLjfFSdyu7j/BajsmypLUYIpWxAJlHYADJXURbF3c27VxVRVLRG9WferbT4Bz\nuaHeSyAwIp3fvNfu2WXIZED0h0OgIUmHUcut0ng2wI+bfvKom6KnrwZgb8gSd0bk\nhS9ipFGSL+fpHEyVWKEkAdrCDaoPGm/mXhpVaHZMdp22Behwvb192yalfZKX81q3\nFAA5Dz9czPagkLS6JaatIFFMspaRUXVM4V77wlWZvHWTNVJ5FzkCggEBAPHHVVKN\nW/6PDkG0hutlB14NSvMU3L8kcourJty8Cja6Yxc2vMeFDF2NaV95WYmdCJQBXbm+\nReSGeOQX21PdLKYrQ9HH8gXCWRjvgrNmT7A0K7JScDAxdZ9KngxS0w9gjFmUUEkB\nHwCIwKekxlIKfxoTTVnfvtE5z69uIgv3Yfvon/FLsyJrnGo0TBiW8Hlepegh5bEb\ngScyRgUG+0OLAilvy6X/oGKLXg9iCZ/AY6/TUHSzqM7M7WQURgsJXeU++OqjUz++\n2qVNS1txfDHklJPHIsyGPdSFMri0A1u/lDB76MY0EtpqgH1Yr3vz1nIIZbEfDVm1\njrFthFgtF+D5F18CggEBAPXn1rg6LrRg8avvEx2SsOp7dvqC2t+WkruF3Z4vhulA\n8WVQFCpymwFThHb42irNQEAEi/OSpR3HQ7o5hICjzYPnIIR3VColSmgEIjBkvlmA\ni//PmxpiHKOcZf96CydyN2G0in5wVvlC81Z3q92LhtoBMJFHAyA2GjlzggBeUaVo\n9pEijsWjz/dk+W9cTMOVEQcu6K7CGE8wC8xLLYnaeXkE1PPZQ6M2SkMW/2XP4JmW\nyZMKjAIHycrcYrSrtBbRS4HI5xedzvv2JXzZZuKO1ByncwLwHF0gGpvmJtFcl7qi\ng51B5KIYtMpOh9vgHbIyFVwvYSjP8pl2F6xVhuu3EtcCggEBAJhh0pPCBj4NOaYN\nuo830InlhNxpxKsvtIX0q/ypAyL1HCjwVdDGOUHpM4V5/QWvlE18Au9jTbe3TRAt\nPQ3BMzfTwt2/z/jzQaZmphCdphHe/79XF+A3+/MWW0BXHzDs3+hBgsxQSZLTneDL\nCDeC6BKuIa1ISIKjlhLyLcEu/HGBbvTsig1il2WUanWBBDTqg1QnsRWLyT3EAL+A\nY/Jw9T7aeBa6YwJY5kJ5vqkR34Jcg7PZ28XjAKd346FnGOe4Zbe0km51wmY2rg0H\nHIhxkXcGJheTb/q2rH4e7pLvzt0z60SoY02HnE3kDE3qI7khM76LXKWyuSl4ZdYR\nLaCcPa8CggEABJLqYITch4hiFmOdBGjNF59ySBiU/6GqWwiTZbTWmpIVq1/A8EUv\ncufdx+S7Eh69OjObcs1getxQ+y7EsyvYz8JFzZD2pM4Kw0KIbEQDcmC8ueZfqS73\n/2cSUp0vhe1O8GdOSCnIxFwlcI9LSBSnTnjFMX6TpU68UCNA4MbgV+ZK58ovw6dX\nX++l4BdkaiLkrTCHLXD4yMhI/+TKFQ1WQxT+7QY2htukp/jOiVNDhzfRygVhM0x3\nyWkuANRMxjvgXqqg+cR6rB8Y9WiJzF8BvQK0VfKnZGgLdqjiQfSp8dPCBPPLz+QL\nwNOTHVje1Iiv8wYClaLAjXAv4om4t7uxAwKCAQAR1N+r3HwzKnQqytIzu2G9dEto\nbjr0ZuBb3/qNEyJaV0AAAARBecZdxcSm0aZtwa3CLqzYDsTDbvGo/305YphNLoJY\nc91xdc01jWhRtCInZqeSds+WVzr8Fh8JuuwwRxyi2GywLM5Dlquxc8b81OTiesOh\nfdCPAxzSU+ryMuUI0QA0n+09dnPP7Z7yVK0kYll1UQZk6120bcjSzhbCosuhFoEi\nZibl4QJS3YQtz6u4cR6qw7MjUCpz70Z9fsT3TciDyqe1roPySv7B992wP8ur1mW9\n76X7uVGhUTUJdvNnaTvt1kWDlUS9zAgI9iEEUHLv+VpGzAXCK73EiRlVkWBL\n-----END RSA PRIVATE KEY-----\n",
            "private_key_pem_pkcs8": "-----BEGIN PRIVATE KEY-----\nMIIJQwIBADANBgkqhkiG9w0BAQEFAASCCS0wggkpAgEAAoICAQDoPrpQnlIzo9x+\nnZ3lLa33c4glFonOD+dvU3rbigXJmGYAUMFuQrJdD6O8PIsQq4ViP71OfBoybYge\nO2A1fG3Ojf27CGC7jvJama3iTVGCQB1I54ZW4lqNcH0E4lDZLYfw01MpRq9WopJo\ntgMbVst9hYwFvyiAdD8NSzIc+0Hj6QcKfeDRYR6J8VbBuTG8cjCsyn5DC4Wd/dYN\nIzQ6BOuQIUp53gLTEJ1wALnZ3XL5zDfbNB+/eZf6utMZzXM1aoAvAgP+RBIDluwV\nWLWoY5XOWyxupWPWeQHhMv+5hEbWvuKTJFWbXQE2W9eeQCB6+F4ssQJ2+0C7bZkT\nfZKEIWfULiwtqh0dd8318Mmk0ouJ6cYERbmq2gRc8XfPcBSEadpaoAwScWFdgq+M\nVVPWXV7aTqxEZKbKk+KwoIcfXmeCnDCtTnl9rSOcYWoZViE6J9ImMw4BxfoE30Wt\ncpnCmPfHRDW2gvXDR5S1bsg21Ob0f6OskGQTFe9CQLYX5vxitCxq4rlyZ0hEgaic\n59VnsLUS76qXQiA6++aTCc+Srom/UFmwaMUnQKWWnFfxc05tdUerwUkq7yGXLeEp\nHeGm4TfSjHSkZbvwKsNU7qPTlBRrxhyH1EO/nFjNcrYaoAF+JEVeoSM1zWneojo8\n4ezWa+2n5S4oOFoP4Cc0yM4dXsBOyQIDAQABAoICAQCnHWwH0sSnsANbgKM7Y/FI\nm/OdbGhgxITuUI2ZJ+oeM/FBzNpDMu8Rk81oB9CxgBqMpfzcWuSm4LYPuv3xvsVs\n2jN3wAGLNMMjem3q52P9a5EnAqJiJqKuIAF14Dv46pBlNEsk6l4E4xqjCkWWCJCI\nk+47vF+yfvNX54H55Lp2+xk77XQ2dcH51JVu9InbZfesflD4gXP2Sc8ayPgtv5iZ\nr7rdkmlJ4yzGiV8ya+zt3otaylkF+MLpgkGg0XtTNn1iVfr1nZmwx4q9mYWt02ra\ngDSqsYvzqkM1/vKQVaR7pgN3ia+oCfZzXQb8Mnysv8dUNVLmtsjPlX+OzM7/EOKa\nJmqRHkv/PnXRLlbTcFVThMiF0tErKsANutMR+/MpjUBUNH8QsFQq4f0tg3NtDlJd\n1Hmb0UyTgThDlMuENgCSsjskmqmZgB4Fac8S36suN8VJ3K7uP8FqOybKktRgilbE\nAmUdgAMldRFsXdzbtXFVFUtEb1Z96ttPgHO5od5LIDAind+81+7ZZchkQPSHQ6Ah\nSYdRy63SeDbAj5t+8qiboqevBmBvyBJ3RuSFL2KkUZIv5+kcTJVYoSQB2sINqg8a\nb+ZeGlVodkx2nbYF6HC9vX3bJqV9kpfzWrcUADkPP1zM9qCQtLolpq0gUUyylpFR\ndUzhXvvCVZm8dZM1UnkXOQKCAQEA8cdVUo1b/o8OQbSG62UHXg1K8xTcvyRyi6sm\n3LwKNrpjFza8x4UMXY1pX3lZiZ0IlAFdub5F5IZ45BfbU90spitD0cfyBcJZGO+C\ns2ZPsDQrslJwMDF1n0qeDFLTD2CMWZRQSQEfAIjAp6TGUgp/GhNNWd++0TnPr24i\nC/dh++if8UuzImucajRMGJbweV6l6CHlsRuBJzJGBQb7Q4sCKW/Lpf+gYoteD2IJ\nn8Bjr9NQdLOozsztZBRGCwld5T746qNTP77apU1LW3F8MeSUk8cizIY91IUyuLQD\nW7+UMHvoxjQS2mqAfVive/PWcghlsR8NWbWOsW2EWC0X4PkXXwKCAQEA9efWuDou\ntGDxq+8THZKw6nt2+oLa35aSu4Xdni+G6UDxZVAUKnKbAVOEdvjaKs1AQASL85Kl\nHcdDujmEgKPNg+cghHdUKiVKaAQiMGS+WYCL/8+bGmIco5xl/3oLJ3I3YbSKfnBW\n+ULzVner3YuG2gEwkUcDIDYaOXOCAF5RpWj2kSKOxaPP92T5b1xMw5URBy7orsIY\nTzALzEstidp5eQTU89lDozZKQxb/Zc/gmZbJkwqMAgfJytxitKu0FtFLgcjnF53O\n+/YlfNlm4o7UHKdzAvAcXSAam+Ym0VyXuqKDnUHkohi0yk6H2+AdsjIVXC9hKM/y\nmXYXrFWG67cS1wKCAQEAmGHSk8IGPg05pg26jzfQieWE3GnEqy+0hfSr/KkDIvUc\nKPBV0MY5QekzhXn9Ba+UTXwC72NNt7dNEC09DcEzN9PC3b/P+PNBpmamEJ2mEd7/\nv1cX4Df78xZbQFcfMOzf6EGCzFBJktOd4MsIN4LoEq4hrUhIgqOWEvItwS78cYFu\n9OyKDWKXZZRqdYEENOqDVCexFYvJPcQAv4Bj8nD1Ptp4FrpjAljmQnm+qRHfglyD\ns9nbxeMAp3fjoWcY57hlt7SSbnXCZjauDQcciHGRdwYmF5Nv+rasfh7uku/O3TPr\nRKhjTYecTeQMTeojuSEzvotcpbK5KXhl1hEtoJw9rwKCAQAEkupghNyHiGIWY50E\naM0Xn3JIGJT/oapbCJNltNaakhWrX8DwRS9y593H5LsSHr06M5tyzWB63FD7LsSz\nK9jPwkXNkPakzgrDQohsRANyYLy55l+pLvf/ZxJSnS+F7U7wZ05IKcjEXCVwj0tI\nFKdOeMUxfpOlTrxQI0DgxuBX5krnyi/Dp1df76XgF2RqIuStMIctcPjIyEj/5MoV\nDVZDFP7tBjaG26Sn+M6JU0OHN9HKBWEzTHfJaS4A1EzGO+BeqqD5xHqsHxj1aInM\nXwG9ArRV8qdkaAt2qOJB9Knx08IE88vP5AvA05MdWN7UiK/zBgKVosCNcC/iibi3\nu7EDAoIBABHU36vcfDMqdCrK0jO7Yb10S2huOvRm4Fvf+o0TIlpXQAAABEF5xl3F\nxKbRpm3BrcIurNgOxMNu8aj/fTlimE0uglhz3XF1zTWNaFG0Iidmp5J2z5ZXOvwW\nHwm67DBHHKLYbLAszkOWq7FzxvzU5OJ6w6F90I8DHNJT6vIy5QjRADSf7T12c8/t\nnvJUrSRiWXVRBmTrXbRtyNLOFsKiy6EWgSJmJuXhAlLdhC3Pq7hxHqrDsyNQKnPv\nRn1+xPdNyIPKp7Wug/JK/sH33bA/y6vWZb3vpfu5UaFRNQl282dpO+3WRYOVRL3M\nCAj2IQRQcu/5WkbMBcIrvcSJGVWRYEs=\n-----END PRIVATE KEY-----\n",
            "public_key_fingerprint_md5": "17:41:86:85:b2:cc:bb:fa:68:43:e1:49:d3:87:4f:07",
            "public_key_fingerprint_sha256": "SHA256:KbCqPgFgJBcStZ8//SM3sul/kA1Y9nDSnIzq3Kk/SAA",
            "public_key_openssh": "ssh-rsa AAAAB3NzaC1yc2EAAAADAQABAAACAQDoPrpQnlIzo9x+nZ3lLa33c4glFonOD+dvU3rbigXJmGYAUMFuQrJdD6O8PIsQq4ViP71OfBoybYgeO2A1fG3Ojf27CGC7jvJama3iTVGCQB1I54ZW4lqNcH0E4lDZLYfw01MpRq9WopJotgMbVst9hYwFvyiAdD8NSzIc+0Hj6QcKfeDRYR6J8VbBuTG8cjCsyn5DC4Wd/dYNIzQ6BOuQIUp53gLTEJ1wALnZ3XL5zDfbNB+/eZf6utMZzXM1aoAvAgP+RBIDluwVWLWoY5XOWyxupWPWeQHhMv+5hEbWvuKTJFWbXQE2W9eeQCB6+F4ssQJ2+0C7bZkTfZKEIWfULiwtqh0dd8318Mmk0ouJ6cYERbmq2gRc8XfPcBSEadpaoAwScWFdgq+MVVPWXV7aTqxEZKbKk+KwoIcfXmeCnDCtTnl9rSOcYWoZViE6J9ImMw4BxfoE30WtcpnCmPfHRDW2gvXDR5S1bsg21Ob0f6OskGQTFe9CQLYX5vxitCxq4rlyZ0hEgaic59VnsLUS76qXQiA6++aTCc+Srom/UFmwaMUnQKWWnFfxc05tdUerwUkq7yGXLeEpHeGm4TfSjHSkZbvwKsNU7qPTlBRrxhyH1EO/nFjNcrYaoAF+JEVeoSM1zWneojo84ezWa+2n5S4oOFoP4Cc0yM4dXsBOyQ==\n",
            "public_key_pem": "-----BEGIN PUBLIC KEY-----\nMIICIjANBgkqhkiG9w0BAQEFAAOCAg8AMIICCgKCAgEA6D66UJ5SM6Pcfp2d5S2t\n93OIJRaJzg/nb1N624oFyZhmAFDBbkKyXQ+jvDyLEKuFYj+9TnwaMm2IHjtgNXxt\nzo39uwhgu47yWpmt4k1RgkAdSOeGVuJajXB9BOJQ2S2H8NNTKUavVqKSaLYDG1bL\nfYWMBb8ogHQ/DUsyHPtB4+kHCn3g0WEeifFWwbkxvHIwrMp+QwuFnf3WDSM0OgTr\nkCFKed4C0xCdcAC52d1y+cw32zQfv3mX+rrTGc1zNWqALwID/kQSA5bsFVi1qGOV\nzlssbqVj1nkB4TL/uYRG1r7ikyRVm10BNlvXnkAgevheLLECdvtAu22ZE32ShCFn\n1C4sLaodHXfN9fDJpNKLienGBEW5qtoEXPF3z3AUhGnaWqAMEnFhXYKvjFVT1l1e\n2k6sRGSmypPisKCHH15ngpwwrU55fa0jnGFqGVYhOifSJjMOAcX6BN9FrXKZwpj3\nx0Q1toL1w0eUtW7INtTm9H+jrJBkExXvQkC2F+b8YrQsauK5cmdIRIGonOfVZ7C1\nEu+ql0IgOvvmkwnPkq6Jv1BZsGjFJ0CllpxX8XNObXVHq8FJKu8hly3hKR3hpuE3\n0ox0pGW78CrDVO6j05QUa8Ych9RDv5xYzXK2GqABfiRFXqEjNc1p3qI6POHs1mvt\np+UuKDhaD+AnNMjOHV7ATskCAwEAAQ==\n-----END PUBLIC KEY-----\n",
            "rsa_bits": 4096
          },
          "sensitive_attributes": [
            [
              {
                "type": "get_attr",
                "value": "private_key_pem_pkcs8"
              }
            ],
            [
              {
                "type": "get_attr",
                "value": "private_key_pem"
              }
            ],
            [
              {
                "type": "get_attr",
                "value": "private_key_openssh"
              }
            ]
          ]
        }
      ]
    }
  ],
  "check_results": null
}
